{
  "version": 4,
  "terraform_version": "1.12.1",
  "serial": 243,
  "lineage": "0935ae8b-407d-851c-5e34-ad035062526b",
  "outputs": {},
  "resources": [
    {
      "mode": "managed",
      "type": "google_project_service",
      "name": "apis",
      "provider": "provider[\"registry.terraform.io/hashicorp/google\"]",
      "instances": [
        {
          "index_key": "artifactregistry.googleapis.com",
          "schema_version": 0,
          "attributes": {
            "disable_dependent_services": null,
            "disable_on_destroy": false,
            "id": "personalhub13/artifactregistry.googleapis.com",
            "project": "personalhub13",
            "service": "artifactregistry.googleapis.com",
            "timeouts": null
          },
          "sensitive_attributes": [],
          "identity_schema_version": 0,
          "private": "eyJlMmJmYjczMC1lY2FhLTExZTYtOGY4OC0zNDM2M2JjN2M0YzAiOnsiY3JlYXRlIjoxMjAwMDAwMDAwMDAwLCJkZWxldGUiOjEyMDAwMDAwMDAwMDAsInJlYWQiOjYwMDAwMDAwMDAwMCwidXBkYXRlIjoxMjAwMDAwMDAwMDAwfX0="
        },
        {
          "index_key": "bigquery.googleapis.com",
          "schema_version": 0,
          "attributes": {
            "disable_dependent_services": null,
            "disable_on_destroy": false,
            "id": "personalhub13/bigquery.googleapis.com",
            "project": "personalhub13",
            "service": "bigquery.googleapis.com",
            "timeouts": null
          },
          "sensitive_attributes": [],
          "identity_schema_version": 0,
          "private": "eyJlMmJmYjczMC1lY2FhLTExZTYtOGY4OC0zNDM2M2JjN2M0YzAiOnsiY3JlYXRlIjoxMjAwMDAwMDAwMDAwLCJkZWxldGUiOjEyMDAwMDAwMDAwMDAsInJlYWQiOjYwMDAwMDAwMDAwMCwidXBkYXRlIjoxMjAwMDAwMDAwMDAwfX0="
        },
        {
          "index_key": "cloudbuild.googleapis.com",
          "schema_version": 0,
          "attributes": {
            "disable_dependent_services": null,
            "disable_on_destroy": false,
            "id": "personalhub13/cloudbuild.googleapis.com",
            "project": "personalhub13",
            "service": "cloudbuild.googleapis.com",
            "timeouts": null
          },
          "sensitive_attributes": [],
          "identity_schema_version": 0,
          "private": "eyJlMmJmYjczMC1lY2FhLTExZTYtOGY4OC0zNDM2M2JjN2M0YzAiOnsiY3JlYXRlIjoxMjAwMDAwMDAwMDAwLCJkZWxldGUiOjEyMDAwMDAwMDAwMDAsInJlYWQiOjYwMDAwMDAwMDAwMCwidXBkYXRlIjoxMjAwMDAwMDAwMDAwfX0="
        },
        {
          "index_key": "cloudfunctions.googleapis.com",
          "schema_version": 0,
          "attributes": {
            "disable_dependent_services": null,
            "disable_on_destroy": false,
            "id": "personalhub13/cloudfunctions.googleapis.com",
            "project": "personalhub13",
            "service": "cloudfunctions.googleapis.com",
            "timeouts": null
          },
          "sensitive_attributes": [],
          "identity_schema_version": 0,
          "private": "eyJlMmJmYjczMC1lY2FhLTExZTYtOGY4OC0zNDM2M2JjN2M0YzAiOnsiY3JlYXRlIjoxMjAwMDAwMDAwMDAwLCJkZWxldGUiOjEyMDAwMDAwMDAwMDAsInJlYWQiOjYwMDAwMDAwMDAwMCwidXBkYXRlIjoxMjAwMDAwMDAwMDAwfX0="
        },
        {
          "index_key": "cloudscheduler.googleapis.com",
          "schema_version": 0,
          "attributes": {
            "disable_dependent_services": null,
            "disable_on_destroy": false,
            "id": "personalhub13/cloudscheduler.googleapis.com",
            "project": "personalhub13",
            "service": "cloudscheduler.googleapis.com",
            "timeouts": null
          },
          "sensitive_attributes": [],
          "identity_schema_version": 0,
          "private": "eyJlMmJmYjczMC1lY2FhLTExZTYtOGY4OC0zNDM2M2JjN2M0YzAiOnsiY3JlYXRlIjoxMjAwMDAwMDAwMDAwLCJkZWxldGUiOjEyMDAwMDAwMDAwMDAsInJlYWQiOjYwMDAwMDAwMDAwMCwidXBkYXRlIjoxMjAwMDAwMDAwMDAwfX0="
        },
        {
          "index_key": "discoveryengine.googleapis.com",
          "schema_version": 0,
          "attributes": {
            "disable_dependent_services": null,
            "disable_on_destroy": false,
            "id": "personalhub13/discoveryengine.googleapis.com",
            "project": "personalhub13",
            "service": "discoveryengine.googleapis.com",
            "timeouts": null
          },
          "sensitive_attributes": [],
          "identity_schema_version": 0,
          "private": "eyJlMmJmYjczMC1lY2FhLTExZTYtOGY4OC0zNDM2M2JjN2M0YzAiOnsiY3JlYXRlIjoxMjAwMDAwMDAwMDAwLCJkZWxldGUiOjEyMDAwMDAwMDAwMDAsInJlYWQiOjYwMDAwMDAwMDAwMCwidXBkYXRlIjoxMjAwMDAwMDAwMDAwfX0="
        },
        {
          "index_key": "eventarc.googleapis.com",
          "schema_version": 0,
          "attributes": {
            "disable_dependent_services": null,
            "disable_on_destroy": false,
            "id": "personalhub13/eventarc.googleapis.com",
            "project": "personalhub13",
            "service": "eventarc.googleapis.com",
            "timeouts": null
          },
          "sensitive_attributes": [],
          "identity_schema_version": 0,
          "private": "eyJlMmJmYjczMC1lY2FhLTExZTYtOGY4OC0zNDM2M2JjN2M0YzAiOnsiY3JlYXRlIjoxMjAwMDAwMDAwMDAwLCJkZWxldGUiOjEyMDAwMDAwMDAwMDAsInJlYWQiOjYwMDAwMDAwMDAwMCwidXBkYXRlIjoxMjAwMDAwMDAwMDAwfX0="
        },
        {
          "index_key": "iam.googleapis.com",
          "schema_version": 0,
          "attributes": {
            "disable_dependent_services": null,
            "disable_on_destroy": false,
            "id": "personalhub13/iam.googleapis.com",
            "project": "personalhub13",
            "service": "iam.googleapis.com",
            "timeouts": null
          },
          "sensitive_attributes": [],
          "identity_schema_version": 0,
          "private": "eyJlMmJmYjczMC1lY2FhLTExZTYtOGY4OC0zNDM2M2JjN2M0YzAiOnsiY3JlYXRlIjoxMjAwMDAwMDAwMDAwLCJkZWxldGUiOjEyMDAwMDAwMDAwMDAsInJlYWQiOjYwMDAwMDAwMDAwMCwidXBkYXRlIjoxMjAwMDAwMDAwMDAwfX0="
        },
        {
          "index_key": "pubsub.googleapis.com",
          "schema_version": 0,
          "attributes": {
            "disable_dependent_services": null,
            "disable_on_destroy": false,
            "id": "personalhub13/pubsub.googleapis.com",
            "project": "personalhub13",
            "service": "pubsub.googleapis.com",
            "timeouts": null
          },
          "sensitive_attributes": [],
          "identity_schema_version": 0,
          "private": "eyJlMmJmYjczMC1lY2FhLTExZTYtOGY4OC0zNDM2M2JjN2M0YzAiOnsiY3JlYXRlIjoxMjAwMDAwMDAwMDAwLCJkZWxldGUiOjEyMDAwMDAwMDAwMDAsInJlYWQiOjYwMDAwMDAwMDAwMCwidXBkYXRlIjoxMjAwMDAwMDAwMDAwfX0="
        },
        {
          "index_key": "run.googleapis.com",
          "schema_version": 0,
          "attributes": {
            "disable_dependent_services": null,
            "disable_on_destroy": false,
            "id": "personalhub13/run.googleapis.com",
            "project": "personalhub13",
            "service": "run.googleapis.com",
            "timeouts": null
          },
          "sensitive_attributes": [],
          "identity_schema_version": 0,
          "private": "eyJlMmJmYjczMC1lY2FhLTExZTYtOGY4OC0zNDM2M2JjN2M0YzAiOnsiY3JlYXRlIjoxMjAwMDAwMDAwMDAwLCJkZWxldGUiOjEyMDAwMDAwMDAwMDAsInJlYWQiOjYwMDAwMDAwMDAwMCwidXBkYXRlIjoxMjAwMDAwMDAwMDAwfX0="
        },
        {
          "index_key": "secretmanager.googleapis.com",
          "schema_version": 0,
          "attributes": {
            "disable_dependent_services": null,
            "disable_on_destroy": false,
            "id": "personalhub13/secretmanager.googleapis.com",
            "project": "personalhub13",
            "service": "secretmanager.googleapis.com",
            "timeouts": null
          },
          "sensitive_attributes": [],
          "identity_schema_version": 0,
          "private": "eyJlMmJmYjczMC1lY2FhLTExZTYtOGY4OC0zNDM2M2JjN2M0YzAiOnsiY3JlYXRlIjoxMjAwMDAwMDAwMDAwLCJkZWxldGUiOjEyMDAwMDAwMDAwMDAsInJlYWQiOjYwMDAwMDAwMDAwMCwidXBkYXRlIjoxMjAwMDAwMDAwMDAwfX0="
        },
        {
          "index_key": "storage.googleapis.com",
          "schema_version": 0,
          "attributes": {
            "disable_dependent_services": null,
            "disable_on_destroy": false,
            "id": "personalhub13/storage.googleapis.com",
            "project": "personalhub13",
            "service": "storage.googleapis.com",
            "timeouts": null
          },
          "sensitive_attributes": [],
          "identity_schema_version": 0,
          "private": "eyJlMmJmYjczMC1lY2FhLTExZTYtOGY4OC0zNDM2M2JjN2M0YzAiOnsiY3JlYXRlIjoxMjAwMDAwMDAwMDAwLCJkZWxldGUiOjEyMDAwMDAwMDAwMDAsInJlYWQiOjYwMDAwMDAwMDAwMCwidXBkYXRlIjoxMjAwMDAwMDAwMDAwfX0="
        },
        {
          "index_key": "vpcaccess.googleapis.com",
          "schema_version": 0,
          "attributes": {
            "disable_dependent_services": null,
            "disable_on_destroy": false,
            "id": "personalhub13/vpcaccess.googleapis.com",
            "project": "personalhub13",
            "service": "vpcaccess.googleapis.com",
            "timeouts": null
          },
          "sensitive_attributes": [],
          "identity_schema_version": 0,
          "private": "eyJlMmJmYjczMC1lY2FhLTExZTYtOGY4OC0zNDM2M2JjN2M0YzAiOnsiY3JlYXRlIjoxMjAwMDAwMDAwMDAwLCJkZWxldGUiOjEyMDAwMDAwMDAwMDAsInJlYWQiOjYwMDAwMDAwMDAwMCwidXBkYXRlIjoxMjAwMDAwMDAwMDAwfX0="
        }
      ]
    },
    {
      "module": "module.compute",
      "mode": "managed",
      "type": "google_cloud_run_service_iam_member",
      "name": "rstudio_public_access",
      "provider": "provider[\"registry.terraform.io/hashicorp/google\"]",
      "instances": [
        {
          "schema_version": 0,
          "attributes": {
            "condition": [],
            "etag": "BwY29jPVxFM=",
            "id": "v1/projects/personalhub13/locations/us-central1/services/rstudio-run/roles/run.invoker/allUsers",
            "location": "us-central1",
            "member": "allUsers",
            "project": "personalhub13",
            "role": "roles/run.invoker",
            "service": "v1/projects/personalhub13/locations/us-central1/services/rstudio-run"
          },
          "sensitive_attributes": [],
          "identity_schema_version": 0,
          "private": "bnVsbA==",
          "dependencies": [
            "module.compute.google_cloud_run_v2_service.run_rstudio",
            "module.network.google_compute_network.vpc_net",
            "module.network.google_vpc_access_connector.run_connector"
          ]
        }
      ]
    },
    {
      "module": "module.compute",
      "mode": "managed",
      "type": "google_cloud_run_v2_service",
      "name": "run_portfolio",
      "provider": "provider[\"registry.terraform.io/hashicorp/google\"]",
      "instances": [
        {
          "schema_version": 0,
          "attributes": {
            "annotations": {},
            "binary_authorization": [],
            "build_config": [],
            "client": "",
            "client_version": "",
            "conditions": [
              {
                "execution_reason": "",
                "last_transition_time": "2025-06-08T07:22:36.041675Z",
                "message": "",
                "reason": "",
                "revision_reason": "",
                "severity": "",
                "state": "CONDITION_SUCCEEDED",
                "type": "RoutesReady"
              },
              {
                "execution_reason": "",
                "last_transition_time": "2025-06-08T07:22:34.791687Z",
                "message": "",
                "reason": "",
                "revision_reason": "",
                "severity": "",
                "state": "CONDITION_SUCCEEDED",
                "type": "ConfigurationsReady"
              }
            ],
            "create_time": "2025-06-07T06:54:10.591456Z",
            "creator": "personalhub13@appspot.gserviceaccount.com",
            "custom_audiences": [],
            "delete_time": "",
            "deletion_protection": true,
            "description": "",
            "effective_annotations": {},
            "effective_labels": {
              "goog-terraform-provisioned": "true"
            },
            "etag": "\"CJ3RlcIGEJjYl74B/cHJvamVjdHMvcGVyc29uYWxodWIxMy9sb2NhdGlvbnMvdXMtY2VudHJhbDEvc2VydmljZXMvcG9ydGZvbGlvLXJ1bg\"",
            "expire_time": "",
            "generation": "3",
            "id": "projects/personalhub13/locations/us-central1/services/portfolio-run",
            "ingress": "INGRESS_TRAFFIC_ALL",
            "invoker_iam_disabled": false,
            "labels": {},
            "last_modifier": "personalhub13@appspot.gserviceaccount.com",
            "latest_created_revision": "projects/personalhub13/locations/us-central1/services/portfolio-run/revisions/portfolio-run-00002-rx9",
            "latest_ready_revision": "projects/personalhub13/locations/us-central1/services/portfolio-run/revisions/portfolio-run-00002-rx9",
            "launch_stage": "GA",
            "location": "us-central1",
            "name": "portfolio-run",
            "observed_generation": "3",
            "project": "personalhub13",
            "reconciling": false,
            "scaling": [],
            "template": [
              {
                "annotations": {},
                "containers": [
                  {
                    "args": [],
                    "base_image_uri": "",
                    "build_info": [],
                    "command": [],
                    "depends_on": [],
                    "env": [],
                    "image": "us-central1-docker.pkg.dev/personalhub13/personalhub-artifact-repo/portfolio-app:latest",
                    "liveness_probe": [],
                    "name": "",
                    "ports": [
                      {
                        "container_port": 3000,
                        "name": "http1"
                      }
                    ],
                    "resources": [
                      {
                        "cpu_idle": false,
                        "limits": {
                          "cpu": "1",
                          "memory": "512Mi"
                        },
                        "startup_cpu_boost": false
                      }
                    ],
                    "startup_probe": [
                      {
                        "failure_threshold": 1,
                        "grpc": [],
                        "http_get": [],
                        "initial_delay_seconds": 0,
                        "period_seconds": 240,
                        "tcp_socket": [
                          {
                            "port": 3000
                          }
                        ],
                        "timeout_seconds": 240
                      }
                    ],
                    "volume_mounts": [],
                    "working_dir": ""
                  }
                ],
                "encryption_key": "",
                "execution_environment": "",
                "gpu_zonal_redundancy_disabled": false,
                "labels": {},
                "max_instance_request_concurrency": 80,
                "node_selector": [],
                "revision": "",
                "scaling": [
                  {
                    "max_instance_count": 1,
                    "min_instance_count": 0
                  }
                ],
                "service_account": "241432738087-compute@developer.gserviceaccount.com",
                "session_affinity": false,
                "timeout": "60s",
                "volumes": [],
                "vpc_access": [
                  {
                    "connector": "projects/personalhub13/locations/us-central1/connectors/cloudrun-connector",
                    "egress": "ALL_TRAFFIC",
                    "network_interfaces": []
                  }
                ]
              }
            ],
            "terminal_condition": [
              {
                "execution_reason": "",
                "last_transition_time": "2025-06-08T07:22:36.082866Z",
                "message": "",
                "reason": "",
                "revision_reason": "",
                "severity": "",
                "state": "CONDITION_SUCCEEDED",
                "type": "Ready"
              }
            ],
            "terraform_labels": {
              "goog-terraform-provisioned": "true"
            },
            "timeouts": null,
            "traffic": [
              {
                "percent": 100,
                "revision": "",
                "tag": "",
                "type": "TRAFFIC_TARGET_ALLOCATION_TYPE_LATEST"
              }
            ],
            "traffic_statuses": [
              {
                "percent": 100,
                "revision": "",
                "tag": "",
                "type": "TRAFFIC_TARGET_ALLOCATION_TYPE_LATEST",
                "uri": ""
              }
            ],
            "uid": "3da2a9a7-8f52-4e82-8825-bbf0bc73e4da",
            "update_time": "2025-06-08T10:40:29.398847Z",
            "uri": "https://portfolio-run-kgtcfu5gza-uc.a.run.app",
            "urls": [
              "https://portfolio-run-241432738087.us-central1.run.app",
              "https://portfolio-run-kgtcfu5gza-uc.a.run.app"
            ]
          },
          "sensitive_attributes": [],
          "identity_schema_version": 0,
          "private": "eyJlMmJmYjczMC1lY2FhLTExZTYtOGY4OC0zNDM2M2JjN2M0YzAiOnsiY3JlYXRlIjoxMjAwMDAwMDAwMDAwLCJkZWxldGUiOjEyMDAwMDAwMDAwMDAsInVwZGF0ZSI6MTIwMDAwMDAwMDAwMH19",
          "dependencies": [
            "module.network.google_compute_network.vpc_net",
            "module.network.google_vpc_access_connector.run_connector"
          ],
          "create_before_destroy": true
        }
      ]
    },
    {
      "module": "module.compute",
      "mode": "managed",
      "type": "google_cloud_run_v2_service",
      "name": "run_rstudio",
      "provider": "provider[\"registry.terraform.io/hashicorp/google\"]",
      "instances": [
        {
          "schema_version": 0,
          "attributes": {
            "annotations": {},
            "binary_authorization": [],
            "build_config": [],
            "client": "",
            "client_version": "",
            "conditions": [
              {
                "execution_reason": "",
                "last_transition_time": "2025-06-07T07:21:48.334210Z",
                "message": "",
                "reason": "",
                "revision_reason": "",
                "severity": "",
                "state": "CONDITION_SUCCEEDED",
                "type": "RoutesReady"
              },
              {
                "execution_reason": "",
                "last_transition_time": "2025-06-07T07:21:42.946434Z",
                "message": "",
                "reason": "",
                "revision_reason": "",
                "severity": "",
                "state": "CONDITION_SUCCEEDED",
                "type": "ConfigurationsReady"
              }
            ],
            "create_time": "2025-06-07T07:21:36.049414Z",
            "creator": "personalhub13@appspot.gserviceaccount.com",
            "custom_audiences": [],
            "delete_time": "",
            "deletion_protection": true,
            "description": "",
            "effective_annotations": {},
            "effective_labels": {
              "goog-terraform-provisioned": "true"
            },
            "etag": "\"CIDRj8IGEPD-xxc/cHJvamVjdHMvcGVyc29uYWxodWIxMy9sb2NhdGlvbnMvdXMtY2VudHJhbDEvc2VydmljZXMvcnN0dWRpby1ydW4\"",
            "expire_time": "",
            "generation": "1",
            "id": "projects/personalhub13/locations/us-central1/services/rstudio-run",
            "ingress": "INGRESS_TRAFFIC_ALL",
            "invoker_iam_disabled": false,
            "labels": {},
            "last_modifier": "personalhub13@appspot.gserviceaccount.com",
            "latest_created_revision": "projects/personalhub13/locations/us-central1/services/rstudio-run/revisions/rstudio-run-00001-tjp",
            "latest_ready_revision": "projects/personalhub13/locations/us-central1/services/rstudio-run/revisions/rstudio-run-00001-tjp",
            "launch_stage": "GA",
            "location": "us-central1",
            "name": "rstudio-run",
            "observed_generation": "1",
            "project": "personalhub13",
            "reconciling": false,
            "scaling": [],
            "template": [
              {
                "annotations": {},
                "containers": [
                  {
                    "args": [],
                    "base_image_uri": "",
                    "build_info": [],
                    "command": [],
                    "depends_on": [],
                    "env": [],
                    "image": "us-central1-docker.pkg.dev/personalhub13/personalhub-artifact-repo/rstudio-app:latest",
                    "liveness_probe": [],
                    "name": "",
                    "ports": [
                      {
                        "container_port": 8787,
                        "name": "http1"
                      }
                    ],
                    "resources": [
                      {
                        "cpu_idle": false,
                        "limits": {
                          "cpu": "1",
                          "memory": "512Mi"
                        },
                        "startup_cpu_boost": false
                      }
                    ],
                    "startup_probe": [
                      {
                        "failure_threshold": 1,
                        "grpc": [],
                        "http_get": [],
                        "initial_delay_seconds": 0,
                        "period_seconds": 240,
                        "tcp_socket": [
                          {
                            "port": 8787
                          }
                        ],
                        "timeout_seconds": 240
                      }
                    ],
                    "volume_mounts": [],
                    "working_dir": ""
                  }
                ],
                "encryption_key": "",
                "execution_environment": "",
                "gpu_zonal_redundancy_disabled": false,
                "labels": {},
                "max_instance_request_concurrency": 80,
                "node_selector": [],
                "revision": "",
                "scaling": [
                  {
                    "max_instance_count": 1,
                    "min_instance_count": 0
                  }
                ],
                "service_account": "241432738087-compute@developer.gserviceaccount.com",
                "session_affinity": false,
                "timeout": "60s",
                "volumes": [],
                "vpc_access": [
                  {
                    "connector": "projects/personalhub13/locations/us-central1/connectors/cloudrun-connector",
                    "egress": "ALL_TRAFFIC",
                    "network_interfaces": []
                  }
                ]
              }
            ],
            "terminal_condition": [
              {
                "execution_reason": "",
                "last_transition_time": "2025-06-07T07:21:48.371411Z",
                "message": "",
                "reason": "",
                "revision_reason": "",
                "severity": "",
                "state": "CONDITION_SUCCEEDED",
                "type": "Ready"
              }
            ],
            "terraform_labels": {
              "goog-terraform-provisioned": "true"
            },
            "timeouts": null,
            "traffic": [
              {
                "percent": 100,
                "revision": "",
                "tag": "",
                "type": "TRAFFIC_TARGET_ALLOCATION_TYPE_LATEST"
              }
            ],
            "traffic_statuses": [
              {
                "percent": 100,
                "revision": "",
                "tag": "",
                "type": "TRAFFIC_TARGET_ALLOCATION_TYPE_LATEST",
                "uri": ""
              }
            ],
            "uid": "c26933f2-ea64-4d45-80b5-e8e54518bc7d",
            "update_time": "2025-06-07T07:21:36.049414Z",
            "uri": "https://rstudio-run-kgtcfu5gza-uc.a.run.app",
            "urls": [
              "https://rstudio-run-241432738087.us-central1.run.app",
              "https://rstudio-run-kgtcfu5gza-uc.a.run.app"
            ]
          },
          "sensitive_attributes": [],
          "identity_schema_version": 0,
          "private": "eyJlMmJmYjczMC1lY2FhLTExZTYtOGY4OC0zNDM2M2JjN2M0YzAiOnsiY3JlYXRlIjoxMjAwMDAwMDAwMDAwLCJkZWxldGUiOjEyMDAwMDAwMDAwMDAsInVwZGF0ZSI6MTIwMDAwMDAwMDAwMH19",
          "dependencies": [
            "module.network.google_compute_network.vpc_net",
            "module.network.google_vpc_access_connector.run_connector"
          ],
          "create_before_destroy": true
        }
      ]
    },
    {
      "module": "module.datalake",
      "mode": "managed",
      "type": "google_artifact_registry_repository",
      "name": "images_repository",
      "provider": "provider[\"registry.terraform.io/hashicorp/google\"]",
      "instances": [
        {
          "schema_version": 0,
          "attributes": {
            "cleanup_policies": [
              {
                "action": "KEEP",
                "condition": [],
                "id": "keep-recent-versions",
                "most_recent_versions": [
                  {
                    "keep_count": 3,
                    "package_name_prefixes": []
                  }
                ]
              }
            ],
            "cleanup_policy_dry_run": false,
            "create_time": "2025-06-06T12:19:42.189590Z",
            "description": "Docker repository for storing container images",
            "docker_config": [],
            "effective_labels": {
              "goog-terraform-provisioned": "true"
            },
            "format": "DOCKER",
            "id": "projects/personalhub13/locations/us-central1/repositories/personalhub-artifact-repo",
            "kms_key_name": "",
            "labels": {},
            "location": "us-central1",
            "maven_config": [],
            "mode": "STANDARD_REPOSITORY",
            "name": "personalhub-artifact-repo",
            "project": "personalhub13",
            "remote_repository_config": [],
            "repository_id": "personalhub-artifact-repo",
            "terraform_labels": {
              "goog-terraform-provisioned": "true"
            },
            "timeouts": null,
            "update_time": "2025-06-08T07:21:43.080193Z",
            "virtual_repository_config": [],
            "vulnerability_scanning_config": [
              {
                "enablement_config": "",
                "enablement_state": "SCANNING_DISABLED",
                "enablement_state_reason": "API containerscanning.googleapis.com is not enabled."
              }
            ]
          },
          "sensitive_attributes": [],
          "identity_schema_version": 0,
          "private": "eyJlMmJmYjczMC1lY2FhLTExZTYtOGY4OC0zNDM2M2JjN2M0YzAiOnsiY3JlYXRlIjoxMjAwMDAwMDAwMDAwLCJkZWxldGUiOjEyMDAwMDAwMDAwMDAsInVwZGF0ZSI6MTIwMDAwMDAwMDAwMH19"
        }
      ]
    },
    {
      "module": "module.datalake",
      "mode": "managed",
      "type": "google_bigquery_dataset",
      "name": "billing_dev_bq_dataset",
      "provider": "provider[\"registry.terraform.io/hashicorp/google\"]",
      "instances": [
        {
          "schema_version": 0,
          "attributes": {
            "access": [
              {
                "condition": [],
                "dataset": [],
                "domain": "",
                "group_by_email": "",
                "iam_member": "",
                "role": "OWNER",
                "routine": [],
                "special_group": "",
                "user_by_email": "gui.viegas.dev@gmail.com",
                "view": []
              },
              {
                "condition": [],
                "dataset": [],
                "domain": "",
                "group_by_email": "",
                "iam_member": "",
                "role": "OWNER",
                "routine": [],
                "special_group": "projectOwners",
                "user_by_email": "",
                "view": []
              },
              {
                "condition": [],
                "dataset": [],
                "domain": "",
                "group_by_email": "",
                "iam_member": "",
                "role": "READER",
                "routine": [],
                "special_group": "projectReaders",
                "user_by_email": "",
                "view": []
              },
              {
                "condition": [],
                "dataset": [],
                "domain": "",
                "group_by_email": "",
                "iam_member": "",
                "role": "WRITER",
                "routine": [],
                "special_group": "projectWriters",
                "user_by_email": "",
                "view": []
              }
            ],
            "creation_time": 1749212353870,
            "dataset_id": "billing_dev",
            "default_collation": "",
            "default_encryption_configuration": [],
            "default_partition_expiration_ms": 0,
            "default_table_expiration_ms": 0,
            "delete_contents_on_destroy": false,
            "description": "BigQuery dataset in development stage for Cloud Billing dumping",
            "effective_labels": {
              "goog-terraform-provisioned": "true"
            },
            "etag": "O8i1RFxpKrMhacyTH6Nrfw==",
            "external_catalog_dataset_options": [],
            "external_dataset_reference": [],
            "friendly_name": "",
            "id": "projects/personalhub13/datasets/billing_dev",
            "is_case_insensitive": false,
            "labels": {},
            "last_modified_time": 1749212353870,
            "location": "US",
            "max_time_travel_hours": "168",
            "project": "personalhub13",
            "resource_tags": {},
            "self_link": "https://bigquery.googleapis.com/bigquery/v2/projects/personalhub13/datasets/billing_dev",
            "storage_billing_model": "",
            "terraform_labels": {
              "goog-terraform-provisioned": "true"
            },
            "timeouts": null
          },
          "sensitive_attributes": [],
          "identity_schema_version": 0,
          "private": "eyJlMmJmYjczMC1lY2FhLTExZTYtOGY4OC0zNDM2M2JjN2M0YzAiOnsiY3JlYXRlIjoxMjAwMDAwMDAwMDAwLCJkZWxldGUiOjEyMDAwMDAwMDAwMDAsInVwZGF0ZSI6MTIwMDAwMDAwMDAwMH19"
        }
      ]
    },
    {
      "module": "module.datalake",
      "mode": "managed",
      "type": "google_bigquery_dataset",
      "name": "billing_prod_bq_dataset",
      "provider": "provider[\"registry.terraform.io/hashicorp/google\"]",
      "instances": [
        {
          "schema_version": 0,
          "attributes": {
            "access": [
              {
                "condition": [],
                "dataset": [],
                "domain": "",
                "group_by_email": "",
                "iam_member": "",
                "role": "OWNER",
                "routine": [],
                "special_group": "",
                "user_by_email": "gui.viegas.dev@gmail.com",
                "view": []
              },
              {
                "condition": [],
                "dataset": [],
                "domain": "",
                "group_by_email": "",
                "iam_member": "",
                "role": "OWNER",
                "routine": [],
                "special_group": "projectOwners",
                "user_by_email": "",
                "view": []
              },
              {
                "condition": [],
                "dataset": [],
                "domain": "",
                "group_by_email": "",
                "iam_member": "",
                "role": "READER",
                "routine": [],
                "special_group": "projectReaders",
                "user_by_email": "",
                "view": []
              },
              {
                "condition": [],
                "dataset": [],
                "domain": "",
                "group_by_email": "",
                "iam_member": "",
                "role": "WRITER",
                "routine": [],
                "special_group": "projectWriters",
                "user_by_email": "",
                "view": []
              }
            ],
            "creation_time": 1749212366669,
            "dataset_id": "billing_prod",
            "default_collation": "",
            "default_encryption_configuration": [],
            "default_partition_expiration_ms": 0,
            "default_table_expiration_ms": 0,
            "delete_contents_on_destroy": false,
            "description": "BigQuery dataset in production stage for Cloud Billing dumping",
            "effective_labels": {
              "goog-terraform-provisioned": "true"
            },
            "etag": "HF/RnWiHipCH2GvQCSJBgA==",
            "external_catalog_dataset_options": [],
            "external_dataset_reference": [],
            "friendly_name": "",
            "id": "projects/personalhub13/datasets/billing_prod",
            "is_case_insensitive": false,
            "labels": {},
            "last_modified_time": 1749212366669,
            "location": "US",
            "max_time_travel_hours": "168",
            "project": "personalhub13",
            "resource_tags": {},
            "self_link": "https://bigquery.googleapis.com/bigquery/v2/projects/personalhub13/datasets/billing_prod",
            "storage_billing_model": "",
            "terraform_labels": {
              "goog-terraform-provisioned": "true"
            },
            "timeouts": null
          },
          "sensitive_attributes": [],
          "identity_schema_version": 0,
          "private": "eyJlMmJmYjczMC1lY2FhLTExZTYtOGY4OC0zNDM2M2JjN2M0YzAiOnsiY3JlYXRlIjoxMjAwMDAwMDAwMDAwLCJkZWxldGUiOjEyMDAwMDAwMDAwMDAsInVwZGF0ZSI6MTIwMDAwMDAwMDAwMH19"
        }
      ]
    },
    {
      "module": "module.datalake",
      "mode": "managed",
      "type": "google_bigquery_dataset",
      "name": "brvectors_dev_bq_dataset",
      "provider": "provider[\"registry.terraform.io/hashicorp/google\"]",
      "instances": [
        {
          "schema_version": 0,
          "attributes": {
            "access": [
              {
                "condition": [],
                "dataset": [],
                "domain": "",
                "group_by_email": "",
                "iam_member": "",
                "role": "OWNER",
                "routine": [],
                "special_group": "",
                "user_by_email": "gui.viegas.dev@gmail.com",
                "view": []
              },
              {
                "condition": [],
                "dataset": [],
                "domain": "",
                "group_by_email": "",
                "iam_member": "",
                "role": "OWNER",
                "routine": [],
                "special_group": "projectOwners",
                "user_by_email": "",
                "view": []
              },
              {
                "condition": [],
                "dataset": [],
                "domain": "",
                "group_by_email": "",
                "iam_member": "",
                "role": "READER",
                "routine": [],
                "special_group": "projectReaders",
                "user_by_email": "",
                "view": []
              },
              {
                "condition": [],
                "dataset": [],
                "domain": "",
                "group_by_email": "",
                "iam_member": "",
                "role": "WRITER",
                "routine": [],
                "special_group": "projectWriters",
                "user_by_email": "",
                "view": []
              }
            ],
            "creation_time": 1749212366667,
            "dataset_id": "brvectors_dev",
            "default_collation": "",
            "default_encryption_configuration": [],
            "default_partition_expiration_ms": 0,
            "default_table_expiration_ms": 0,
            "delete_contents_on_destroy": false,
            "description": "BigQuery dataset in developement stage for BRvectors",
            "effective_labels": {
              "goog-terraform-provisioned": "true"
            },
            "etag": "CucLg6ysH3Nb5HR+syFCyQ==",
            "external_catalog_dataset_options": [],
            "external_dataset_reference": [],
            "friendly_name": "",
            "id": "projects/personalhub13/datasets/brvectors_dev",
            "is_case_insensitive": false,
            "labels": {},
            "last_modified_time": 1749212366667,
            "location": "US",
            "max_time_travel_hours": "168",
            "project": "personalhub13",
            "resource_tags": {},
            "self_link": "https://bigquery.googleapis.com/bigquery/v2/projects/personalhub13/datasets/brvectors_dev",
            "storage_billing_model": "",
            "terraform_labels": {
              "goog-terraform-provisioned": "true"
            },
            "timeouts": null
          },
          "sensitive_attributes": [],
          "identity_schema_version": 0,
          "private": "eyJlMmJmYjczMC1lY2FhLTExZTYtOGY4OC0zNDM2M2JjN2M0YzAiOnsiY3JlYXRlIjoxMjAwMDAwMDAwMDAwLCJkZWxldGUiOjEyMDAwMDAwMDAwMDAsInVwZGF0ZSI6MTIwMDAwMDAwMDAwMH19"
        }
      ]
    },
    {
      "module": "module.datalake",
      "mode": "managed",
      "type": "google_bigquery_dataset",
      "name": "brvectors_prod_bq_dataset",
      "provider": "provider[\"registry.terraform.io/hashicorp/google\"]",
      "instances": [
        {
          "schema_version": 0,
          "attributes": {
            "access": [
              {
                "condition": [],
                "dataset": [],
                "domain": "",
                "group_by_email": "",
                "iam_member": "",
                "role": "OWNER",
                "routine": [],
                "special_group": "",
                "user_by_email": "gui.viegas.dev@gmail.com",
                "view": []
              },
              {
                "condition": [],
                "dataset": [],
                "domain": "",
                "group_by_email": "",
                "iam_member": "",
                "role": "OWNER",
                "routine": [],
                "special_group": "projectOwners",
                "user_by_email": "",
                "view": []
              },
              {
                "condition": [],
                "dataset": [],
                "domain": "",
                "group_by_email": "",
                "iam_member": "",
                "role": "READER",
                "routine": [],
                "special_group": "projectReaders",
                "user_by_email": "",
                "view": []
              },
              {
                "condition": [],
                "dataset": [],
                "domain": "",
                "group_by_email": "",
                "iam_member": "",
                "role": "WRITER",
                "routine": [],
                "special_group": "projectWriters",
                "user_by_email": "",
                "view": []
              }
            ],
            "creation_time": 1749212367464,
            "dataset_id": "brvectors_prod",
            "default_collation": "",
            "default_encryption_configuration": [],
            "default_partition_expiration_ms": 0,
            "default_table_expiration_ms": 0,
            "delete_contents_on_destroy": false,
            "description": "BigQuery dataset in production stage for BRvectors",
            "effective_labels": {
              "goog-terraform-provisioned": "true"
            },
            "etag": "zGT3389jpErv9cTNhaKtzg==",
            "external_catalog_dataset_options": [],
            "external_dataset_reference": [],
            "friendly_name": "",
            "id": "projects/personalhub13/datasets/brvectors_prod",
            "is_case_insensitive": false,
            "labels": {},
            "last_modified_time": 1749212367464,
            "location": "US",
            "max_time_travel_hours": "168",
            "project": "personalhub13",
            "resource_tags": {},
            "self_link": "https://bigquery.googleapis.com/bigquery/v2/projects/personalhub13/datasets/brvectors_prod",
            "storage_billing_model": "",
            "terraform_labels": {
              "goog-terraform-provisioned": "true"
            },
            "timeouts": null
          },
          "sensitive_attributes": [],
          "identity_schema_version": 0,
          "private": "eyJlMmJmYjczMC1lY2FhLTExZTYtOGY4OC0zNDM2M2JjN2M0YzAiOnsiY3JlYXRlIjoxMjAwMDAwMDAwMDAwLCJkZWxldGUiOjEyMDAwMDAwMDAwMDAsInVwZGF0ZSI6MTIwMDAwMDAwMDAwMH19"
        }
      ]
    },
    {
      "module": "module.datalake",
      "mode": "managed",
      "type": "google_bigquery_dataset",
      "name": "brvectors_source_bq_dataset",
      "provider": "provider[\"registry.terraform.io/hashicorp/google\"]",
      "instances": [
        {
          "schema_version": 0,
          "attributes": {
            "access": [
              {
                "condition": [],
                "dataset": [],
                "domain": "",
                "group_by_email": "",
                "iam_member": "",
                "role": "OWNER",
                "routine": [],
                "special_group": "",
                "user_by_email": "gui.viegas.dev@gmail.com",
                "view": []
              },
              {
                "condition": [],
                "dataset": [],
                "domain": "",
                "group_by_email": "",
                "iam_member": "",
                "role": "OWNER",
                "routine": [],
                "special_group": "projectOwners",
                "user_by_email": "",
                "view": []
              },
              {
                "condition": [],
                "dataset": [],
                "domain": "",
                "group_by_email": "",
                "iam_member": "",
                "role": "READER",
                "routine": [],
                "special_group": "projectReaders",
                "user_by_email": "",
                "view": []
              },
              {
                "condition": [],
                "dataset": [],
                "domain": "",
                "group_by_email": "",
                "iam_member": "",
                "role": "WRITER",
                "routine": [],
                "special_group": "projectWriters",
                "user_by_email": "",
                "view": []
              }
            ],
            "creation_time": 1749212353868,
            "dataset_id": "brvectors_source",
            "default_collation": "",
            "default_encryption_configuration": [],
            "default_partition_expiration_ms": 0,
            "default_table_expiration_ms": 0,
            "delete_contents_on_destroy": false,
            "description": "BigQuery dataset for BRvectors sources",
            "effective_labels": {
              "goog-terraform-provisioned": "true"
            },
            "etag": "BACnpdfZfiG5dLzWlawS6g==",
            "external_catalog_dataset_options": [],
            "external_dataset_reference": [],
            "friendly_name": "",
            "id": "projects/personalhub13/datasets/brvectors_source",
            "is_case_insensitive": false,
            "labels": {},
            "last_modified_time": 1749212353868,
            "location": "US",
            "max_time_travel_hours": "168",
            "project": "personalhub13",
            "resource_tags": {},
            "self_link": "https://bigquery.googleapis.com/bigquery/v2/projects/personalhub13/datasets/brvectors_source",
            "storage_billing_model": "",
            "terraform_labels": {
              "goog-terraform-provisioned": "true"
            },
            "timeouts": null
          },
          "sensitive_attributes": [],
          "identity_schema_version": 0,
          "private": "eyJlMmJmYjczMC1lY2FhLTExZTYtOGY4OC0zNDM2M2JjN2M0YzAiOnsiY3JlYXRlIjoxMjAwMDAwMDAwMDAwLCJkZWxldGUiOjEyMDAwMDAwMDAwMDAsInVwZGF0ZSI6MTIwMDAwMDAwMDAwMH19"
        }
      ]
    },
    {
      "module": "module.datalake",
      "mode": "managed",
      "type": "google_bigquery_dataset",
      "name": "geolayers_bq_dataset",
      "provider": "provider[\"registry.terraform.io/hashicorp/google\"]",
      "instances": [
        {
          "schema_version": 0,
          "attributes": {
            "access": [
              {
                "condition": [],
                "dataset": [],
                "domain": "",
                "group_by_email": "",
                "iam_member": "",
                "role": "OWNER",
                "routine": [],
                "special_group": "",
                "user_by_email": "gui.viegas.dev@gmail.com",
                "view": []
              },
              {
                "condition": [],
                "dataset": [],
                "domain": "",
                "group_by_email": "",
                "iam_member": "",
                "role": "OWNER",
                "routine": [],
                "special_group": "projectOwners",
                "user_by_email": "",
                "view": []
              },
              {
                "condition": [],
                "dataset": [],
                "domain": "",
                "group_by_email": "",
                "iam_member": "",
                "role": "READER",
                "routine": [],
                "special_group": "projectReaders",
                "user_by_email": "",
                "view": []
              },
              {
                "condition": [],
                "dataset": [],
                "domain": "",
                "group_by_email": "",
                "iam_member": "",
                "role": "WRITER",
                "routine": [],
                "special_group": "projectWriters",
                "user_by_email": "",
                "view": []
              }
            ],
            "creation_time": 1749212354866,
            "dataset_id": "geolayers",
            "default_collation": "",
            "default_encryption_configuration": [],
            "default_partition_expiration_ms": 0,
            "default_table_expiration_ms": 0,
            "delete_contents_on_destroy": false,
            "description": "BigQuery dataset for GeoLayers",
            "effective_labels": {
              "goog-terraform-provisioned": "true"
            },
            "etag": "3i3grwmr8kxtLUYGTzj6xA==",
            "external_catalog_dataset_options": [],
            "external_dataset_reference": [],
            "friendly_name": "",
            "id": "projects/personalhub13/datasets/geolayers",
            "is_case_insensitive": false,
            "labels": {},
            "last_modified_time": 1749212354866,
            "location": "US",
            "max_time_travel_hours": "168",
            "project": "personalhub13",
            "resource_tags": {},
            "self_link": "https://bigquery.googleapis.com/bigquery/v2/projects/personalhub13/datasets/geolayers",
            "storage_billing_model": "",
            "terraform_labels": {
              "goog-terraform-provisioned": "true"
            },
            "timeouts": null
          },
          "sensitive_attributes": [],
          "identity_schema_version": 0,
          "private": "eyJlMmJmYjczMC1lY2FhLTExZTYtOGY4OC0zNDM2M2JjN2M0YzAiOnsiY3JlYXRlIjoxMjAwMDAwMDAwMDAwLCJkZWxldGUiOjEyMDAwMDAwMDAwMDAsInVwZGF0ZSI6MTIwMDAwMDAwMDAwMH19"
        }
      ]
    },
    {
      "module": "module.datalake",
      "mode": "managed",
      "type": "google_bigquery_table",
      "name": "bq_table_br_pais",
      "provider": "provider[\"registry.terraform.io/hashicorp/google\"]",
      "instances": [
        {
          "schema_version": 0,
          "attributes": {
            "biglake_configuration": [],
            "clustering": null,
            "creation_time": 1749212370323,
            "dataset_id": "brvectors_source",
            "deletion_protection": false,
            "description": "",
            "effective_labels": {
              "goog-terraform-provisioned": "true"
            },
            "encryption_configuration": [],
            "etag": "wbLCRkTMpCBPzIaudliL/Q==",
            "expiration_time": 0,
            "external_catalog_table_options": [],
            "external_data_configuration": [
              {
                "autodetect": false,
                "avro_options": [],
                "bigtable_options": [],
                "compression": "NONE",
                "connection_id": "",
                "csv_options": [],
                "file_set_spec_type": "",
                "google_sheets_options": [],
                "hive_partitioning_options": [],
                "ignore_unknown_values": false,
                "json_extension": "",
                "json_options": [
                  {
                    "encoding": "UTF-8"
                  }
                ],
                "max_bad_records": 0,
                "metadata_cache_mode": "",
                "object_metadata": "",
                "parquet_options": [],
                "reference_file_schema_uri": "",
                "schema": "",
                "source_format": "NEWLINE_DELIMITED_JSON",
                "source_uris": [
                  "gs://brvectors-bucket-gcs-personalhub1/shapefiles/BR_Pais_2024/BR_Pais_2024.jsonl"
                ]
              }
            ],
            "friendly_name": "",
            "id": "projects/personalhub13/datasets/brvectors_source/tables/BR_Pais_2024",
            "labels": {},
            "last_modified_time": 1749212370426,
            "location": "US",
            "materialized_view": [],
            "max_staleness": "",
            "num_bytes": 0,
            "num_long_term_bytes": 0,
            "num_rows": 0,
            "project": "personalhub13",
            "range_partitioning": [],
            "require_partition_filter": false,
            "resource_tags": {},
            "schema": "[{\"description\":\"Geometry data in GEOGRAPHY format\",\"mode\":\"NULLABLE\",\"name\":\"geometry\",\"type\":\"GEOGRAPHY\"},{\"description\":\"Country name\",\"mode\":\"NULLABLE\",\"name\":\"PAIS\",\"type\":\"STRING\"},{\"description\":\"Area in square kilometers(?)\",\"mode\":\"NULLABLE\",\"name\":\"AREA_KM2\",\"type\":\"FLOAT\"}]",
            "schema_foreign_type_info": [],
            "self_link": "https://bigquery.googleapis.com/bigquery/v2/projects/personalhub13/datasets/brvectors_source/tables/BR_Pais_2024",
            "table_constraints": [],
            "table_id": "BR_Pais_2024",
            "table_metadata_view": null,
            "table_replication_info": [],
            "terraform_labels": {
              "goog-terraform-provisioned": "true"
            },
            "time_partitioning": [],
            "type": "EXTERNAL",
            "view": []
          },
          "sensitive_attributes": [],
          "identity_schema_version": 0,
          "private": "bnVsbA==",
          "dependencies": [
            "module.datalake.google_bigquery_dataset.brvectors_source_bq_dataset"
          ]
        }
      ]
    },
    {
      "module": "module.datalake",
      "mode": "managed",
      "type": "google_bigquery_table",
      "name": "bq_table_dflocations",
      "provider": "provider[\"registry.terraform.io/hashicorp/google\"]",
      "instances": [
        {
          "schema_version": 0,
          "attributes": {
            "biglake_configuration": [],
            "clustering": null,
            "creation_time": 1749212371264,
            "dataset_id": "brvectors_source",
            "deletion_protection": false,
            "description": "",
            "effective_labels": {
              "goog-terraform-provisioned": "true"
            },
            "encryption_configuration": [],
            "etag": "fcInbjZpQhKuB8HPb9PhSQ==",
            "expiration_time": 0,
            "external_catalog_table_options": [],
            "external_data_configuration": [
              {
                "autodetect": true,
                "avro_options": [],
                "bigtable_options": [],
                "compression": "NONE",
                "connection_id": "",
                "csv_options": [],
                "file_set_spec_type": "",
                "google_sheets_options": [],
                "hive_partitioning_options": [],
                "ignore_unknown_values": false,
                "json_extension": "",
                "json_options": [],
                "max_bad_records": 0,
                "metadata_cache_mode": "",
                "object_metadata": "",
                "parquet_options": [],
                "reference_file_schema_uri": "",
                "schema": "",
                "source_format": "CSV",
                "source_uris": [
                  "gs://brvectors-bucket-gcs-personalhub1/locations.csv"
                ]
              }
            ],
            "friendly_name": "",
            "id": "projects/personalhub13/datasets/brvectors_source/tables/df_locations",
            "labels": {},
            "last_modified_time": 1749212371826,
            "location": "US",
            "materialized_view": [],
            "max_staleness": "",
            "num_bytes": 0,
            "num_long_term_bytes": 0,
            "num_rows": 0,
            "project": "personalhub13",
            "range_partitioning": [],
            "require_partition_filter": false,
            "resource_tags": {},
            "schema": "[{\"mode\":\"NULLABLE\",\"name\":\"cd_mun\",\"type\":\"INTEGER\"},{\"mode\":\"NULLABLE\",\"name\":\"nm_mun\",\"type\":\"STRING\"},{\"mode\":\"NULLABLE\",\"name\":\"cd_micro\",\"type\":\"INTEGER\"},{\"mode\":\"NULLABLE\",\"name\":\"nm_micro\",\"type\":\"STRING\"},{\"mode\":\"NULLABLE\",\"name\":\"cd_meso\",\"type\":\"INTEGER\"},{\"mode\":\"NULLABLE\",\"name\":\"nm_meso\",\"type\":\"STRING\"},{\"mode\":\"NULLABLE\",\"name\":\"cd_uf\",\"type\":\"INTEGER\"},{\"mode\":\"NULLABLE\",\"name\":\"sg_uf\",\"type\":\"STRING\"},{\"mode\":\"NULLABLE\",\"name\":\"nm_uf\",\"type\":\"STRING\"},{\"mode\":\"NULLABLE\",\"name\":\"cd_reg\",\"type\":\"INTEGER\"},{\"mode\":\"NULLABLE\",\"name\":\"sg_reg\",\"type\":\"STRING\"},{\"mode\":\"NULLABLE\",\"name\":\"nm_reg\",\"type\":\"STRING\"},{\"mode\":\"NULLABLE\",\"name\":\"cd_rgime\",\"type\":\"INTEGER\"},{\"mode\":\"NULLABLE\",\"name\":\"nm_rgime\",\"type\":\"STRING\"},{\"mode\":\"NULLABLE\",\"name\":\"cd_rgint\",\"type\":\"INTEGER\"},{\"mode\":\"NULLABLE\",\"name\":\"nm_rgint\",\"type\":\"STRING\"}]",
            "schema_foreign_type_info": [],
            "self_link": "https://bigquery.googleapis.com/bigquery/v2/projects/personalhub13/datasets/brvectors_source/tables/df_locations",
            "table_constraints": [],
            "table_id": "df_locations",
            "table_metadata_view": null,
            "table_replication_info": [],
            "terraform_labels": {
              "goog-terraform-provisioned": "true"
            },
            "time_partitioning": [],
            "type": "EXTERNAL",
            "view": []
          },
          "sensitive_attributes": [],
          "identity_schema_version": 0,
          "private": "bnVsbA==",
          "dependencies": [
            "module.datalake.google_bigquery_dataset.brvectors_source_bq_dataset"
          ]
        }
      ]
    },
    {
      "module": "module.datalake",
      "mode": "managed",
      "type": "google_bigquery_table",
      "name": "bq_table_municipalities",
      "provider": "provider[\"registry.terraform.io/hashicorp/google\"]",
      "instances": [
        {
          "schema_version": 0,
          "attributes": {
            "biglake_configuration": [],
            "clustering": null,
            "creation_time": 1749212370296,
            "dataset_id": "brvectors_source",
            "deletion_protection": false,
            "description": "",
            "effective_labels": {
              "goog-terraform-provisioned": "true"
            },
            "encryption_configuration": [],
            "etag": "DhwuhwpnrpBK3KV5jmjEbA==",
            "expiration_time": 0,
            "external_catalog_table_options": [],
            "external_data_configuration": [
              {
                "autodetect": false,
                "avro_options": [],
                "bigtable_options": [],
                "compression": "NONE",
                "connection_id": "",
                "csv_options": [],
                "file_set_spec_type": "",
                "google_sheets_options": [],
                "hive_partitioning_options": [],
                "ignore_unknown_values": false,
                "json_extension": "",
                "json_options": [
                  {
                    "encoding": "UTF-8"
                  }
                ],
                "max_bad_records": 0,
                "metadata_cache_mode": "",
                "object_metadata": "",
                "parquet_options": [],
                "reference_file_schema_uri": "",
                "schema": "",
                "source_format": "NEWLINE_DELIMITED_JSON",
                "source_uris": [
                  "gs://brvectors-bucket-gcs-personalhub1/shapefiles/BR_Municipios_2024/BR_Municipios_2024.jsonl"
                ]
              }
            ],
            "friendly_name": "",
            "id": "projects/personalhub13/datasets/brvectors_source/tables/BR_Municipalities",
            "labels": {},
            "last_modified_time": 1749212370424,
            "location": "US",
            "materialized_view": [],
            "max_staleness": "",
            "num_bytes": 0,
            "num_long_term_bytes": 0,
            "num_rows": 0,
            "project": "personalhub13",
            "range_partitioning": [],
            "require_partition_filter": false,
            "resource_tags": {},
            "schema": "[{\"description\":\"Municipal boundary geometry\",\"mode\":\"NULLABLE\",\"name\":\"geometry\",\"type\":\"GEOGRAPHY\"},{\"description\":\"Municipality code (IBGE)\",\"mode\":\"NULLABLE\",\"name\":\"CD_MUN\",\"type\":\"STRING\"},{\"description\":\"Municipality name\",\"mode\":\"NULLABLE\",\"name\":\"NM_MUN\",\"type\":\"STRING\"},{\"description\":\"Immediate region code\",\"mode\":\"NULLABLE\",\"name\":\"CD_RGI\",\"type\":\"STRING\"},{\"description\":\"Immediate region name\",\"mode\":\"NULLABLE\",\"name\":\"NM_RGI\",\"type\":\"STRING\"},{\"description\":\"Intermediate region code\",\"mode\":\"NULLABLE\",\"name\":\"CD_RGINT\",\"type\":\"STRING\"},{\"description\":\"Intermediate region name\",\"mode\":\"NULLABLE\",\"name\":\"NM_RGINT\",\"type\":\"STRING\"},{\"description\":\"State code\",\"mode\":\"NULLABLE\",\"name\":\"CD_UF\",\"type\":\"STRING\"},{\"description\":\"State name\",\"mode\":\"NULLABLE\",\"name\":\"NM_UF\",\"type\":\"STRING\"},{\"description\":\"State abbreviation\",\"mode\":\"NULLABLE\",\"name\":\"SIGLA_UF\",\"type\":\"STRING\"},{\"description\":\"Region code\",\"mode\":\"NULLABLE\",\"name\":\"CD_REGIA\",\"type\":\"STRING\"},{\"description\":\"Region name\",\"mode\":\"NULLABLE\",\"name\":\"NM_REGIA\",\"type\":\"STRING\"},{\"description\":\"Region abbreviation\",\"mode\":\"NULLABLE\",\"name\":\"SIGLA_RG\",\"type\":\"STRING\"},{\"description\":\"Consolidated metropolitan area code\",\"mode\":\"NULLABLE\",\"name\":\"CD_CONCU\",\"type\":\"STRING\"},{\"description\":\"Consolidated metropolitan area name\",\"mode\":\"NULLABLE\",\"name\":\"NM_CONCU\",\"type\":\"STRING\"},{\"description\":\"Area in square kilometers\",\"mode\":\"NULLABLE\",\"name\":\"AREA_KM2\",\"type\":\"FLOAT\"}]",
            "schema_foreign_type_info": [],
            "self_link": "https://bigquery.googleapis.com/bigquery/v2/projects/personalhub13/datasets/brvectors_source/tables/BR_Municipalities",
            "table_constraints": [],
            "table_id": "BR_Municipalities",
            "table_metadata_view": null,
            "table_replication_info": [],
            "terraform_labels": {
              "goog-terraform-provisioned": "true"
            },
            "time_partitioning": [],
            "type": "EXTERNAL",
            "view": []
          },
          "sensitive_attributes": [],
          "identity_schema_version": 0,
          "private": "bnVsbA==",
          "dependencies": [
            "module.datalake.google_bigquery_dataset.brvectors_source_bq_dataset"
          ]
        }
      ]
    },
    {
      "module": "module.datalake",
      "mode": "managed",
      "type": "google_bigquery_table",
      "name": "bq_table_regions",
      "provider": "provider[\"registry.terraform.io/hashicorp/google\"]",
      "instances": [
        {
          "schema_version": 0,
          "attributes": {
            "biglake_configuration": [],
            "clustering": null,
            "creation_time": 1749212371290,
            "dataset_id": "brvectors_source",
            "deletion_protection": false,
            "description": "",
            "effective_labels": {
              "goog-terraform-provisioned": "true"
            },
            "encryption_configuration": [],
            "etag": "wgrK8XVWz+Lkn3eBCohcFA==",
            "expiration_time": 0,
            "external_catalog_table_options": [],
            "external_data_configuration": [
              {
                "autodetect": false,
                "avro_options": [],
                "bigtable_options": [],
                "compression": "NONE",
                "connection_id": "",
                "csv_options": [],
                "file_set_spec_type": "",
                "google_sheets_options": [],
                "hive_partitioning_options": [],
                "ignore_unknown_values": false,
                "json_extension": "",
                "json_options": [
                  {
                    "encoding": "UTF-8"
                  }
                ],
                "max_bad_records": 0,
                "metadata_cache_mode": "",
                "object_metadata": "",
                "parquet_options": [],
                "reference_file_schema_uri": "",
                "schema": "",
                "source_format": "NEWLINE_DELIMITED_JSON",
                "source_uris": [
                  "gs://brvectors-bucket-gcs-personalhub1/shapefiles/BR_Regions_2024/BR_Regions_2024.jsonl"
                ]
              }
            ],
            "friendly_name": "",
            "id": "projects/personalhub13/datasets/brvectors_source/tables/BR_Regions_2024",
            "labels": {},
            "last_modified_time": 1749212371425,
            "location": "US",
            "materialized_view": [],
            "max_staleness": "",
            "num_bytes": 0,
            "num_long_term_bytes": 0,
            "num_rows": 0,
            "project": "personalhub13",
            "range_partitioning": [],
            "require_partition_filter": false,
            "resource_tags": {},
            "schema": "[{\"description\":\"Regional boundary geometry\",\"mode\":\"NULLABLE\",\"name\":\"geometry\",\"type\":\"GEOGRAPHY\"},{\"description\":\"Region code\",\"mode\":\"NULLABLE\",\"name\":\"CD_REGIA\",\"type\":\"STRING\"},{\"description\":\"Region name\",\"mode\":\"NULLABLE\",\"name\":\"NM_REGIA\",\"type\":\"STRING\"},{\"description\":\"Region abbreviation\",\"mode\":\"NULLABLE\",\"name\":\"SIGLA_RG\",\"type\":\"STRING\"},{\"description\":\"Area in square kilometers\",\"mode\":\"NULLABLE\",\"name\":\"AREA_KM2\",\"type\":\"FLOAT\"}]",
            "schema_foreign_type_info": [],
            "self_link": "https://bigquery.googleapis.com/bigquery/v2/projects/personalhub13/datasets/brvectors_source/tables/BR_Regions_2024",
            "table_constraints": [],
            "table_id": "BR_Regions_2024",
            "table_metadata_view": null,
            "table_replication_info": [],
            "terraform_labels": {
              "goog-terraform-provisioned": "true"
            },
            "time_partitioning": [],
            "type": "EXTERNAL",
            "view": []
          },
          "sensitive_attributes": [],
          "identity_schema_version": 0,
          "private": "bnVsbA==",
          "dependencies": [
            "module.datalake.google_bigquery_dataset.brvectors_source_bq_dataset"
          ]
        }
      ]
    },
    {
      "module": "module.datalake",
      "mode": "managed",
      "type": "google_bigquery_table",
      "name": "bq_table_rgi",
      "provider": "provider[\"registry.terraform.io/hashicorp/google\"]",
      "instances": [
        {
          "schema_version": 0,
          "attributes": {
            "biglake_configuration": [],
            "clustering": null,
            "creation_time": 1749212370355,
            "dataset_id": "brvectors_source",
            "deletion_protection": false,
            "description": "",
            "effective_labels": {
              "goog-terraform-provisioned": "true"
            },
            "encryption_configuration": [],
            "etag": "L9Dv4qHrVG20Jjg5YcyBeQ==",
            "expiration_time": 0,
            "external_catalog_table_options": [],
            "external_data_configuration": [
              {
                "autodetect": false,
                "avro_options": [],
                "bigtable_options": [],
                "compression": "NONE",
                "connection_id": "",
                "csv_options": [],
                "file_set_spec_type": "",
                "google_sheets_options": [],
                "hive_partitioning_options": [],
                "ignore_unknown_values": false,
                "json_extension": "",
                "json_options": [
                  {
                    "encoding": "UTF-8"
                  }
                ],
                "max_bad_records": 0,
                "metadata_cache_mode": "",
                "object_metadata": "",
                "parquet_options": [],
                "reference_file_schema_uri": "",
                "schema": "",
                "source_format": "NEWLINE_DELIMITED_JSON",
                "source_uris": [
                  "gs://brvectors-bucket-gcs-personalhub1/shapefiles/BR_RG_Imediatas_2024/BR_RG_Imediatas_2024.jsonl"
                ]
              }
            ],
            "friendly_name": "",
            "id": "projects/personalhub13/datasets/brvectors_source/tables/BR_Immediate_Regions",
            "labels": {},
            "last_modified_time": 1749212370429,
            "location": "US",
            "materialized_view": [],
            "max_staleness": "",
            "num_bytes": 0,
            "num_long_term_bytes": 0,
            "num_rows": 0,
            "project": "personalhub13",
            "range_partitioning": [],
            "require_partition_filter": false,
            "resource_tags": {},
            "schema": "[{\"description\":\"Regional boundary polygon\",\"mode\":\"NULLABLE\",\"name\":\"geometry\",\"type\":\"GEOGRAPHY\"},{\"description\":\"IBGE immediate region code (6 digits)\",\"mode\":\"REQUIRED\",\"name\":\"CD_RGI\",\"type\":\"STRING\"},{\"description\":\"Immediate region name\",\"mode\":\"REQUIRED\",\"name\":\"NM_RGI\",\"type\":\"STRING\"},{\"description\":\"Intermediate region code (4 digits)\",\"mode\":\"REQUIRED\",\"name\":\"CD_RGINT\",\"type\":\"STRING\"},{\"description\":\"Intermediate region name\",\"mode\":\"REQUIRED\",\"name\":\"NM_RGINT\",\"type\":\"STRING\"},{\"description\":\"State code (2 digits)\",\"mode\":\"REQUIRED\",\"name\":\"CD_UF\",\"type\":\"STRING\"},{\"description\":\"State name\",\"mode\":\"REQUIRED\",\"name\":\"NM_UF\",\"type\":\"STRING\"},{\"description\":\"State abbreviation (2 letters)\",\"mode\":\"REQUIRED\",\"name\":\"SIGLA_UF\",\"type\":\"STRING\"},{\"description\":\"Region code (1 digit)\",\"mode\":\"REQUIRED\",\"name\":\"CD_REGIA\",\"type\":\"STRING\"},{\"description\":\"Region name\",\"mode\":\"REQUIRED\",\"name\":\"NM_REGIA\",\"type\":\"STRING\"},{\"description\":\"Region abbreviation (2 letters)\",\"mode\":\"REQUIRED\",\"name\":\"SIGLA_RG\",\"type\":\"STRING\"},{\"description\":\"Area in square kilometers\",\"mode\":\"NULLABLE\",\"name\":\"AREA_KM2\",\"type\":\"FLOAT\"}]",
            "schema_foreign_type_info": [],
            "self_link": "https://bigquery.googleapis.com/bigquery/v2/projects/personalhub13/datasets/brvectors_source/tables/BR_Immediate_Regions",
            "table_constraints": [],
            "table_id": "BR_Immediate_Regions",
            "table_metadata_view": null,
            "table_replication_info": [],
            "terraform_labels": {
              "goog-terraform-provisioned": "true"
            },
            "time_partitioning": [],
            "type": "EXTERNAL",
            "view": []
          },
          "sensitive_attributes": [],
          "identity_schema_version": 0,
          "private": "bnVsbA==",
          "dependencies": [
            "module.datalake.google_bigquery_dataset.brvectors_source_bq_dataset"
          ]
        }
      ]
    },
    {
      "module": "module.datalake",
      "mode": "managed",
      "type": "google_bigquery_table",
      "name": "bq_table_rgint",
      "provider": "provider[\"registry.terraform.io/hashicorp/google\"]",
      "instances": [
        {
          "schema_version": 0,
          "attributes": {
            "biglake_configuration": [],
            "clustering": null,
            "creation_time": 1749212370324,
            "dataset_id": "brvectors_source",
            "deletion_protection": false,
            "description": "",
            "effective_labels": {
              "goog-terraform-provisioned": "true"
            },
            "encryption_configuration": [],
            "etag": "Ww2CZhgpvvzC79aSGfhfdQ==",
            "expiration_time": 0,
            "external_catalog_table_options": [],
            "external_data_configuration": [
              {
                "autodetect": false,
                "avro_options": [],
                "bigtable_options": [],
                "compression": "NONE",
                "connection_id": "",
                "csv_options": [],
                "file_set_spec_type": "",
                "google_sheets_options": [],
                "hive_partitioning_options": [],
                "ignore_unknown_values": false,
                "json_extension": "",
                "json_options": [
                  {
                    "encoding": "UTF-8"
                  }
                ],
                "max_bad_records": 0,
                "metadata_cache_mode": "",
                "object_metadata": "",
                "parquet_options": [],
                "reference_file_schema_uri": "",
                "schema": "",
                "source_format": "NEWLINE_DELIMITED_JSON",
                "source_uris": [
                  "gs://brvectors-bucket-gcs-personalhub1/shapefiles/BR_RG_Intermediarias_2024/BR_RG_Intermediarias_2024.jsonl"
                ]
              }
            ],
            "friendly_name": "",
            "id": "projects/personalhub13/datasets/brvectors_source/tables/BR_Intermediate_Regions_new",
            "labels": {},
            "last_modified_time": 1749212370424,
            "location": "US",
            "materialized_view": [],
            "max_staleness": "",
            "num_bytes": 0,
            "num_long_term_bytes": 0,
            "num_rows": 0,
            "project": "personalhub13",
            "range_partitioning": [],
            "require_partition_filter": false,
            "resource_tags": {},
            "schema": "[{\"description\":\"Intermediate region boundary polygon\",\"mode\":\"NULLABLE\",\"name\":\"geometry\",\"type\":\"GEOGRAPHY\"},{\"description\":\"IBGE intermediate region code (4 digits)\",\"mode\":\"REQUIRED\",\"name\":\"CD_RGINT\",\"type\":\"STRING\"},{\"description\":\"Intermediate region name\",\"mode\":\"REQUIRED\",\"name\":\"NM_RGINT\",\"type\":\"STRING\"},{\"description\":\"State code (2 digits)\",\"mode\":\"REQUIRED\",\"name\":\"CD_UF\",\"type\":\"STRING\"},{\"description\":\"State name\",\"mode\":\"REQUIRED\",\"name\":\"NM_UF\",\"type\":\"STRING\"},{\"description\":\"State abbreviation (2 letters)\",\"mode\":\"REQUIRED\",\"name\":\"SIGLA_UF\",\"type\":\"STRING\"},{\"description\":\"Region code (1 digit)\",\"mode\":\"REQUIRED\",\"name\":\"CD_REGIA\",\"type\":\"STRING\"},{\"description\":\"Region name\",\"mode\":\"REQUIRED\",\"name\":\"NM_REGIA\",\"type\":\"STRING\"},{\"description\":\"Region abbreviation (1 letter)\",\"mode\":\"REQUIRED\",\"name\":\"SIGLA_RG\",\"type\":\"STRING\"},{\"description\":\"Area in square kilometers\",\"mode\":\"NULLABLE\",\"name\":\"AREA_KM2\",\"type\":\"FLOAT\"}]",
            "schema_foreign_type_info": [],
            "self_link": "https://bigquery.googleapis.com/bigquery/v2/projects/personalhub13/datasets/brvectors_source/tables/BR_Intermediate_Regions_new",
            "table_constraints": [],
            "table_id": "BR_Intermediate_Regions_new",
            "table_metadata_view": null,
            "table_replication_info": [],
            "terraform_labels": {
              "goog-terraform-provisioned": "true"
            },
            "time_partitioning": [],
            "type": "EXTERNAL",
            "view": []
          },
          "sensitive_attributes": [],
          "identity_schema_version": 0,
          "private": "bnVsbA==",
          "dependencies": [
            "module.datalake.google_bigquery_dataset.brvectors_source_bq_dataset"
          ]
        }
      ]
    },
    {
      "module": "module.datalake",
      "mode": "managed",
      "type": "google_bigquery_table",
      "name": "cities_ivebeen",
      "provider": "provider[\"registry.terraform.io/hashicorp/google\"]",
      "instances": [
        {
          "schema_version": 0,
          "attributes": {
            "biglake_configuration": [],
            "clustering": null,
            "creation_time": 1749212371306,
            "dataset_id": "geolayers",
            "deletion_protection": false,
            "description": "",
            "effective_labels": {
              "goog-terraform-provisioned": "true"
            },
            "encryption_configuration": [],
            "etag": "Og0DGTLX3aDPdj0XOcOVkw==",
            "expiration_time": 0,
            "external_catalog_table_options": [],
            "external_data_configuration": [
              {
                "autodetect": true,
                "avro_options": [],
                "bigtable_options": [],
                "compression": "NONE",
                "connection_id": "",
                "csv_options": [],
                "file_set_spec_type": "",
                "google_sheets_options": [],
                "hive_partitioning_options": [],
                "ignore_unknown_values": false,
                "json_extension": "",
                "json_options": [],
                "max_bad_records": 0,
                "metadata_cache_mode": "",
                "object_metadata": "",
                "parquet_options": [],
                "reference_file_schema_uri": "",
                "schema": "",
                "source_format": "CSV",
                "source_uris": [
                  "gs://geolayers-bucket-gcs-personalhub1/cities_ivebeen.csv"
                ]
              }
            ],
            "friendly_name": "",
            "id": "projects/personalhub13/datasets/geolayers/tables/cities_ivebeen",
            "labels": {},
            "last_modified_time": 1749212371430,
            "location": "US",
            "materialized_view": [],
            "max_staleness": "",
            "num_bytes": 0,
            "num_long_term_bytes": 0,
            "num_rows": 0,
            "project": "personalhub13",
            "range_partitioning": [],
            "require_partition_filter": false,
            "resource_tags": {},
            "schema": "[{\"mode\":\"REQUIRED\",\"name\":\"id\",\"type\":\"INTEGER\"},{\"mode\":\"NULLABLE\",\"name\":\"name\",\"type\":\"STRING\"},{\"mode\":\"NULLABLE\",\"name\":\"geom\",\"type\":\"GEOGRAPHY\"}]",
            "schema_foreign_type_info": [],
            "self_link": "https://bigquery.googleapis.com/bigquery/v2/projects/personalhub13/datasets/geolayers/tables/cities_ivebeen",
            "table_constraints": [],
            "table_id": "cities_ivebeen",
            "table_metadata_view": null,
            "table_replication_info": [],
            "terraform_labels": {
              "goog-terraform-provisioned": "true"
            },
            "time_partitioning": [],
            "type": "EXTERNAL",
            "view": []
          },
          "sensitive_attributes": [],
          "identity_schema_version": 0,
          "private": "bnVsbA==",
          "dependencies": [
            "module.datalake.google_bigquery_dataset.geolayers_bq_dataset"
          ]
        }
      ]
    },
    {
      "module": "module.datalake",
      "mode": "managed",
      "type": "google_storage_bucket",
      "name": "brvectors_bucket",
      "provider": "provider[\"registry.terraform.io/hashicorp/google\"]",
      "instances": [
        {
          "schema_version": 3,
          "attributes": {
            "autoclass": [],
            "cors": [],
            "custom_placement_config": [],
            "default_event_based_hold": false,
            "effective_labels": {
              "goog-terraform-provisioned": "true"
            },
            "enable_object_retention": false,
            "encryption": [],
            "force_destroy": false,
            "hierarchical_namespace": [
              {
                "enabled": false
              }
            ],
            "id": "brvectors-bucket-personalhub13",
            "ip_filter": [],
            "labels": {},
            "lifecycle_rule": [],
            "location": "US",
            "logging": [],
            "name": "brvectors-bucket-personalhub13",
            "project": "personalhub13",
            "project_number": 241432738087,
            "public_access_prevention": "inherited",
            "requester_pays": false,
            "retention_policy": [],
            "rpo": "DEFAULT",
            "self_link": "https://www.googleapis.com/storage/v1/b/brvectors-bucket-personalhub13",
            "soft_delete_policy": [
              {
                "effective_time": "2025-06-07T02:26:50.800Z",
                "retention_duration_seconds": 604800
              }
            ],
            "storage_class": "STANDARD",
            "terraform_labels": {
              "goog-terraform-provisioned": "true"
            },
            "time_created": "2025-06-07T02:26:50.800Z",
            "timeouts": null,
            "uniform_bucket_level_access": true,
            "updated": "2025-06-07T02:26:50.800Z",
            "url": "gs://brvectors-bucket-personalhub13",
            "versioning": [],
            "website": []
          },
          "sensitive_attributes": [],
          "identity_schema_version": 0,
          "private": "eyJlMmJmYjczMC1lY2FhLTExZTYtOGY4OC0zNDM2M2JjN2M0YzAiOnsiY3JlYXRlIjo2MDAwMDAwMDAwMDAsInJlYWQiOjI0MDAwMDAwMDAwMCwidXBkYXRlIjoyNDAwMDAwMDAwMDB9LCJzY2hlbWFfdmVyc2lvbiI6IjMifQ=="
        }
      ]
    },
    {
      "module": "module.datalake",
      "mode": "managed",
      "type": "google_storage_bucket",
      "name": "discovery_bucket",
      "provider": "provider[\"registry.terraform.io/hashicorp/google\"]",
      "instances": [
        {
          "schema_version": 3,
          "attributes": {
            "autoclass": [],
            "cors": [],
            "custom_placement_config": [],
            "default_event_based_hold": false,
            "effective_labels": {
              "goog-terraform-provisioned": "true"
            },
            "enable_object_retention": false,
            "encryption": [],
            "force_destroy": false,
            "hierarchical_namespace": [
              {
                "enabled": false
              }
            ],
            "id": "discovery-bucket-personalhub13",
            "ip_filter": [],
            "labels": {},
            "lifecycle_rule": [],
            "location": "US",
            "logging": [],
            "name": "discovery-bucket-personalhub13",
            "project": "personalhub13",
            "project_number": 241432738087,
            "public_access_prevention": "inherited",
            "requester_pays": false,
            "retention_policy": [],
            "rpo": "DEFAULT",
            "self_link": "https://www.googleapis.com/storage/v1/b/discovery-bucket-personalhub13",
            "soft_delete_policy": [
              {
                "effective_time": "2025-06-07T02:26:50.672Z",
                "retention_duration_seconds": 604800
              }
            ],
            "storage_class": "STANDARD",
            "terraform_labels": {
              "goog-terraform-provisioned": "true"
            },
            "time_created": "2025-06-07T02:26:50.672Z",
            "timeouts": null,
            "uniform_bucket_level_access": true,
            "updated": "2025-06-07T02:26:50.672Z",
            "url": "gs://discovery-bucket-personalhub13",
            "versioning": [],
            "website": []
          },
          "sensitive_attributes": [],
          "identity_schema_version": 0,
          "private": "eyJlMmJmYjczMC1lY2FhLTExZTYtOGY4OC0zNDM2M2JjN2M0YzAiOnsiY3JlYXRlIjo2MDAwMDAwMDAwMDAsInJlYWQiOjI0MDAwMDAwMDAwMCwidXBkYXRlIjoyNDAwMDAwMDAwMDB9LCJzY2hlbWFfdmVyc2lvbiI6IjMifQ=="
        }
      ]
    },
    {
      "module": "module.datalake",
      "mode": "managed",
      "type": "google_storage_bucket",
      "name": "geolayers_bucket",
      "provider": "provider[\"registry.terraform.io/hashicorp/google\"]",
      "instances": [
        {
          "schema_version": 3,
          "attributes": {
            "autoclass": [],
            "cors": [],
            "custom_placement_config": [],
            "default_event_based_hold": false,
            "effective_labels": {
              "goog-terraform-provisioned": "true"
            },
            "enable_object_retention": false,
            "encryption": [],
            "force_destroy": false,
            "hierarchical_namespace": [
              {
                "enabled": false
              }
            ],
            "id": "geolayers-bucket-personalhub13",
            "ip_filter": [],
            "labels": {},
            "lifecycle_rule": [],
            "location": "US",
            "logging": [],
            "name": "geolayers-bucket-personalhub13",
            "project": "personalhub13",
            "project_number": 241432738087,
            "public_access_prevention": "inherited",
            "requester_pays": false,
            "retention_policy": [],
            "rpo": "DEFAULT",
            "self_link": "https://www.googleapis.com/storage/v1/b/geolayers-bucket-personalhub13",
            "soft_delete_policy": [
              {
                "effective_time": "2025-06-07T02:26:50.309Z",
                "retention_duration_seconds": 604800
              }
            ],
            "storage_class": "STANDARD",
            "terraform_labels": {
              "goog-terraform-provisioned": "true"
            },
            "time_created": "2025-06-07T02:26:50.309Z",
            "timeouts": null,
            "uniform_bucket_level_access": true,
            "updated": "2025-06-07T02:26:50.309Z",
            "url": "gs://geolayers-bucket-personalhub13",
            "versioning": [],
            "website": []
          },
          "sensitive_attributes": [],
          "identity_schema_version": 0,
          "private": "eyJlMmJmYjczMC1lY2FhLTExZTYtOGY4OC0zNDM2M2JjN2M0YzAiOnsiY3JlYXRlIjo2MDAwMDAwMDAwMDAsInJlYWQiOjI0MDAwMDAwMDAwMCwidXBkYXRlIjoyNDAwMDAwMDAwMDB9LCJzY2hlbWFfdmVyc2lvbiI6IjMifQ=="
        }
      ]
    },
    {
      "module": "module.datalake",
      "mode": "managed",
      "type": "google_storage_bucket",
      "name": "sqlite_bucket",
      "provider": "provider[\"registry.terraform.io/hashicorp/google\"]",
      "instances": [
        {
          "schema_version": 3,
          "attributes": {
            "autoclass": [],
            "cors": [],
            "custom_placement_config": [],
            "default_event_based_hold": false,
            "effective_labels": {
              "goog-terraform-provisioned": "true"
            },
            "enable_object_retention": false,
            "encryption": [],
            "force_destroy": false,
            "hierarchical_namespace": [
              {
                "enabled": false
              }
            ],
            "id": "sqlite-bucket-personalhub13",
            "ip_filter": [],
            "labels": {},
            "lifecycle_rule": [],
            "location": "US",
            "logging": [],
            "name": "sqlite-bucket-personalhub13",
            "project": "personalhub13",
            "project_number": 241432738087,
            "public_access_prevention": "inherited",
            "requester_pays": false,
            "retention_policy": [],
            "rpo": "DEFAULT",
            "self_link": "https://www.googleapis.com/storage/v1/b/sqlite-bucket-personalhub13",
            "soft_delete_policy": [
              {
                "effective_time": "2025-06-07T08:15:45.475Z",
                "retention_duration_seconds": 604800
              }
            ],
            "storage_class": "STANDARD",
            "terraform_labels": {
              "goog-terraform-provisioned": "true"
            },
            "time_created": "2025-06-07T08:15:45.475Z",
            "timeouts": null,
            "uniform_bucket_level_access": true,
            "updated": "2025-06-07T08:15:45.475Z",
            "url": "gs://sqlite-bucket-personalhub13",
            "versioning": [],
            "website": []
          },
          "sensitive_attributes": [],
          "identity_schema_version": 0,
          "private": "eyJlMmJmYjczMC1lY2FhLTExZTYtOGY4OC0zNDM2M2JjN2M0YzAiOnsiY3JlYXRlIjo2MDAwMDAwMDAwMDAsInJlYWQiOjI0MDAwMDAwMDAwMCwidXBkYXRlIjoyNDAwMDAwMDAwMDB9LCJzY2hlbWFfdmVyc2lvbiI6IjMifQ=="
        }
      ]
    },
    {
      "module": "module.datawarehouse",
      "mode": "managed",
      "type": "google_dataform_repository",
      "name": "bqdataform_billinganalytics_repo",
      "provider": "provider[\"registry.terraform.io/hashicorp/google-beta\"]",
      "instances": [
        {
          "schema_version": 0,
          "attributes": {
            "deletion_policy": "DELETE",
            "display_name": "billing-dataform-repo",
            "effective_labels": {
              "goog-terraform-provisioned": "true"
            },
            "git_remote_settings": [
              {
                "authentication_token_secret_version": "projects/241432738087/secrets/gh-access-token-secret",
                "default_branch": "main",
                "ssh_authentication_config": [],
                "token_status": "",
                "url": "https://github.com/Gui-go/gcp_billing_analytics.git"
              }
            ],
            "id": "projects/personalhub13/locations/us-central1/repositories/billing-dataform-repo",
            "kms_key_name": "",
            "labels": {},
            "name": "billing-dataform-repo",
            "npmrc_environment_variables_secret_version": "",
            "project": "personalhub13",
            "region": "us-central1",
            "service_account": "dataform-sa@personalhub13.iam.gserviceaccount.com",
            "terraform_labels": {
              "goog-terraform-provisioned": "true"
            },
            "timeouts": null,
            "workspace_compilation_overrides": [
              {
                "default_database": "personalhub13",
                "schema_suffix": "",
                "table_prefix": ""
              }
            ]
          },
          "sensitive_attributes": [],
          "identity_schema_version": 0,
          "private": "eyJlMmJmYjczMC1lY2FhLTExZTYtOGY4OC0zNDM2M2JjN2M0YzAiOnsiY3JlYXRlIjoxMjAwMDAwMDAwMDAwLCJkZWxldGUiOjEyMDAwMDAwMDAwMDAsInVwZGF0ZSI6MTIwMDAwMDAwMDAwMH19",
          "dependencies": [
            "module.iam.google_service_account.customdataform_sa",
            "module.security.google_secret_manager_secret.gh_token_secret"
          ]
        }
      ]
    },
    {
      "module": "module.datawarehouse",
      "mode": "managed",
      "type": "google_dataform_repository",
      "name": "bqdataform_brvectos_repo",
      "provider": "provider[\"registry.terraform.io/hashicorp/google-beta\"]",
      "instances": [
        {
          "schema_version": 0,
          "attributes": {
            "deletion_policy": "DELETE",
            "display_name": "brvectors-dataform-repo",
            "effective_labels": {
              "goog-terraform-provisioned": "true"
            },
            "git_remote_settings": [
              {
                "authentication_token_secret_version": "projects/241432738087/secrets/gh-access-token-secret",
                "default_branch": "main",
                "ssh_authentication_config": [],
                "token_status": "",
                "url": "git@github.com:Gui-go/BRvectors.git"
              }
            ],
            "id": "projects/personalhub13/locations/us-central1/repositories/brvectors-dataform-repo",
            "kms_key_name": "",
            "labels": {},
            "name": "brvectors-dataform-repo",
            "npmrc_environment_variables_secret_version": "",
            "project": "personalhub13",
            "region": "us-central1",
            "service_account": "dataform-sa@personalhub13.iam.gserviceaccount.com",
            "terraform_labels": {
              "goog-terraform-provisioned": "true"
            },
            "timeouts": null,
            "workspace_compilation_overrides": [
              {
                "default_database": "personalhub13",
                "schema_suffix": "",
                "table_prefix": ""
              }
            ]
          },
          "sensitive_attributes": [],
          "identity_schema_version": 0,
          "private": "eyJlMmJmYjczMC1lY2FhLTExZTYtOGY4OC0zNDM2M2JjN2M0YzAiOnsiY3JlYXRlIjoxMjAwMDAwMDAwMDAwLCJkZWxldGUiOjEyMDAwMDAwMDAwMDAsInVwZGF0ZSI6MTIwMDAwMDAwMDAwMH19",
          "dependencies": [
            "module.iam.google_service_account.customdataform_sa",
            "module.security.google_secret_manager_secret.gh_token_secret"
          ]
        }
      ]
    },
    {
      "module": "module.datawarehouse",
      "mode": "managed",
      "type": "google_dataform_repository",
      "name": "bqdataform_geolayers_repo",
      "provider": "provider[\"registry.terraform.io/hashicorp/google-beta\"]",
      "instances": [
        {
          "schema_version": 0,
          "attributes": {
            "deletion_policy": "DELETE",
            "display_name": "geolayers-dataform-repo",
            "effective_labels": {
              "goog-terraform-provisioned": "true"
            },
            "git_remote_settings": [
              {
                "authentication_token_secret_version": "projects/241432738087/secrets/gh-access-token-secret",
                "default_branch": "main",
                "ssh_authentication_config": [],
                "token_status": "",
                "url": "https://github.com/Gui-go/GeoLayers.git"
              }
            ],
            "id": "projects/personalhub13/locations/us-central1/repositories/geolayers-dataform-repo",
            "kms_key_name": "",
            "labels": {},
            "name": "geolayers-dataform-repo",
            "npmrc_environment_variables_secret_version": "",
            "project": "personalhub13",
            "region": "us-central1",
            "service_account": "dataform-sa@personalhub13.iam.gserviceaccount.com",
            "terraform_labels": {
              "goog-terraform-provisioned": "true"
            },
            "timeouts": null,
            "workspace_compilation_overrides": [
              {
                "default_database": "personalhub13",
                "schema_suffix": "",
                "table_prefix": ""
              }
            ]
          },
          "sensitive_attributes": [],
          "identity_schema_version": 0,
          "private": "eyJlMmJmYjczMC1lY2FhLTExZTYtOGY4OC0zNDM2M2JjN2M0YzAiOnsiY3JlYXRlIjoxMjAwMDAwMDAwMDAwLCJkZWxldGUiOjEyMDAwMDAwMDAwMDAsInVwZGF0ZSI6MTIwMDAwMDAwMDAwMH19",
          "dependencies": [
            "module.iam.google_service_account.customdataform_sa",
            "module.security.google_secret_manager_secret.gh_token_secret"
          ]
        }
      ]
    },
    {
      "module": "module.discovery",
      "mode": "managed",
      "type": "google_discovery_engine_data_store",
      "name": "gwr_ds",
      "provider": "provider[\"registry.terraform.io/hashicorp/google\"]",
      "instances": [
        {
          "schema_version": 0,
          "attributes": {
            "advanced_site_search_config": [],
            "content_config": "CONTENT_REQUIRED",
            "create_advanced_site_search": false,
            "create_time": "2025-06-06T12:40:10.055789Z",
            "data_store_id": "gwr-ds",
            "default_schema_id": "default_schema",
            "display_name": "GWR References Data Store",
            "document_processing_config": [
              {
                "chunking_config": [],
                "default_parsing_config": [
                  {
                    "digital_parsing_config": [
                      {}
                    ],
                    "layout_parsing_config": [],
                    "ocr_parsing_config": []
                  }
                ],
                "name": "projects/241432738087/locations/global/collections/default_collection/dataStores/gwr-ds/documentProcessingConfig",
                "parsing_config_overrides": []
              }
            ],
            "id": "projects/personalhub13/locations/global/collections/default_collection/dataStores/gwr-ds",
            "industry_vertical": "GENERIC",
            "location": "global",
            "name": "projects/241432738087/locations/global/collections/default_collection/dataStores/gwr-ds",
            "project": "personalhub13",
            "skip_default_schema_creation": false,
            "solution_types": [
              "SOLUTION_TYPE_SEARCH"
            ],
            "timeouts": null
          },
          "sensitive_attributes": [],
          "identity_schema_version": 0,
          "private": "eyJlMmJmYjczMC1lY2FhLTExZTYtOGY4OC0zNDM2M2JjN2M0YzAiOnsiY3JlYXRlIjoxMjAwMDAwMDAwMDAwLCJkZWxldGUiOjEyMDAwMDAwMDAwMDAsInVwZGF0ZSI6MTIwMDAwMDAwMDAwMH19"
        }
      ]
    },
    {
      "module": "module.discovery",
      "mode": "managed",
      "type": "google_discovery_engine_data_store",
      "name": "migrationdynamics_ds",
      "provider": "provider[\"registry.terraform.io/hashicorp/google\"]",
      "instances": [
        {
          "schema_version": 0,
          "attributes": {
            "advanced_site_search_config": [],
            "content_config": "CONTENT_REQUIRED",
            "create_advanced_site_search": false,
            "create_time": "2025-06-06T12:40:10.363337Z",
            "data_store_id": "migrationdynamics-ds",
            "default_schema_id": "default_schema",
            "display_name": "Migration Dynamics Data Store",
            "document_processing_config": [
              {
                "chunking_config": [],
                "default_parsing_config": [
                  {
                    "digital_parsing_config": [
                      {}
                    ],
                    "layout_parsing_config": [],
                    "ocr_parsing_config": []
                  }
                ],
                "name": "projects/241432738087/locations/global/collections/default_collection/dataStores/migrationdynamics-ds/documentProcessingConfig",
                "parsing_config_overrides": []
              }
            ],
            "id": "projects/personalhub13/locations/global/collections/default_collection/dataStores/migrationdynamics-ds",
            "industry_vertical": "GENERIC",
            "location": "global",
            "name": "projects/241432738087/locations/global/collections/default_collection/dataStores/migrationdynamics-ds",
            "project": "personalhub13",
            "skip_default_schema_creation": false,
            "solution_types": [
              "SOLUTION_TYPE_SEARCH"
            ],
            "timeouts": null
          },
          "sensitive_attributes": [],
          "identity_schema_version": 0,
          "private": "eyJlMmJmYjczMC1lY2FhLTExZTYtOGY4OC0zNDM2M2JjN2M0YzAiOnsiY3JlYXRlIjoxMjAwMDAwMDAwMDAwLCJkZWxldGUiOjEyMDAwMDAwMDAwMDAsInVwZGF0ZSI6MTIwMDAwMDAwMDAwMH19"
        }
      ]
    },
    {
      "module": "module.discovery",
      "mode": "managed",
      "type": "google_discovery_engine_data_store",
      "name": "virtualguigo_ds",
      "provider": "provider[\"registry.terraform.io/hashicorp/google\"]",
      "instances": [
        {
          "schema_version": 0,
          "attributes": {
            "advanced_site_search_config": [],
            "content_config": "CONTENT_REQUIRED",
            "create_advanced_site_search": false,
            "create_time": "2025-06-06T12:40:10.162083Z",
            "data_store_id": "virtualguigo-ds",
            "default_schema_id": "default_schema",
            "display_name": "Virtual Guigo Data Store",
            "document_processing_config": [
              {
                "chunking_config": [],
                "default_parsing_config": [
                  {
                    "digital_parsing_config": [
                      {}
                    ],
                    "layout_parsing_config": [],
                    "ocr_parsing_config": []
                  }
                ],
                "name": "projects/241432738087/locations/global/collections/default_collection/dataStores/virtualguigo-ds/documentProcessingConfig",
                "parsing_config_overrides": []
              }
            ],
            "id": "projects/personalhub13/locations/global/collections/default_collection/dataStores/virtualguigo-ds",
            "industry_vertical": "GENERIC",
            "location": "global",
            "name": "projects/241432738087/locations/global/collections/default_collection/dataStores/virtualguigo-ds",
            "project": "personalhub13",
            "skip_default_schema_creation": false,
            "solution_types": [
              "SOLUTION_TYPE_SEARCH"
            ],
            "timeouts": null
          },
          "sensitive_attributes": [],
          "identity_schema_version": 0,
          "private": "eyJlMmJmYjczMC1lY2FhLTExZTYtOGY4OC0zNDM2M2JjN2M0YzAiOnsiY3JlYXRlIjoxMjAwMDAwMDAwMDAwLCJkZWxldGUiOjEyMDAwMDAwMDAwMDAsInVwZGF0ZSI6MTIwMDAwMDAwMDAwMH19"
        }
      ]
    },
    {
      "module": "module.discovery",
      "mode": "managed",
      "type": "google_discovery_engine_search_engine",
      "name": "gwr_searchengine",
      "provider": "provider[\"registry.terraform.io/hashicorp/google\"]",
      "instances": [
        {
          "schema_version": 0,
          "attributes": {
            "collection_id": "default_collection",
            "common_config": [
              {
                "company_name": "Guigo"
              }
            ],
            "create_time": "",
            "data_store_ids": [
              "gwr-ds"
            ],
            "display_name": "GWR Search Engine",
            "engine_id": "gwr-se",
            "id": "projects/personalhub13/locations/global/collections/default_collection/engines/gwr-se",
            "industry_vertical": "GENERIC",
            "location": "global",
            "name": "projects/241432738087/locations/global/collections/default_collection/engines/gwr-se",
            "project": "personalhub13",
            "search_engine_config": [
              {
                "search_add_ons": [
                  "SEARCH_ADD_ON_LLM"
                ],
                "search_tier": "SEARCH_TIER_STANDARD"
              }
            ],
            "timeouts": null,
            "update_time": ""
          },
          "sensitive_attributes": [],
          "identity_schema_version": 0,
          "private": "eyJlMmJmYjczMC1lY2FhLTExZTYtOGY4OC0zNDM2M2JjN2M0YzAiOnsiY3JlYXRlIjoxMjAwMDAwMDAwMDAwLCJkZWxldGUiOjEyMDAwMDAwMDAwMDAsInVwZGF0ZSI6MTIwMDAwMDAwMDAwMH19",
          "dependencies": [
            "module.discovery.google_discovery_engine_data_store.gwr_ds"
          ]
        }
      ]
    },
    {
      "module": "module.discovery",
      "mode": "managed",
      "type": "google_discovery_engine_search_engine",
      "name": "migrationdynamics_searchengine",
      "provider": "provider[\"registry.terraform.io/hashicorp/google\"]",
      "instances": [
        {
          "schema_version": 0,
          "attributes": {
            "collection_id": "default_collection",
            "common_config": [
              {
                "company_name": "Guigo"
              }
            ],
            "create_time": "",
            "data_store_ids": [
              "migrationdynamics-ds"
            ],
            "display_name": "Migration Dynamics Search Engine",
            "engine_id": "migrationdynamics-se",
            "id": "projects/personalhub13/locations/global/collections/default_collection/engines/migrationdynamics-se",
            "industry_vertical": "GENERIC",
            "location": "global",
            "name": "projects/241432738087/locations/global/collections/default_collection/engines/migrationdynamics-se",
            "project": "personalhub13",
            "search_engine_config": [
              {
                "search_add_ons": [
                  "SEARCH_ADD_ON_LLM"
                ],
                "search_tier": "SEARCH_TIER_STANDARD"
              }
            ],
            "timeouts": null,
            "update_time": ""
          },
          "sensitive_attributes": [],
          "identity_schema_version": 0,
          "private": "eyJlMmJmYjczMC1lY2FhLTExZTYtOGY4OC0zNDM2M2JjN2M0YzAiOnsiY3JlYXRlIjoxMjAwMDAwMDAwMDAwLCJkZWxldGUiOjEyMDAwMDAwMDAwMDAsInVwZGF0ZSI6MTIwMDAwMDAwMDAwMH19",
          "dependencies": [
            "module.discovery.google_discovery_engine_data_store.migrationdynamics_ds"
          ]
        }
      ]
    },
    {
      "module": "module.discovery",
      "mode": "managed",
      "type": "google_discovery_engine_search_engine",
      "name": "virtualguigo_searchengine",
      "provider": "provider[\"registry.terraform.io/hashicorp/google\"]",
      "instances": [
        {
          "schema_version": 0,
          "attributes": {
            "collection_id": "default_collection",
            "common_config": [
              {
                "company_name": "Guigo"
              }
            ],
            "create_time": "",
            "data_store_ids": [
              "virtualguigo-ds"
            ],
            "display_name": "virtualguigo Search Engine",
            "engine_id": "virtualguigo-se",
            "id": "projects/personalhub13/locations/global/collections/default_collection/engines/virtualguigo-se",
            "industry_vertical": "GENERIC",
            "location": "global",
            "name": "projects/241432738087/locations/global/collections/default_collection/engines/virtualguigo-se",
            "project": "personalhub13",
            "search_engine_config": [
              {
                "search_add_ons": [
                  "SEARCH_ADD_ON_LLM"
                ],
                "search_tier": "SEARCH_TIER_STANDARD"
              }
            ],
            "timeouts": null,
            "update_time": ""
          },
          "sensitive_attributes": [],
          "identity_schema_version": 0,
          "private": "eyJlMmJmYjczMC1lY2FhLTExZTYtOGY4OC0zNDM2M2JjN2M0YzAiOnsiY3JlYXRlIjoxMjAwMDAwMDAwMDAwLCJkZWxldGUiOjEyMDAwMDAwMDAwMDAsInVwZGF0ZSI6MTIwMDAwMDAwMDAwMH19",
          "dependencies": [
            "module.discovery.google_discovery_engine_data_store.virtualguigo_ds"
          ]
        }
      ]
    },
    {
      "module": "module.iam",
      "mode": "managed",
      "type": "google_bigquery_connection",
      "name": "bq_gemini_connection",
      "provider": "provider[\"registry.terraform.io/hashicorp/google\"]",
      "instances": [
        {
          "schema_version": 0,
          "attributes": {
            "aws": [],
            "azure": [],
            "cloud_resource": [
              {
                "service_account_id": "bqcx-241432738087-furm@gcp-sa-bigquery-condel.iam.gserviceaccount.com"
              }
            ],
            "cloud_spanner": [],
            "cloud_sql": [],
            "connection_id": "bq_gemini_connection",
            "description": "",
            "friendly_name": "",
            "has_credential": false,
            "id": "projects/personalhub13/locations/US/connections/bq_gemini_connection",
            "kms_key_name": "",
            "location": "US",
            "name": "projects/241432738087/locations/us/connections/bq_gemini_connection",
            "project": "personalhub13",
            "spark": [],
            "timeouts": null
          },
          "sensitive_attributes": [],
          "identity_schema_version": 0,
          "private": "eyJlMmJmYjczMC1lY2FhLTExZTYtOGY4OC0zNDM2M2JjN2M0YzAiOnsiY3JlYXRlIjoxMjAwMDAwMDAwMDAwLCJkZWxldGUiOjEyMDAwMDAwMDAwMDAsInVwZGF0ZSI6MTIwMDAwMDAwMDAwMH19"
        }
      ]
    },
    {
      "module": "module.iam",
      "mode": "managed",
      "type": "google_cloud_run_service_iam_member",
      "name": "portfolio_public_access",
      "provider": "provider[\"registry.terraform.io/hashicorp/google\"]",
      "instances": [
        {
          "schema_version": 0,
          "attributes": {
            "condition": [],
            "etag": "BwY3ClDcFWU=",
            "id": "v1/projects/personalhub13/locations/us-central1/services/portfolio-run/roles/run.invoker/allUsers",
            "location": "us-central1",
            "member": "allUsers",
            "project": "personalhub13",
            "role": "roles/run.invoker",
            "service": "v1/projects/personalhub13/locations/us-central1/services/portfolio-run"
          },
          "sensitive_attributes": [],
          "identity_schema_version": 0,
          "private": "bnVsbA==",
          "dependencies": [
            "module.compute.google_cloud_run_v2_service.run_portfolio",
            "module.network.google_compute_network.vpc_net",
            "module.network.google_vpc_access_connector.run_connector"
          ]
        }
      ]
    },
    {
      "module": "module.iam",
      "mode": "managed",
      "type": "google_project_iam_member",
      "name": "artifact_registry_writer_iam_member",
      "provider": "provider[\"registry.terraform.io/hashicorp/google\"]",
      "instances": [
        {
          "schema_version": 0,
          "attributes": {
            "condition": [],
            "etag": "BwY3DUzyZoM=",
            "id": "personalhub13/roles/artifactregistry.writer/serviceAccount:github-actions-sa@personalhub13.iam.gserviceaccount.com",
            "member": "serviceAccount:github-actions-sa@personalhub13.iam.gserviceaccount.com",
            "project": "personalhub13",
            "role": "roles/artifactregistry.writer"
          },
          "sensitive_attributes": [],
          "identity_schema_version": 0,
          "private": "bnVsbA==",
          "dependencies": [
            "module.iam.google_service_account.githubactions_sa"
          ]
        }
      ]
    },
    {
      "module": "module.iam",
      "mode": "managed",
      "type": "google_project_iam_member",
      "name": "customdataform_sa_bigquery_job_user",
      "provider": "provider[\"registry.terraform.io/hashicorp/google\"]",
      "instances": [
        {
          "schema_version": 0,
          "attributes": {
            "condition": [],
            "etag": "BwY3DUzyZoM=",
            "id": "personalhub13/roles/bigquery.jobUser/serviceAccount:dataform-sa@personalhub13.iam.gserviceaccount.com",
            "member": "serviceAccount:dataform-sa@personalhub13.iam.gserviceaccount.com",
            "project": "personalhub13",
            "role": "roles/bigquery.jobUser"
          },
          "sensitive_attributes": [],
          "identity_schema_version": 0,
          "private": "bnVsbA==",
          "dependencies": [
            "module.iam.google_service_account.customdataform_sa"
          ]
        }
      ]
    },
    {
      "module": "module.iam",
      "mode": "managed",
      "type": "google_project_iam_member",
      "name": "customdataform_sa_bq_data_viewer",
      "provider": "provider[\"registry.terraform.io/hashicorp/google\"]",
      "instances": [
        {
          "schema_version": 0,
          "attributes": {
            "condition": [],
            "etag": "BwY3DUzyZoM=",
            "id": "personalhub13/roles/bigquery.dataViewer/serviceAccount:dataform-sa@personalhub13.iam.gserviceaccount.com",
            "member": "serviceAccount:dataform-sa@personalhub13.iam.gserviceaccount.com",
            "project": "personalhub13",
            "role": "roles/bigquery.dataViewer"
          },
          "sensitive_attributes": [],
          "identity_schema_version": 0,
          "private": "bnVsbA==",
          "dependencies": [
            "module.iam.google_service_account.customdataform_sa"
          ]
        }
      ]
    },
    {
      "module": "module.iam",
      "mode": "managed",
      "type": "google_project_iam_member",
      "name": "customdataform_sa_bq_object_viewer",
      "provider": "provider[\"registry.terraform.io/hashicorp/google\"]",
      "instances": [
        {
          "schema_version": 0,
          "attributes": {
            "condition": [],
            "etag": "BwY3DUzyZoM=",
            "id": "personalhub13/roles/storage.objectViewer/serviceAccount:dataform-sa@personalhub13.iam.gserviceaccount.com",
            "member": "serviceAccount:dataform-sa@personalhub13.iam.gserviceaccount.com",
            "project": "personalhub13",
            "role": "roles/storage.objectViewer"
          },
          "sensitive_attributes": [],
          "identity_schema_version": 0,
          "private": "bnVsbA==",
          "dependencies": [
            "module.iam.google_service_account.customdataform_sa"
          ]
        }
      ]
    },
    {
      "module": "module.iam",
      "mode": "managed",
      "type": "google_project_iam_member",
      "name": "customdataform_sa_bq_table_create",
      "provider": "provider[\"registry.terraform.io/hashicorp/google\"]",
      "instances": [
        {
          "schema_version": 0,
          "attributes": {
            "condition": [],
            "etag": "BwY3DUzyZoM=",
            "id": "personalhub13/roles/bigquery.dataEditor/serviceAccount:dataform-sa@personalhub13.iam.gserviceaccount.com",
            "member": "serviceAccount:dataform-sa@personalhub13.iam.gserviceaccount.com",
            "project": "personalhub13",
            "role": "roles/bigquery.dataEditor"
          },
          "sensitive_attributes": [],
          "identity_schema_version": 0,
          "private": "bnVsbA==",
          "dependencies": [
            "module.iam.google_service_account.customdataform_sa"
          ]
        }
      ]
    },
    {
      "module": "module.iam",
      "mode": "managed",
      "type": "google_project_iam_member",
      "name": "customdataform_sa_secret_manager_secret_accessor",
      "provider": "provider[\"registry.terraform.io/hashicorp/google\"]",
      "instances": [
        {
          "schema_version": 0,
          "attributes": {
            "condition": [],
            "etag": "BwY3DUzyZoM=",
            "id": "personalhub13/roles/iam.serviceAccountTokenCreator/serviceAccount:dataform-sa@personalhub13.iam.gserviceaccount.com",
            "member": "serviceAccount:dataform-sa@personalhub13.iam.gserviceaccount.com",
            "project": "personalhub13",
            "role": "roles/iam.serviceAccountTokenCreator"
          },
          "sensitive_attributes": [],
          "identity_schema_version": 0,
          "private": "bnVsbA==",
          "dependencies": [
            "module.iam.google_service_account.customdataform_sa"
          ]
        }
      ]
    },
    {
      "module": "module.iam",
      "mode": "managed",
      "type": "google_project_iam_member",
      "name": "gcpdataform_sa_bq_data_editor",
      "provider": "provider[\"registry.terraform.io/hashicorp/google\"]",
      "instances": [
        {
          "schema_version": 0,
          "attributes": {
            "condition": [],
            "etag": "BwY3DUzyZoM=",
            "id": "personalhub13/roles/bigquery.dataEditor/serviceAccount:service-241432738087@gcp-sa-dataform.iam.gserviceaccount.com",
            "member": "serviceAccount:service-241432738087@gcp-sa-dataform.iam.gserviceaccount.com",
            "project": "personalhub13",
            "role": "roles/bigquery.dataEditor"
          },
          "sensitive_attributes": [],
          "identity_schema_version": 0,
          "private": "bnVsbA=="
        }
      ]
    },
    {
      "module": "module.iam",
      "mode": "managed",
      "type": "google_project_iam_member",
      "name": "gcpdataform_sa_bq_data_viewer",
      "provider": "provider[\"registry.terraform.io/hashicorp/google\"]",
      "instances": [
        {
          "schema_version": 0,
          "attributes": {
            "condition": [],
            "etag": "BwY3DUzyZoM=",
            "id": "personalhub13/roles/bigquery.dataViewer/serviceAccount:service-241432738087@gcp-sa-dataform.iam.gserviceaccount.com",
            "member": "serviceAccount:service-241432738087@gcp-sa-dataform.iam.gserviceaccount.com",
            "project": "personalhub13",
            "role": "roles/bigquery.dataViewer"
          },
          "sensitive_attributes": [],
          "identity_schema_version": 0,
          "private": "bnVsbA=="
        }
      ]
    },
    {
      "module": "module.iam",
      "mode": "managed",
      "type": "google_project_iam_member",
      "name": "gcpdataform_sa_bq_job_user",
      "provider": "provider[\"registry.terraform.io/hashicorp/google\"]",
      "instances": [
        {
          "schema_version": 0,
          "attributes": {
            "condition": [],
            "etag": "BwY3DUzyZoM=",
            "id": "personalhub13/roles/bigquery.jobUser/serviceAccount:service-241432738087@gcp-sa-dataform.iam.gserviceaccount.com",
            "member": "serviceAccount:service-241432738087@gcp-sa-dataform.iam.gserviceaccount.com",
            "project": "personalhub13",
            "role": "roles/bigquery.jobUser"
          },
          "sensitive_attributes": [],
          "identity_schema_version": 0,
          "private": "bnVsbA=="
        }
      ]
    },
    {
      "module": "module.iam",
      "mode": "managed",
      "type": "google_project_iam_member",
      "name": "gcpdataform_sa_secret_manager",
      "provider": "provider[\"registry.terraform.io/hashicorp/google\"]",
      "instances": [
        {
          "schema_version": 0,
          "attributes": {
            "condition": [],
            "etag": "BwY3DUzyZoM=",
            "id": "personalhub13/roles/secretmanager.secretAccessor/serviceAccount:service-241432738087@gcp-sa-dataform.iam.gserviceaccount.com",
            "member": "serviceAccount:service-241432738087@gcp-sa-dataform.iam.gserviceaccount.com",
            "project": "personalhub13",
            "role": "roles/secretmanager.secretAccessor"
          },
          "sensitive_attributes": [],
          "identity_schema_version": 0,
          "private": "bnVsbA=="
        }
      ]
    },
    {
      "module": "module.iam",
      "mode": "managed",
      "type": "google_project_iam_member",
      "name": "gcpdataform_sa_token_creator",
      "provider": "provider[\"registry.terraform.io/hashicorp/google\"]",
      "instances": [
        {
          "schema_version": 0,
          "attributes": {
            "condition": [],
            "etag": "BwY3DUzyZoM=",
            "id": "personalhub13/roles/iam.serviceAccountTokenCreator/serviceAccount:service-241432738087@gcp-sa-dataform.iam.gserviceaccount.com",
            "member": "serviceAccount:service-241432738087@gcp-sa-dataform.iam.gserviceaccount.com",
            "project": "personalhub13",
            "role": "roles/iam.serviceAccountTokenCreator"
          },
          "sensitive_attributes": [],
          "identity_schema_version": 0,
          "private": "bnVsbA=="
        }
      ]
    },
    {
      "module": "module.iam",
      "mode": "managed",
      "type": "google_project_iam_member",
      "name": "run_admin_iam_member",
      "provider": "provider[\"registry.terraform.io/hashicorp/google\"]",
      "instances": [
        {
          "schema_version": 0,
          "attributes": {
            "condition": [],
            "etag": "BwY3DUzyZoM=",
            "id": "personalhub13/roles/run.admin/serviceAccount:github-actions-sa@personalhub13.iam.gserviceaccount.com",
            "member": "serviceAccount:github-actions-sa@personalhub13.iam.gserviceaccount.com",
            "project": "personalhub13",
            "role": "roles/run.admin"
          },
          "sensitive_attributes": [],
          "identity_schema_version": 0,
          "private": "bnVsbA==",
          "dependencies": [
            "module.iam.google_service_account.githubactions_sa"
          ]
        }
      ]
    },
    {
      "module": "module.iam",
      "mode": "managed",
      "type": "google_project_iam_member",
      "name": "security_admin_iam_member",
      "provider": "provider[\"registry.terraform.io/hashicorp/google\"]",
      "instances": [
        {
          "schema_version": 0,
          "attributes": {
            "condition": [],
            "etag": "BwY3DUzyZoM=",
            "id": "personalhub13/roles/iam.securityAdmin/serviceAccount:github-actions-sa@personalhub13.iam.gserviceaccount.com",
            "member": "serviceAccount:github-actions-sa@personalhub13.iam.gserviceaccount.com",
            "project": "personalhub13",
            "role": "roles/iam.securityAdmin"
          },
          "sensitive_attributes": [],
          "identity_schema_version": 0,
          "private": "bnVsbA==",
          "dependencies": [
            "module.iam.google_service_account.githubactions_sa"
          ]
        }
      ]
    },
    {
      "module": "module.iam",
      "mode": "managed",
      "type": "google_project_iam_member",
      "name": "service_account_user_iam_member",
      "provider": "provider[\"registry.terraform.io/hashicorp/google\"]",
      "instances": [
        {
          "schema_version": 0,
          "attributes": {
            "condition": [],
            "etag": "BwY3DUzyZoM=",
            "id": "personalhub13/roles/iam.serviceAccountUser/serviceAccount:github-actions-sa@personalhub13.iam.gserviceaccount.com",
            "member": "serviceAccount:github-actions-sa@personalhub13.iam.gserviceaccount.com",
            "project": "personalhub13",
            "role": "roles/iam.serviceAccountUser"
          },
          "sensitive_attributes": [],
          "identity_schema_version": 0,
          "private": "bnVsbA==",
          "dependencies": [
            "module.iam.google_service_account.githubactions_sa"
          ]
        }
      ]
    },
    {
      "module": "module.iam",
      "mode": "managed",
      "type": "google_project_iam_member",
      "name": "storage_admin_iam_member",
      "provider": "provider[\"registry.terraform.io/hashicorp/google\"]",
      "instances": [
        {
          "schema_version": 0,
          "attributes": {
            "condition": [],
            "etag": "BwY3DUzyZoM=",
            "id": "personalhub13/roles/storage.admin/serviceAccount:github-actions-sa@personalhub13.iam.gserviceaccount.com",
            "member": "serviceAccount:github-actions-sa@personalhub13.iam.gserviceaccount.com",
            "project": "personalhub13",
            "role": "roles/storage.admin"
          },
          "sensitive_attributes": [],
          "identity_schema_version": 0,
          "private": "bnVsbA==",
          "dependencies": [
            "module.iam.google_service_account.githubactions_sa"
          ]
        }
      ]
    },
    {
      "module": "module.iam",
      "mode": "managed",
      "type": "google_project_iam_member",
      "name": "vertex_ai_user",
      "provider": "provider[\"registry.terraform.io/hashicorp/google\"]",
      "instances": [
        {
          "schema_version": 0,
          "attributes": {
            "condition": [],
            "etag": "BwY3DUzyZoM=",
            "id": "personalhub13/roles/aiplatform.user/serviceAccount:bqcx-241432738087-furm@gcp-sa-bigquery-condel.iam.gserviceaccount.com",
            "member": "serviceAccount:bqcx-241432738087-furm@gcp-sa-bigquery-condel.iam.gserviceaccount.com",
            "project": "personalhub13",
            "role": "roles/aiplatform.user"
          },
          "sensitive_attributes": [],
          "identity_schema_version": 0,
          "private": "bnVsbA==",
          "dependencies": [
            "module.iam.google_bigquery_connection.bq_gemini_connection"
          ]
        }
      ]
    },
    {
      "module": "module.iam",
      "mode": "managed",
      "type": "google_service_account",
      "name": "customdataform_sa",
      "provider": "provider[\"registry.terraform.io/hashicorp/google\"]",
      "instances": [
        {
          "schema_version": 0,
          "attributes": {
            "account_id": "dataform-sa",
            "create_ignore_already_exists": null,
            "description": "",
            "disabled": false,
            "display_name": "Dataform SA",
            "email": "dataform-sa@personalhub13.iam.gserviceaccount.com",
            "id": "projects/personalhub13/serviceAccounts/dataform-sa@personalhub13.iam.gserviceaccount.com",
            "member": "serviceAccount:dataform-sa@personalhub13.iam.gserviceaccount.com",
            "name": "projects/personalhub13/serviceAccounts/dataform-sa@personalhub13.iam.gserviceaccount.com",
            "project": "personalhub13",
            "timeouts": null,
            "unique_id": "108777478882136122142"
          },
          "sensitive_attributes": [],
          "identity_schema_version": 0,
          "private": "eyJlMmJmYjczMC1lY2FhLTExZTYtOGY4OC0zNDM2M2JjN2M0YzAiOnsiY3JlYXRlIjozMDAwMDAwMDAwMDB9fQ=="
        }
      ]
    },
    {
      "module": "module.iam",
      "mode": "managed",
      "type": "google_service_account",
      "name": "githubactions_sa",
      "provider": "provider[\"registry.terraform.io/hashicorp/google\"]",
      "instances": [
        {
          "schema_version": 0,
          "attributes": {
            "account_id": "github-actions-sa",
            "create_ignore_already_exists": null,
            "description": "Service Account for Deployment via GitHub Actions",
            "disabled": false,
            "display_name": "GitHub Actions Service Account",
            "email": "github-actions-sa@personalhub13.iam.gserviceaccount.com",
            "id": "projects/personalhub13/serviceAccounts/github-actions-sa@personalhub13.iam.gserviceaccount.com",
            "member": "serviceAccount:github-actions-sa@personalhub13.iam.gserviceaccount.com",
            "name": "projects/personalhub13/serviceAccounts/github-actions-sa@personalhub13.iam.gserviceaccount.com",
            "project": "personalhub13",
            "timeouts": null,
            "unique_id": "115120081767010049469"
          },
          "sensitive_attributes": [],
          "identity_schema_version": 0,
          "private": "eyJlMmJmYjczMC1lY2FhLTExZTYtOGY4OC0zNDM2M2JjN2M0YzAiOnsiY3JlYXRlIjozMDAwMDAwMDAwMDB9fQ=="
        }
      ]
    },
    {
      "module": "module.network",
      "mode": "managed",
      "type": "google_compute_backend_service",
      "name": "backend",
      "provider": "provider[\"registry.terraform.io/hashicorp/google\"]",
      "instances": [
        {
          "index_key": "rstudio",
          "schema_version": 1,
          "attributes": {
            "affinity_cookie_ttl_sec": 0,
            "backend": [
              {
                "balancing_mode": "UTILIZATION",
                "capacity_scaler": 1,
                "custom_metrics": [],
                "description": "",
                "group": "https://www.googleapis.com/compute/v1/projects/personalhub13/regions/us-central1/networkEndpointGroups/personalhub-rstudio-neg",
                "max_connections": 0,
                "max_connections_per_endpoint": 0,
                "max_connections_per_instance": 0,
                "max_rate": 0,
                "max_rate_per_endpoint": 0,
                "max_rate_per_instance": 0,
                "max_utilization": 0,
                "preference": ""
              }
            ],
            "cdn_policy": [],
            "circuit_breakers": [],
            "compression_mode": "",
            "connection_draining_timeout_sec": 300,
            "consistent_hash": [],
            "creation_timestamp": "2025-06-07T00:22:02.146-07:00",
            "custom_metrics": [],
            "custom_request_headers": [],
            "custom_response_headers": [],
            "description": "",
            "edge_security_policy": "",
            "enable_cdn": false,
            "external_managed_migration_state": "",
            "external_managed_migration_testing_percentage": 0,
            "fingerprint": "ublGNWu8Hgk=",
            "generated_id": 3396377810517775989,
            "health_checks": [],
            "iap": [],
            "id": "projects/personalhub13/global/backendServices/personalhub-rstudio-backend",
            "ip_address_selection_policy": "",
            "load_balancing_scheme": "EXTERNAL",
            "locality_lb_policies": [],
            "locality_lb_policy": "",
            "log_config": [
              {
                "enable": true,
                "optional_fields": [],
                "optional_mode": "EXCLUDE_ALL_OPTIONAL",
                "sample_rate": 1
              }
            ],
            "max_stream_duration": [],
            "name": "personalhub-rstudio-backend",
            "outlier_detection": [],
            "port_name": "http",
            "project": "personalhub13",
            "protocol": "HTTPS",
            "security_policy": "",
            "security_settings": [],
            "self_link": "https://www.googleapis.com/compute/v1/projects/personalhub13/global/backendServices/personalhub-rstudio-backend",
            "service_lb_policy": "",
            "session_affinity": "NONE",
            "strong_session_affinity_cookie": [],
            "timeout_sec": 30,
            "timeouts": null
          },
          "sensitive_attributes": [],
          "identity_schema_version": 0,
          "private": "eyJlMmJmYjczMC1lY2FhLTExZTYtOGY4OC0zNDM2M2JjN2M0YzAiOnsiY3JlYXRlIjoxMjAwMDAwMDAwMDAwLCJkZWxldGUiOjEyMDAwMDAwMDAwMDAsInVwZGF0ZSI6MTIwMDAwMDAwMDAwMH0sInNjaGVtYV92ZXJzaW9uIjoiMSJ9",
          "dependencies": [
            "module.compute.google_cloud_run_v2_service.run_portfolio",
            "module.compute.google_cloud_run_v2_service.run_rstudio",
            "module.network.google_compute_network.vpc_net",
            "module.network.google_compute_region_network_endpoint_group.neg_region",
            "module.network.google_vpc_access_connector.run_connector"
          ],
          "create_before_destroy": true
        },
        {
          "index_key": "www",
          "schema_version": 1,
          "attributes": {
            "affinity_cookie_ttl_sec": 0,
            "backend": [
              {
                "balancing_mode": "UTILIZATION",
                "capacity_scaler": 1,
                "custom_metrics": [],
                "description": "",
                "group": "https://www.googleapis.com/compute/v1/projects/personalhub13/regions/us-central1/networkEndpointGroups/personalhub-www-neg",
                "max_connections": 0,
                "max_connections_per_endpoint": 0,
                "max_connections_per_instance": 0,
                "max_rate": 0,
                "max_rate_per_endpoint": 0,
                "max_rate_per_instance": 0,
                "max_utilization": 0,
                "preference": ""
              }
            ],
            "cdn_policy": [],
            "circuit_breakers": [],
            "compression_mode": "",
            "connection_draining_timeout_sec": 300,
            "consistent_hash": [],
            "creation_timestamp": "2025-06-06T05:24:07.534-07:00",
            "custom_metrics": [],
            "custom_request_headers": [],
            "custom_response_headers": [],
            "description": "",
            "edge_security_policy": "",
            "enable_cdn": false,
            "external_managed_migration_state": "",
            "external_managed_migration_testing_percentage": 0,
            "fingerprint": "yCsk0iWgMEI=",
            "generated_id": 4991789128248943368,
            "health_checks": [],
            "iap": [],
            "id": "projects/personalhub13/global/backendServices/personalhub-www-backend",
            "ip_address_selection_policy": "",
            "load_balancing_scheme": "EXTERNAL",
            "locality_lb_policies": [],
            "locality_lb_policy": "",
            "log_config": [
              {
                "enable": true,
                "optional_fields": [],
                "optional_mode": "EXCLUDE_ALL_OPTIONAL",
                "sample_rate": 1
              }
            ],
            "max_stream_duration": [],
            "name": "personalhub-www-backend",
            "outlier_detection": [],
            "port_name": "http",
            "project": "personalhub13",
            "protocol": "HTTPS",
            "security_policy": "",
            "security_settings": [],
            "self_link": "https://www.googleapis.com/compute/v1/projects/personalhub13/global/backendServices/personalhub-www-backend",
            "service_lb_policy": "",
            "session_affinity": "NONE",
            "strong_session_affinity_cookie": [],
            "timeout_sec": 30,
            "timeouts": null
          },
          "sensitive_attributes": [],
          "identity_schema_version": 0,
          "private": "eyJlMmJmYjczMC1lY2FhLTExZTYtOGY4OC0zNDM2M2JjN2M0YzAiOnsiY3JlYXRlIjoxMjAwMDAwMDAwMDAwLCJkZWxldGUiOjEyMDAwMDAwMDAwMDAsInVwZGF0ZSI6MTIwMDAwMDAwMDAwMH0sInNjaGVtYV92ZXJzaW9uIjoiMSJ9",
          "dependencies": [
            "module.compute.google_cloud_run_v2_service.run_portfolio",
            "module.compute.google_cloud_run_v2_service.run_rstudio",
            "module.network.google_compute_network.vpc_net",
            "module.network.google_compute_region_network_endpoint_group.neg_region",
            "module.network.google_vpc_access_connector.run_connector"
          ],
          "create_before_destroy": true
        }
      ]
    },
    {
      "module": "module.network",
      "mode": "managed",
      "type": "google_compute_global_address",
      "name": "lb_ip",
      "provider": "provider[\"registry.terraform.io/hashicorp/google\"]",
      "instances": [
        {
          "schema_version": 0,
          "attributes": {
            "address": "34.8.70.154",
            "address_type": "EXTERNAL",
            "creation_timestamp": "2025-06-06T05:19:27.632-07:00",
            "description": "",
            "effective_labels": {
              "goog-terraform-provisioned": "true"
            },
            "id": "projects/personalhub13/global/addresses/lb-ip",
            "ip_version": "",
            "label_fingerprint": "vezUS-42LLM=",
            "labels": {},
            "name": "lb-ip",
            "network": "",
            "prefix_length": 0,
            "project": "personalhub13",
            "purpose": "",
            "self_link": "https://www.googleapis.com/compute/v1/projects/personalhub13/global/addresses/lb-ip",
            "terraform_labels": {
              "goog-terraform-provisioned": "true"
            },
            "timeouts": null
          },
          "sensitive_attributes": [],
          "identity_schema_version": 0,
          "private": "eyJlMmJmYjczMC1lY2FhLTExZTYtOGY4OC0zNDM2M2JjN2M0YzAiOnsiY3JlYXRlIjoxMjAwMDAwMDAwMDAwLCJkZWxldGUiOjEyMDAwMDAwMDAwMDAsInVwZGF0ZSI6MTIwMDAwMDAwMDAwMH19"
        }
      ]
    },
    {
      "module": "module.network",
      "mode": "managed",
      "type": "google_compute_global_forwarding_rule",
      "name": "http_forwarding_rule",
      "provider": "provider[\"registry.terraform.io/hashicorp/google\"]",
      "instances": [
        {
          "schema_version": 0,
          "attributes": {
            "base_forwarding_rule": "",
            "description": "",
            "effective_labels": {},
            "external_managed_backend_bucket_migration_state": "",
            "external_managed_backend_bucket_migration_testing_percentage": 0,
            "forwarding_rule_id": 1495552313260991471,
            "id": "projects/personalhub13/global/forwardingRules/http-forwarding-rule",
            "ip_address": "34.8.70.154",
            "ip_protocol": "TCP",
            "ip_version": "",
            "label_fingerprint": "42WmSpB8rSM=",
            "labels": {},
            "load_balancing_scheme": "EXTERNAL",
            "metadata_filters": [],
            "name": "http-forwarding-rule",
            "network": "",
            "network_tier": "PREMIUM",
            "no_automate_dns_zone": null,
            "port_range": "80-80",
            "project": "personalhub13",
            "psc_connection_id": "",
            "psc_connection_status": "",
            "self_link": "https://www.googleapis.com/compute/v1/projects/personalhub13/global/forwardingRules/http-forwarding-rule",
            "service_directory_registrations": [],
            "source_ip_ranges": [],
            "subnetwork": "",
            "target": "https://www.googleapis.com/compute/v1/projects/personalhub13/global/targetHttpProxies/http-proxy",
            "terraform_labels": {},
            "timeouts": null
          },
          "sensitive_attributes": [],
          "identity_schema_version": 0,
          "private": "eyJlMmJmYjczMC1lY2FhLTExZTYtOGY4OC0zNDM2M2JjN2M0YzAiOnsiY3JlYXRlIjoxMjAwMDAwMDAwMDAwLCJkZWxldGUiOjEyMDAwMDAwMDAwMDAsInVwZGF0ZSI6MTIwMDAwMDAwMDAwMH19",
          "dependencies": [
            "module.network.google_compute_global_address.lb_ip",
            "module.network.google_compute_target_http_proxy.http_proxy",
            "module.network.google_compute_url_map.http_redirect"
          ]
        }
      ]
    },
    {
      "module": "module.network",
      "mode": "managed",
      "type": "google_compute_global_forwarding_rule",
      "name": "https_forwarding_rule",
      "provider": "provider[\"registry.terraform.io/hashicorp/google\"]",
      "instances": [
        {
          "schema_version": 0,
          "attributes": {
            "base_forwarding_rule": "",
            "description": "",
            "effective_labels": {},
            "external_managed_backend_bucket_migration_state": "",
            "external_managed_backend_bucket_migration_testing_percentage": 0,
            "forwarding_rule_id": 2174281489627177200,
            "id": "projects/personalhub13/global/forwardingRules/https-forwarding-rule",
            "ip_address": "34.8.70.154",
            "ip_protocol": "TCP",
            "ip_version": "",
            "label_fingerprint": "42WmSpB8rSM=",
            "labels": {},
            "load_balancing_scheme": "EXTERNAL",
            "metadata_filters": [],
            "name": "https-forwarding-rule",
            "network": "",
            "network_tier": "PREMIUM",
            "no_automate_dns_zone": null,
            "port_range": "443-443",
            "project": "personalhub13",
            "psc_connection_id": "",
            "psc_connection_status": "",
            "self_link": "https://www.googleapis.com/compute/v1/projects/personalhub13/global/forwardingRules/https-forwarding-rule",
            "service_directory_registrations": [],
            "source_ip_ranges": [],
            "subnetwork": "",
            "target": "https://www.googleapis.com/compute/v1/projects/personalhub13/global/targetHttpsProxies/https-proxy",
            "terraform_labels": {},
            "timeouts": null
          },
          "sensitive_attributes": [],
          "identity_schema_version": 0,
          "private": "eyJlMmJmYjczMC1lY2FhLTExZTYtOGY4OC0zNDM2M2JjN2M0YzAiOnsiY3JlYXRlIjoxMjAwMDAwMDAwMDAwLCJkZWxldGUiOjEyMDAwMDAwMDAwMDAsInVwZGF0ZSI6MTIwMDAwMDAwMDAwMH19",
          "dependencies": [
            "module.compute.google_cloud_run_v2_service.run_portfolio",
            "module.compute.google_cloud_run_v2_service.run_rstudio",
            "module.network.google_compute_backend_service.backend",
            "module.network.google_compute_global_address.lb_ip",
            "module.network.google_compute_managed_ssl_certificate.ssl_certs",
            "module.network.google_compute_network.vpc_net",
            "module.network.google_compute_region_network_endpoint_group.neg_region",
            "module.network.google_compute_target_https_proxy.https_proxy",
            "module.network.google_compute_url_map.url_map",
            "module.network.google_vpc_access_connector.run_connector"
          ]
        }
      ]
    },
    {
      "module": "module.network",
      "mode": "managed",
      "type": "google_compute_managed_ssl_certificate",
      "name": "ssl_certs",
      "provider": "provider[\"registry.terraform.io/hashicorp/google\"]",
      "instances": [
        {
          "schema_version": 0,
          "attributes": {
            "certificate_id": 6429681382232475518,
            "creation_timestamp": "2025-06-08T04:52:49.919-07:00",
            "description": "",
            "expire_time": "",
            "id": "projects/personalhub13/global/sslCertificates/ssl-certs2",
            "managed": [
              {
                "domains": [
                  "www.guigo.dev.br",
                  "rstudio.guigo.dev.br"
                ]
              }
            ],
            "name": "ssl-certs2",
            "project": "personalhub13",
            "self_link": "https://www.googleapis.com/compute/v1/projects/personalhub13/global/sslCertificates/ssl-certs2",
            "subject_alternative_names": [],
            "timeouts": null,
            "type": "MANAGED"
          },
          "sensitive_attributes": [],
          "identity_schema_version": 0,
          "private": "eyJlMmJmYjczMC1lY2FhLTExZTYtOGY4OC0zNDM2M2JjN2M0YzAiOnsiY3JlYXRlIjoxODAwMDAwMDAwMDAwLCJkZWxldGUiOjE4MDAwMDAwMDAwMDB9fQ==",
          "create_before_destroy": true
        }
      ]
    },
    {
      "module": "module.network",
      "mode": "managed",
      "type": "google_compute_network",
      "name": "vpc_net",
      "provider": "provider[\"registry.terraform.io/hashicorp/google\"]",
      "instances": [
        {
          "schema_version": 0,
          "attributes": {
            "auto_create_subnetworks": true,
            "bgp_always_compare_med": false,
            "bgp_best_path_selection_mode": "LEGACY",
            "bgp_inter_region_cost": "",
            "delete_default_routes_on_create": false,
            "description": "",
            "enable_ula_internal_ipv6": false,
            "gateway_ipv4": "",
            "id": "projects/personalhub13/global/networks/personalhub-vpc-net",
            "internal_ipv6_range": "",
            "mtu": 0,
            "name": "personalhub-vpc-net",
            "network_firewall_policy_enforcement_order": "AFTER_CLASSIC_FIREWALL",
            "network_id": "3633396465510867488",
            "network_profile": "",
            "numeric_id": "3633396465510867488",
            "project": "personalhub13",
            "routing_mode": "REGIONAL",
            "self_link": "https://www.googleapis.com/compute/v1/projects/personalhub13/global/networks/personalhub-vpc-net",
            "timeouts": null
          },
          "sensitive_attributes": [],
          "identity_schema_version": 0,
          "private": "eyJlMmJmYjczMC1lY2FhLTExZTYtOGY4OC0zNDM2M2JjN2M0YzAiOnsiY3JlYXRlIjoxMjAwMDAwMDAwMDAwLCJkZWxldGUiOjEyMDAwMDAwMDAwMDAsInVwZGF0ZSI6MTIwMDAwMDAwMDAwMH19",
          "create_before_destroy": true
        }
      ]
    },
    {
      "module": "module.network",
      "mode": "managed",
      "type": "google_compute_region_network_endpoint_group",
      "name": "neg_region",
      "provider": "provider[\"registry.terraform.io/hashicorp/google\"]",
      "instances": [
        {
          "index_key": "rstudio",
          "schema_version": 0,
          "attributes": {
            "app_engine": [],
            "cloud_function": [],
            "cloud_run": [
              {
                "service": "rstudio-run",
                "tag": "",
                "url_mask": ""
              }
            ],
            "description": "",
            "id": "projects/personalhub13/regions/us-central1/networkEndpointGroups/personalhub-rstudio-neg",
            "name": "personalhub-rstudio-neg",
            "network": "",
            "network_endpoint_type": "SERVERLESS",
            "project": "personalhub13",
            "psc_data": [],
            "psc_target_service": "",
            "region": "https://www.googleapis.com/compute/v1/projects/personalhub13/regions/us-central1",
            "self_link": "https://www.googleapis.com/compute/v1/projects/personalhub13/regions/us-central1/networkEndpointGroups/personalhub-rstudio-neg",
            "subnetwork": "",
            "timeouts": null
          },
          "sensitive_attributes": [],
          "identity_schema_version": 0,
          "private": "eyJlMmJmYjczMC1lY2FhLTExZTYtOGY4OC0zNDM2M2JjN2M0YzAiOnsiY3JlYXRlIjoxMjAwMDAwMDAwMDAwLCJkZWxldGUiOjEyMDAwMDAwMDAwMDB9fQ==",
          "dependencies": [
            "module.compute.google_cloud_run_v2_service.run_portfolio",
            "module.compute.google_cloud_run_v2_service.run_rstudio",
            "module.network.google_compute_network.vpc_net",
            "module.network.google_vpc_access_connector.run_connector"
          ],
          "create_before_destroy": true
        },
        {
          "index_key": "www",
          "schema_version": 0,
          "attributes": {
            "app_engine": [],
            "cloud_function": [],
            "cloud_run": [
              {
                "service": "portfolio-run",
                "tag": "",
                "url_mask": ""
              }
            ],
            "description": "",
            "id": "projects/personalhub13/regions/us-central1/networkEndpointGroups/personalhub-www-neg",
            "name": "personalhub-www-neg",
            "network": "",
            "network_endpoint_type": "SERVERLESS",
            "project": "personalhub13",
            "psc_data": [],
            "psc_target_service": "",
            "region": "https://www.googleapis.com/compute/v1/projects/personalhub13/regions/us-central1",
            "self_link": "https://www.googleapis.com/compute/v1/projects/personalhub13/regions/us-central1/networkEndpointGroups/personalhub-www-neg",
            "subnetwork": "",
            "timeouts": null
          },
          "sensitive_attributes": [],
          "identity_schema_version": 0,
          "private": "eyJlMmJmYjczMC1lY2FhLTExZTYtOGY4OC0zNDM2M2JjN2M0YzAiOnsiY3JlYXRlIjoxMjAwMDAwMDAwMDAwLCJkZWxldGUiOjEyMDAwMDAwMDAwMDB9fQ==",
          "dependencies": [
            "module.compute.google_cloud_run_v2_service.run_portfolio",
            "module.compute.google_cloud_run_v2_service.run_rstudio",
            "module.network.google_compute_network.vpc_net",
            "module.network.google_vpc_access_connector.run_connector"
          ],
          "create_before_destroy": true
        }
      ]
    },
    {
      "module": "module.network",
      "mode": "managed",
      "type": "google_compute_subnetwork",
      "name": "vpc_subnet",
      "provider": "provider[\"registry.terraform.io/hashicorp/google\"]",
      "instances": [
        {
          "schema_version": 0,
          "attributes": {
            "creation_timestamp": "2025-06-06T05:20:10.671-07:00",
            "description": "",
            "enable_flow_logs": false,
            "external_ipv6_prefix": "",
            "fingerprint": null,
            "gateway_address": "10.8.0.1",
            "id": "projects/personalhub13/regions/us-central1/subnetworks/personalhub-vpc-subnet",
            "internal_ipv6_prefix": "",
            "ip_cidr_range": "10.8.0.0/28",
            "ip_collection": null,
            "ipv6_access_type": "",
            "ipv6_cidr_range": "",
            "ipv6_gce_endpoint": "",
            "log_config": [],
            "name": "personalhub-vpc-subnet",
            "network": "https://www.googleapis.com/compute/v1/projects/personalhub13/global/networks/personalhub-vpc-net",
            "private_ip_google_access": true,
            "private_ipv6_google_access": "DISABLE_GOOGLE_ACCESS",
            "project": "personalhub13",
            "purpose": "PRIVATE",
            "region": "us-central1",
            "reserved_internal_range": "",
            "role": "",
            "secondary_ip_range": [],
            "self_link": "https://www.googleapis.com/compute/v1/projects/personalhub13/regions/us-central1/subnetworks/personalhub-vpc-subnet",
            "send_secondary_ip_range_if_empty": null,
            "stack_type": "IPV4_ONLY",
            "state": "",
            "subnetwork_id": 2362695395595739669,
            "timeouts": null
          },
          "sensitive_attributes": [],
          "identity_schema_version": 0,
          "private": "eyJlMmJmYjczMC1lY2FhLTExZTYtOGY4OC0zNDM2M2JjN2M0YzAiOnsiY3JlYXRlIjoxMjAwMDAwMDAwMDAwLCJkZWxldGUiOjEyMDAwMDAwMDAwMDAsInVwZGF0ZSI6MTIwMDAwMDAwMDAwMH19",
          "dependencies": [
            "module.network.google_compute_network.vpc_net"
          ]
        }
      ]
    },
    {
      "module": "module.network",
      "mode": "managed",
      "type": "google_compute_target_http_proxy",
      "name": "http_proxy",
      "provider": "provider[\"registry.terraform.io/hashicorp/google\"]",
      "instances": [
        {
          "schema_version": 0,
          "attributes": {
            "creation_timestamp": "2025-06-06T05:20:04.807-07:00",
            "description": "",
            "http_keep_alive_timeout_sec": 0,
            "id": "projects/personalhub13/global/targetHttpProxies/http-proxy",
            "name": "http-proxy",
            "project": "personalhub13",
            "proxy_bind": false,
            "proxy_id": 7198032618962510363,
            "self_link": "https://www.googleapis.com/compute/v1/projects/personalhub13/global/targetHttpProxies/http-proxy",
            "timeouts": null,
            "url_map": "https://www.googleapis.com/compute/v1/projects/personalhub13/global/urlMaps/http-redirect"
          },
          "sensitive_attributes": [],
          "identity_schema_version": 0,
          "private": "eyJlMmJmYjczMC1lY2FhLTExZTYtOGY4OC0zNDM2M2JjN2M0YzAiOnsiY3JlYXRlIjoxMjAwMDAwMDAwMDAwLCJkZWxldGUiOjEyMDAwMDAwMDAwMDAsInVwZGF0ZSI6MTIwMDAwMDAwMDAwMH19",
          "dependencies": [
            "module.network.google_compute_url_map.http_redirect"
          ]
        }
      ]
    },
    {
      "module": "module.network",
      "mode": "managed",
      "type": "google_compute_target_https_proxy",
      "name": "https_proxy",
      "provider": "provider[\"registry.terraform.io/hashicorp/google\"]",
      "instances": [
        {
          "schema_version": 0,
          "attributes": {
            "certificate_manager_certificates": [],
            "certificate_map": "",
            "creation_timestamp": "2025-06-06T05:24:51.784-07:00",
            "description": "",
            "http_keep_alive_timeout_sec": 0,
            "id": "projects/personalhub13/global/targetHttpsProxies/https-proxy",
            "name": "https-proxy",
            "project": "personalhub13",
            "proxy_bind": false,
            "proxy_id": 4306160739756761340,
            "quic_override": "NONE",
            "self_link": "https://www.googleapis.com/compute/v1/projects/personalhub13/global/targetHttpsProxies/https-proxy",
            "server_tls_policy": "",
            "ssl_certificates": [
              "https://www.googleapis.com/compute/v1/projects/personalhub13/global/sslCertificates/ssl-certs2"
            ],
            "ssl_policy": "",
            "timeouts": null,
            "tls_early_data": "DISABLED",
            "url_map": "https://www.googleapis.com/compute/v1/projects/personalhub13/global/urlMaps/url-map"
          },
          "sensitive_attributes": [],
          "identity_schema_version": 0,
          "private": "eyJlMmJmYjczMC1lY2FhLTExZTYtOGY4OC0zNDM2M2JjN2M0YzAiOnsiY3JlYXRlIjoxMjAwMDAwMDAwMDAwLCJkZWxldGUiOjEyMDAwMDAwMDAwMDAsInVwZGF0ZSI6MTIwMDAwMDAwMDAwMH19",
          "dependencies": [
            "module.compute.google_cloud_run_v2_service.run_portfolio",
            "module.compute.google_cloud_run_v2_service.run_rstudio",
            "module.network.google_compute_backend_service.backend",
            "module.network.google_compute_managed_ssl_certificate.ssl_certs",
            "module.network.google_compute_network.vpc_net",
            "module.network.google_compute_region_network_endpoint_group.neg_region",
            "module.network.google_compute_url_map.url_map",
            "module.network.google_vpc_access_connector.run_connector"
          ],
          "create_before_destroy": true
        }
      ]
    },
    {
      "module": "module.network",
      "mode": "managed",
      "type": "google_compute_url_map",
      "name": "http_redirect",
      "provider": "provider[\"registry.terraform.io/hashicorp/google\"]",
      "instances": [
        {
          "schema_version": 0,
          "attributes": {
            "creation_timestamp": "2025-06-06T05:19:23.340-07:00",
            "default_route_action": [],
            "default_service": "",
            "default_url_redirect": [
              {
                "host_redirect": "",
                "https_redirect": true,
                "path_redirect": "",
                "prefix_redirect": "",
                "redirect_response_code": "",
                "strip_query": false
              }
            ],
            "description": "",
            "fingerprint": "U1TgFzWbSpM=",
            "header_action": [],
            "host_rule": [],
            "id": "projects/personalhub13/global/urlMaps/http-redirect",
            "map_id": 4242121553307722276,
            "name": "http-redirect",
            "path_matcher": [],
            "project": "personalhub13",
            "self_link": "https://www.googleapis.com/compute/v1/projects/personalhub13/global/urlMaps/http-redirect",
            "test": [],
            "timeouts": null
          },
          "sensitive_attributes": [],
          "identity_schema_version": 0,
          "private": "eyJlMmJmYjczMC1lY2FhLTExZTYtOGY4OC0zNDM2M2JjN2M0YzAiOnsiY3JlYXRlIjoxMjAwMDAwMDAwMDAwLCJkZWxldGUiOjEyMDAwMDAwMDAwMDAsInVwZGF0ZSI6MTIwMDAwMDAwMDAwMH19"
        }
      ]
    },
    {
      "module": "module.network",
      "mode": "managed",
      "type": "google_compute_url_map",
      "name": "url_map",
      "provider": "provider[\"registry.terraform.io/hashicorp/google\"]",
      "instances": [
        {
          "schema_version": 0,
          "attributes": {
            "creation_timestamp": "2025-06-06T05:24:39.909-07:00",
            "default_route_action": [],
            "default_service": "https://www.googleapis.com/compute/v1/projects/personalhub13/global/backendServices/personalhub-www-backend",
            "default_url_redirect": [],
            "description": "",
            "fingerprint": "M2LZ5yGwOBs=",
            "header_action": [],
            "host_rule": [
              {
                "description": "",
                "hosts": [
                  "rstudio.guigo.dev.br"
                ],
                "path_matcher": "rstudio-matcher"
              },
              {
                "description": "",
                "hosts": [
                  "www.guigo.dev.br"
                ],
                "path_matcher": "www-matcher"
              }
            ],
            "id": "projects/personalhub13/global/urlMaps/url-map",
            "map_id": 6268159275821916392,
            "name": "url-map",
            "path_matcher": [
              {
                "default_route_action": [],
                "default_service": "https://www.googleapis.com/compute/v1/projects/personalhub13/global/backendServices/personalhub-www-backend",
                "default_url_redirect": [],
                "description": "",
                "header_action": [],
                "name": "www-matcher",
                "path_rule": [
                  {
                    "paths": [
                      "/*"
                    ],
                    "route_action": [],
                    "service": "https://www.googleapis.com/compute/v1/projects/personalhub13/global/backendServices/personalhub-www-backend",
                    "url_redirect": []
                  }
                ],
                "route_rules": []
              },
              {
                "default_route_action": [],
                "default_service": "https://www.googleapis.com/compute/v1/projects/personalhub13/global/backendServices/personalhub-rstudio-backend",
                "default_url_redirect": [],
                "description": "",
                "header_action": [],
                "name": "rstudio-matcher",
                "path_rule": [
                  {
                    "paths": [
                      "/*"
                    ],
                    "route_action": [],
                    "service": "https://www.googleapis.com/compute/v1/projects/personalhub13/global/backendServices/personalhub-rstudio-backend",
                    "url_redirect": []
                  }
                ],
                "route_rules": []
              }
            ],
            "project": "personalhub13",
            "self_link": "https://www.googleapis.com/compute/v1/projects/personalhub13/global/urlMaps/url-map",
            "test": [],
            "timeouts": null
          },
          "sensitive_attributes": [],
          "identity_schema_version": 0,
          "private": "eyJlMmJmYjczMC1lY2FhLTExZTYtOGY4OC0zNDM2M2JjN2M0YzAiOnsiY3JlYXRlIjoxMjAwMDAwMDAwMDAwLCJkZWxldGUiOjEyMDAwMDAwMDAwMDAsInVwZGF0ZSI6MTIwMDAwMDAwMDAwMH19",
          "dependencies": [
            "module.compute.google_cloud_run_v2_service.run_portfolio",
            "module.compute.google_cloud_run_v2_service.run_rstudio",
            "module.network.google_compute_backend_service.backend",
            "module.network.google_compute_network.vpc_net",
            "module.network.google_compute_region_network_endpoint_group.neg_region",
            "module.network.google_vpc_access_connector.run_connector"
          ],
          "create_before_destroy": true
        }
      ]
    },
    {
      "module": "module.network",
      "mode": "managed",
      "type": "google_dns_managed_zone",
      "name": "dns_zone",
      "provider": "provider[\"registry.terraform.io/hashicorp/google\"]",
      "instances": [
        {
          "schema_version": 0,
          "attributes": {
            "cloud_logging_config": [
              {
                "enable_logging": false
              }
            ],
            "creation_time": "2025-06-06T12:19:14.209Z",
            "description": "DNS zone for the domain",
            "dns_name": "guigo.dev.br.",
            "dnssec_config": [],
            "effective_labels": {
              "goog-terraform-provisioned": "true"
            },
            "force_destroy": false,
            "forwarding_config": [],
            "id": "projects/personalhub13/managedZones/dns-zone",
            "labels": {},
            "managed_zone_id": 1258650977412715346,
            "name": "dns-zone",
            "name_servers": [
              "ns-cloud-b1.googledomains.com.",
              "ns-cloud-b2.googledomains.com.",
              "ns-cloud-b3.googledomains.com.",
              "ns-cloud-b4.googledomains.com."
            ],
            "peering_config": [],
            "private_visibility_config": [],
            "project": "personalhub13",
            "terraform_labels": {
              "goog-terraform-provisioned": "true"
            },
            "timeouts": null,
            "visibility": "public"
          },
          "sensitive_attributes": [],
          "identity_schema_version": 0,
          "private": "eyJlMmJmYjczMC1lY2FhLTExZTYtOGY4OC0zNDM2M2JjN2M0YzAiOnsiY3JlYXRlIjoxMjAwMDAwMDAwMDAwLCJkZWxldGUiOjEyMDAwMDAwMDAwMDAsInVwZGF0ZSI6MTIwMDAwMDAwMDAwMH19"
        }
      ]
    },
    {
      "module": "module.network",
      "mode": "managed",
      "type": "google_dns_record_set",
      "name": "subdomain_records",
      "provider": "provider[\"registry.terraform.io/hashicorp/google\"]",
      "instances": [
        {
          "index_key": "rstudio",
          "schema_version": 0,
          "attributes": {
            "id": "projects/personalhub13/managedZones/dns-zone/rrsets/rstudio.guigo.dev.br./A",
            "managed_zone": "dns-zone",
            "name": "rstudio.guigo.dev.br.",
            "project": "personalhub13",
            "routing_policy": [],
            "rrdatas": [
              "34.8.70.154"
            ],
            "ttl": 300,
            "type": "A"
          },
          "sensitive_attributes": [],
          "identity_schema_version": 0,
          "private": "bnVsbA==",
          "dependencies": [
            "module.network.google_compute_global_address.lb_ip",
            "module.network.google_dns_managed_zone.dns_zone"
          ]
        },
        {
          "index_key": "www",
          "schema_version": 0,
          "attributes": {
            "id": "projects/personalhub13/managedZones/dns-zone/rrsets/www.guigo.dev.br./A",
            "managed_zone": "dns-zone",
            "name": "www.guigo.dev.br.",
            "project": "personalhub13",
            "routing_policy": [],
            "rrdatas": [
              "34.8.70.154"
            ],
            "ttl": 300,
            "type": "A"
          },
          "sensitive_attributes": [],
          "identity_schema_version": 0,
          "private": "bnVsbA==",
          "dependencies": [
            "module.network.google_compute_global_address.lb_ip",
            "module.network.google_dns_managed_zone.dns_zone"
          ]
        }
      ]
    },
    {
      "module": "module.network",
      "mode": "managed",
      "type": "google_vpc_access_connector",
      "name": "run_connector",
      "provider": "provider[\"registry.terraform.io/hashicorp/google\"]",
      "instances": [
        {
          "schema_version": 0,
          "attributes": {
            "connected_projects": [
              "personalhub13"
            ],
            "id": "projects/personalhub13/locations/us-central1/connectors/cloudrun-connector",
            "ip_cidr_range": "192.168.16.0/28",
            "machine_type": "e2-micro",
            "max_instances": 3,
            "max_throughput": 300,
            "min_instances": 2,
            "min_throughput": 200,
            "name": "cloudrun-connector",
            "network": "personalhub-vpc-net",
            "project": "personalhub13",
            "region": "us-central1",
            "self_link": "projects/personalhub13/locations/us-central1/connectors/cloudrun-connector",
            "state": "READY",
            "subnet": [],
            "timeouts": null
          },
          "sensitive_attributes": [],
          "identity_schema_version": 0,
          "private": "eyJlMmJmYjczMC1lY2FhLTExZTYtOGY4OC0zNDM2M2JjN2M0YzAiOnsiY3JlYXRlIjoxMjAwMDAwMDAwMDAwLCJkZWxldGUiOjEyMDAwMDAwMDAwMDAsInVwZGF0ZSI6MTIwMDAwMDAwMDAwMH19",
          "dependencies": [
            "module.network.google_compute_network.vpc_net"
          ],
          "create_before_destroy": true
        }
      ]
    },
    {
      "module": "module.security",
      "mode": "managed",
      "type": "google_secret_manager_secret",
      "name": "gh_token_secret",
      "provider": "provider[\"registry.terraform.io/hashicorp/google\"]",
      "instances": [
        {
          "schema_version": 0,
          "attributes": {
            "annotations": {},
            "create_time": "2025-06-06T12:19:26.372628Z",
            "effective_annotations": {},
            "effective_labels": {
              "env": "prod",
              "goog-terraform-provisioned": "true",
              "label": "gh-token123",
              "owner": "guilhermeviegas"
            },
            "expire_time": "",
            "id": "projects/personalhub13/secrets/gh-access-token-secret",
            "labels": {
              "env": "prod",
              "label": "gh-token123",
              "owner": "guilhermeviegas"
            },
            "name": "projects/241432738087/secrets/gh-access-token-secret",
            "project": "personalhub13",
            "replication": [
              {
                "auto": [],
                "user_managed": [
                  {
                    "replicas": [
                      {
                        "customer_managed_encryption": [],
                        "location": "us-central1"
                      }
                    ]
                  }
                ]
              }
            ],
            "rotation": [],
            "secret_id": "gh-access-token-secret",
            "terraform_labels": {
              "env": "prod",
              "goog-terraform-provisioned": "true",
              "label": "gh-token123",
              "owner": "guilhermeviegas"
            },
            "timeouts": null,
            "topics": [],
            "ttl": null,
            "version_aliases": {},
            "version_destroy_ttl": ""
          },
          "sensitive_attributes": [],
          "identity_schema_version": 0,
          "private": "eyJlMmJmYjczMC1lY2FhLTExZTYtOGY4OC0zNDM2M2JjN2M0YzAiOnsiY3JlYXRlIjoxMjAwMDAwMDAwMDAwLCJkZWxldGUiOjEyMDAwMDAwMDAwMDAsInVwZGF0ZSI6MTIwMDAwMDAwMDAwMH19"
        }
      ]
    }
  ],
  "check_results": null
}
