{
  "version": 4,
  "terraform_version": "1.12.1",
  "serial": 569,
  "lineage": "0935ae8b-407d-851c-5e34-ad035062526b",
  "outputs": {},
  "resources": [
    {
      "mode": "managed",
      "type": "google_project_service",
      "name": "apis",
      "provider": "provider[\"registry.terraform.io/hashicorp/google\"]",
      "instances": [
        {
          "index_key": "artifactregistry.googleapis.com",
          "schema_version": 0,
          "attributes": {
            "disable_dependent_services": null,
            "disable_on_destroy": false,
            "id": "personalhub13/artifactregistry.googleapis.com",
            "project": "personalhub13",
            "service": "artifactregistry.googleapis.com",
            "timeouts": null
          },
          "sensitive_attributes": [],
          "identity_schema_version": 0,
          "private": "eyJlMmJmYjczMC1lY2FhLTExZTYtOGY4OC0zNDM2M2JjN2M0YzAiOnsiY3JlYXRlIjoxMjAwMDAwMDAwMDAwLCJkZWxldGUiOjEyMDAwMDAwMDAwMDAsInJlYWQiOjYwMDAwMDAwMDAwMCwidXBkYXRlIjoxMjAwMDAwMDAwMDAwfX0="
        },
        {
          "index_key": "bigquery.googleapis.com",
          "schema_version": 0,
          "attributes": {
            "disable_dependent_services": null,
            "disable_on_destroy": false,
            "id": "personalhub13/bigquery.googleapis.com",
            "project": "personalhub13",
            "service": "bigquery.googleapis.com",
            "timeouts": null
          },
          "sensitive_attributes": [],
          "identity_schema_version": 0,
          "private": "eyJlMmJmYjczMC1lY2FhLTExZTYtOGY4OC0zNDM2M2JjN2M0YzAiOnsiY3JlYXRlIjoxMjAwMDAwMDAwMDAwLCJkZWxldGUiOjEyMDAwMDAwMDAwMDAsInJlYWQiOjYwMDAwMDAwMDAwMCwidXBkYXRlIjoxMjAwMDAwMDAwMDAwfX0="
        },
        {
          "index_key": "cloudbuild.googleapis.com",
          "schema_version": 0,
          "attributes": {
            "disable_dependent_services": null,
            "disable_on_destroy": false,
            "id": "personalhub13/cloudbuild.googleapis.com",
            "project": "personalhub13",
            "service": "cloudbuild.googleapis.com",
            "timeouts": null
          },
          "sensitive_attributes": [],
          "identity_schema_version": 0,
          "private": "eyJlMmJmYjczMC1lY2FhLTExZTYtOGY4OC0zNDM2M2JjN2M0YzAiOnsiY3JlYXRlIjoxMjAwMDAwMDAwMDAwLCJkZWxldGUiOjEyMDAwMDAwMDAwMDAsInJlYWQiOjYwMDAwMDAwMDAwMCwidXBkYXRlIjoxMjAwMDAwMDAwMDAwfX0="
        },
        {
          "index_key": "cloudfunctions.googleapis.com",
          "schema_version": 0,
          "attributes": {
            "disable_dependent_services": null,
            "disable_on_destroy": false,
            "id": "personalhub13/cloudfunctions.googleapis.com",
            "project": "personalhub13",
            "service": "cloudfunctions.googleapis.com",
            "timeouts": null
          },
          "sensitive_attributes": [],
          "identity_schema_version": 0,
          "private": "eyJlMmJmYjczMC1lY2FhLTExZTYtOGY4OC0zNDM2M2JjN2M0YzAiOnsiY3JlYXRlIjoxMjAwMDAwMDAwMDAwLCJkZWxldGUiOjEyMDAwMDAwMDAwMDAsInJlYWQiOjYwMDAwMDAwMDAwMCwidXBkYXRlIjoxMjAwMDAwMDAwMDAwfX0="
        },
        {
          "index_key": "cloudscheduler.googleapis.com",
          "schema_version": 0,
          "attributes": {
            "disable_dependent_services": null,
            "disable_on_destroy": false,
            "id": "personalhub13/cloudscheduler.googleapis.com",
            "project": "personalhub13",
            "service": "cloudscheduler.googleapis.com",
            "timeouts": null
          },
          "sensitive_attributes": [],
          "identity_schema_version": 0,
          "private": "eyJlMmJmYjczMC1lY2FhLTExZTYtOGY4OC0zNDM2M2JjN2M0YzAiOnsiY3JlYXRlIjoxMjAwMDAwMDAwMDAwLCJkZWxldGUiOjEyMDAwMDAwMDAwMDAsInJlYWQiOjYwMDAwMDAwMDAwMCwidXBkYXRlIjoxMjAwMDAwMDAwMDAwfX0="
        },
        {
          "index_key": "discoveryengine.googleapis.com",
          "schema_version": 0,
          "attributes": {
            "disable_dependent_services": null,
            "disable_on_destroy": false,
            "id": "personalhub13/discoveryengine.googleapis.com",
            "project": "personalhub13",
            "service": "discoveryengine.googleapis.com",
            "timeouts": null
          },
          "sensitive_attributes": [],
          "identity_schema_version": 0,
          "private": "eyJlMmJmYjczMC1lY2FhLTExZTYtOGY4OC0zNDM2M2JjN2M0YzAiOnsiY3JlYXRlIjoxMjAwMDAwMDAwMDAwLCJkZWxldGUiOjEyMDAwMDAwMDAwMDAsInJlYWQiOjYwMDAwMDAwMDAwMCwidXBkYXRlIjoxMjAwMDAwMDAwMDAwfX0="
        },
        {
          "index_key": "eventarc.googleapis.com",
          "schema_version": 0,
          "attributes": {
            "disable_dependent_services": null,
            "disable_on_destroy": false,
            "id": "personalhub13/eventarc.googleapis.com",
            "project": "personalhub13",
            "service": "eventarc.googleapis.com",
            "timeouts": null
          },
          "sensitive_attributes": [],
          "identity_schema_version": 0,
          "private": "eyJlMmJmYjczMC1lY2FhLTExZTYtOGY4OC0zNDM2M2JjN2M0YzAiOnsiY3JlYXRlIjoxMjAwMDAwMDAwMDAwLCJkZWxldGUiOjEyMDAwMDAwMDAwMDAsInJlYWQiOjYwMDAwMDAwMDAwMCwidXBkYXRlIjoxMjAwMDAwMDAwMDAwfX0="
        },
        {
          "index_key": "iam.googleapis.com",
          "schema_version": 0,
          "attributes": {
            "disable_dependent_services": null,
            "disable_on_destroy": false,
            "id": "personalhub13/iam.googleapis.com",
            "project": "personalhub13",
            "service": "iam.googleapis.com",
            "timeouts": null
          },
          "sensitive_attributes": [],
          "identity_schema_version": 0,
          "private": "eyJlMmJmYjczMC1lY2FhLTExZTYtOGY4OC0zNDM2M2JjN2M0YzAiOnsiY3JlYXRlIjoxMjAwMDAwMDAwMDAwLCJkZWxldGUiOjEyMDAwMDAwMDAwMDAsInJlYWQiOjYwMDAwMDAwMDAwMCwidXBkYXRlIjoxMjAwMDAwMDAwMDAwfX0="
        },
        {
          "index_key": "pubsub.googleapis.com",
          "schema_version": 0,
          "attributes": {
            "disable_dependent_services": null,
            "disable_on_destroy": false,
            "id": "personalhub13/pubsub.googleapis.com",
            "project": "personalhub13",
            "service": "pubsub.googleapis.com",
            "timeouts": null
          },
          "sensitive_attributes": [],
          "identity_schema_version": 0,
          "private": "eyJlMmJmYjczMC1lY2FhLTExZTYtOGY4OC0zNDM2M2JjN2M0YzAiOnsiY3JlYXRlIjoxMjAwMDAwMDAwMDAwLCJkZWxldGUiOjEyMDAwMDAwMDAwMDAsInJlYWQiOjYwMDAwMDAwMDAwMCwidXBkYXRlIjoxMjAwMDAwMDAwMDAwfX0="
        },
        {
          "index_key": "run.googleapis.com",
          "schema_version": 0,
          "attributes": {
            "disable_dependent_services": null,
            "disable_on_destroy": false,
            "id": "personalhub13/run.googleapis.com",
            "project": "personalhub13",
            "service": "run.googleapis.com",
            "timeouts": null
          },
          "sensitive_attributes": [],
          "identity_schema_version": 0,
          "private": "eyJlMmJmYjczMC1lY2FhLTExZTYtOGY4OC0zNDM2M2JjN2M0YzAiOnsiY3JlYXRlIjoxMjAwMDAwMDAwMDAwLCJkZWxldGUiOjEyMDAwMDAwMDAwMDAsInJlYWQiOjYwMDAwMDAwMDAwMCwidXBkYXRlIjoxMjAwMDAwMDAwMDAwfX0="
        },
        {
          "index_key": "secretmanager.googleapis.com",
          "schema_version": 0,
          "attributes": {
            "disable_dependent_services": null,
            "disable_on_destroy": false,
            "id": "personalhub13/secretmanager.googleapis.com",
            "project": "personalhub13",
            "service": "secretmanager.googleapis.com",
            "timeouts": null
          },
          "sensitive_attributes": [],
          "identity_schema_version": 0,
          "private": "eyJlMmJmYjczMC1lY2FhLTExZTYtOGY4OC0zNDM2M2JjN2M0YzAiOnsiY3JlYXRlIjoxMjAwMDAwMDAwMDAwLCJkZWxldGUiOjEyMDAwMDAwMDAwMDAsInJlYWQiOjYwMDAwMDAwMDAwMCwidXBkYXRlIjoxMjAwMDAwMDAwMDAwfX0="
        },
        {
          "index_key": "storage.googleapis.com",
          "schema_version": 0,
          "attributes": {
            "disable_dependent_services": null,
            "disable_on_destroy": false,
            "id": "personalhub13/storage.googleapis.com",
            "project": "personalhub13",
            "service": "storage.googleapis.com",
            "timeouts": null
          },
          "sensitive_attributes": [],
          "identity_schema_version": 0,
          "private": "eyJlMmJmYjczMC1lY2FhLTExZTYtOGY4OC0zNDM2M2JjN2M0YzAiOnsiY3JlYXRlIjoxMjAwMDAwMDAwMDAwLCJkZWxldGUiOjEyMDAwMDAwMDAwMDAsInJlYWQiOjYwMDAwMDAwMDAwMCwidXBkYXRlIjoxMjAwMDAwMDAwMDAwfX0="
        },
        {
          "index_key": "vpcaccess.googleapis.com",
          "schema_version": 0,
          "attributes": {
            "disable_dependent_services": null,
            "disable_on_destroy": false,
            "id": "personalhub13/vpcaccess.googleapis.com",
            "project": "personalhub13",
            "service": "vpcaccess.googleapis.com",
            "timeouts": null
          },
          "sensitive_attributes": [],
          "identity_schema_version": 0,
          "private": "eyJlMmJmYjczMC1lY2FhLTExZTYtOGY4OC0zNDM2M2JjN2M0YzAiOnsiY3JlYXRlIjoxMjAwMDAwMDAwMDAwLCJkZWxldGUiOjEyMDAwMDAwMDAwMDAsInJlYWQiOjYwMDAwMDAwMDAwMCwidXBkYXRlIjoxMjAwMDAwMDAwMDAwfX0="
        }
      ]
    },
    {
      "module": "module.compute",
      "mode": "managed",
      "type": "google_cloud_run_service_iam_member",
      "name": "rstudio_public_access",
      "provider": "provider[\"registry.terraform.io/hashicorp/google\"]",
      "instances": [
        {
          "schema_version": 0,
          "attributes": {
            "condition": [],
            "etag": "BwY29jPVxFM=",
            "id": "v1/projects/personalhub13/locations/us-central1/services/rstudio-run/roles/run.invoker/allUsers",
            "location": "us-central1",
            "member": "allUsers",
            "project": "personalhub13",
            "role": "roles/run.invoker",
            "service": "v1/projects/personalhub13/locations/us-central1/services/rstudio-run"
          },
          "sensitive_attributes": [],
          "identity_schema_version": 0,
          "private": "bnVsbA==",
          "dependencies": [
            "module.compute.google_cloud_run_v2_service.run_rstudio",
            "module.network.google_compute_network.vpc_net",
            "module.network.google_vpc_access_connector.run_connector"
          ]
        }
      ]
    },
    {
      "module": "module.compute",
      "mode": "managed",
      "type": "google_cloud_run_v2_service",
      "name": "run_fastapi",
      "provider": "provider[\"registry.terraform.io/hashicorp/google\"]",
      "instances": [
        {
          "schema_version": 0,
          "attributes": {
            "annotations": {},
            "binary_authorization": [],
            "build_config": [],
            "client": "",
            "client_version": "",
            "conditions": [
              {
                "execution_reason": "",
                "last_transition_time": "2025-06-15T21:55:58.064356Z",
                "message": "",
                "reason": "",
                "revision_reason": "",
                "severity": "",
                "state": "CONDITION_SUCCEEDED",
                "type": "RoutesReady"
              },
              {
                "execution_reason": "",
                "last_transition_time": "2025-06-14T22:43:15.329122Z",
                "message": "",
                "reason": "",
                "revision_reason": "",
                "severity": "",
                "state": "CONDITION_SUCCEEDED",
                "type": "ConfigurationsReady"
              }
            ],
            "create_time": "2025-06-14T22:43:01.575567Z",
            "creator": "terraform-sa@personalhub13.iam.gserviceaccount.com",
            "custom_audiences": [],
            "delete_time": "",
            "deletion_protection": true,
            "description": "",
            "effective_annotations": {},
            "effective_labels": {
              "goog-terraform-provisioned": "true"
            },
            "etag": "\"COyCvcIGEODXvuMC/cHJvamVjdHMvcGVyc29uYWxodWIxMy9sb2NhdGlvbnMvdXMtY2VudHJhbDEvc2VydmljZXMvZmFzdGFwaS1ydW4\"",
            "expire_time": "",
            "generation": "4",
            "id": "projects/personalhub13/locations/us-central1/services/fastapi-run",
            "ingress": "INGRESS_TRAFFIC_INTERNAL_ONLY",
            "invoker_iam_disabled": false,
            "labels": {},
            "last_modifier": "terraform-sa@personalhub13.iam.gserviceaccount.com",
            "latest_created_revision": "projects/personalhub13/locations/us-central1/services/fastapi-run/revisions/fastapi-run-00001-cmv",
            "latest_ready_revision": "projects/personalhub13/locations/us-central1/services/fastapi-run/revisions/fastapi-run-00001-cmv",
            "launch_stage": "GA",
            "location": "us-central1",
            "name": "fastapi-run",
            "observed_generation": "4",
            "project": "personalhub13",
            "reconciling": false,
            "scaling": [],
            "template": [
              {
                "annotations": {},
                "containers": [
                  {
                    "args": [],
                    "base_image_uri": "",
                    "build_info": [],
                    "command": [],
                    "depends_on": [],
                    "env": [],
                    "image": "us-central1-docker.pkg.dev/personalhub13/personalhub-artifact-repo/fastapi-api:latest",
                    "liveness_probe": [],
                    "name": "",
                    "ports": [
                      {
                        "container_port": 8080,
                        "name": "http1"
                      }
                    ],
                    "resources": [
                      {
                        "cpu_idle": false,
                        "limits": {
                          "cpu": "1",
                          "memory": "512Mi"
                        },
                        "startup_cpu_boost": false
                      }
                    ],
                    "startup_probe": [
                      {
                        "failure_threshold": 1,
                        "grpc": [],
                        "http_get": [],
                        "initial_delay_seconds": 0,
                        "period_seconds": 240,
                        "tcp_socket": [
                          {
                            "port": 8080
                          }
                        ],
                        "timeout_seconds": 240
                      }
                    ],
                    "volume_mounts": [],
                    "working_dir": ""
                  }
                ],
                "encryption_key": "",
                "execution_environment": "",
                "gpu_zonal_redundancy_disabled": false,
                "labels": {},
                "max_instance_request_concurrency": 80,
                "node_selector": [],
                "revision": "",
                "scaling": [
                  {
                    "max_instance_count": 1,
                    "min_instance_count": 0
                  }
                ],
                "service_account": "fastapi-sa@personalhub13.iam.gserviceaccount.com",
                "session_affinity": false,
                "timeout": "60s",
                "volumes": [],
                "vpc_access": [
                  {
                    "connector": "projects/personalhub13/locations/us-central1/connectors/cloudrun-connector",
                    "egress": "ALL_TRAFFIC",
                    "network_interfaces": []
                  }
                ]
              }
            ],
            "terminal_condition": [
              {
                "execution_reason": "",
                "last_transition_time": "2025-06-15T21:55:58.093351Z",
                "message": "",
                "reason": "",
                "revision_reason": "",
                "severity": "",
                "state": "CONDITION_SUCCEEDED",
                "type": "Ready"
              }
            ],
            "terraform_labels": {
              "goog-terraform-provisioned": "true"
            },
            "timeouts": null,
            "traffic": [
              {
                "percent": 100,
                "revision": "",
                "tag": "",
                "type": "TRAFFIC_TARGET_ALLOCATION_TYPE_LATEST"
              }
            ],
            "traffic_statuses": [
              {
                "percent": 100,
                "revision": "",
                "tag": "",
                "type": "TRAFFIC_TARGET_ALLOCATION_TYPE_LATEST",
                "uri": ""
              }
            ],
            "uid": "1d2d674e-54f6-4bfb-ab65-e6b7970c84af",
            "update_time": "2025-06-15T21:55:56.745516Z",
            "uri": "https://fastapi-run-kgtcfu5gza-uc.a.run.app",
            "urls": [
              "https://fastapi-run-241432738087.us-central1.run.app",
              "https://fastapi-run-kgtcfu5gza-uc.a.run.app"
            ]
          },
          "sensitive_attributes": [],
          "identity_schema_version": 0,
          "private": "eyJlMmJmYjczMC1lY2FhLTExZTYtOGY4OC0zNDM2M2JjN2M0YzAiOnsiY3JlYXRlIjoxMjAwMDAwMDAwMDAwLCJkZWxldGUiOjEyMDAwMDAwMDAwMDAsInVwZGF0ZSI6MTIwMDAwMDAwMDAwMH19",
          "dependencies": [
            "module.iam.google_service_account.fastapi_sa",
            "module.network.google_compute_network.vpc_net",
            "module.network.google_vpc_access_connector.run_connector"
          ],
          "create_before_destroy": true
        }
      ]
    },
    {
      "module": "module.compute",
      "mode": "managed",
      "type": "google_cloud_run_v2_service",
      "name": "run_portfolio",
      "provider": "provider[\"registry.terraform.io/hashicorp/google\"]",
      "instances": [
        {
          "schema_version": 0,
          "attributes": {
            "annotations": {},
            "binary_authorization": [],
            "build_config": [],
            "client": "",
            "client_version": "",
            "conditions": [
              {
                "execution_reason": "",
                "last_transition_time": "2025-06-17T11:59:57.914262Z",
                "message": "",
                "reason": "",
                "revision_reason": "",
                "severity": "",
                "state": "CONDITION_SUCCEEDED",
                "type": "RoutesReady"
              },
              {
                "execution_reason": "",
                "last_transition_time": "2025-06-17T11:59:56.679850Z",
                "message": "",
                "reason": "",
                "revision_reason": "",
                "severity": "",
                "state": "CONDITION_SUCCEEDED",
                "type": "ConfigurationsReady"
              }
            ],
            "create_time": "2025-06-08T18:38:11.915398Z",
            "creator": "personalhub13@appspot.gserviceaccount.com",
            "custom_audiences": [],
            "delete_time": "",
            "deletion_protection": true,
            "description": "",
            "effective_annotations": {},
            "effective_labels": {
              "goog-terraform-provisioned": "true"
            },
            "etag": "\"CO2kxsIGEJD-nJgB/cHJvamVjdHMvcGVyc29uYWxodWIxMy9sb2NhdGlvbnMvdXMtY2VudHJhbDEvc2VydmljZXMvcG9ydGZvbGlvLXJ1bg\"",
            "expire_time": "",
            "generation": "100",
            "id": "projects/personalhub13/locations/us-central1/services/portfolio-run",
            "ingress": "INGRESS_TRAFFIC_ALL",
            "invoker_iam_disabled": false,
            "labels": {},
            "last_modifier": "terraform-sa@personalhub13.iam.gserviceaccount.com",
            "latest_created_revision": "projects/personalhub13/locations/us-central1/services/portfolio-run/revisions/portfolio-run-00081-vgb",
            "latest_ready_revision": "projects/personalhub13/locations/us-central1/services/portfolio-run/revisions/portfolio-run-00081-vgb",
            "launch_stage": "GA",
            "location": "us-central1",
            "name": "portfolio-run",
            "observed_generation": "100",
            "project": "personalhub13",
            "reconciling": false,
            "scaling": [],
            "template": [
              {
                "annotations": {},
                "containers": [
                  {
                    "args": [],
                    "base_image_uri": "",
                    "build_info": [],
                    "command": [],
                    "depends_on": [],
                    "env": [],
                    "image": "us-central1-docker.pkg.dev/personalhub13/personalhub-artifact-repo/portfolio-app:latest",
                    "liveness_probe": [],
                    "name": "",
                    "ports": [
                      {
                        "container_port": 3000,
                        "name": "http1"
                      }
                    ],
                    "resources": [
                      {
                        "cpu_idle": false,
                        "limits": {
                          "cpu": "2",
                          "memory": "1024Mi"
                        },
                        "startup_cpu_boost": false
                      }
                    ],
                    "startup_probe": [
                      {
                        "failure_threshold": 1,
                        "grpc": [],
                        "http_get": [],
                        "initial_delay_seconds": 0,
                        "period_seconds": 240,
                        "tcp_socket": [
                          {
                            "port": 3000
                          }
                        ],
                        "timeout_seconds": 240
                      }
                    ],
                    "volume_mounts": [],
                    "working_dir": ""
                  }
                ],
                "encryption_key": "",
                "execution_environment": "",
                "gpu_zonal_redundancy_disabled": false,
                "labels": {},
                "max_instance_request_concurrency": 80,
                "node_selector": [],
                "revision": "",
                "scaling": [
                  {
                    "max_instance_count": 2,
                    "min_instance_count": 1
                  }
                ],
                "service_account": "portfolio-sa@personalhub13.iam.gserviceaccount.com",
                "session_affinity": false,
                "timeout": "60s",
                "volumes": [],
                "vpc_access": [
                  {
                    "connector": "projects/personalhub13/locations/us-central1/connectors/cloudrun-connector",
                    "egress": "ALL_TRAFFIC",
                    "network_interfaces": []
                  }
                ]
              }
            ],
            "terminal_condition": [
              {
                "execution_reason": "",
                "last_transition_time": "2025-06-17T11:59:57.943506Z",
                "message": "",
                "reason": "",
                "revision_reason": "",
                "severity": "",
                "state": "CONDITION_SUCCEEDED",
                "type": "Ready"
              }
            ],
            "terraform_labels": {
              "goog-terraform-provisioned": "true"
            },
            "timeouts": null,
            "traffic": [
              {
                "percent": 100,
                "revision": "",
                "tag": "",
                "type": "TRAFFIC_TARGET_ALLOCATION_TYPE_LATEST"
              }
            ],
            "traffic_statuses": [
              {
                "percent": 100,
                "revision": "",
                "tag": "",
                "type": "TRAFFIC_TARGET_ALLOCATION_TYPE_LATEST",
                "uri": ""
              }
            ],
            "uid": "6dfe7211-ff43-46c3-9e74-3101a064067f",
            "update_time": "2025-06-17T16:06:05.319242Z",
            "uri": "https://portfolio-run-kgtcfu5gza-uc.a.run.app",
            "urls": [
              "https://portfolio-run-241432738087.us-central1.run.app",
              "https://portfolio-run-kgtcfu5gza-uc.a.run.app"
            ]
          },
          "sensitive_attributes": [],
          "identity_schema_version": 0,
          "private": "eyJlMmJmYjczMC1lY2FhLTExZTYtOGY4OC0zNDM2M2JjN2M0YzAiOnsiY3JlYXRlIjoxMjAwMDAwMDAwMDAwLCJkZWxldGUiOjEyMDAwMDAwMDAwMDAsInVwZGF0ZSI6MTIwMDAwMDAwMDAwMH19",
          "dependencies": [
            "module.iam.google_service_account.portfolio_sa",
            "module.network.google_compute_network.vpc_net",
            "module.network.google_vpc_access_connector.run_connector"
          ],
          "create_before_destroy": true
        }
      ]
    },
    {
      "module": "module.compute",
      "mode": "managed",
      "type": "google_cloud_run_v2_service",
      "name": "run_rstudio",
      "provider": "provider[\"registry.terraform.io/hashicorp/google\"]",
      "instances": [
        {
          "schema_version": 0,
          "attributes": {
            "annotations": {},
            "binary_authorization": [],
            "build_config": [],
            "client": "",
            "client_version": "",
            "conditions": [
              {
                "execution_reason": "",
                "last_transition_time": "2025-06-07T07:21:48.334210Z",
                "message": "",
                "reason": "",
                "revision_reason": "",
                "severity": "",
                "state": "CONDITION_SUCCEEDED",
                "type": "RoutesReady"
              },
              {
                "execution_reason": "",
                "last_transition_time": "2025-06-07T07:21:42.946434Z",
                "message": "",
                "reason": "",
                "revision_reason": "",
                "severity": "",
                "state": "CONDITION_SUCCEEDED",
                "type": "ConfigurationsReady"
              }
            ],
            "create_time": "2025-06-07T07:21:36.049414Z",
            "creator": "personalhub13@appspot.gserviceaccount.com",
            "custom_audiences": [],
            "delete_time": "",
            "deletion_protection": true,
            "description": "",
            "effective_annotations": {},
            "effective_labels": {
              "goog-terraform-provisioned": "true"
            },
            "etag": "\"CIDRj8IGEPD-xxc/cHJvamVjdHMvcGVyc29uYWxodWIxMy9sb2NhdGlvbnMvdXMtY2VudHJhbDEvc2VydmljZXMvcnN0dWRpby1ydW4\"",
            "expire_time": "",
            "generation": "1",
            "id": "projects/personalhub13/locations/us-central1/services/rstudio-run",
            "ingress": "INGRESS_TRAFFIC_ALL",
            "invoker_iam_disabled": false,
            "labels": {},
            "last_modifier": "personalhub13@appspot.gserviceaccount.com",
            "latest_created_revision": "projects/personalhub13/locations/us-central1/services/rstudio-run/revisions/rstudio-run-00001-tjp",
            "latest_ready_revision": "projects/personalhub13/locations/us-central1/services/rstudio-run/revisions/rstudio-run-00001-tjp",
            "launch_stage": "GA",
            "location": "us-central1",
            "name": "rstudio-run",
            "observed_generation": "1",
            "project": "personalhub13",
            "reconciling": false,
            "scaling": [],
            "template": [
              {
                "annotations": {},
                "containers": [
                  {
                    "args": [],
                    "base_image_uri": "",
                    "build_info": [],
                    "command": [],
                    "depends_on": [],
                    "env": [],
                    "image": "us-central1-docker.pkg.dev/personalhub13/personalhub-artifact-repo/rstudio-app:latest",
                    "liveness_probe": [],
                    "name": "",
                    "ports": [
                      {
                        "container_port": 8787,
                        "name": "http1"
                      }
                    ],
                    "resources": [
                      {
                        "cpu_idle": false,
                        "limits": {
                          "cpu": "1",
                          "memory": "512Mi"
                        },
                        "startup_cpu_boost": false
                      }
                    ],
                    "startup_probe": [
                      {
                        "failure_threshold": 1,
                        "grpc": [],
                        "http_get": [],
                        "initial_delay_seconds": 0,
                        "period_seconds": 240,
                        "tcp_socket": [
                          {
                            "port": 8787
                          }
                        ],
                        "timeout_seconds": 240
                      }
                    ],
                    "volume_mounts": [],
                    "working_dir": ""
                  }
                ],
                "encryption_key": "",
                "execution_environment": "",
                "gpu_zonal_redundancy_disabled": false,
                "labels": {},
                "max_instance_request_concurrency": 80,
                "node_selector": [],
                "revision": "",
                "scaling": [
                  {
                    "max_instance_count": 1,
                    "min_instance_count": 0
                  }
                ],
                "service_account": "241432738087-compute@developer.gserviceaccount.com",
                "session_affinity": false,
                "timeout": "60s",
                "volumes": [],
                "vpc_access": [
                  {
                    "connector": "projects/personalhub13/locations/us-central1/connectors/cloudrun-connector",
                    "egress": "ALL_TRAFFIC",
                    "network_interfaces": []
                  }
                ]
              }
            ],
            "terminal_condition": [
              {
                "execution_reason": "",
                "last_transition_time": "2025-06-07T07:21:48.371411Z",
                "message": "",
                "reason": "",
                "revision_reason": "",
                "severity": "",
                "state": "CONDITION_SUCCEEDED",
                "type": "Ready"
              }
            ],
            "terraform_labels": {
              "goog-terraform-provisioned": "true"
            },
            "timeouts": null,
            "traffic": [
              {
                "percent": 100,
                "revision": "",
                "tag": "",
                "type": "TRAFFIC_TARGET_ALLOCATION_TYPE_LATEST"
              }
            ],
            "traffic_statuses": [
              {
                "percent": 100,
                "revision": "",
                "tag": "",
                "type": "TRAFFIC_TARGET_ALLOCATION_TYPE_LATEST",
                "uri": ""
              }
            ],
            "uid": "c26933f2-ea64-4d45-80b5-e8e54518bc7d",
            "update_time": "2025-06-07T07:21:36.049414Z",
            "uri": "https://rstudio-run-kgtcfu5gza-uc.a.run.app",
            "urls": [
              "https://rstudio-run-241432738087.us-central1.run.app",
              "https://rstudio-run-kgtcfu5gza-uc.a.run.app"
            ]
          },
          "sensitive_attributes": [],
          "identity_schema_version": 0,
          "private": "eyJlMmJmYjczMC1lY2FhLTExZTYtOGY4OC0zNDM2M2JjN2M0YzAiOnsiY3JlYXRlIjoxMjAwMDAwMDAwMDAwLCJkZWxldGUiOjEyMDAwMDAwMDAwMDAsInVwZGF0ZSI6MTIwMDAwMDAwMDAwMH19",
          "dependencies": [
            "module.network.google_compute_network.vpc_net",
            "module.network.google_vpc_access_connector.run_connector"
          ],
          "create_before_destroy": true
        }
      ]
    },
    {
      "module": "module.datalake",
      "mode": "managed",
      "type": "google_artifact_registry_repository",
      "name": "images_repository",
      "provider": "provider[\"registry.terraform.io/hashicorp/google\"]",
      "instances": [
        {
          "schema_version": 0,
          "attributes": {
            "cleanup_policies": [
              {
                "action": "KEEP",
                "condition": [],
                "id": "keep-recent-versions",
                "most_recent_versions": [
                  {
                    "keep_count": 3,
                    "package_name_prefixes": []
                  }
                ]
              }
            ],
            "cleanup_policy_dry_run": false,
            "create_time": "2025-06-06T12:19:42.189590Z",
            "description": "Docker repository for storing container images",
            "docker_config": [],
            "effective_labels": {
              "goog-terraform-provisioned": "true"
            },
            "format": "DOCKER",
            "id": "projects/personalhub13/locations/us-central1/repositories/personalhub-artifact-repo",
            "kms_key_name": "",
            "labels": {},
            "location": "us-central1",
            "maven_config": [],
            "mode": "STANDARD_REPOSITORY",
            "name": "personalhub-artifact-repo",
            "project": "personalhub13",
            "remote_repository_config": [],
            "repository_id": "personalhub-artifact-repo",
            "terraform_labels": {
              "goog-terraform-provisioned": "true"
            },
            "timeouts": null,
            "update_time": "2025-06-17T11:59:12.725148Z",
            "virtual_repository_config": [],
            "vulnerability_scanning_config": [
              {
                "enablement_config": "",
                "enablement_state": "SCANNING_DISABLED",
                "enablement_state_reason": "API containerscanning.googleapis.com is not enabled."
              }
            ]
          },
          "sensitive_attributes": [],
          "identity_schema_version": 0,
          "private": "eyJlMmJmYjczMC1lY2FhLTExZTYtOGY4OC0zNDM2M2JjN2M0YzAiOnsiY3JlYXRlIjoxMjAwMDAwMDAwMDAwLCJkZWxldGUiOjEyMDAwMDAwMDAwMDAsInVwZGF0ZSI6MTIwMDAwMDAwMDAwMH19"
        }
      ]
    },
    {
      "module": "module.datalake",
      "mode": "managed",
      "type": "google_bigquery_dataset",
      "name": "billing_dev_bq_dataset",
      "provider": "provider[\"registry.terraform.io/hashicorp/google\"]",
      "instances": [
        {
          "schema_version": 0,
          "attributes": {
            "access": [
              {
                "condition": [],
                "dataset": [],
                "domain": "",
                "group_by_email": "",
                "iam_member": "",
                "role": "OWNER",
                "routine": [],
                "special_group": "",
                "user_by_email": "terraform-sa@personalhub13.iam.gserviceaccount.com",
                "view": []
              },
              {
                "condition": [],
                "dataset": [],
                "domain": "",
                "group_by_email": "",
                "iam_member": "",
                "role": "OWNER",
                "routine": [],
                "special_group": "projectOwners",
                "user_by_email": "",
                "view": []
              },
              {
                "condition": [],
                "dataset": [],
                "domain": "",
                "group_by_email": "",
                "iam_member": "",
                "role": "READER",
                "routine": [],
                "special_group": "projectReaders",
                "user_by_email": "",
                "view": []
              },
              {
                "condition": [],
                "dataset": [],
                "domain": "",
                "group_by_email": "",
                "iam_member": "",
                "role": "WRITER",
                "routine": [],
                "special_group": "projectWriters",
                "user_by_email": "",
                "view": []
              }
            ],
            "creation_time": 1750176364961,
            "dataset_id": "billing_dev",
            "default_collation": "",
            "default_encryption_configuration": [],
            "default_partition_expiration_ms": 0,
            "default_table_expiration_ms": 0,
            "delete_contents_on_destroy": false,
            "description": "BigQuery dataset in development stage for Cloud Billing dumping",
            "effective_labels": {
              "goog-terraform-provisioned": "true"
            },
            "etag": "RAJqv3AtwzgUwqE2ehKoEw==",
            "external_catalog_dataset_options": [],
            "external_dataset_reference": [],
            "friendly_name": "",
            "id": "projects/personalhub13/datasets/billing_dev",
            "is_case_insensitive": false,
            "labels": {},
            "last_modified_time": 1750176364961,
            "location": "US",
            "max_time_travel_hours": "168",
            "project": "personalhub13",
            "resource_tags": {},
            "self_link": "https://bigquery.googleapis.com/bigquery/v2/projects/personalhub13/datasets/billing_dev",
            "storage_billing_model": "",
            "terraform_labels": {
              "goog-terraform-provisioned": "true"
            },
            "timeouts": null
          },
          "sensitive_attributes": [],
          "identity_schema_version": 0,
          "private": "eyJlMmJmYjczMC1lY2FhLTExZTYtOGY4OC0zNDM2M2JjN2M0YzAiOnsiY3JlYXRlIjoxMjAwMDAwMDAwMDAwLCJkZWxldGUiOjEyMDAwMDAwMDAwMDAsInVwZGF0ZSI6MTIwMDAwMDAwMDAwMH19"
        }
      ]
    },
    {
      "module": "module.datalake",
      "mode": "managed",
      "type": "google_bigquery_dataset",
      "name": "billing_prod_bq_dataset",
      "provider": "provider[\"registry.terraform.io/hashicorp/google\"]",
      "instances": [
        {
          "schema_version": 0,
          "attributes": {
            "access": [
              {
                "condition": [],
                "dataset": [],
                "domain": "",
                "group_by_email": "",
                "iam_member": "",
                "role": "OWNER",
                "routine": [],
                "special_group": "",
                "user_by_email": "terraform-sa@personalhub13.iam.gserviceaccount.com",
                "view": []
              },
              {
                "condition": [],
                "dataset": [],
                "domain": "",
                "group_by_email": "",
                "iam_member": "",
                "role": "OWNER",
                "routine": [],
                "special_group": "projectOwners",
                "user_by_email": "",
                "view": []
              },
              {
                "condition": [],
                "dataset": [],
                "domain": "",
                "group_by_email": "",
                "iam_member": "",
                "role": "READER",
                "routine": [],
                "special_group": "projectReaders",
                "user_by_email": "",
                "view": []
              },
              {
                "condition": [],
                "dataset": [],
                "domain": "",
                "group_by_email": "",
                "iam_member": "",
                "role": "WRITER",
                "routine": [],
                "special_group": "projectWriters",
                "user_by_email": "",
                "view": []
              }
            ],
            "creation_time": 1750176364961,
            "dataset_id": "billing_prod",
            "default_collation": "",
            "default_encryption_configuration": [],
            "default_partition_expiration_ms": 0,
            "default_table_expiration_ms": 0,
            "delete_contents_on_destroy": false,
            "description": "BigQuery dataset in production stage for Cloud Billing dumping",
            "effective_labels": {
              "goog-terraform-provisioned": "true"
            },
            "etag": "d3lL/6cv+obIyXKWRGKCqw==",
            "external_catalog_dataset_options": [],
            "external_dataset_reference": [],
            "friendly_name": "",
            "id": "projects/personalhub13/datasets/billing_prod",
            "is_case_insensitive": false,
            "labels": {},
            "last_modified_time": 1750176364961,
            "location": "US",
            "max_time_travel_hours": "168",
            "project": "personalhub13",
            "resource_tags": {},
            "self_link": "https://bigquery.googleapis.com/bigquery/v2/projects/personalhub13/datasets/billing_prod",
            "storage_billing_model": "",
            "terraform_labels": {
              "goog-terraform-provisioned": "true"
            },
            "timeouts": null
          },
          "sensitive_attributes": [],
          "identity_schema_version": 0,
          "private": "eyJlMmJmYjczMC1lY2FhLTExZTYtOGY4OC0zNDM2M2JjN2M0YzAiOnsiY3JlYXRlIjoxMjAwMDAwMDAwMDAwLCJkZWxldGUiOjEyMDAwMDAwMDAwMDAsInVwZGF0ZSI6MTIwMDAwMDAwMDAwMH19"
        }
      ]
    },
    {
      "module": "module.datalake",
      "mode": "managed",
      "type": "google_bigquery_dataset",
      "name": "brvectors_dev_bq_dataset",
      "provider": "provider[\"registry.terraform.io/hashicorp/google\"]",
      "instances": [
        {
          "schema_version": 0,
          "attributes": {
            "access": [
              {
                "condition": [],
                "dataset": [],
                "domain": "",
                "group_by_email": "",
                "iam_member": "",
                "role": "OWNER",
                "routine": [],
                "special_group": "",
                "user_by_email": "terraform-sa@personalhub13.iam.gserviceaccount.com",
                "view": []
              },
              {
                "condition": [],
                "dataset": [],
                "domain": "",
                "group_by_email": "",
                "iam_member": "",
                "role": "OWNER",
                "routine": [],
                "special_group": "projectOwners",
                "user_by_email": "",
                "view": []
              },
              {
                "condition": [],
                "dataset": [],
                "domain": "",
                "group_by_email": "",
                "iam_member": "",
                "role": "READER",
                "routine": [],
                "special_group": "projectReaders",
                "user_by_email": "",
                "view": []
              },
              {
                "condition": [],
                "dataset": [],
                "domain": "",
                "group_by_email": "",
                "iam_member": "",
                "role": "WRITER",
                "routine": [],
                "special_group": "projectWriters",
                "user_by_email": "",
                "view": []
              }
            ],
            "creation_time": 1750176364966,
            "dataset_id": "brvectors_dev",
            "default_collation": "",
            "default_encryption_configuration": [],
            "default_partition_expiration_ms": 0,
            "default_table_expiration_ms": 0,
            "delete_contents_on_destroy": false,
            "description": "BigQuery dataset in developement stage for BRvectors",
            "effective_labels": {
              "goog-terraform-provisioned": "true"
            },
            "etag": "ZqciXtbzibQYpWB9Livv3g==",
            "external_catalog_dataset_options": [],
            "external_dataset_reference": [],
            "friendly_name": "",
            "id": "projects/personalhub13/datasets/brvectors_dev",
            "is_case_insensitive": false,
            "labels": {},
            "last_modified_time": 1750176364966,
            "location": "US",
            "max_time_travel_hours": "168",
            "project": "personalhub13",
            "resource_tags": {},
            "self_link": "https://bigquery.googleapis.com/bigquery/v2/projects/personalhub13/datasets/brvectors_dev",
            "storage_billing_model": "",
            "terraform_labels": {
              "goog-terraform-provisioned": "true"
            },
            "timeouts": null
          },
          "sensitive_attributes": [],
          "identity_schema_version": 0,
          "private": "eyJlMmJmYjczMC1lY2FhLTExZTYtOGY4OC0zNDM2M2JjN2M0YzAiOnsiY3JlYXRlIjoxMjAwMDAwMDAwMDAwLCJkZWxldGUiOjEyMDAwMDAwMDAwMDAsInVwZGF0ZSI6MTIwMDAwMDAwMDAwMH19"
        }
      ]
    },
    {
      "module": "module.datalake",
      "mode": "managed",
      "type": "google_bigquery_dataset",
      "name": "brvectors_prod_bq_dataset",
      "provider": "provider[\"registry.terraform.io/hashicorp/google\"]",
      "instances": [
        {
          "schema_version": 0,
          "attributes": {
            "access": [
              {
                "condition": [],
                "dataset": [],
                "domain": "",
                "group_by_email": "",
                "iam_member": "",
                "role": "OWNER",
                "routine": [],
                "special_group": "",
                "user_by_email": "terraform-sa@personalhub13.iam.gserviceaccount.com",
                "view": []
              },
              {
                "condition": [],
                "dataset": [],
                "domain": "",
                "group_by_email": "",
                "iam_member": "",
                "role": "OWNER",
                "routine": [],
                "special_group": "projectOwners",
                "user_by_email": "",
                "view": []
              },
              {
                "condition": [],
                "dataset": [],
                "domain": "",
                "group_by_email": "",
                "iam_member": "",
                "role": "READER",
                "routine": [],
                "special_group": "projectReaders",
                "user_by_email": "",
                "view": []
              },
              {
                "condition": [],
                "dataset": [],
                "domain": "",
                "group_by_email": "",
                "iam_member": "",
                "role": "WRITER",
                "routine": [],
                "special_group": "projectWriters",
                "user_by_email": "",
                "view": []
              }
            ],
            "creation_time": 1750176364962,
            "dataset_id": "brvectors_prod",
            "default_collation": "",
            "default_encryption_configuration": [],
            "default_partition_expiration_ms": 0,
            "default_table_expiration_ms": 0,
            "delete_contents_on_destroy": false,
            "description": "BigQuery dataset in production stage for BRvectors",
            "effective_labels": {
              "goog-terraform-provisioned": "true"
            },
            "etag": "Pm73fe0B2zt4eRZ3DXaDfg==",
            "external_catalog_dataset_options": [],
            "external_dataset_reference": [],
            "friendly_name": "",
            "id": "projects/personalhub13/datasets/brvectors_prod",
            "is_case_insensitive": false,
            "labels": {},
            "last_modified_time": 1750176364962,
            "location": "US",
            "max_time_travel_hours": "168",
            "project": "personalhub13",
            "resource_tags": {},
            "self_link": "https://bigquery.googleapis.com/bigquery/v2/projects/personalhub13/datasets/brvectors_prod",
            "storage_billing_model": "",
            "terraform_labels": {
              "goog-terraform-provisioned": "true"
            },
            "timeouts": null
          },
          "sensitive_attributes": [],
          "identity_schema_version": 0,
          "private": "eyJlMmJmYjczMC1lY2FhLTExZTYtOGY4OC0zNDM2M2JjN2M0YzAiOnsiY3JlYXRlIjoxMjAwMDAwMDAwMDAwLCJkZWxldGUiOjEyMDAwMDAwMDAwMDAsInVwZGF0ZSI6MTIwMDAwMDAwMDAwMH19"
        }
      ]
    },
    {
      "module": "module.datalake",
      "mode": "managed",
      "type": "google_bigquery_dataset",
      "name": "brvectors_source_bq_dataset",
      "provider": "provider[\"registry.terraform.io/hashicorp/google\"]",
      "instances": [
        {
          "schema_version": 0,
          "attributes": {
            "access": [
              {
                "condition": [],
                "dataset": [],
                "domain": "",
                "group_by_email": "",
                "iam_member": "",
                "role": "OWNER",
                "routine": [],
                "special_group": "",
                "user_by_email": "terraform-sa@personalhub13.iam.gserviceaccount.com",
                "view": []
              },
              {
                "condition": [],
                "dataset": [],
                "domain": "",
                "group_by_email": "",
                "iam_member": "",
                "role": "OWNER",
                "routine": [],
                "special_group": "projectOwners",
                "user_by_email": "",
                "view": []
              },
              {
                "condition": [],
                "dataset": [],
                "domain": "",
                "group_by_email": "",
                "iam_member": "",
                "role": "READER",
                "routine": [],
                "special_group": "projectReaders",
                "user_by_email": "",
                "view": []
              },
              {
                "condition": [],
                "dataset": [],
                "domain": "",
                "group_by_email": "",
                "iam_member": "",
                "role": "WRITER",
                "routine": [],
                "special_group": "projectWriters",
                "user_by_email": "",
                "view": []
              }
            ],
            "creation_time": 1750176364972,
            "dataset_id": "brvectors_source",
            "default_collation": "",
            "default_encryption_configuration": [],
            "default_partition_expiration_ms": 0,
            "default_table_expiration_ms": 0,
            "delete_contents_on_destroy": false,
            "description": "BigQuery dataset for BRvectors sources",
            "effective_labels": {
              "goog-terraform-provisioned": "true"
            },
            "etag": "vOffjQIN8QCRC45kXa/qIQ==",
            "external_catalog_dataset_options": [],
            "external_dataset_reference": [],
            "friendly_name": "",
            "id": "projects/personalhub13/datasets/brvectors_source",
            "is_case_insensitive": false,
            "labels": {},
            "last_modified_time": 1750176364972,
            "location": "US",
            "max_time_travel_hours": "168",
            "project": "personalhub13",
            "resource_tags": {},
            "self_link": "https://bigquery.googleapis.com/bigquery/v2/projects/personalhub13/datasets/brvectors_source",
            "storage_billing_model": "",
            "terraform_labels": {
              "goog-terraform-provisioned": "true"
            },
            "timeouts": null
          },
          "sensitive_attributes": [],
          "identity_schema_version": 0,
          "private": "eyJlMmJmYjczMC1lY2FhLTExZTYtOGY4OC0zNDM2M2JjN2M0YzAiOnsiY3JlYXRlIjoxMjAwMDAwMDAwMDAwLCJkZWxldGUiOjEyMDAwMDAwMDAwMDAsInVwZGF0ZSI6MTIwMDAwMDAwMDAwMH19"
        }
      ]
    },
    {
      "module": "module.datalake",
      "mode": "managed",
      "type": "google_bigquery_table",
      "name": "bq_table_locations",
      "provider": "provider[\"registry.terraform.io/hashicorp/google\"]",
      "instances": [
        {
          "schema_version": 0,
          "attributes": {
            "biglake_configuration": [],
            "clustering": null,
            "creation_time": 1750177666199,
            "dataset_id": "brvectors_source",
            "deletion_protection": false,
            "description": "",
            "effective_labels": {
              "goog-terraform-provisioned": "true"
            },
            "encryption_configuration": [],
            "etag": "j5ZASYak7yGINETKTV74DQ==",
            "expiration_time": 0,
            "external_catalog_table_options": [],
            "external_data_configuration": [
              {
                "autodetect": true,
                "avro_options": [],
                "bigtable_options": [],
                "compression": "NONE",
                "connection_id": "",
                "csv_options": [],
                "file_set_spec_type": "",
                "google_sheets_options": [],
                "hive_partitioning_options": [],
                "ignore_unknown_values": false,
                "json_extension": "",
                "json_options": [],
                "max_bad_records": 0,
                "metadata_cache_mode": "",
                "object_metadata": "",
                "parquet_options": [],
                "reference_file_schema_uri": "",
                "schema": "",
                "source_format": "CSV",
                "source_uris": [
                  "gs://personalhub13-brvectors-bucket/locations.csv"
                ]
              }
            ],
            "friendly_name": "",
            "id": "projects/personalhub13/datasets/brvectors_source/tables/locations",
            "labels": {},
            "last_modified_time": 1750177666600,
            "location": "US",
            "materialized_view": [],
            "max_staleness": "",
            "num_bytes": 0,
            "num_long_term_bytes": 0,
            "num_rows": 0,
            "project": "personalhub13",
            "range_partitioning": [],
            "require_partition_filter": false,
            "resource_tags": {},
            "schema": "[{\"mode\":\"NULLABLE\",\"name\":\"cd_mun\",\"type\":\"INTEGER\"},{\"mode\":\"NULLABLE\",\"name\":\"nm_mun\",\"type\":\"STRING\"},{\"mode\":\"NULLABLE\",\"name\":\"cd_micro\",\"type\":\"INTEGER\"},{\"mode\":\"NULLABLE\",\"name\":\"nm_micro\",\"type\":\"STRING\"},{\"mode\":\"NULLABLE\",\"name\":\"cd_meso\",\"type\":\"INTEGER\"},{\"mode\":\"NULLABLE\",\"name\":\"nm_meso\",\"type\":\"STRING\"},{\"mode\":\"NULLABLE\",\"name\":\"cd_uf\",\"type\":\"INTEGER\"},{\"mode\":\"NULLABLE\",\"name\":\"sg_uf\",\"type\":\"STRING\"},{\"mode\":\"NULLABLE\",\"name\":\"nm_uf\",\"type\":\"STRING\"},{\"mode\":\"NULLABLE\",\"name\":\"cd_reg\",\"type\":\"INTEGER\"},{\"mode\":\"NULLABLE\",\"name\":\"sg_reg\",\"type\":\"STRING\"},{\"mode\":\"NULLABLE\",\"name\":\"nm_reg\",\"type\":\"STRING\"},{\"mode\":\"NULLABLE\",\"name\":\"cd_rgime\",\"type\":\"INTEGER\"},{\"mode\":\"NULLABLE\",\"name\":\"nm_rgime\",\"type\":\"STRING\"},{\"mode\":\"NULLABLE\",\"name\":\"cd_rgint\",\"type\":\"INTEGER\"},{\"mode\":\"NULLABLE\",\"name\":\"nm_rgint\",\"type\":\"STRING\"}]",
            "schema_foreign_type_info": [],
            "self_link": "https://bigquery.googleapis.com/bigquery/v2/projects/personalhub13/datasets/brvectors_source/tables/locations",
            "table_constraints": [],
            "table_id": "locations",
            "table_metadata_view": null,
            "table_replication_info": [],
            "terraform_labels": {
              "goog-terraform-provisioned": "true"
            },
            "time_partitioning": [],
            "type": "EXTERNAL",
            "view": []
          },
          "sensitive_attributes": [],
          "identity_schema_version": 0,
          "private": "bnVsbA==",
          "dependencies": [
            "module.datalake.google_bigquery_dataset.brvectors_source_bq_dataset",
            "module.datalake.google_storage_bucket.brvectors_bucket"
          ]
        }
      ]
    },
    {
      "module": "module.datalake",
      "mode": "managed",
      "type": "google_storage_bucket",
      "name": "brvectors_bucket",
      "provider": "provider[\"registry.terraform.io/hashicorp/google\"]",
      "instances": [
        {
          "schema_version": 3,
          "attributes": {
            "autoclass": [],
            "cors": [],
            "custom_placement_config": [],
            "default_event_based_hold": false,
            "effective_labels": {
              "goog-terraform-provisioned": "true"
            },
            "enable_object_retention": false,
            "encryption": [],
            "force_destroy": false,
            "hierarchical_namespace": [
              {
                "enabled": false
              }
            ],
            "id": "personalhub13-brvectors-bucket",
            "ip_filter": [],
            "labels": {},
            "lifecycle_rule": [],
            "location": "US",
            "logging": [],
            "name": "personalhub13-brvectors-bucket",
            "project": "personalhub13",
            "project_number": 241432738087,
            "public_access_prevention": "inherited",
            "requester_pays": false,
            "retention_policy": [],
            "rpo": "DEFAULT",
            "self_link": "https://www.googleapis.com/storage/v1/b/personalhub13-brvectors-bucket",
            "soft_delete_policy": [
              {
                "effective_time": "2025-06-17T16:18:27.350Z",
                "retention_duration_seconds": 604800
              }
            ],
            "storage_class": "STANDARD",
            "terraform_labels": {
              "goog-terraform-provisioned": "true"
            },
            "time_created": "2025-06-17T16:18:27.350Z",
            "timeouts": null,
            "uniform_bucket_level_access": true,
            "updated": "2025-06-17T16:18:27.350Z",
            "url": "gs://personalhub13-brvectors-bucket",
            "versioning": [],
            "website": []
          },
          "sensitive_attributes": [],
          "identity_schema_version": 0,
          "private": "eyJlMmJmYjczMC1lY2FhLTExZTYtOGY4OC0zNDM2M2JjN2M0YzAiOnsiY3JlYXRlIjo2MDAwMDAwMDAwMDAsInJlYWQiOjI0MDAwMDAwMDAwMCwidXBkYXRlIjoyNDAwMDAwMDAwMDB9LCJzY2hlbWFfdmVyc2lvbiI6IjMifQ=="
        }
      ]
    },
    {
      "module": "module.datalake",
      "mode": "managed",
      "type": "google_storage_bucket",
      "name": "discovery_bucket",
      "provider": "provider[\"registry.terraform.io/hashicorp/google\"]",
      "instances": [
        {
          "schema_version": 3,
          "attributes": {
            "autoclass": [],
            "cors": [],
            "custom_placement_config": [],
            "default_event_based_hold": false,
            "effective_labels": {
              "goog-terraform-provisioned": "true"
            },
            "enable_object_retention": false,
            "encryption": [],
            "force_destroy": false,
            "hierarchical_namespace": [
              {
                "enabled": false
              }
            ],
            "id": "personalhub13-discovery-bucket",
            "ip_filter": [],
            "labels": {},
            "lifecycle_rule": [],
            "location": "US",
            "logging": [],
            "name": "personalhub13-discovery-bucket",
            "project": "personalhub13",
            "project_number": 241432738087,
            "public_access_prevention": "inherited",
            "requester_pays": false,
            "retention_policy": [],
            "rpo": "DEFAULT",
            "self_link": "https://www.googleapis.com/storage/v1/b/personalhub13-discovery-bucket",
            "soft_delete_policy": [
              {
                "effective_time": "2025-06-17T16:18:27.808Z",
                "retention_duration_seconds": 604800
              }
            ],
            "storage_class": "STANDARD",
            "terraform_labels": {
              "goog-terraform-provisioned": "true"
            },
            "time_created": "2025-06-17T16:18:27.808Z",
            "timeouts": null,
            "uniform_bucket_level_access": true,
            "updated": "2025-06-17T16:20:36.077Z",
            "url": "gs://personalhub13-discovery-bucket",
            "versioning": [],
            "website": []
          },
          "sensitive_attributes": [],
          "identity_schema_version": 0,
          "private": "eyJlMmJmYjczMC1lY2FhLTExZTYtOGY4OC0zNDM2M2JjN2M0YzAiOnsiY3JlYXRlIjo2MDAwMDAwMDAwMDAsInJlYWQiOjI0MDAwMDAwMDAwMCwidXBkYXRlIjoyNDAwMDAwMDAwMDB9LCJzY2hlbWFfdmVyc2lvbiI6IjMifQ=="
        }
      ]
    },
    {
      "module": "module.datalake",
      "mode": "managed",
      "type": "google_storage_bucket",
      "name": "geolayers_bucket",
      "provider": "provider[\"registry.terraform.io/hashicorp/google\"]",
      "instances": [
        {
          "schema_version": 3,
          "attributes": {
            "autoclass": [],
            "cors": [],
            "custom_placement_config": [],
            "default_event_based_hold": false,
            "effective_labels": {
              "goog-terraform-provisioned": "true"
            },
            "enable_object_retention": false,
            "encryption": [],
            "force_destroy": false,
            "hierarchical_namespace": [
              {
                "enabled": false
              }
            ],
            "id": "personalhub13-geolayers-bucket",
            "ip_filter": [],
            "labels": {},
            "lifecycle_rule": [],
            "location": "US",
            "logging": [],
            "name": "personalhub13-geolayers-bucket",
            "project": "personalhub13",
            "project_number": 241432738087,
            "public_access_prevention": "inherited",
            "requester_pays": false,
            "retention_policy": [],
            "rpo": "DEFAULT",
            "self_link": "https://www.googleapis.com/storage/v1/b/personalhub13-geolayers-bucket",
            "soft_delete_policy": [
              {
                "effective_time": "2025-06-17T16:18:27.426Z",
                "retention_duration_seconds": 604800
              }
            ],
            "storage_class": "STANDARD",
            "terraform_labels": {
              "goog-terraform-provisioned": "true"
            },
            "time_created": "2025-06-17T16:18:27.426Z",
            "timeouts": null,
            "uniform_bucket_level_access": true,
            "updated": "2025-06-17T16:18:27.426Z",
            "url": "gs://personalhub13-geolayers-bucket",
            "versioning": [],
            "website": []
          },
          "sensitive_attributes": [],
          "identity_schema_version": 0,
          "private": "eyJlMmJmYjczMC1lY2FhLTExZTYtOGY4OC0zNDM2M2JjN2M0YzAiOnsiY3JlYXRlIjo2MDAwMDAwMDAwMDAsInJlYWQiOjI0MDAwMDAwMDAwMCwidXBkYXRlIjoyNDAwMDAwMDAwMDB9LCJzY2hlbWFfdmVyc2lvbiI6IjMifQ=="
        }
      ]
    },
    {
      "module": "module.datawarehouse",
      "mode": "managed",
      "type": "google_dataform_repository",
      "name": "bqdataform_billinganalytics_repo",
      "provider": "provider[\"registry.terraform.io/hashicorp/google-beta\"]",
      "instances": [
        {
          "schema_version": 0,
          "attributes": {
            "deletion_policy": "DELETE",
            "display_name": "billing-dataform-repo",
            "effective_labels": {
              "goog-terraform-provisioned": "true"
            },
            "git_remote_settings": [
              {
                "authentication_token_secret_version": "projects/241432738087/secrets/gh-access-token-secret",
                "default_branch": "main",
                "ssh_authentication_config": [],
                "token_status": "",
                "url": "https://github.com/Gui-go/gcp_billing_analytics.git"
              }
            ],
            "id": "projects/personalhub13/locations/us-central1/repositories/billing-dataform-repo",
            "kms_key_name": "",
            "labels": {},
            "name": "billing-dataform-repo",
            "npmrc_environment_variables_secret_version": "",
            "project": "personalhub13",
            "region": "us-central1",
            "service_account": "dataform-sa@personalhub13.iam.gserviceaccount.com",
            "terraform_labels": {
              "goog-terraform-provisioned": "true"
            },
            "timeouts": null,
            "workspace_compilation_overrides": [
              {
                "default_database": "personalhub13",
                "schema_suffix": "",
                "table_prefix": ""
              }
            ]
          },
          "sensitive_attributes": [],
          "identity_schema_version": 0,
          "private": "eyJlMmJmYjczMC1lY2FhLTExZTYtOGY4OC0zNDM2M2JjN2M0YzAiOnsiY3JlYXRlIjoxMjAwMDAwMDAwMDAwLCJkZWxldGUiOjEyMDAwMDAwMDAwMDAsInVwZGF0ZSI6MTIwMDAwMDAwMDAwMH19",
          "dependencies": [
            "module.iam.google_service_account.customdataform_sa",
            "module.security.google_secret_manager_secret.gh_token_secret"
          ]
        }
      ]
    },
    {
      "module": "module.datawarehouse",
      "mode": "managed",
      "type": "google_dataform_repository",
      "name": "bqdataform_brvectos_repo",
      "provider": "provider[\"registry.terraform.io/hashicorp/google-beta\"]",
      "instances": [
        {
          "schema_version": 0,
          "attributes": {
            "deletion_policy": "DELETE",
            "display_name": "brvectors-dataform-repo",
            "effective_labels": {
              "goog-terraform-provisioned": "true"
            },
            "git_remote_settings": [
              {
                "authentication_token_secret_version": "projects/241432738087/secrets/gh-access-token-secret",
                "default_branch": "main",
                "ssh_authentication_config": [],
                "token_status": "",
                "url": "git@github.com:Gui-go/BRvectors.git"
              }
            ],
            "id": "projects/personalhub13/locations/us-central1/repositories/brvectors-dataform-repo",
            "kms_key_name": "",
            "labels": {},
            "name": "brvectors-dataform-repo",
            "npmrc_environment_variables_secret_version": "",
            "project": "personalhub13",
            "region": "us-central1",
            "service_account": "dataform-sa@personalhub13.iam.gserviceaccount.com",
            "terraform_labels": {
              "goog-terraform-provisioned": "true"
            },
            "timeouts": null,
            "workspace_compilation_overrides": [
              {
                "default_database": "personalhub13",
                "schema_suffix": "",
                "table_prefix": ""
              }
            ]
          },
          "sensitive_attributes": [],
          "identity_schema_version": 0,
          "private": "eyJlMmJmYjczMC1lY2FhLTExZTYtOGY4OC0zNDM2M2JjN2M0YzAiOnsiY3JlYXRlIjoxMjAwMDAwMDAwMDAwLCJkZWxldGUiOjEyMDAwMDAwMDAwMDAsInVwZGF0ZSI6MTIwMDAwMDAwMDAwMH19",
          "dependencies": [
            "module.iam.google_service_account.customdataform_sa",
            "module.security.google_secret_manager_secret.gh_token_secret"
          ]
        }
      ]
    },
    {
      "module": "module.datawarehouse",
      "mode": "managed",
      "type": "google_dataform_repository",
      "name": "bqdataform_geolayers_repo",
      "provider": "provider[\"registry.terraform.io/hashicorp/google-beta\"]",
      "instances": [
        {
          "schema_version": 0,
          "attributes": {
            "deletion_policy": "DELETE",
            "display_name": "geolayers-dataform-repo",
            "effective_labels": {
              "goog-terraform-provisioned": "true"
            },
            "git_remote_settings": [
              {
                "authentication_token_secret_version": "projects/241432738087/secrets/gh-access-token-secret",
                "default_branch": "main",
                "ssh_authentication_config": [],
                "token_status": "",
                "url": "https://github.com/Gui-go/GeoLayers.git"
              }
            ],
            "id": "projects/personalhub13/locations/us-central1/repositories/geolayers-dataform-repo",
            "kms_key_name": "",
            "labels": {},
            "name": "geolayers-dataform-repo",
            "npmrc_environment_variables_secret_version": "",
            "project": "personalhub13",
            "region": "us-central1",
            "service_account": "dataform-sa@personalhub13.iam.gserviceaccount.com",
            "terraform_labels": {
              "goog-terraform-provisioned": "true"
            },
            "timeouts": null,
            "workspace_compilation_overrides": [
              {
                "default_database": "personalhub13",
                "schema_suffix": "",
                "table_prefix": ""
              }
            ]
          },
          "sensitive_attributes": [],
          "identity_schema_version": 0,
          "private": "eyJlMmJmYjczMC1lY2FhLTExZTYtOGY4OC0zNDM2M2JjN2M0YzAiOnsiY3JlYXRlIjoxMjAwMDAwMDAwMDAwLCJkZWxldGUiOjEyMDAwMDAwMDAwMDAsInVwZGF0ZSI6MTIwMDAwMDAwMDAwMH19",
          "dependencies": [
            "module.iam.google_service_account.customdataform_sa",
            "module.security.google_secret_manager_secret.gh_token_secret"
          ]
        }
      ]
    },
    {
      "module": "module.discovery",
      "mode": "managed",
      "type": "google_discovery_engine_data_store",
      "name": "gwr_ds",
      "provider": "provider[\"registry.terraform.io/hashicorp/google\"]",
      "instances": [
        {
          "schema_version": 0,
          "attributes": {
            "advanced_site_search_config": [],
            "content_config": "CONTENT_REQUIRED",
            "create_advanced_site_search": false,
            "create_time": "2025-06-06T12:40:10.055789Z",
            "data_store_id": "gwr-ds",
            "default_schema_id": "default_schema",
            "display_name": "GWR References Data Store",
            "document_processing_config": [
              {
                "chunking_config": [],
                "default_parsing_config": [
                  {
                    "digital_parsing_config": [
                      {}
                    ],
                    "layout_parsing_config": [],
                    "ocr_parsing_config": []
                  }
                ],
                "name": "projects/241432738087/locations/global/collections/default_collection/dataStores/gwr-ds/documentProcessingConfig",
                "parsing_config_overrides": []
              }
            ],
            "id": "projects/personalhub13/locations/global/collections/default_collection/dataStores/gwr-ds",
            "industry_vertical": "GENERIC",
            "location": "global",
            "name": "projects/241432738087/locations/global/collections/default_collection/dataStores/gwr-ds",
            "project": "personalhub13",
            "skip_default_schema_creation": false,
            "solution_types": [
              "SOLUTION_TYPE_SEARCH"
            ],
            "timeouts": null
          },
          "sensitive_attributes": [],
          "identity_schema_version": 0,
          "private": "eyJlMmJmYjczMC1lY2FhLTExZTYtOGY4OC0zNDM2M2JjN2M0YzAiOnsiY3JlYXRlIjoxMjAwMDAwMDAwMDAwLCJkZWxldGUiOjEyMDAwMDAwMDAwMDAsInVwZGF0ZSI6MTIwMDAwMDAwMDAwMH19"
        }
      ]
    },
    {
      "module": "module.discovery",
      "mode": "managed",
      "type": "google_discovery_engine_data_store",
      "name": "migrationdynamics_ds",
      "provider": "provider[\"registry.terraform.io/hashicorp/google\"]",
      "instances": [
        {
          "schema_version": 0,
          "attributes": {
            "advanced_site_search_config": [],
            "content_config": "CONTENT_REQUIRED",
            "create_advanced_site_search": false,
            "create_time": "2025-06-06T12:40:10.363337Z",
            "data_store_id": "migrationdynamics-ds",
            "default_schema_id": "default_schema",
            "display_name": "Migration Dynamics Data Store",
            "document_processing_config": [
              {
                "chunking_config": [],
                "default_parsing_config": [
                  {
                    "digital_parsing_config": [
                      {}
                    ],
                    "layout_parsing_config": [],
                    "ocr_parsing_config": []
                  }
                ],
                "name": "projects/241432738087/locations/global/collections/default_collection/dataStores/migrationdynamics-ds/documentProcessingConfig",
                "parsing_config_overrides": []
              }
            ],
            "id": "projects/personalhub13/locations/global/collections/default_collection/dataStores/migrationdynamics-ds",
            "industry_vertical": "GENERIC",
            "location": "global",
            "name": "projects/241432738087/locations/global/collections/default_collection/dataStores/migrationdynamics-ds",
            "project": "personalhub13",
            "skip_default_schema_creation": false,
            "solution_types": [
              "SOLUTION_TYPE_SEARCH"
            ],
            "timeouts": null
          },
          "sensitive_attributes": [],
          "identity_schema_version": 0,
          "private": "eyJlMmJmYjczMC1lY2FhLTExZTYtOGY4OC0zNDM2M2JjN2M0YzAiOnsiY3JlYXRlIjoxMjAwMDAwMDAwMDAwLCJkZWxldGUiOjEyMDAwMDAwMDAwMDAsInVwZGF0ZSI6MTIwMDAwMDAwMDAwMH19"
        }
      ]
    },
    {
      "module": "module.discovery",
      "mode": "managed",
      "type": "google_discovery_engine_data_store",
      "name": "virtualguigo_ds",
      "provider": "provider[\"registry.terraform.io/hashicorp/google\"]",
      "instances": [
        {
          "schema_version": 0,
          "attributes": {
            "advanced_site_search_config": [],
            "content_config": "CONTENT_REQUIRED",
            "create_advanced_site_search": false,
            "create_time": "2025-06-06T12:40:10.162083Z",
            "data_store_id": "virtualguigo-ds",
            "default_schema_id": "default_schema",
            "display_name": "Virtual Guigo Data Store",
            "document_processing_config": [
              {
                "chunking_config": [],
                "default_parsing_config": [
                  {
                    "digital_parsing_config": [
                      {}
                    ],
                    "layout_parsing_config": [],
                    "ocr_parsing_config": []
                  }
                ],
                "name": "projects/241432738087/locations/global/collections/default_collection/dataStores/virtualguigo-ds/documentProcessingConfig",
                "parsing_config_overrides": []
              }
            ],
            "id": "projects/personalhub13/locations/global/collections/default_collection/dataStores/virtualguigo-ds",
            "industry_vertical": "GENERIC",
            "location": "global",
            "name": "projects/241432738087/locations/global/collections/default_collection/dataStores/virtualguigo-ds",
            "project": "personalhub13",
            "skip_default_schema_creation": false,
            "solution_types": [
              "SOLUTION_TYPE_SEARCH"
            ],
            "timeouts": null
          },
          "sensitive_attributes": [],
          "identity_schema_version": 0,
          "private": "eyJlMmJmYjczMC1lY2FhLTExZTYtOGY4OC0zNDM2M2JjN2M0YzAiOnsiY3JlYXRlIjoxMjAwMDAwMDAwMDAwLCJkZWxldGUiOjEyMDAwMDAwMDAwMDAsInVwZGF0ZSI6MTIwMDAwMDAwMDAwMH19"
        }
      ]
    },
    {
      "module": "module.discovery",
      "mode": "managed",
      "type": "google_discovery_engine_search_engine",
      "name": "gwr_searchengine",
      "provider": "provider[\"registry.terraform.io/hashicorp/google\"]",
      "instances": [
        {
          "schema_version": 0,
          "attributes": {
            "collection_id": "default_collection",
            "common_config": [
              {
                "company_name": "Guigo"
              }
            ],
            "create_time": "",
            "data_store_ids": [
              "gwr-ds"
            ],
            "display_name": "GWR Search Engine",
            "engine_id": "gwr-se",
            "id": "projects/personalhub13/locations/global/collections/default_collection/engines/gwr-se",
            "industry_vertical": "GENERIC",
            "location": "global",
            "name": "projects/241432738087/locations/global/collections/default_collection/engines/gwr-se",
            "project": "personalhub13",
            "search_engine_config": [
              {
                "search_add_ons": [
                  "SEARCH_ADD_ON_LLM"
                ],
                "search_tier": "SEARCH_TIER_STANDARD"
              }
            ],
            "timeouts": null,
            "update_time": ""
          },
          "sensitive_attributes": [],
          "identity_schema_version": 0,
          "private": "eyJlMmJmYjczMC1lY2FhLTExZTYtOGY4OC0zNDM2M2JjN2M0YzAiOnsiY3JlYXRlIjoxMjAwMDAwMDAwMDAwLCJkZWxldGUiOjEyMDAwMDAwMDAwMDAsInVwZGF0ZSI6MTIwMDAwMDAwMDAwMH19",
          "dependencies": [
            "module.discovery.google_discovery_engine_data_store.gwr_ds"
          ]
        }
      ]
    },
    {
      "module": "module.discovery",
      "mode": "managed",
      "type": "google_discovery_engine_search_engine",
      "name": "migrationdynamics_searchengine",
      "provider": "provider[\"registry.terraform.io/hashicorp/google\"]",
      "instances": [
        {
          "schema_version": 0,
          "attributes": {
            "collection_id": "default_collection",
            "common_config": [
              {
                "company_name": "Guigo"
              }
            ],
            "create_time": "",
            "data_store_ids": [
              "migrationdynamics-ds"
            ],
            "display_name": "Migration Dynamics Search Engine",
            "engine_id": "migrationdynamics-se",
            "id": "projects/personalhub13/locations/global/collections/default_collection/engines/migrationdynamics-se",
            "industry_vertical": "GENERIC",
            "location": "global",
            "name": "projects/241432738087/locations/global/collections/default_collection/engines/migrationdynamics-se",
            "project": "personalhub13",
            "search_engine_config": [
              {
                "search_add_ons": [
                  "SEARCH_ADD_ON_LLM"
                ],
                "search_tier": "SEARCH_TIER_STANDARD"
              }
            ],
            "timeouts": null,
            "update_time": ""
          },
          "sensitive_attributes": [],
          "identity_schema_version": 0,
          "private": "eyJlMmJmYjczMC1lY2FhLTExZTYtOGY4OC0zNDM2M2JjN2M0YzAiOnsiY3JlYXRlIjoxMjAwMDAwMDAwMDAwLCJkZWxldGUiOjEyMDAwMDAwMDAwMDAsInVwZGF0ZSI6MTIwMDAwMDAwMDAwMH19",
          "dependencies": [
            "module.discovery.google_discovery_engine_data_store.migrationdynamics_ds"
          ]
        }
      ]
    },
    {
      "module": "module.discovery",
      "mode": "managed",
      "type": "google_discovery_engine_search_engine",
      "name": "virtualguigo_searchengine",
      "provider": "provider[\"registry.terraform.io/hashicorp/google\"]",
      "instances": [
        {
          "schema_version": 0,
          "attributes": {
            "collection_id": "default_collection",
            "common_config": [
              {
                "company_name": "Guigo"
              }
            ],
            "create_time": "",
            "data_store_ids": [
              "virtualguigo-ds"
            ],
            "display_name": "Virtual Guigo Search Engine",
            "engine_id": "virtualguigo-se",
            "id": "projects/personalhub13/locations/global/collections/default_collection/engines/virtualguigo-se",
            "industry_vertical": "GENERIC",
            "location": "global",
            "name": "projects/241432738087/locations/global/collections/default_collection/engines/virtualguigo-se",
            "project": "personalhub13",
            "search_engine_config": [
              {
                "search_add_ons": [
                  "SEARCH_ADD_ON_LLM"
                ],
                "search_tier": "SEARCH_TIER_STANDARD"
              }
            ],
            "timeouts": null,
            "update_time": ""
          },
          "sensitive_attributes": [],
          "identity_schema_version": 0,
          "private": "eyJlMmJmYjczMC1lY2FhLTExZTYtOGY4OC0zNDM2M2JjN2M0YzAiOnsiY3JlYXRlIjoxMjAwMDAwMDAwMDAwLCJkZWxldGUiOjEyMDAwMDAwMDAwMDAsInVwZGF0ZSI6MTIwMDAwMDAwMDAwMH19",
          "dependencies": [
            "module.discovery.google_discovery_engine_data_store.virtualguigo_ds"
          ]
        }
      ]
    },
    {
      "module": "module.iam",
      "mode": "managed",
      "type": "google_bigquery_connection",
      "name": "bq_gemini_connection",
      "provider": "provider[\"registry.terraform.io/hashicorp/google\"]",
      "instances": [
        {
          "schema_version": 0,
          "attributes": {
            "aws": [],
            "azure": [],
            "cloud_resource": [
              {
                "service_account_id": "bqcx-241432738087-furm@gcp-sa-bigquery-condel.iam.gserviceaccount.com"
              }
            ],
            "cloud_spanner": [],
            "cloud_sql": [],
            "connection_id": "bq_gemini_connection",
            "description": "",
            "friendly_name": "",
            "has_credential": false,
            "id": "projects/personalhub13/locations/US/connections/bq_gemini_connection",
            "kms_key_name": "",
            "location": "US",
            "name": "projects/241432738087/locations/us/connections/bq_gemini_connection",
            "project": "personalhub13",
            "spark": [],
            "timeouts": null
          },
          "sensitive_attributes": [],
          "identity_schema_version": 0,
          "private": "eyJlMmJmYjczMC1lY2FhLTExZTYtOGY4OC0zNDM2M2JjN2M0YzAiOnsiY3JlYXRlIjoxMjAwMDAwMDAwMDAwLCJkZWxldGUiOjEyMDAwMDAwMDAwMDAsInVwZGF0ZSI6MTIwMDAwMDAwMDAwMH19"
        }
      ]
    },
    {
      "module": "module.iam",
      "mode": "managed",
      "type": "google_bigquery_connection_iam_member",
      "name": "dataform_can_use_connection",
      "provider": "provider[\"registry.terraform.io/hashicorp/google\"]",
      "instances": [
        {
          "schema_version": 0,
          "attributes": {
            "condition": [],
            "connection_id": "projects/personalhub13/locations/US/connections/bq_gemini_connection",
            "etag": "BwY3snmFwxk=",
            "id": "projects/personalhub13/locations/US/connections/bq_gemini_connection/roles/bigquery.connectionUser/serviceAccount:dataform-sa@personalhub13.iam.gserviceaccount.com",
            "location": "US",
            "member": "serviceAccount:dataform-sa@personalhub13.iam.gserviceaccount.com",
            "project": "personalhub13",
            "role": "roles/bigquery.connectionUser"
          },
          "sensitive_attributes": [],
          "identity_schema_version": 0,
          "private": "bnVsbA==",
          "dependencies": [
            "module.iam.google_bigquery_connection.bq_gemini_connection",
            "module.iam.google_service_account.customdataform_sa"
          ]
        }
      ]
    },
    {
      "module": "module.iam",
      "mode": "managed",
      "type": "google_cloud_run_service_iam_member",
      "name": "portfolio_invoker_iam_member",
      "provider": "provider[\"registry.terraform.io/hashicorp/google\"]",
      "instances": [
        {
          "schema_version": 0,
          "attributes": {
            "condition": [],
            "etag": "BwY3wz3Oolk=",
            "id": "v1/projects/personalhub13/locations/us-central1/services/portfolio-run/roles/run.invoker/allUsers",
            "location": "us-central1",
            "member": "allUsers",
            "project": "personalhub13",
            "role": "roles/run.invoker",
            "service": "v1/projects/personalhub13/locations/us-central1/services/portfolio-run"
          },
          "sensitive_attributes": [],
          "identity_schema_version": 0,
          "private": "bnVsbA==",
          "dependencies": [
            "module.compute.google_cloud_run_v2_service.run_portfolio",
            "module.iam.google_service_account.portfolio_sa",
            "module.network.google_compute_network.vpc_net",
            "module.network.google_vpc_access_connector.run_connector"
          ]
        }
      ]
    },
    {
      "module": "module.iam",
      "mode": "managed",
      "type": "google_cloud_run_service_iam_member",
      "name": "public_access",
      "provider": "provider[\"registry.terraform.io/hashicorp/google\"]",
      "instances": [
        {
          "schema_version": 0,
          "attributes": {
            "condition": [],
            "etag": "BwY3ozx+UCQ=",
            "id": "v1/projects/personalhub13/locations/us-central1/services/fastapi-run/roles/run.invoker/serviceAccount:portfolio-sa@personalhub13.iam.gserviceaccount.com",
            "location": "us-central1",
            "member": "serviceAccount:portfolio-sa@personalhub13.iam.gserviceaccount.com",
            "project": "personalhub13",
            "role": "roles/run.invoker",
            "service": "v1/projects/personalhub13/locations/us-central1/services/fastapi-run"
          },
          "sensitive_attributes": [],
          "identity_schema_version": 0,
          "private": "bnVsbA==",
          "dependencies": [
            "module.compute.google_cloud_run_v2_service.run_fastapi",
            "module.iam.google_service_account.fastapi_sa",
            "module.iam.google_service_account.portfolio_sa",
            "module.network.google_compute_network.vpc_net",
            "module.network.google_vpc_access_connector.run_connector"
          ]
        }
      ]
    },
    {
      "module": "module.iam",
      "mode": "managed",
      "type": "google_project_iam_member",
      "name": "artifact_registry_writer_iam_member",
      "provider": "provider[\"registry.terraform.io/hashicorp/google\"]",
      "instances": [
        {
          "schema_version": 0,
          "attributes": {
            "condition": [],
            "etag": "BwY3otvwrOs=",
            "id": "personalhub13/roles/artifactregistry.writer/serviceAccount:github-actions-sa@personalhub13.iam.gserviceaccount.com",
            "member": "serviceAccount:github-actions-sa@personalhub13.iam.gserviceaccount.com",
            "project": "personalhub13",
            "role": "roles/artifactregistry.writer"
          },
          "sensitive_attributes": [],
          "identity_schema_version": 0,
          "private": "bnVsbA==",
          "dependencies": [
            "module.iam.google_service_account.githubactions_sa"
          ]
        }
      ]
    },
    {
      "module": "module.iam",
      "mode": "managed",
      "type": "google_project_iam_member",
      "name": "bigquery_admin",
      "provider": "provider[\"registry.terraform.io/hashicorp/google\"]",
      "instances": [
        {
          "schema_version": 0,
          "attributes": {
            "condition": [],
            "etag": "BwY3otvwrOs=",
            "id": "personalhub13/roles/bigquery.admin/serviceAccount:fastapi-sa@personalhub13.iam.gserviceaccount.com",
            "member": "serviceAccount:fastapi-sa@personalhub13.iam.gserviceaccount.com",
            "project": "personalhub13",
            "role": "roles/bigquery.admin"
          },
          "sensitive_attributes": [],
          "identity_schema_version": 0,
          "private": "bnVsbA==",
          "dependencies": [
            "module.iam.google_service_account.fastapi_sa"
          ]
        }
      ]
    },
    {
      "module": "module.iam",
      "mode": "managed",
      "type": "google_project_iam_member",
      "name": "bigquery_data_viewer",
      "provider": "provider[\"registry.terraform.io/hashicorp/google\"]",
      "instances": [
        {
          "schema_version": 0,
          "attributes": {
            "condition": [],
            "etag": "BwY3otvwrOs=",
            "id": "personalhub13/roles/bigquery.dataViewer/serviceAccount:fastapi-sa@personalhub13.iam.gserviceaccount.com",
            "member": "serviceAccount:fastapi-sa@personalhub13.iam.gserviceaccount.com",
            "project": "personalhub13",
            "role": "roles/bigquery.dataViewer"
          },
          "sensitive_attributes": [],
          "identity_schema_version": 0,
          "private": "bnVsbA==",
          "dependencies": [
            "module.iam.google_service_account.fastapi_sa"
          ]
        }
      ]
    },
    {
      "module": "module.iam",
      "mode": "managed",
      "type": "google_project_iam_member",
      "name": "bigquery_job_user",
      "provider": "provider[\"registry.terraform.io/hashicorp/google\"]",
      "instances": [
        {
          "schema_version": 0,
          "attributes": {
            "condition": [],
            "etag": "BwY3otvwrOs=",
            "id": "personalhub13/roles/bigquery.jobUser/serviceAccount:fastapi-sa@personalhub13.iam.gserviceaccount.com",
            "member": "serviceAccount:fastapi-sa@personalhub13.iam.gserviceaccount.com",
            "project": "personalhub13",
            "role": "roles/bigquery.jobUser"
          },
          "sensitive_attributes": [],
          "identity_schema_version": 0,
          "private": "bnVsbA==",
          "dependencies": [
            "module.iam.google_service_account.fastapi_sa"
          ]
        }
      ]
    },
    {
      "module": "module.iam",
      "mode": "managed",
      "type": "google_project_iam_member",
      "name": "customdataform_sa_bigquery_job_user",
      "provider": "provider[\"registry.terraform.io/hashicorp/google\"]",
      "instances": [
        {
          "schema_version": 0,
          "attributes": {
            "condition": [],
            "etag": "BwY3otvwrOs=",
            "id": "personalhub13/roles/bigquery.jobUser/serviceAccount:dataform-sa@personalhub13.iam.gserviceaccount.com",
            "member": "serviceAccount:dataform-sa@personalhub13.iam.gserviceaccount.com",
            "project": "personalhub13",
            "role": "roles/bigquery.jobUser"
          },
          "sensitive_attributes": [],
          "identity_schema_version": 0,
          "private": "bnVsbA==",
          "dependencies": [
            "module.iam.google_service_account.customdataform_sa"
          ]
        }
      ]
    },
    {
      "module": "module.iam",
      "mode": "managed",
      "type": "google_project_iam_member",
      "name": "customdataform_sa_bq_data_viewer",
      "provider": "provider[\"registry.terraform.io/hashicorp/google\"]",
      "instances": [
        {
          "schema_version": 0,
          "attributes": {
            "condition": [],
            "etag": "BwY3otvwrOs=",
            "id": "personalhub13/roles/bigquery.dataViewer/serviceAccount:dataform-sa@personalhub13.iam.gserviceaccount.com",
            "member": "serviceAccount:dataform-sa@personalhub13.iam.gserviceaccount.com",
            "project": "personalhub13",
            "role": "roles/bigquery.dataViewer"
          },
          "sensitive_attributes": [],
          "identity_schema_version": 0,
          "private": "bnVsbA==",
          "dependencies": [
            "module.iam.google_service_account.customdataform_sa"
          ]
        }
      ]
    },
    {
      "module": "module.iam",
      "mode": "managed",
      "type": "google_project_iam_member",
      "name": "customdataform_sa_bq_object_viewer",
      "provider": "provider[\"registry.terraform.io/hashicorp/google\"]",
      "instances": [
        {
          "schema_version": 0,
          "attributes": {
            "condition": [],
            "etag": "BwY3otvwrOs=",
            "id": "personalhub13/roles/storage.objectViewer/serviceAccount:dataform-sa@personalhub13.iam.gserviceaccount.com",
            "member": "serviceAccount:dataform-sa@personalhub13.iam.gserviceaccount.com",
            "project": "personalhub13",
            "role": "roles/storage.objectViewer"
          },
          "sensitive_attributes": [],
          "identity_schema_version": 0,
          "private": "bnVsbA==",
          "dependencies": [
            "module.iam.google_service_account.customdataform_sa"
          ]
        }
      ]
    },
    {
      "module": "module.iam",
      "mode": "managed",
      "type": "google_project_iam_member",
      "name": "customdataform_sa_bq_table_create",
      "provider": "provider[\"registry.terraform.io/hashicorp/google\"]",
      "instances": [
        {
          "schema_version": 0,
          "attributes": {
            "condition": [],
            "etag": "BwY3otvwrOs=",
            "id": "personalhub13/roles/bigquery.dataEditor/serviceAccount:dataform-sa@personalhub13.iam.gserviceaccount.com",
            "member": "serviceAccount:dataform-sa@personalhub13.iam.gserviceaccount.com",
            "project": "personalhub13",
            "role": "roles/bigquery.dataEditor"
          },
          "sensitive_attributes": [],
          "identity_schema_version": 0,
          "private": "bnVsbA==",
          "dependencies": [
            "module.iam.google_service_account.customdataform_sa"
          ]
        }
      ]
    },
    {
      "module": "module.iam",
      "mode": "managed",
      "type": "google_project_iam_member",
      "name": "customdataform_sa_secret_manager_secret_accessor",
      "provider": "provider[\"registry.terraform.io/hashicorp/google\"]",
      "instances": [
        {
          "schema_version": 0,
          "attributes": {
            "condition": [],
            "etag": "BwY3otvwrOs=",
            "id": "personalhub13/roles/iam.serviceAccountTokenCreator/serviceAccount:dataform-sa@personalhub13.iam.gserviceaccount.com",
            "member": "serviceAccount:dataform-sa@personalhub13.iam.gserviceaccount.com",
            "project": "personalhub13",
            "role": "roles/iam.serviceAccountTokenCreator"
          },
          "sensitive_attributes": [],
          "identity_schema_version": 0,
          "private": "bnVsbA==",
          "dependencies": [
            "module.iam.google_service_account.customdataform_sa"
          ]
        }
      ]
    },
    {
      "module": "module.iam",
      "mode": "managed",
      "type": "google_project_iam_member",
      "name": "gcpdataform_sa_bq_data_editor",
      "provider": "provider[\"registry.terraform.io/hashicorp/google\"]",
      "instances": [
        {
          "schema_version": 0,
          "attributes": {
            "condition": [],
            "etag": "BwY3otvwrOs=",
            "id": "personalhub13/roles/bigquery.dataEditor/serviceAccount:service-241432738087@gcp-sa-dataform.iam.gserviceaccount.com",
            "member": "serviceAccount:service-241432738087@gcp-sa-dataform.iam.gserviceaccount.com",
            "project": "personalhub13",
            "role": "roles/bigquery.dataEditor"
          },
          "sensitive_attributes": [],
          "identity_schema_version": 0,
          "private": "bnVsbA=="
        }
      ]
    },
    {
      "module": "module.iam",
      "mode": "managed",
      "type": "google_project_iam_member",
      "name": "gcpdataform_sa_bq_data_viewer",
      "provider": "provider[\"registry.terraform.io/hashicorp/google\"]",
      "instances": [
        {
          "schema_version": 0,
          "attributes": {
            "condition": [],
            "etag": "BwY3otvwrOs=",
            "id": "personalhub13/roles/bigquery.dataViewer/serviceAccount:service-241432738087@gcp-sa-dataform.iam.gserviceaccount.com",
            "member": "serviceAccount:service-241432738087@gcp-sa-dataform.iam.gserviceaccount.com",
            "project": "personalhub13",
            "role": "roles/bigquery.dataViewer"
          },
          "sensitive_attributes": [],
          "identity_schema_version": 0,
          "private": "bnVsbA=="
        }
      ]
    },
    {
      "module": "module.iam",
      "mode": "managed",
      "type": "google_project_iam_member",
      "name": "gcpdataform_sa_bq_job_user",
      "provider": "provider[\"registry.terraform.io/hashicorp/google\"]",
      "instances": [
        {
          "schema_version": 0,
          "attributes": {
            "condition": [],
            "etag": "BwY3otvwrOs=",
            "id": "personalhub13/roles/bigquery.jobUser/serviceAccount:service-241432738087@gcp-sa-dataform.iam.gserviceaccount.com",
            "member": "serviceAccount:service-241432738087@gcp-sa-dataform.iam.gserviceaccount.com",
            "project": "personalhub13",
            "role": "roles/bigquery.jobUser"
          },
          "sensitive_attributes": [],
          "identity_schema_version": 0,
          "private": "bnVsbA=="
        }
      ]
    },
    {
      "module": "module.iam",
      "mode": "managed",
      "type": "google_project_iam_member",
      "name": "gcpdataform_sa_secret_manager",
      "provider": "provider[\"registry.terraform.io/hashicorp/google\"]",
      "instances": [
        {
          "schema_version": 0,
          "attributes": {
            "condition": [],
            "etag": "BwY3otvwrOs=",
            "id": "personalhub13/roles/secretmanager.secretAccessor/serviceAccount:service-241432738087@gcp-sa-dataform.iam.gserviceaccount.com",
            "member": "serviceAccount:service-241432738087@gcp-sa-dataform.iam.gserviceaccount.com",
            "project": "personalhub13",
            "role": "roles/secretmanager.secretAccessor"
          },
          "sensitive_attributes": [],
          "identity_schema_version": 0,
          "private": "bnVsbA=="
        }
      ]
    },
    {
      "module": "module.iam",
      "mode": "managed",
      "type": "google_project_iam_member",
      "name": "gcpdataform_sa_token_creator",
      "provider": "provider[\"registry.terraform.io/hashicorp/google\"]",
      "instances": [
        {
          "schema_version": 0,
          "attributes": {
            "condition": [],
            "etag": "BwY3otvwrOs=",
            "id": "personalhub13/roles/iam.serviceAccountTokenCreator/serviceAccount:service-241432738087@gcp-sa-dataform.iam.gserviceaccount.com",
            "member": "serviceAccount:service-241432738087@gcp-sa-dataform.iam.gserviceaccount.com",
            "project": "personalhub13",
            "role": "roles/iam.serviceAccountTokenCreator"
          },
          "sensitive_attributes": [],
          "identity_schema_version": 0,
          "private": "bnVsbA=="
        }
      ]
    },
    {
      "module": "module.iam",
      "mode": "managed",
      "type": "google_project_iam_member",
      "name": "run_admin_iam_member",
      "provider": "provider[\"registry.terraform.io/hashicorp/google\"]",
      "instances": [
        {
          "schema_version": 0,
          "attributes": {
            "condition": [],
            "etag": "BwY3otvwrOs=",
            "id": "personalhub13/roles/run.admin/serviceAccount:github-actions-sa@personalhub13.iam.gserviceaccount.com",
            "member": "serviceAccount:github-actions-sa@personalhub13.iam.gserviceaccount.com",
            "project": "personalhub13",
            "role": "roles/run.admin"
          },
          "sensitive_attributes": [],
          "identity_schema_version": 0,
          "private": "bnVsbA==",
          "dependencies": [
            "module.iam.google_service_account.githubactions_sa"
          ]
        }
      ]
    },
    {
      "module": "module.iam",
      "mode": "managed",
      "type": "google_project_iam_member",
      "name": "security_admin_iam_member",
      "provider": "provider[\"registry.terraform.io/hashicorp/google\"]",
      "instances": [
        {
          "schema_version": 0,
          "attributes": {
            "condition": [],
            "etag": "BwY3otvwrOs=",
            "id": "personalhub13/roles/iam.securityAdmin/serviceAccount:github-actions-sa@personalhub13.iam.gserviceaccount.com",
            "member": "serviceAccount:github-actions-sa@personalhub13.iam.gserviceaccount.com",
            "project": "personalhub13",
            "role": "roles/iam.securityAdmin"
          },
          "sensitive_attributes": [],
          "identity_schema_version": 0,
          "private": "bnVsbA==",
          "dependencies": [
            "module.iam.google_service_account.githubactions_sa"
          ]
        }
      ]
    },
    {
      "module": "module.iam",
      "mode": "managed",
      "type": "google_project_iam_member",
      "name": "service_account_user_iam_member",
      "provider": "provider[\"registry.terraform.io/hashicorp/google\"]",
      "instances": [
        {
          "schema_version": 0,
          "attributes": {
            "condition": [],
            "etag": "BwY3otvwrOs=",
            "id": "personalhub13/roles/iam.serviceAccountUser/serviceAccount:github-actions-sa@personalhub13.iam.gserviceaccount.com",
            "member": "serviceAccount:github-actions-sa@personalhub13.iam.gserviceaccount.com",
            "project": "personalhub13",
            "role": "roles/iam.serviceAccountUser"
          },
          "sensitive_attributes": [],
          "identity_schema_version": 0,
          "private": "bnVsbA==",
          "dependencies": [
            "module.iam.google_service_account.githubactions_sa"
          ]
        }
      ]
    },
    {
      "module": "module.iam",
      "mode": "managed",
      "type": "google_project_iam_member",
      "name": "storage_admin_iam_member",
      "provider": "provider[\"registry.terraform.io/hashicorp/google\"]",
      "instances": [
        {
          "schema_version": 0,
          "attributes": {
            "condition": [],
            "etag": "BwY3otvwrOs=",
            "id": "personalhub13/roles/storage.admin/serviceAccount:github-actions-sa@personalhub13.iam.gserviceaccount.com",
            "member": "serviceAccount:github-actions-sa@personalhub13.iam.gserviceaccount.com",
            "project": "personalhub13",
            "role": "roles/storage.admin"
          },
          "sensitive_attributes": [],
          "identity_schema_version": 0,
          "private": "bnVsbA==",
          "dependencies": [
            "module.iam.google_service_account.githubactions_sa"
          ]
        }
      ]
    },
    {
      "module": "module.iam",
      "mode": "managed",
      "type": "google_project_iam_member",
      "name": "storage_object_viewer",
      "provider": "provider[\"registry.terraform.io/hashicorp/google\"]",
      "instances": [
        {
          "schema_version": 0,
          "attributes": {
            "condition": [],
            "etag": "BwY3otvwrOs=",
            "id": "personalhub13/roles/storage.objectViewer/serviceAccount:fastapi-sa@personalhub13.iam.gserviceaccount.com",
            "member": "serviceAccount:fastapi-sa@personalhub13.iam.gserviceaccount.com",
            "project": "personalhub13",
            "role": "roles/storage.objectViewer"
          },
          "sensitive_attributes": [],
          "identity_schema_version": 0,
          "private": "bnVsbA==",
          "dependencies": [
            "module.iam.google_service_account.fastapi_sa"
          ]
        }
      ]
    },
    {
      "module": "module.iam",
      "mode": "managed",
      "type": "google_project_iam_member",
      "name": "terraform_sa_owner_iam_member",
      "provider": "provider[\"registry.terraform.io/hashicorp/google\"]",
      "instances": [
        {
          "schema_version": 0,
          "attributes": {
            "condition": [],
            "etag": "BwY3otvwrOs=",
            "id": "personalhub13/roles/owner/serviceAccount:terraform-sa@personalhub13.iam.gserviceaccount.com",
            "member": "serviceAccount:terraform-sa@personalhub13.iam.gserviceaccount.com",
            "project": "personalhub13",
            "role": "roles/owner"
          },
          "sensitive_attributes": [],
          "identity_schema_version": 0,
          "private": "bnVsbA==",
          "dependencies": [
            "module.iam.google_service_account.terraform_sa"
          ]
        }
      ]
    },
    {
      "module": "module.iam",
      "mode": "managed",
      "type": "google_project_iam_member",
      "name": "vertex_ai_user",
      "provider": "provider[\"registry.terraform.io/hashicorp/google\"]",
      "instances": [
        {
          "schema_version": 0,
          "attributes": {
            "condition": [],
            "etag": "BwY3otvwrOs=",
            "id": "personalhub13/roles/aiplatform.user/serviceAccount:bqcx-241432738087-furm@gcp-sa-bigquery-condel.iam.gserviceaccount.com",
            "member": "serviceAccount:bqcx-241432738087-furm@gcp-sa-bigquery-condel.iam.gserviceaccount.com",
            "project": "personalhub13",
            "role": "roles/aiplatform.user"
          },
          "sensitive_attributes": [],
          "identity_schema_version": 0,
          "private": "bnVsbA==",
          "dependencies": [
            "module.iam.google_bigquery_connection.bq_gemini_connection"
          ]
        }
      ]
    },
    {
      "module": "module.iam",
      "mode": "managed",
      "type": "google_service_account",
      "name": "customdataform_sa",
      "provider": "provider[\"registry.terraform.io/hashicorp/google\"]",
      "instances": [
        {
          "schema_version": 0,
          "attributes": {
            "account_id": "dataform-sa",
            "create_ignore_already_exists": null,
            "description": "",
            "disabled": false,
            "display_name": "Dataform SA",
            "email": "dataform-sa@personalhub13.iam.gserviceaccount.com",
            "id": "projects/personalhub13/serviceAccounts/dataform-sa@personalhub13.iam.gserviceaccount.com",
            "member": "serviceAccount:dataform-sa@personalhub13.iam.gserviceaccount.com",
            "name": "projects/personalhub13/serviceAccounts/dataform-sa@personalhub13.iam.gserviceaccount.com",
            "project": "personalhub13",
            "timeouts": null,
            "unique_id": "108777478882136122142"
          },
          "sensitive_attributes": [],
          "identity_schema_version": 0,
          "private": "eyJlMmJmYjczMC1lY2FhLTExZTYtOGY4OC0zNDM2M2JjN2M0YzAiOnsiY3JlYXRlIjozMDAwMDAwMDAwMDB9fQ=="
        }
      ]
    },
    {
      "module": "module.iam",
      "mode": "managed",
      "type": "google_service_account",
      "name": "fastapi_sa",
      "provider": "provider[\"registry.terraform.io/hashicorp/google\"]",
      "instances": [
        {
          "schema_version": 0,
          "attributes": {
            "account_id": "fastapi-sa",
            "create_ignore_already_exists": null,
            "description": "Service Account for FastAPI Cloud Run Service",
            "disabled": false,
            "display_name": "FastAPI Service Account",
            "email": "fastapi-sa@personalhub13.iam.gserviceaccount.com",
            "id": "projects/personalhub13/serviceAccounts/fastapi-sa@personalhub13.iam.gserviceaccount.com",
            "member": "serviceAccount:fastapi-sa@personalhub13.iam.gserviceaccount.com",
            "name": "projects/personalhub13/serviceAccounts/fastapi-sa@personalhub13.iam.gserviceaccount.com",
            "project": "personalhub13",
            "timeouts": null,
            "unique_id": "115209418425966822612"
          },
          "sensitive_attributes": [],
          "identity_schema_version": 0,
          "private": "eyJlMmJmYjczMC1lY2FhLTExZTYtOGY4OC0zNDM2M2JjN2M0YzAiOnsiY3JlYXRlIjozMDAwMDAwMDAwMDB9fQ==",
          "create_before_destroy": true
        }
      ]
    },
    {
      "module": "module.iam",
      "mode": "managed",
      "type": "google_service_account",
      "name": "githubactions_sa",
      "provider": "provider[\"registry.terraform.io/hashicorp/google\"]",
      "instances": [
        {
          "schema_version": 0,
          "attributes": {
            "account_id": "github-actions-sa",
            "create_ignore_already_exists": null,
            "description": "Service Account for Deployment via GitHub Actions",
            "disabled": false,
            "display_name": "GitHub Actions Service Account",
            "email": "github-actions-sa@personalhub13.iam.gserviceaccount.com",
            "id": "projects/personalhub13/serviceAccounts/github-actions-sa@personalhub13.iam.gserviceaccount.com",
            "member": "serviceAccount:github-actions-sa@personalhub13.iam.gserviceaccount.com",
            "name": "projects/personalhub13/serviceAccounts/github-actions-sa@personalhub13.iam.gserviceaccount.com",
            "project": "personalhub13",
            "timeouts": null,
            "unique_id": "115120081767010049469"
          },
          "sensitive_attributes": [],
          "identity_schema_version": 0,
          "private": "eyJlMmJmYjczMC1lY2FhLTExZTYtOGY4OC0zNDM2M2JjN2M0YzAiOnsiY3JlYXRlIjozMDAwMDAwMDAwMDB9fQ=="
        }
      ]
    },
    {
      "module": "module.iam",
      "mode": "managed",
      "type": "google_service_account",
      "name": "portfolio_sa",
      "provider": "provider[\"registry.terraform.io/hashicorp/google\"]",
      "instances": [
        {
          "schema_version": 0,
          "attributes": {
            "account_id": "portfolio-sa",
            "create_ignore_already_exists": null,
            "description": "Service Account for Portfolio Cloud Run Service",
            "disabled": false,
            "display_name": "Portfolio Service Account",
            "email": "portfolio-sa@personalhub13.iam.gserviceaccount.com",
            "id": "projects/personalhub13/serviceAccounts/portfolio-sa@personalhub13.iam.gserviceaccount.com",
            "member": "serviceAccount:portfolio-sa@personalhub13.iam.gserviceaccount.com",
            "name": "projects/personalhub13/serviceAccounts/portfolio-sa@personalhub13.iam.gserviceaccount.com",
            "project": "personalhub13",
            "timeouts": null,
            "unique_id": "102158534998394791437"
          },
          "sensitive_attributes": [],
          "identity_schema_version": 0,
          "private": "eyJlMmJmYjczMC1lY2FhLTExZTYtOGY4OC0zNDM2M2JjN2M0YzAiOnsiY3JlYXRlIjozMDAwMDAwMDAwMDB9fQ==",
          "create_before_destroy": true
        }
      ]
    },
    {
      "module": "module.iam",
      "mode": "managed",
      "type": "google_service_account",
      "name": "terraform_sa",
      "provider": "provider[\"registry.terraform.io/hashicorp/google\"]",
      "instances": [
        {
          "schema_version": 0,
          "attributes": {
            "account_id": "terraform-sa",
            "create_ignore_already_exists": null,
            "description": "Service Account for Deployment via Terraform",
            "disabled": false,
            "display_name": "Terraform Service Account",
            "email": "terraform-sa@personalhub13.iam.gserviceaccount.com",
            "id": "projects/personalhub13/serviceAccounts/terraform-sa@personalhub13.iam.gserviceaccount.com",
            "member": "serviceAccount:terraform-sa@personalhub13.iam.gserviceaccount.com",
            "name": "projects/personalhub13/serviceAccounts/terraform-sa@personalhub13.iam.gserviceaccount.com",
            "project": "personalhub13",
            "timeouts": null,
            "unique_id": "116559251712148897697"
          },
          "sensitive_attributes": [],
          "identity_schema_version": 0,
          "private": "eyJlMmJmYjczMC1lY2FhLTExZTYtOGY4OC0zNDM2M2JjN2M0YzAiOnsiY3JlYXRlIjozMDAwMDAwMDAwMDB9fQ=="
        }
      ]
    },
    {
      "module": "module.network",
      "mode": "managed",
      "type": "google_compute_backend_service",
      "name": "backend",
      "provider": "provider[\"registry.terraform.io/hashicorp/google\"]",
      "instances": [
        {
          "index_key": "fastapi",
          "schema_version": 1,
          "attributes": {
            "affinity_cookie_ttl_sec": 0,
            "backend": [
              {
                "balancing_mode": "UTILIZATION",
                "capacity_scaler": 1,
                "custom_metrics": [],
                "description": "",
                "group": "https://www.googleapis.com/compute/v1/projects/personalhub13/regions/us-central1/networkEndpointGroups/personalhub-fastapi-neg",
                "max_connections": 0,
                "max_connections_per_endpoint": 0,
                "max_connections_per_instance": 0,
                "max_rate": 0,
                "max_rate_per_endpoint": 0,
                "max_rate_per_instance": 0,
                "max_utilization": 0,
                "preference": ""
              }
            ],
            "cdn_policy": [
              {
                "bypass_cache_on_request_headers": [],
                "cache_key_policy": [],
                "cache_mode": "CACHE_ALL_STATIC",
                "client_ttl": 3600,
                "default_ttl": 3600,
                "max_ttl": 86400,
                "negative_caching": true,
                "negative_caching_policy": [],
                "request_coalescing": true,
                "serve_while_stale": 86400,
                "signed_url_cache_max_age_sec": 0
              }
            ],
            "circuit_breakers": [],
            "compression_mode": "",
            "connection_draining_timeout_sec": 300,
            "consistent_hash": [],
            "creation_timestamp": "2025-06-14T15:43:28.162-07:00",
            "custom_metrics": [],
            "custom_request_headers": [],
            "custom_response_headers": [],
            "description": "",
            "edge_security_policy": "",
            "enable_cdn": true,
            "external_managed_migration_state": "",
            "external_managed_migration_testing_percentage": 0,
            "fingerprint": "SD538ZvsxII=",
            "generated_id": 5936391146902144511,
            "health_checks": [],
            "iap": [],
            "id": "projects/personalhub13/global/backendServices/personalhub-fastapi-backend",
            "ip_address_selection_policy": "",
            "load_balancing_scheme": "EXTERNAL",
            "locality_lb_policies": [],
            "locality_lb_policy": "",
            "log_config": [
              {
                "enable": true,
                "optional_fields": [],
                "optional_mode": "EXCLUDE_ALL_OPTIONAL",
                "sample_rate": 1
              }
            ],
            "max_stream_duration": [],
            "name": "personalhub-fastapi-backend",
            "outlier_detection": [],
            "port_name": "http",
            "project": "personalhub13",
            "protocol": "HTTPS",
            "security_policy": "",
            "security_settings": [],
            "self_link": "https://www.googleapis.com/compute/v1/projects/personalhub13/global/backendServices/personalhub-fastapi-backend",
            "service_lb_policy": "",
            "session_affinity": "NONE",
            "strong_session_affinity_cookie": [],
            "timeout_sec": 30,
            "timeouts": null
          },
          "sensitive_attributes": [],
          "identity_schema_version": 0,
          "private": "eyJlMmJmYjczMC1lY2FhLTExZTYtOGY4OC0zNDM2M2JjN2M0YzAiOnsiY3JlYXRlIjoxMjAwMDAwMDAwMDAwLCJkZWxldGUiOjEyMDAwMDAwMDAwMDAsInVwZGF0ZSI6MTIwMDAwMDAwMDAwMH0sInNjaGVtYV92ZXJzaW9uIjoiMSJ9",
          "dependencies": [
            "module.compute.google_cloud_run_v2_service.run_fastapi",
            "module.compute.google_cloud_run_v2_service.run_portfolio",
            "module.compute.google_cloud_run_v2_service.run_rstudio",
            "module.iam.google_service_account.fastapi_sa",
            "module.iam.google_service_account.portfolio_sa",
            "module.network.google_compute_network.vpc_net",
            "module.network.google_compute_region_network_endpoint_group.neg_region",
            "module.network.google_vpc_access_connector.run_connector"
          ],
          "create_before_destroy": true
        },
        {
          "index_key": "rstudio",
          "schema_version": 1,
          "attributes": {
            "affinity_cookie_ttl_sec": 0,
            "backend": [
              {
                "balancing_mode": "UTILIZATION",
                "capacity_scaler": 1,
                "custom_metrics": [],
                "description": "",
                "group": "https://www.googleapis.com/compute/v1/projects/personalhub13/regions/us-central1/networkEndpointGroups/personalhub-rstudio-neg",
                "max_connections": 0,
                "max_connections_per_endpoint": 0,
                "max_connections_per_instance": 0,
                "max_rate": 0,
                "max_rate_per_endpoint": 0,
                "max_rate_per_instance": 0,
                "max_utilization": 0,
                "preference": ""
              }
            ],
            "cdn_policy": [
              {
                "bypass_cache_on_request_headers": [],
                "cache_key_policy": [],
                "cache_mode": "CACHE_ALL_STATIC",
                "client_ttl": 3600,
                "default_ttl": 3600,
                "max_ttl": 86400,
                "negative_caching": true,
                "negative_caching_policy": [],
                "request_coalescing": true,
                "serve_while_stale": 86400,
                "signed_url_cache_max_age_sec": 0
              }
            ],
            "circuit_breakers": [],
            "compression_mode": "",
            "connection_draining_timeout_sec": 300,
            "consistent_hash": [],
            "creation_timestamp": "2025-06-07T00:22:02.146-07:00",
            "custom_metrics": [],
            "custom_request_headers": [],
            "custom_response_headers": [],
            "description": "",
            "edge_security_policy": "",
            "enable_cdn": true,
            "external_managed_migration_state": "",
            "external_managed_migration_testing_percentage": 0,
            "fingerprint": "2nFj4M3vmoo=",
            "generated_id": 3396377810517775989,
            "health_checks": [],
            "iap": [],
            "id": "projects/personalhub13/global/backendServices/personalhub-rstudio-backend",
            "ip_address_selection_policy": "",
            "load_balancing_scheme": "EXTERNAL",
            "locality_lb_policies": [],
            "locality_lb_policy": "",
            "log_config": [
              {
                "enable": true,
                "optional_fields": [],
                "optional_mode": "EXCLUDE_ALL_OPTIONAL",
                "sample_rate": 1
              }
            ],
            "max_stream_duration": [],
            "name": "personalhub-rstudio-backend",
            "outlier_detection": [],
            "port_name": "http",
            "project": "personalhub13",
            "protocol": "HTTPS",
            "security_policy": "",
            "security_settings": [],
            "self_link": "https://www.googleapis.com/compute/v1/projects/personalhub13/global/backendServices/personalhub-rstudio-backend",
            "service_lb_policy": "",
            "session_affinity": "NONE",
            "strong_session_affinity_cookie": [],
            "timeout_sec": 30,
            "timeouts": null
          },
          "sensitive_attributes": [],
          "identity_schema_version": 0,
          "private": "eyJlMmJmYjczMC1lY2FhLTExZTYtOGY4OC0zNDM2M2JjN2M0YzAiOnsiY3JlYXRlIjoxMjAwMDAwMDAwMDAwLCJkZWxldGUiOjEyMDAwMDAwMDAwMDAsInVwZGF0ZSI6MTIwMDAwMDAwMDAwMH0sInNjaGVtYV92ZXJzaW9uIjoiMSJ9",
          "dependencies": [
            "module.compute.google_cloud_run_v2_service.run_fastapi",
            "module.compute.google_cloud_run_v2_service.run_portfolio",
            "module.compute.google_cloud_run_v2_service.run_rstudio",
            "module.iam.google_service_account.fastapi_sa",
            "module.iam.google_service_account.portfolio_sa",
            "module.network.google_compute_network.vpc_net",
            "module.network.google_compute_region_network_endpoint_group.neg_region",
            "module.network.google_vpc_access_connector.run_connector"
          ],
          "create_before_destroy": true
        },
        {
          "index_key": "www",
          "schema_version": 1,
          "attributes": {
            "affinity_cookie_ttl_sec": 0,
            "backend": [
              {
                "balancing_mode": "UTILIZATION",
                "capacity_scaler": 1,
                "custom_metrics": [],
                "description": "",
                "group": "https://www.googleapis.com/compute/v1/projects/personalhub13/regions/us-central1/networkEndpointGroups/personalhub-www-neg",
                "max_connections": 0,
                "max_connections_per_endpoint": 0,
                "max_connections_per_instance": 0,
                "max_rate": 0,
                "max_rate_per_endpoint": 0,
                "max_rate_per_instance": 0,
                "max_utilization": 0,
                "preference": ""
              }
            ],
            "cdn_policy": [
              {
                "bypass_cache_on_request_headers": [],
                "cache_key_policy": [],
                "cache_mode": "CACHE_ALL_STATIC",
                "client_ttl": 3600,
                "default_ttl": 3600,
                "max_ttl": 86400,
                "negative_caching": true,
                "negative_caching_policy": [],
                "request_coalescing": true,
                "serve_while_stale": 86400,
                "signed_url_cache_max_age_sec": 0
              }
            ],
            "circuit_breakers": [],
            "compression_mode": "",
            "connection_draining_timeout_sec": 300,
            "consistent_hash": [],
            "creation_timestamp": "2025-06-06T05:24:07.534-07:00",
            "custom_metrics": [],
            "custom_request_headers": [],
            "custom_response_headers": [],
            "description": "",
            "edge_security_policy": "",
            "enable_cdn": true,
            "external_managed_migration_state": "",
            "external_managed_migration_testing_percentage": 0,
            "fingerprint": "hGZ2Rp1rsO0=",
            "generated_id": 4991789128248943368,
            "health_checks": [],
            "iap": [],
            "id": "projects/personalhub13/global/backendServices/personalhub-www-backend",
            "ip_address_selection_policy": "",
            "load_balancing_scheme": "EXTERNAL",
            "locality_lb_policies": [],
            "locality_lb_policy": "",
            "log_config": [
              {
                "enable": true,
                "optional_fields": [],
                "optional_mode": "EXCLUDE_ALL_OPTIONAL",
                "sample_rate": 1
              }
            ],
            "max_stream_duration": [],
            "name": "personalhub-www-backend",
            "outlier_detection": [],
            "port_name": "http",
            "project": "personalhub13",
            "protocol": "HTTPS",
            "security_policy": "",
            "security_settings": [],
            "self_link": "https://www.googleapis.com/compute/v1/projects/personalhub13/global/backendServices/personalhub-www-backend",
            "service_lb_policy": "",
            "session_affinity": "NONE",
            "strong_session_affinity_cookie": [],
            "timeout_sec": 30,
            "timeouts": null
          },
          "sensitive_attributes": [],
          "identity_schema_version": 0,
          "private": "eyJlMmJmYjczMC1lY2FhLTExZTYtOGY4OC0zNDM2M2JjN2M0YzAiOnsiY3JlYXRlIjoxMjAwMDAwMDAwMDAwLCJkZWxldGUiOjEyMDAwMDAwMDAwMDAsInVwZGF0ZSI6MTIwMDAwMDAwMDAwMH0sInNjaGVtYV92ZXJzaW9uIjoiMSJ9",
          "dependencies": [
            "module.compute.google_cloud_run_v2_service.run_fastapi",
            "module.compute.google_cloud_run_v2_service.run_portfolio",
            "module.compute.google_cloud_run_v2_service.run_rstudio",
            "module.iam.google_service_account.fastapi_sa",
            "module.iam.google_service_account.portfolio_sa",
            "module.network.google_compute_network.vpc_net",
            "module.network.google_compute_region_network_endpoint_group.neg_region",
            "module.network.google_vpc_access_connector.run_connector"
          ],
          "create_before_destroy": true
        }
      ]
    },
    {
      "module": "module.network",
      "mode": "managed",
      "type": "google_compute_global_address",
      "name": "cloudsql_peering_range",
      "provider": "provider[\"registry.terraform.io/hashicorp/google\"]",
      "instances": [
        {
          "schema_version": 0,
          "attributes": {
            "address": "172.17.0.0",
            "address_type": "INTERNAL",
            "creation_timestamp": "2025-06-14T05:03:32.996-07:00",
            "description": "",
            "effective_labels": {
              "goog-terraform-provisioned": "true"
            },
            "id": "projects/personalhub13/global/addresses/cloudsql-peering-range",
            "ip_version": "",
            "label_fingerprint": "vezUS-42LLM=",
            "labels": {},
            "name": "cloudsql-peering-range",
            "network": "https://www.googleapis.com/compute/v1/projects/personalhub13/global/networks/personalhub-vpc-net",
            "prefix_length": 16,
            "project": "personalhub13",
            "purpose": "VPC_PEERING",
            "self_link": "https://www.googleapis.com/compute/v1/projects/personalhub13/global/addresses/cloudsql-peering-range",
            "terraform_labels": {
              "goog-terraform-provisioned": "true"
            },
            "timeouts": null
          },
          "sensitive_attributes": [],
          "identity_schema_version": 0,
          "private": "eyJlMmJmYjczMC1lY2FhLTExZTYtOGY4OC0zNDM2M2JjN2M0YzAiOnsiY3JlYXRlIjoxMjAwMDAwMDAwMDAwLCJkZWxldGUiOjEyMDAwMDAwMDAwMDAsInVwZGF0ZSI6MTIwMDAwMDAwMDAwMH19",
          "dependencies": [
            "module.network.google_compute_network.vpc_net"
          ]
        }
      ]
    },
    {
      "module": "module.network",
      "mode": "managed",
      "type": "google_compute_global_address",
      "name": "lb_ip",
      "provider": "provider[\"registry.terraform.io/hashicorp/google\"]",
      "instances": [
        {
          "schema_version": 0,
          "attributes": {
            "address": "34.8.70.154",
            "address_type": "EXTERNAL",
            "creation_timestamp": "2025-06-06T05:19:27.632-07:00",
            "description": "",
            "effective_labels": {
              "goog-terraform-provisioned": "true"
            },
            "id": "projects/personalhub13/global/addresses/lb-ip",
            "ip_version": "",
            "label_fingerprint": "vezUS-42LLM=",
            "labels": {},
            "name": "lb-ip",
            "network": "",
            "prefix_length": 0,
            "project": "personalhub13",
            "purpose": "",
            "self_link": "https://www.googleapis.com/compute/v1/projects/personalhub13/global/addresses/lb-ip",
            "terraform_labels": {
              "goog-terraform-provisioned": "true"
            },
            "timeouts": null
          },
          "sensitive_attributes": [],
          "identity_schema_version": 0,
          "private": "eyJlMmJmYjczMC1lY2FhLTExZTYtOGY4OC0zNDM2M2JjN2M0YzAiOnsiY3JlYXRlIjoxMjAwMDAwMDAwMDAwLCJkZWxldGUiOjEyMDAwMDAwMDAwMDAsInVwZGF0ZSI6MTIwMDAwMDAwMDAwMH19"
        }
      ]
    },
    {
      "module": "module.network",
      "mode": "managed",
      "type": "google_compute_global_forwarding_rule",
      "name": "http_forwarding_rule",
      "provider": "provider[\"registry.terraform.io/hashicorp/google\"]",
      "instances": [
        {
          "schema_version": 0,
          "attributes": {
            "base_forwarding_rule": "",
            "description": "",
            "effective_labels": {},
            "external_managed_backend_bucket_migration_state": "",
            "external_managed_backend_bucket_migration_testing_percentage": 0,
            "forwarding_rule_id": 1495552313260991471,
            "id": "projects/personalhub13/global/forwardingRules/http-forwarding-rule",
            "ip_address": "34.8.70.154",
            "ip_protocol": "TCP",
            "ip_version": "",
            "label_fingerprint": "42WmSpB8rSM=",
            "labels": {},
            "load_balancing_scheme": "EXTERNAL",
            "metadata_filters": [],
            "name": "http-forwarding-rule",
            "network": "",
            "network_tier": "PREMIUM",
            "no_automate_dns_zone": null,
            "port_range": "80-80",
            "project": "personalhub13",
            "psc_connection_id": "",
            "psc_connection_status": "",
            "self_link": "https://www.googleapis.com/compute/v1/projects/personalhub13/global/forwardingRules/http-forwarding-rule",
            "service_directory_registrations": [],
            "source_ip_ranges": [],
            "subnetwork": "",
            "target": "https://www.googleapis.com/compute/v1/projects/personalhub13/global/targetHttpProxies/http-proxy",
            "terraform_labels": {},
            "timeouts": null
          },
          "sensitive_attributes": [],
          "identity_schema_version": 0,
          "private": "eyJlMmJmYjczMC1lY2FhLTExZTYtOGY4OC0zNDM2M2JjN2M0YzAiOnsiY3JlYXRlIjoxMjAwMDAwMDAwMDAwLCJkZWxldGUiOjEyMDAwMDAwMDAwMDAsInVwZGF0ZSI6MTIwMDAwMDAwMDAwMH19",
          "dependencies": [
            "module.network.google_compute_global_address.lb_ip",
            "module.network.google_compute_target_http_proxy.http_proxy",
            "module.network.google_compute_url_map.http_redirect"
          ]
        }
      ]
    },
    {
      "module": "module.network",
      "mode": "managed",
      "type": "google_compute_global_forwarding_rule",
      "name": "https_forwarding_rule",
      "provider": "provider[\"registry.terraform.io/hashicorp/google\"]",
      "instances": [
        {
          "schema_version": 0,
          "attributes": {
            "base_forwarding_rule": "",
            "description": "",
            "effective_labels": {},
            "external_managed_backend_bucket_migration_state": "",
            "external_managed_backend_bucket_migration_testing_percentage": 0,
            "forwarding_rule_id": 2174281489627177200,
            "id": "projects/personalhub13/global/forwardingRules/https-forwarding-rule",
            "ip_address": "34.8.70.154",
            "ip_protocol": "TCP",
            "ip_version": "",
            "label_fingerprint": "42WmSpB8rSM=",
            "labels": {},
            "load_balancing_scheme": "EXTERNAL",
            "metadata_filters": [],
            "name": "https-forwarding-rule",
            "network": "",
            "network_tier": "PREMIUM",
            "no_automate_dns_zone": null,
            "port_range": "443-443",
            "project": "personalhub13",
            "psc_connection_id": "",
            "psc_connection_status": "",
            "self_link": "https://www.googleapis.com/compute/v1/projects/personalhub13/global/forwardingRules/https-forwarding-rule",
            "service_directory_registrations": [],
            "source_ip_ranges": [],
            "subnetwork": "",
            "target": "https://www.googleapis.com/compute/v1/projects/personalhub13/global/targetHttpsProxies/https-proxy",
            "terraform_labels": {},
            "timeouts": null
          },
          "sensitive_attributes": [],
          "identity_schema_version": 0,
          "private": "eyJlMmJmYjczMC1lY2FhLTExZTYtOGY4OC0zNDM2M2JjN2M0YzAiOnsiY3JlYXRlIjoxMjAwMDAwMDAwMDAwLCJkZWxldGUiOjEyMDAwMDAwMDAwMDAsInVwZGF0ZSI6MTIwMDAwMDAwMDAwMH19",
          "dependencies": [
            "module.compute.google_cloud_run_v2_service.run_fastapi",
            "module.compute.google_cloud_run_v2_service.run_portfolio",
            "module.compute.google_cloud_run_v2_service.run_rstudio",
            "module.iam.google_service_account.fastapi_sa",
            "module.iam.google_service_account.portfolio_sa",
            "module.network.google_compute_backend_service.backend",
            "module.network.google_compute_global_address.lb_ip",
            "module.network.google_compute_managed_ssl_certificate.ssl_certs",
            "module.network.google_compute_network.vpc_net",
            "module.network.google_compute_region_network_endpoint_group.neg_region",
            "module.network.google_compute_target_https_proxy.https_proxy",
            "module.network.google_compute_url_map.url_map",
            "module.network.google_vpc_access_connector.run_connector"
          ]
        }
      ]
    },
    {
      "module": "module.network",
      "mode": "managed",
      "type": "google_compute_managed_ssl_certificate",
      "name": "ssl_certs",
      "provider": "provider[\"registry.terraform.io/hashicorp/google\"]",
      "instances": [
        {
          "schema_version": 0,
          "attributes": {
            "certificate_id": 6384190252568822500,
            "creation_timestamp": "2025-06-14T15:47:39.600-07:00",
            "description": "",
            "expire_time": "2025-09-12T15:53:45.000-07:00",
            "id": "projects/personalhub13/global/sslCertificates/ssl-certs",
            "managed": [
              {
                "domains": [
                  "www.guigo.dev.br",
                  "fastapi.guigo.dev.br",
                  "rstudio.guigo.dev.br"
                ]
              }
            ],
            "name": "ssl-certs",
            "project": "personalhub13",
            "self_link": "https://www.googleapis.com/compute/v1/projects/personalhub13/global/sslCertificates/ssl-certs",
            "subject_alternative_names": [
              "www.guigo.dev.br",
              "fastapi.guigo.dev.br",
              "rstudio.guigo.dev.br"
            ],
            "timeouts": null,
            "type": "MANAGED"
          },
          "sensitive_attributes": [],
          "identity_schema_version": 0,
          "private": "eyJlMmJmYjczMC1lY2FhLTExZTYtOGY4OC0zNDM2M2JjN2M0YzAiOnsiY3JlYXRlIjoxODAwMDAwMDAwMDAwLCJkZWxldGUiOjE4MDAwMDAwMDAwMDB9fQ==",
          "create_before_destroy": true
        }
      ]
    },
    {
      "module": "module.network",
      "mode": "managed",
      "type": "google_compute_network",
      "name": "vpc_net",
      "provider": "provider[\"registry.terraform.io/hashicorp/google\"]",
      "instances": [
        {
          "schema_version": 0,
          "attributes": {
            "auto_create_subnetworks": true,
            "bgp_always_compare_med": false,
            "bgp_best_path_selection_mode": "LEGACY",
            "bgp_inter_region_cost": "",
            "delete_default_routes_on_create": false,
            "description": "",
            "enable_ula_internal_ipv6": false,
            "gateway_ipv4": "",
            "id": "projects/personalhub13/global/networks/personalhub-vpc-net",
            "internal_ipv6_range": "",
            "mtu": 0,
            "name": "personalhub-vpc-net",
            "network_firewall_policy_enforcement_order": "AFTER_CLASSIC_FIREWALL",
            "network_id": "3633396465510867488",
            "network_profile": "",
            "numeric_id": "3633396465510867488",
            "project": "personalhub13",
            "routing_mode": "REGIONAL",
            "self_link": "https://www.googleapis.com/compute/v1/projects/personalhub13/global/networks/personalhub-vpc-net",
            "timeouts": null
          },
          "sensitive_attributes": [],
          "identity_schema_version": 0,
          "private": "eyJlMmJmYjczMC1lY2FhLTExZTYtOGY4OC0zNDM2M2JjN2M0YzAiOnsiY3JlYXRlIjoxMjAwMDAwMDAwMDAwLCJkZWxldGUiOjEyMDAwMDAwMDAwMDAsInVwZGF0ZSI6MTIwMDAwMDAwMDAwMH19",
          "create_before_destroy": true
        }
      ]
    },
    {
      "module": "module.network",
      "mode": "managed",
      "type": "google_compute_region_network_endpoint_group",
      "name": "neg_region",
      "provider": "provider[\"registry.terraform.io/hashicorp/google\"]",
      "instances": [
        {
          "index_key": "fastapi",
          "schema_version": 0,
          "attributes": {
            "app_engine": [],
            "cloud_function": [],
            "cloud_run": [
              {
                "service": "fastapi-run",
                "tag": "",
                "url_mask": ""
              }
            ],
            "description": "",
            "id": "projects/personalhub13/regions/us-central1/networkEndpointGroups/personalhub-fastapi-neg",
            "name": "personalhub-fastapi-neg",
            "network": "",
            "network_endpoint_type": "SERVERLESS",
            "project": "personalhub13",
            "psc_data": [],
            "psc_target_service": "",
            "region": "https://www.googleapis.com/compute/v1/projects/personalhub13/regions/us-central1",
            "self_link": "https://www.googleapis.com/compute/v1/projects/personalhub13/regions/us-central1/networkEndpointGroups/personalhub-fastapi-neg",
            "subnetwork": "",
            "timeouts": null
          },
          "sensitive_attributes": [],
          "identity_schema_version": 0,
          "private": "eyJlMmJmYjczMC1lY2FhLTExZTYtOGY4OC0zNDM2M2JjN2M0YzAiOnsiY3JlYXRlIjoxMjAwMDAwMDAwMDAwLCJkZWxldGUiOjEyMDAwMDAwMDAwMDB9fQ==",
          "dependencies": [
            "module.compute.google_cloud_run_v2_service.run_fastapi",
            "module.compute.google_cloud_run_v2_service.run_portfolio",
            "module.compute.google_cloud_run_v2_service.run_rstudio",
            "module.iam.google_service_account.fastapi_sa",
            "module.iam.google_service_account.portfolio_sa",
            "module.network.google_compute_network.vpc_net",
            "module.network.google_vpc_access_connector.run_connector"
          ],
          "create_before_destroy": true
        },
        {
          "index_key": "rstudio",
          "schema_version": 0,
          "attributes": {
            "app_engine": [],
            "cloud_function": [],
            "cloud_run": [
              {
                "service": "rstudio-run",
                "tag": "",
                "url_mask": ""
              }
            ],
            "description": "",
            "id": "projects/personalhub13/regions/us-central1/networkEndpointGroups/personalhub-rstudio-neg",
            "name": "personalhub-rstudio-neg",
            "network": "",
            "network_endpoint_type": "SERVERLESS",
            "project": "personalhub13",
            "psc_data": [],
            "psc_target_service": "",
            "region": "https://www.googleapis.com/compute/v1/projects/personalhub13/regions/us-central1",
            "self_link": "https://www.googleapis.com/compute/v1/projects/personalhub13/regions/us-central1/networkEndpointGroups/personalhub-rstudio-neg",
            "subnetwork": "",
            "timeouts": null
          },
          "sensitive_attributes": [],
          "identity_schema_version": 0,
          "private": "eyJlMmJmYjczMC1lY2FhLTExZTYtOGY4OC0zNDM2M2JjN2M0YzAiOnsiY3JlYXRlIjoxMjAwMDAwMDAwMDAwLCJkZWxldGUiOjEyMDAwMDAwMDAwMDB9fQ==",
          "dependencies": [
            "module.compute.google_cloud_run_v2_service.run_fastapi",
            "module.compute.google_cloud_run_v2_service.run_portfolio",
            "module.compute.google_cloud_run_v2_service.run_rstudio",
            "module.iam.google_service_account.fastapi_sa",
            "module.iam.google_service_account.portfolio_sa",
            "module.network.google_compute_network.vpc_net",
            "module.network.google_vpc_access_connector.run_connector"
          ],
          "create_before_destroy": true
        },
        {
          "index_key": "www",
          "schema_version": 0,
          "attributes": {
            "app_engine": [],
            "cloud_function": [],
            "cloud_run": [
              {
                "service": "portfolio-run",
                "tag": "",
                "url_mask": ""
              }
            ],
            "description": "",
            "id": "projects/personalhub13/regions/us-central1/networkEndpointGroups/personalhub-www-neg",
            "name": "personalhub-www-neg",
            "network": "",
            "network_endpoint_type": "SERVERLESS",
            "project": "personalhub13",
            "psc_data": [],
            "psc_target_service": "",
            "region": "https://www.googleapis.com/compute/v1/projects/personalhub13/regions/us-central1",
            "self_link": "https://www.googleapis.com/compute/v1/projects/personalhub13/regions/us-central1/networkEndpointGroups/personalhub-www-neg",
            "subnetwork": "",
            "timeouts": null
          },
          "sensitive_attributes": [],
          "identity_schema_version": 0,
          "private": "eyJlMmJmYjczMC1lY2FhLTExZTYtOGY4OC0zNDM2M2JjN2M0YzAiOnsiY3JlYXRlIjoxMjAwMDAwMDAwMDAwLCJkZWxldGUiOjEyMDAwMDAwMDAwMDB9fQ==",
          "dependencies": [
            "module.compute.google_cloud_run_v2_service.run_fastapi",
            "module.compute.google_cloud_run_v2_service.run_portfolio",
            "module.compute.google_cloud_run_v2_service.run_rstudio",
            "module.iam.google_service_account.fastapi_sa",
            "module.iam.google_service_account.portfolio_sa",
            "module.network.google_compute_network.vpc_net",
            "module.network.google_vpc_access_connector.run_connector"
          ],
          "create_before_destroy": true
        }
      ]
    },
    {
      "module": "module.network",
      "mode": "managed",
      "type": "google_compute_subnetwork",
      "name": "vpc_subnet",
      "provider": "provider[\"registry.terraform.io/hashicorp/google\"]",
      "instances": [
        {
          "schema_version": 0,
          "attributes": {
            "creation_timestamp": "2025-06-06T05:20:10.671-07:00",
            "description": "",
            "enable_flow_logs": false,
            "external_ipv6_prefix": "",
            "fingerprint": null,
            "gateway_address": "10.8.0.1",
            "id": "projects/personalhub13/regions/us-central1/subnetworks/personalhub-vpc-subnet",
            "internal_ipv6_prefix": "",
            "ip_cidr_range": "10.8.0.0/28",
            "ip_collection": null,
            "ipv6_access_type": "",
            "ipv6_cidr_range": "",
            "ipv6_gce_endpoint": "",
            "log_config": [],
            "name": "personalhub-vpc-subnet",
            "network": "https://www.googleapis.com/compute/v1/projects/personalhub13/global/networks/personalhub-vpc-net",
            "private_ip_google_access": true,
            "private_ipv6_google_access": "DISABLE_GOOGLE_ACCESS",
            "project": "personalhub13",
            "purpose": "PRIVATE",
            "region": "us-central1",
            "reserved_internal_range": "",
            "role": "",
            "secondary_ip_range": [],
            "self_link": "https://www.googleapis.com/compute/v1/projects/personalhub13/regions/us-central1/subnetworks/personalhub-vpc-subnet",
            "send_secondary_ip_range_if_empty": null,
            "stack_type": "IPV4_ONLY",
            "state": "",
            "subnetwork_id": 2362695395595739669,
            "timeouts": null
          },
          "sensitive_attributes": [],
          "identity_schema_version": 0,
          "private": "eyJlMmJmYjczMC1lY2FhLTExZTYtOGY4OC0zNDM2M2JjN2M0YzAiOnsiY3JlYXRlIjoxMjAwMDAwMDAwMDAwLCJkZWxldGUiOjEyMDAwMDAwMDAwMDAsInVwZGF0ZSI6MTIwMDAwMDAwMDAwMH19",
          "dependencies": [
            "module.network.google_compute_network.vpc_net"
          ]
        }
      ]
    },
    {
      "module": "module.network",
      "mode": "managed",
      "type": "google_compute_target_http_proxy",
      "name": "http_proxy",
      "provider": "provider[\"registry.terraform.io/hashicorp/google\"]",
      "instances": [
        {
          "schema_version": 0,
          "attributes": {
            "creation_timestamp": "2025-06-06T05:20:04.807-07:00",
            "description": "",
            "http_keep_alive_timeout_sec": 0,
            "id": "projects/personalhub13/global/targetHttpProxies/http-proxy",
            "name": "http-proxy",
            "project": "personalhub13",
            "proxy_bind": false,
            "proxy_id": 7198032618962510363,
            "self_link": "https://www.googleapis.com/compute/v1/projects/personalhub13/global/targetHttpProxies/http-proxy",
            "timeouts": null,
            "url_map": "https://www.googleapis.com/compute/v1/projects/personalhub13/global/urlMaps/http-redirect"
          },
          "sensitive_attributes": [],
          "identity_schema_version": 0,
          "private": "eyJlMmJmYjczMC1lY2FhLTExZTYtOGY4OC0zNDM2M2JjN2M0YzAiOnsiY3JlYXRlIjoxMjAwMDAwMDAwMDAwLCJkZWxldGUiOjEyMDAwMDAwMDAwMDAsInVwZGF0ZSI6MTIwMDAwMDAwMDAwMH19",
          "dependencies": [
            "module.network.google_compute_url_map.http_redirect"
          ]
        }
      ]
    },
    {
      "module": "module.network",
      "mode": "managed",
      "type": "google_compute_target_https_proxy",
      "name": "https_proxy",
      "provider": "provider[\"registry.terraform.io/hashicorp/google\"]",
      "instances": [
        {
          "schema_version": 0,
          "attributes": {
            "certificate_manager_certificates": [],
            "certificate_map": "",
            "creation_timestamp": "2025-06-06T05:24:51.784-07:00",
            "description": "",
            "http_keep_alive_timeout_sec": 0,
            "id": "projects/personalhub13/global/targetHttpsProxies/https-proxy",
            "name": "https-proxy",
            "project": "personalhub13",
            "proxy_bind": false,
            "proxy_id": 4306160739756761340,
            "quic_override": "NONE",
            "self_link": "https://www.googleapis.com/compute/v1/projects/personalhub13/global/targetHttpsProxies/https-proxy",
            "server_tls_policy": "",
            "ssl_certificates": [
              "https://www.googleapis.com/compute/v1/projects/personalhub13/global/sslCertificates/ssl-certs"
            ],
            "ssl_policy": "",
            "timeouts": null,
            "tls_early_data": "DISABLED",
            "url_map": "https://www.googleapis.com/compute/v1/projects/personalhub13/global/urlMaps/url-map"
          },
          "sensitive_attributes": [],
          "identity_schema_version": 0,
          "private": "eyJlMmJmYjczMC1lY2FhLTExZTYtOGY4OC0zNDM2M2JjN2M0YzAiOnsiY3JlYXRlIjoxMjAwMDAwMDAwMDAwLCJkZWxldGUiOjEyMDAwMDAwMDAwMDAsInVwZGF0ZSI6MTIwMDAwMDAwMDAwMH19",
          "dependencies": [
            "module.compute.google_cloud_run_v2_service.run_fastapi",
            "module.compute.google_cloud_run_v2_service.run_portfolio",
            "module.compute.google_cloud_run_v2_service.run_rstudio",
            "module.iam.google_service_account.fastapi_sa",
            "module.iam.google_service_account.portfolio_sa",
            "module.network.google_compute_backend_service.backend",
            "module.network.google_compute_managed_ssl_certificate.ssl_certs",
            "module.network.google_compute_network.vpc_net",
            "module.network.google_compute_region_network_endpoint_group.neg_region",
            "module.network.google_compute_url_map.url_map",
            "module.network.google_vpc_access_connector.run_connector"
          ],
          "create_before_destroy": true
        }
      ]
    },
    {
      "module": "module.network",
      "mode": "managed",
      "type": "google_compute_url_map",
      "name": "http_redirect",
      "provider": "provider[\"registry.terraform.io/hashicorp/google\"]",
      "instances": [
        {
          "schema_version": 0,
          "attributes": {
            "creation_timestamp": "2025-06-06T05:19:23.340-07:00",
            "default_route_action": [],
            "default_service": "",
            "default_url_redirect": [
              {
                "host_redirect": "",
                "https_redirect": true,
                "path_redirect": "",
                "prefix_redirect": "",
                "redirect_response_code": "",
                "strip_query": false
              }
            ],
            "description": "",
            "fingerprint": "U1TgFzWbSpM=",
            "header_action": [],
            "host_rule": [],
            "id": "projects/personalhub13/global/urlMaps/http-redirect",
            "map_id": 4242121553307722276,
            "name": "http-redirect",
            "path_matcher": [],
            "project": "personalhub13",
            "self_link": "https://www.googleapis.com/compute/v1/projects/personalhub13/global/urlMaps/http-redirect",
            "test": [],
            "timeouts": null
          },
          "sensitive_attributes": [],
          "identity_schema_version": 0,
          "private": "eyJlMmJmYjczMC1lY2FhLTExZTYtOGY4OC0zNDM2M2JjN2M0YzAiOnsiY3JlYXRlIjoxMjAwMDAwMDAwMDAwLCJkZWxldGUiOjEyMDAwMDAwMDAwMDAsInVwZGF0ZSI6MTIwMDAwMDAwMDAwMH19"
        }
      ]
    },
    {
      "module": "module.network",
      "mode": "managed",
      "type": "google_compute_url_map",
      "name": "url_map",
      "provider": "provider[\"registry.terraform.io/hashicorp/google\"]",
      "instances": [
        {
          "schema_version": 0,
          "attributes": {
            "creation_timestamp": "2025-06-06T05:24:39.909-07:00",
            "default_route_action": [],
            "default_service": "https://www.googleapis.com/compute/v1/projects/personalhub13/global/backendServices/personalhub-www-backend",
            "default_url_redirect": [],
            "description": "",
            "fingerprint": "fhDLj7shh58=",
            "header_action": [],
            "host_rule": [
              {
                "description": "",
                "hosts": [
                  "fastapi.guigo.dev.br"
                ],
                "path_matcher": "fastapi-matcher"
              },
              {
                "description": "",
                "hosts": [
                  "rstudio.guigo.dev.br"
                ],
                "path_matcher": "rstudio-matcher"
              },
              {
                "description": "",
                "hosts": [
                  "www.guigo.dev.br"
                ],
                "path_matcher": "www-matcher"
              }
            ],
            "id": "projects/personalhub13/global/urlMaps/url-map",
            "map_id": 6268159275821916392,
            "name": "url-map",
            "path_matcher": [
              {
                "default_route_action": [],
                "default_service": "https://www.googleapis.com/compute/v1/projects/personalhub13/global/backendServices/personalhub-www-backend",
                "default_url_redirect": [],
                "description": "",
                "header_action": [],
                "name": "www-matcher",
                "path_rule": [
                  {
                    "paths": [
                      "/*"
                    ],
                    "route_action": [],
                    "service": "https://www.googleapis.com/compute/v1/projects/personalhub13/global/backendServices/personalhub-www-backend",
                    "url_redirect": []
                  }
                ],
                "route_rules": []
              },
              {
                "default_route_action": [],
                "default_service": "https://www.googleapis.com/compute/v1/projects/personalhub13/global/backendServices/personalhub-fastapi-backend",
                "default_url_redirect": [],
                "description": "",
                "header_action": [],
                "name": "fastapi-matcher",
                "path_rule": [
                  {
                    "paths": [
                      "/*"
                    ],
                    "route_action": [],
                    "service": "https://www.googleapis.com/compute/v1/projects/personalhub13/global/backendServices/personalhub-fastapi-backend",
                    "url_redirect": []
                  }
                ],
                "route_rules": []
              },
              {
                "default_route_action": [],
                "default_service": "https://www.googleapis.com/compute/v1/projects/personalhub13/global/backendServices/personalhub-rstudio-backend",
                "default_url_redirect": [],
                "description": "",
                "header_action": [],
                "name": "rstudio-matcher",
                "path_rule": [
                  {
                    "paths": [
                      "/*"
                    ],
                    "route_action": [],
                    "service": "https://www.googleapis.com/compute/v1/projects/personalhub13/global/backendServices/personalhub-rstudio-backend",
                    "url_redirect": []
                  }
                ],
                "route_rules": []
              }
            ],
            "project": "personalhub13",
            "self_link": "https://www.googleapis.com/compute/v1/projects/personalhub13/global/urlMaps/url-map",
            "test": [],
            "timeouts": null
          },
          "sensitive_attributes": [],
          "identity_schema_version": 0,
          "private": "eyJlMmJmYjczMC1lY2FhLTExZTYtOGY4OC0zNDM2M2JjN2M0YzAiOnsiY3JlYXRlIjoxMjAwMDAwMDAwMDAwLCJkZWxldGUiOjEyMDAwMDAwMDAwMDAsInVwZGF0ZSI6MTIwMDAwMDAwMDAwMH19",
          "dependencies": [
            "module.compute.google_cloud_run_v2_service.run_fastapi",
            "module.compute.google_cloud_run_v2_service.run_portfolio",
            "module.compute.google_cloud_run_v2_service.run_rstudio",
            "module.iam.google_service_account.fastapi_sa",
            "module.iam.google_service_account.portfolio_sa",
            "module.network.google_compute_backend_service.backend",
            "module.network.google_compute_network.vpc_net",
            "module.network.google_compute_region_network_endpoint_group.neg_region",
            "module.network.google_vpc_access_connector.run_connector"
          ],
          "create_before_destroy": true
        }
      ]
    },
    {
      "module": "module.network",
      "mode": "managed",
      "type": "google_dns_managed_zone",
      "name": "dns_zone",
      "provider": "provider[\"registry.terraform.io/hashicorp/google\"]",
      "instances": [
        {
          "schema_version": 0,
          "attributes": {
            "cloud_logging_config": [
              {
                "enable_logging": false
              }
            ],
            "creation_time": "2025-06-06T12:19:14.209Z",
            "description": "DNS zone for the domain",
            "dns_name": "guigo.dev.br.",
            "dnssec_config": [],
            "effective_labels": {
              "goog-terraform-provisioned": "true"
            },
            "force_destroy": false,
            "forwarding_config": [],
            "id": "projects/personalhub13/managedZones/dns-zone",
            "labels": {},
            "managed_zone_id": 1258650977412715346,
            "name": "dns-zone",
            "name_servers": [
              "ns-cloud-b1.googledomains.com.",
              "ns-cloud-b2.googledomains.com.",
              "ns-cloud-b3.googledomains.com.",
              "ns-cloud-b4.googledomains.com."
            ],
            "peering_config": [],
            "private_visibility_config": [],
            "project": "personalhub13",
            "terraform_labels": {
              "goog-terraform-provisioned": "true"
            },
            "timeouts": null,
            "visibility": "public"
          },
          "sensitive_attributes": [],
          "identity_schema_version": 0,
          "private": "eyJlMmJmYjczMC1lY2FhLTExZTYtOGY4OC0zNDM2M2JjN2M0YzAiOnsiY3JlYXRlIjoxMjAwMDAwMDAwMDAwLCJkZWxldGUiOjEyMDAwMDAwMDAwMDAsInVwZGF0ZSI6MTIwMDAwMDAwMDAwMH19"
        }
      ]
    },
    {
      "module": "module.network",
      "mode": "managed",
      "type": "google_dns_record_set",
      "name": "subdomain_records",
      "provider": "provider[\"registry.terraform.io/hashicorp/google\"]",
      "instances": [
        {
          "index_key": "fastapi",
          "schema_version": 0,
          "attributes": {
            "id": "projects/personalhub13/managedZones/dns-zone/rrsets/fastapi.guigo.dev.br./A",
            "managed_zone": "dns-zone",
            "name": "fastapi.guigo.dev.br.",
            "project": "personalhub13",
            "routing_policy": [],
            "rrdatas": [
              "34.8.70.154"
            ],
            "ttl": 300,
            "type": "A"
          },
          "sensitive_attributes": [],
          "identity_schema_version": 0,
          "private": "bnVsbA==",
          "dependencies": [
            "module.network.google_compute_global_address.lb_ip",
            "module.network.google_dns_managed_zone.dns_zone"
          ]
        },
        {
          "index_key": "rstudio",
          "schema_version": 0,
          "attributes": {
            "id": "projects/personalhub13/managedZones/dns-zone/rrsets/rstudio.guigo.dev.br./A",
            "managed_zone": "dns-zone",
            "name": "rstudio.guigo.dev.br.",
            "project": "personalhub13",
            "routing_policy": [],
            "rrdatas": [
              "34.8.70.154"
            ],
            "ttl": 300,
            "type": "A"
          },
          "sensitive_attributes": [],
          "identity_schema_version": 0,
          "private": "bnVsbA==",
          "dependencies": [
            "module.network.google_compute_global_address.lb_ip",
            "module.network.google_dns_managed_zone.dns_zone"
          ]
        },
        {
          "index_key": "www",
          "schema_version": 0,
          "attributes": {
            "id": "projects/personalhub13/managedZones/dns-zone/rrsets/www.guigo.dev.br./A",
            "managed_zone": "dns-zone",
            "name": "www.guigo.dev.br.",
            "project": "personalhub13",
            "routing_policy": [],
            "rrdatas": [
              "34.8.70.154"
            ],
            "ttl": 300,
            "type": "A"
          },
          "sensitive_attributes": [],
          "identity_schema_version": 0,
          "private": "bnVsbA==",
          "dependencies": [
            "module.network.google_compute_global_address.lb_ip",
            "module.network.google_dns_managed_zone.dns_zone"
          ]
        }
      ]
    },
    {
      "module": "module.network",
      "mode": "managed",
      "type": "google_service_networking_connection",
      "name": "vpc_connection",
      "provider": "provider[\"registry.terraform.io/hashicorp/google\"]",
      "instances": [
        {
          "schema_version": 0,
          "attributes": {
            "deletion_policy": null,
            "id": "projects%2Fpersonalhub13%2Fglobal%2Fnetworks%2Fpersonalhub-vpc-net:servicenetworking.googleapis.com",
            "network": "projects/personalhub13/global/networks/personalhub-vpc-net",
            "peering": "servicenetworking-googleapis-com",
            "reserved_peering_ranges": [
              "cloudsql-peering-range"
            ],
            "service": "servicenetworking.googleapis.com",
            "timeouts": null,
            "update_on_creation_fail": null
          },
          "sensitive_attributes": [],
          "identity_schema_version": 0,
          "private": "eyJlMmJmYjczMC1lY2FhLTExZTYtOGY4OC0zNDM2M2JjN2M0YzAiOnsiY3JlYXRlIjo2MDAwMDAwMDAwMDAsImRlbGV0ZSI6NjAwMDAwMDAwMDAwLCJ1cGRhdGUiOjYwMDAwMDAwMDAwMH19",
          "dependencies": [
            "module.network.google_compute_global_address.cloudsql_peering_range",
            "module.network.google_compute_network.vpc_net"
          ]
        }
      ]
    },
    {
      "module": "module.network",
      "mode": "managed",
      "type": "google_vpc_access_connector",
      "name": "run_connector",
      "provider": "provider[\"registry.terraform.io/hashicorp/google\"]",
      "instances": [
        {
          "schema_version": 0,
          "attributes": {
            "connected_projects": [
              "personalhub13"
            ],
            "id": "projects/personalhub13/locations/us-central1/connectors/cloudrun-connector",
            "ip_cidr_range": "192.168.16.0/28",
            "machine_type": "e2-micro",
            "max_instances": 3,
            "max_throughput": 300,
            "min_instances": 2,
            "min_throughput": 200,
            "name": "cloudrun-connector",
            "network": "personalhub-vpc-net",
            "project": "personalhub13",
            "region": "us-central1",
            "self_link": "projects/personalhub13/locations/us-central1/connectors/cloudrun-connector",
            "state": "READY",
            "subnet": [],
            "timeouts": null
          },
          "sensitive_attributes": [],
          "identity_schema_version": 0,
          "private": "eyJlMmJmYjczMC1lY2FhLTExZTYtOGY4OC0zNDM2M2JjN2M0YzAiOnsiY3JlYXRlIjoxMjAwMDAwMDAwMDAwLCJkZWxldGUiOjEyMDAwMDAwMDAwMDAsInVwZGF0ZSI6MTIwMDAwMDAwMDAwMH19",
          "dependencies": [
            "module.network.google_compute_network.vpc_net"
          ],
          "create_before_destroy": true
        }
      ]
    },
    {
      "module": "module.security",
      "mode": "managed",
      "type": "google_secret_manager_secret",
      "name": "gh_token_secret",
      "provider": "provider[\"registry.terraform.io/hashicorp/google\"]",
      "instances": [
        {
          "schema_version": 0,
          "attributes": {
            "annotations": {},
            "create_time": "2025-06-06T12:19:26.372628Z",
            "effective_annotations": {},
            "effective_labels": {
              "env": "prod",
              "goog-terraform-provisioned": "true",
              "label": "gh-token123",
              "owner": "guilhermeviegas"
            },
            "expire_time": "",
            "id": "projects/personalhub13/secrets/gh-access-token-secret",
            "labels": {
              "env": "prod",
              "label": "gh-token123",
              "owner": "guilhermeviegas"
            },
            "name": "projects/241432738087/secrets/gh-access-token-secret",
            "project": "personalhub13",
            "replication": [
              {
                "auto": [],
                "user_managed": [
                  {
                    "replicas": [
                      {
                        "customer_managed_encryption": [],
                        "location": "us-central1"
                      }
                    ]
                  }
                ]
              }
            ],
            "rotation": [],
            "secret_id": "gh-access-token-secret",
            "terraform_labels": {
              "env": "prod",
              "goog-terraform-provisioned": "true",
              "label": "gh-token123",
              "owner": "guilhermeviegas"
            },
            "timeouts": null,
            "topics": [],
            "ttl": null,
            "version_aliases": {},
            "version_destroy_ttl": ""
          },
          "sensitive_attributes": [],
          "identity_schema_version": 0,
          "private": "eyJlMmJmYjczMC1lY2FhLTExZTYtOGY4OC0zNDM2M2JjN2M0YzAiOnsiY3JlYXRlIjoxMjAwMDAwMDAwMDAwLCJkZWxldGUiOjEyMDAwMDAwMDAwMDAsInVwZGF0ZSI6MTIwMDAwMDAwMDAwMH19"
        }
      ]
    },
    {
      "module": "module.security",
      "mode": "managed",
      "type": "google_secret_manager_secret",
      "name": "main_secret",
      "provider": "provider[\"registry.terraform.io/hashicorp/google\"]",
      "instances": [
        {
          "schema_version": 0,
          "attributes": {
            "annotations": {},
            "create_time": "2025-06-14T07:45:16.388572Z",
            "effective_annotations": {},
            "effective_labels": {
              "env": "prod",
              "goog-terraform-provisioned": "true",
              "owner": "guilhermeviegas"
            },
            "expire_time": "",
            "id": "projects/personalhub13/secrets/main-secret",
            "labels": {
              "env": "prod",
              "owner": "guilhermeviegas"
            },
            "name": "projects/241432738087/secrets/main-secret",
            "project": "personalhub13",
            "replication": [
              {
                "auto": [],
                "user_managed": [
                  {
                    "replicas": [
                      {
                        "customer_managed_encryption": [],
                        "location": "us-central1"
                      }
                    ]
                  }
                ]
              }
            ],
            "rotation": [],
            "secret_id": "main-secret",
            "terraform_labels": {
              "env": "prod",
              "goog-terraform-provisioned": "true",
              "owner": "guilhermeviegas"
            },
            "timeouts": null,
            "topics": [],
            "ttl": null,
            "version_aliases": {},
            "version_destroy_ttl": ""
          },
          "sensitive_attributes": [],
          "identity_schema_version": 0,
          "private": "eyJlMmJmYjczMC1lY2FhLTExZTYtOGY4OC0zNDM2M2JjN2M0YzAiOnsiY3JlYXRlIjoxMjAwMDAwMDAwMDAwLCJkZWxldGUiOjEyMDAwMDAwMDAwMDAsInVwZGF0ZSI6MTIwMDAwMDAwMDAwMH19"
        }
      ]
    },
    {
      "module": "module.storage",
      "mode": "managed",
      "type": "google_sql_database_instance",
      "name": "postgres_instance",
      "provider": "provider[\"registry.terraform.io/hashicorp/google\"]",
      "instances": [
        {
          "schema_version": 0,
          "attributes": {
            "available_maintenance_versions": [],
            "clone": [],
            "connection_name": "personalhub13:us-central1:cloudsql-postgres",
            "database_version": "POSTGRES_17",
            "deletion_protection": false,
            "dns_name": "",
            "dns_names": [],
            "encryption_key_name": null,
            "first_ip_address": "35.224.60.87",
            "id": "cloudsql-postgres",
            "instance_type": "CLOUD_SQL_INSTANCE",
            "ip_address": [
              {
                "ip_address": "35.224.60.87",
                "time_to_retire": "",
                "type": "PRIMARY"
              },
              {
                "ip_address": "35.188.99.187",
                "time_to_retire": "",
                "type": "OUTGOING"
              }
            ],
            "maintenance_version": "POSTGRES_17_5.R20250302.00_31",
            "master_instance_name": "",
            "name": "cloudsql-postgres",
            "private_ip_address": "",
            "project": "personalhub13",
            "psc_service_attachment_link": "",
            "public_ip_address": "35.224.60.87",
            "region": "us-central1",
            "replica_configuration": [],
            "replica_names": [],
            "replication_cluster": [
              {
                "dr_replica": false,
                "failover_dr_replica_name": ""
              }
            ],
            "restore_backup_context": [],
            "root_password": null,
            "self_link": "https://sqladmin.googleapis.com/sql/v1beta4/projects/personalhub13/instances/cloudsql-postgres",
            "server_ca_cert": [
              {
                "cert": "-----BEGIN CERTIFICATE-----\nMIIDfzCCAmegAwIBAgIBADANBgkqhkiG9w0BAQsFADB3MS0wKwYDVQQuEyQxODQ2\nNzE0OC05OGVkLTQ1MGYtODEyYi0xYmMzZDFmYTUwODYxIzAhBgNVBAMTGkdvb2ds\nZSBDbG91ZCBTUUwgU2VydmVyIENBMRQwEgYDVQQKEwtHb29nbGUsIEluYzELMAkG\nA1UEBhMCVVMwHhcNMjUwNjE0MTMyNDM5WhcNMzUwNjEyMTMyNTM5WjB3MS0wKwYD\nVQQuEyQxODQ2NzE0OC05OGVkLTQ1MGYtODEyYi0xYmMzZDFmYTUwODYxIzAhBgNV\nBAMTGkdvb2dsZSBDbG91ZCBTUUwgU2VydmVyIENBMRQwEgYDVQQKEwtHb29nbGUs\nIEluYzELMAkGA1UEBhMCVVMwggEiMA0GCSqGSIb3DQEBAQUAA4IBDwAwggEKAoIB\nAQDJklqcUA95VEbc/iqhKq5f3wqFFoaKLTWkmhAQM8jeXbTIGfSArRrlpOuUylL/\nyZNZzlN4B8H5nSRW05Ip1O6rRRPpP8uCvMkMUJAMZizMDk0rFo8wPV+bEToXX9wA\njHTSlmrnd2f3Z4vjnSHQtTR3Xr6WjPcH50mml5O5vZB5vbViEP9yztzZeh+aOzmI\nxE3bMpKmJRoZ7bartbSjqpojlzbWPt2UuE8Zspk1GHCyQznaXFEmkK/tWOoFzWkg\nOsyxq6jeFefF3lzz8qHdfAKIIi/N1U0abTEqk6UUSWf89TT4zhoDH6MDabtVG7+K\nZoGUp9A5UT1cy3IjQDIsMqOZAgMBAAGjFjAUMBIGA1UdEwEB/wQIMAYBAf8CAQAw\nDQYJKoZIhvcNAQELBQADggEBAIfX5rSMSOlKKheBHMoIRqUwGTgdxqr/SzYwSJIa\nsFqngp9hTjwiddN6oLA/r0NhwNU/IF6KbcXdfzxRb035SV/KwrK1viXjntc5ILUR\nB1PQ55mPcoUogbdVLzTV4IwCYcbxl4Km9bYRAxu0MSff9yQ2fILezLr1WscqsGGv\nWr8LWElawOkh1u7g880u/0X4FYEU97gVsmahoUXPyxCZPYz8F+eH0E1lTU55Nih1\nxMK/B4XojfRTJQhDcXWMz9GM8CM7LXosV4x82FQ52SdCavmvRdNGS/5+KTmwwYSD\nG3texFFPHvHu8taNyxFmvR56heKDBVlBu5Cqa532uicJgcs=\n-----END CERTIFICATE-----",
                "common_name": "C=US,O=Google\\, Inc,CN=Google Cloud SQL Server CA,dnQualifier=18467148-98ed-450f-812b-1bc3d1fa5086",
                "create_time": "2025-06-14T13:24:39.025Z",
                "expiration_time": "2035-06-12T13:25:39.025Z",
                "sha1_fingerprint": "03d8320e99ca106373ac532280258642341f40be"
              }
            ],
            "service_account_email_address": "p241432738087-fodjjd@gcp-sa-cloud-sql.iam.gserviceaccount.com",
            "settings": [
              {
                "activation_policy": "ALWAYS",
                "active_directory_config": [],
                "advanced_machine_features": [],
                "availability_type": "ZONAL",
                "backup_configuration": [
                  {
                    "backup_retention_settings": [
                      {
                        "retained_backups": 7,
                        "retention_unit": "COUNT"
                      }
                    ],
                    "binary_log_enabled": false,
                    "enabled": false,
                    "location": "",
                    "point_in_time_recovery_enabled": false,
                    "start_time": "17:00",
                    "transaction_log_retention_days": 7
                  }
                ],
                "collation": "",
                "connection_pool_config": [],
                "connector_enforcement": "NOT_REQUIRED",
                "data_cache_config": [
                  {
                    "data_cache_enabled": false
                  }
                ],
                "database_flags": [],
                "deletion_protection_enabled": false,
                "deny_maintenance_period": [],
                "disk_autoresize": true,
                "disk_autoresize_limit": 0,
                "disk_size": 10,
                "disk_type": "PD_HDD",
                "edition": "ENTERPRISE",
                "enable_dataplex_integration": false,
                "enable_google_ml_integration": false,
                "insights_config": [
                  {
                    "query_insights_enabled": true,
                    "query_plans_per_minute": 0,
                    "query_string_length": 1024,
                    "record_application_tags": true,
                    "record_client_address": true
                  }
                ],
                "ip_configuration": [
                  {
                    "allocated_ip_range": "",
                    "authorized_networks": [
                      {
                        "expiration_time": "",
                        "name": "public-access",
                        "value": "0.0.0.0/0"
                      }
                    ],
                    "custom_subject_alternative_names": [],
                    "enable_private_path_for_google_cloud_services": false,
                    "ipv4_enabled": true,
                    "private_network": "",
                    "psc_config": [],
                    "server_ca_mode": "GOOGLE_MANAGED_INTERNAL_CA",
                    "server_ca_pool": "",
                    "ssl_mode": "ALLOW_UNENCRYPTED_AND_ENCRYPTED"
                  }
                ],
                "location_preference": [
                  {
                    "follow_gae_application": "",
                    "secondary_zone": "",
                    "zone": "us-central1-f"
                  }
                ],
                "maintenance_window": [
                  {
                    "day": 1,
                    "hour": 5,
                    "update_track": "stable"
                  }
                ],
                "password_validation_policy": [],
                "pricing_plan": "PER_USE",
                "retain_backups_on_delete": false,
                "sql_server_audit_config": [],
                "tier": "db-f1-micro",
                "time_zone": "",
                "user_labels": {},
                "version": 5
              }
            ],
            "timeouts": null
          },
          "sensitive_attributes": [
            [
              {
                "type": "get_attr",
                "value": "root_password"
              }
            ],
            [
              {
                "type": "get_attr",
                "value": "server_ca_cert"
              }
            ]
          ],
          "identity_schema_version": 0,
          "private": "eyJlMmJmYjczMC1lY2FhLTExZTYtOGY4OC0zNDM2M2JjN2M0YzAiOnsiY3JlYXRlIjo1NDAwMDAwMDAwMDAwLCJkZWxldGUiOjU0MDAwMDAwMDAwMDAsInVwZGF0ZSI6NTQwMDAwMDAwMDAwMH19",
          "dependencies": [
            "module.network.google_compute_global_address.cloudsql_peering_range",
            "module.network.google_compute_network.vpc_net",
            "module.network.google_service_networking_connection.vpc_connection"
          ]
        }
      ]
    }
  ],
  "check_results": null
}
