{
  "version": 4,
  "terraform_version": "1.12.1",
  "serial": 471,
  "lineage": "6d98eb4f-f510-f3b1-9cc0-4bf88365a965",
  "outputs": {},
  "resources": [
    {
      "mode": "managed",
      "type": "google_project_service",
      "name": "apis",
      "provider": "provider[\"registry.terraform.io/hashicorp/google\"]",
      "instances": [
        {
          "index_key": "artifactregistry.googleapis.com",
          "schema_version": 0,
          "attributes": {
            "disable_dependent_services": null,
            "disable_on_destroy": false,
            "id": "personalhub14/artifactregistry.googleapis.com",
            "project": "personalhub14",
            "service": "artifactregistry.googleapis.com",
            "timeouts": null
          },
          "sensitive_attributes": [],
          "identity_schema_version": 0,
          "private": "eyJlMmJmYjczMC1lY2FhLTExZTYtOGY4OC0zNDM2M2JjN2M0YzAiOnsiY3JlYXRlIjoxMjAwMDAwMDAwMDAwLCJkZWxldGUiOjEyMDAwMDAwMDAwMDAsInJlYWQiOjYwMDAwMDAwMDAwMCwidXBkYXRlIjoxMjAwMDAwMDAwMDAwfX0="
        },
        {
          "index_key": "bigquery.googleapis.com",
          "schema_version": 0,
          "attributes": {
            "disable_dependent_services": null,
            "disable_on_destroy": false,
            "id": "personalhub14/bigquery.googleapis.com",
            "project": "personalhub14",
            "service": "bigquery.googleapis.com",
            "timeouts": null
          },
          "sensitive_attributes": [],
          "identity_schema_version": 0,
          "private": "eyJlMmJmYjczMC1lY2FhLTExZTYtOGY4OC0zNDM2M2JjN2M0YzAiOnsiY3JlYXRlIjoxMjAwMDAwMDAwMDAwLCJkZWxldGUiOjEyMDAwMDAwMDAwMDAsInJlYWQiOjYwMDAwMDAwMDAwMCwidXBkYXRlIjoxMjAwMDAwMDAwMDAwfX0="
        },
        {
          "index_key": "cloudbuild.googleapis.com",
          "schema_version": 0,
          "attributes": {
            "disable_dependent_services": null,
            "disable_on_destroy": false,
            "id": "personalhub14/cloudbuild.googleapis.com",
            "project": "personalhub14",
            "service": "cloudbuild.googleapis.com",
            "timeouts": null
          },
          "sensitive_attributes": [],
          "identity_schema_version": 0,
          "private": "eyJlMmJmYjczMC1lY2FhLTExZTYtOGY4OC0zNDM2M2JjN2M0YzAiOnsiY3JlYXRlIjoxMjAwMDAwMDAwMDAwLCJkZWxldGUiOjEyMDAwMDAwMDAwMDAsInJlYWQiOjYwMDAwMDAwMDAwMCwidXBkYXRlIjoxMjAwMDAwMDAwMDAwfX0="
        },
        {
          "index_key": "cloudfunctions.googleapis.com",
          "schema_version": 0,
          "attributes": {
            "disable_dependent_services": null,
            "disable_on_destroy": false,
            "id": "personalhub14/cloudfunctions.googleapis.com",
            "project": "personalhub14",
            "service": "cloudfunctions.googleapis.com",
            "timeouts": null
          },
          "sensitive_attributes": [],
          "identity_schema_version": 0,
          "private": "eyJlMmJmYjczMC1lY2FhLTExZTYtOGY4OC0zNDM2M2JjN2M0YzAiOnsiY3JlYXRlIjoxMjAwMDAwMDAwMDAwLCJkZWxldGUiOjEyMDAwMDAwMDAwMDAsInJlYWQiOjYwMDAwMDAwMDAwMCwidXBkYXRlIjoxMjAwMDAwMDAwMDAwfX0="
        },
        {
          "index_key": "cloudscheduler.googleapis.com",
          "schema_version": 0,
          "attributes": {
            "disable_dependent_services": null,
            "disable_on_destroy": false,
            "id": "personalhub14/cloudscheduler.googleapis.com",
            "project": "personalhub14",
            "service": "cloudscheduler.googleapis.com",
            "timeouts": null
          },
          "sensitive_attributes": [],
          "identity_schema_version": 0,
          "private": "eyJlMmJmYjczMC1lY2FhLTExZTYtOGY4OC0zNDM2M2JjN2M0YzAiOnsiY3JlYXRlIjoxMjAwMDAwMDAwMDAwLCJkZWxldGUiOjEyMDAwMDAwMDAwMDAsInJlYWQiOjYwMDAwMDAwMDAwMCwidXBkYXRlIjoxMjAwMDAwMDAwMDAwfX0="
        },
        {
          "index_key": "discoveryengine.googleapis.com",
          "schema_version": 0,
          "attributes": {
            "disable_dependent_services": null,
            "disable_on_destroy": false,
            "id": "personalhub14/discoveryengine.googleapis.com",
            "project": "personalhub14",
            "service": "discoveryengine.googleapis.com",
            "timeouts": null
          },
          "sensitive_attributes": [],
          "identity_schema_version": 0,
          "private": "eyJlMmJmYjczMC1lY2FhLTExZTYtOGY4OC0zNDM2M2JjN2M0YzAiOnsiY3JlYXRlIjoxMjAwMDAwMDAwMDAwLCJkZWxldGUiOjEyMDAwMDAwMDAwMDAsInJlYWQiOjYwMDAwMDAwMDAwMCwidXBkYXRlIjoxMjAwMDAwMDAwMDAwfX0="
        },
        {
          "index_key": "dns.googleapis.com",
          "schema_version": 0,
          "attributes": {
            "disable_dependent_services": null,
            "disable_on_destroy": false,
            "id": "personalhub14/dns.googleapis.com",
            "project": "personalhub14",
            "service": "dns.googleapis.com",
            "timeouts": null
          },
          "sensitive_attributes": [],
          "identity_schema_version": 0,
          "private": "eyJlMmJmYjczMC1lY2FhLTExZTYtOGY4OC0zNDM2M2JjN2M0YzAiOnsiY3JlYXRlIjoxMjAwMDAwMDAwMDAwLCJkZWxldGUiOjEyMDAwMDAwMDAwMDAsInJlYWQiOjYwMDAwMDAwMDAwMCwidXBkYXRlIjoxMjAwMDAwMDAwMDAwfX0="
        },
        {
          "index_key": "eventarc.googleapis.com",
          "schema_version": 0,
          "attributes": {
            "disable_dependent_services": null,
            "disable_on_destroy": false,
            "id": "personalhub14/eventarc.googleapis.com",
            "project": "personalhub14",
            "service": "eventarc.googleapis.com",
            "timeouts": null
          },
          "sensitive_attributes": [],
          "identity_schema_version": 0,
          "private": "eyJlMmJmYjczMC1lY2FhLTExZTYtOGY4OC0zNDM2M2JjN2M0YzAiOnsiY3JlYXRlIjoxMjAwMDAwMDAwMDAwLCJkZWxldGUiOjEyMDAwMDAwMDAwMDAsInJlYWQiOjYwMDAwMDAwMDAwMCwidXBkYXRlIjoxMjAwMDAwMDAwMDAwfX0="
        },
        {
          "index_key": "iam.googleapis.com",
          "schema_version": 0,
          "attributes": {
            "disable_dependent_services": null,
            "disable_on_destroy": false,
            "id": "personalhub14/iam.googleapis.com",
            "project": "personalhub14",
            "service": "iam.googleapis.com",
            "timeouts": null
          },
          "sensitive_attributes": [],
          "identity_schema_version": 0,
          "private": "eyJlMmJmYjczMC1lY2FhLTExZTYtOGY4OC0zNDM2M2JjN2M0YzAiOnsiY3JlYXRlIjoxMjAwMDAwMDAwMDAwLCJkZWxldGUiOjEyMDAwMDAwMDAwMDAsInJlYWQiOjYwMDAwMDAwMDAwMCwidXBkYXRlIjoxMjAwMDAwMDAwMDAwfX0="
        },
        {
          "index_key": "pubsub.googleapis.com",
          "schema_version": 0,
          "attributes": {
            "disable_dependent_services": null,
            "disable_on_destroy": false,
            "id": "personalhub14/pubsub.googleapis.com",
            "project": "personalhub14",
            "service": "pubsub.googleapis.com",
            "timeouts": null
          },
          "sensitive_attributes": [],
          "identity_schema_version": 0,
          "private": "eyJlMmJmYjczMC1lY2FhLTExZTYtOGY4OC0zNDM2M2JjN2M0YzAiOnsiY3JlYXRlIjoxMjAwMDAwMDAwMDAwLCJkZWxldGUiOjEyMDAwMDAwMDAwMDAsInJlYWQiOjYwMDAwMDAwMDAwMCwidXBkYXRlIjoxMjAwMDAwMDAwMDAwfX0="
        },
        {
          "index_key": "run.googleapis.com",
          "schema_version": 0,
          "attributes": {
            "disable_dependent_services": null,
            "disable_on_destroy": false,
            "id": "personalhub14/run.googleapis.com",
            "project": "personalhub14",
            "service": "run.googleapis.com",
            "timeouts": null
          },
          "sensitive_attributes": [],
          "identity_schema_version": 0,
          "private": "eyJlMmJmYjczMC1lY2FhLTExZTYtOGY4OC0zNDM2M2JjN2M0YzAiOnsiY3JlYXRlIjoxMjAwMDAwMDAwMDAwLCJkZWxldGUiOjEyMDAwMDAwMDAwMDAsInJlYWQiOjYwMDAwMDAwMDAwMCwidXBkYXRlIjoxMjAwMDAwMDAwMDAwfX0="
        },
        {
          "index_key": "secretmanager.googleapis.com",
          "schema_version": 0,
          "attributes": {
            "disable_dependent_services": null,
            "disable_on_destroy": false,
            "id": "personalhub14/secretmanager.googleapis.com",
            "project": "personalhub14",
            "service": "secretmanager.googleapis.com",
            "timeouts": null
          },
          "sensitive_attributes": [],
          "identity_schema_version": 0,
          "private": "eyJlMmJmYjczMC1lY2FhLTExZTYtOGY4OC0zNDM2M2JjN2M0YzAiOnsiY3JlYXRlIjoxMjAwMDAwMDAwMDAwLCJkZWxldGUiOjEyMDAwMDAwMDAwMDAsInJlYWQiOjYwMDAwMDAwMDAwMCwidXBkYXRlIjoxMjAwMDAwMDAwMDAwfX0="
        },
        {
          "index_key": "servicenetworking.googleapis.com",
          "schema_version": 0,
          "attributes": {
            "disable_dependent_services": null,
            "disable_on_destroy": false,
            "id": "personalhub14/servicenetworking.googleapis.com",
            "project": "personalhub14",
            "service": "servicenetworking.googleapis.com",
            "timeouts": null
          },
          "sensitive_attributes": [],
          "identity_schema_version": 0,
          "private": "eyJlMmJmYjczMC1lY2FhLTExZTYtOGY4OC0zNDM2M2JjN2M0YzAiOnsiY3JlYXRlIjoxMjAwMDAwMDAwMDAwLCJkZWxldGUiOjEyMDAwMDAwMDAwMDAsInJlYWQiOjYwMDAwMDAwMDAwMCwidXBkYXRlIjoxMjAwMDAwMDAwMDAwfX0="
        },
        {
          "index_key": "storage.googleapis.com",
          "schema_version": 0,
          "attributes": {
            "disable_dependent_services": null,
            "disable_on_destroy": false,
            "id": "personalhub14/storage.googleapis.com",
            "project": "personalhub14",
            "service": "storage.googleapis.com",
            "timeouts": null
          },
          "sensitive_attributes": [],
          "identity_schema_version": 0,
          "private": "eyJlMmJmYjczMC1lY2FhLTExZTYtOGY4OC0zNDM2M2JjN2M0YzAiOnsiY3JlYXRlIjoxMjAwMDAwMDAwMDAwLCJkZWxldGUiOjEyMDAwMDAwMDAwMDAsInJlYWQiOjYwMDAwMDAwMDAwMCwidXBkYXRlIjoxMjAwMDAwMDAwMDAwfX0="
        },
        {
          "index_key": "vpcaccess.googleapis.com",
          "schema_version": 0,
          "attributes": {
            "disable_dependent_services": null,
            "disable_on_destroy": false,
            "id": "personalhub14/vpcaccess.googleapis.com",
            "project": "personalhub14",
            "service": "vpcaccess.googleapis.com",
            "timeouts": null
          },
          "sensitive_attributes": [],
          "identity_schema_version": 0,
          "private": "eyJlMmJmYjczMC1lY2FhLTExZTYtOGY4OC0zNDM2M2JjN2M0YzAiOnsiY3JlYXRlIjoxMjAwMDAwMDAwMDAwLCJkZWxldGUiOjEyMDAwMDAwMDAwMDAsInJlYWQiOjYwMDAwMDAwMDAwMCwidXBkYXRlIjoxMjAwMDAwMDAwMDAwfX0="
        }
      ]
    },
    {
      "module": "module.compute",
      "mode": "managed",
      "type": "google_cloud_run_service_iam_member",
      "name": "grafana_public_access",
      "provider": "provider[\"registry.terraform.io/hashicorp/google\"]",
      "instances": [
        {
          "schema_version": 0,
          "attributes": {
            "condition": [],
            "etag": "BwY4Un5Ei0M=",
            "id": "v1/projects/personalhub14/locations/us-central1/services/grafana-run/roles/run.invoker/allUsers",
            "location": "us-central1",
            "member": "allUsers",
            "project": "personalhub14",
            "role": "roles/run.invoker",
            "service": "v1/projects/personalhub14/locations/us-central1/services/grafana-run"
          },
          "sensitive_attributes": [],
          "identity_schema_version": 0,
          "private": "bnVsbA==",
          "dependencies": [
            "module.compute.google_cloud_run_v2_service.run_grafana",
            "module.datalake.google_storage_bucket.grafana_bucket",
            "module.iam.google_service_account.grafana_run_sa"
          ]
        }
      ]
    },
    {
      "module": "module.compute",
      "mode": "managed",
      "type": "google_cloud_run_service_iam_member",
      "name": "rstudio_public_access",
      "provider": "provider[\"registry.terraform.io/hashicorp/google\"]",
      "instances": [
        {
          "schema_version": 0,
          "attributes": {
            "condition": [],
            "etag": "BwY4QRiy1W4=",
            "id": "v1/projects/personalhub14/locations/us-central1/services/rstudio-run/roles/run.invoker/allUsers",
            "location": "us-central1",
            "member": "allUsers",
            "project": "personalhub14",
            "role": "roles/run.invoker",
            "service": "v1/projects/personalhub14/locations/us-central1/services/rstudio-run"
          },
          "sensitive_attributes": [],
          "identity_schema_version": 0,
          "private": "bnVsbA==",
          "dependencies": [
            "module.compute.google_cloud_run_v2_service.run_rstudio",
            "module.network.google_compute_network.vpc_net",
            "module.network.google_vpc_access_connector.run_connector"
          ]
        }
      ]
    },
    {
      "module": "module.compute",
      "mode": "managed",
      "type": "google_cloud_run_v2_service",
      "name": "run_fastapi",
      "provider": "provider[\"registry.terraform.io/hashicorp/google\"]",
      "instances": [
        {
          "schema_version": 0,
          "attributes": {
            "annotations": {},
            "binary_authorization": [],
            "build_config": [],
            "client": "",
            "client_version": "",
            "conditions": [
              {
                "execution_reason": "",
                "last_transition_time": "2025-06-25T22:11:58.733375Z",
                "message": "",
                "reason": "",
                "revision_reason": "",
                "severity": "",
                "state": "CONDITION_SUCCEEDED",
                "type": "RoutesReady"
              },
              {
                "execution_reason": "",
                "last_transition_time": "2025-06-25T22:11:57.510405Z",
                "message": "",
                "reason": "",
                "revision_reason": "",
                "severity": "",
                "state": "CONDITION_SUCCEEDED",
                "type": "ConfigurationsReady"
              }
            ],
            "create_time": "2025-06-25T22:05:41.420643Z",
            "creator": "terraform-sa@personalhub14.iam.gserviceaccount.com",
            "custom_audiences": [],
            "delete_time": "",
            "deletion_protection": true,
            "description": "",
            "effective_annotations": {},
            "effective_labels": {
              "goog-terraform-provisioned": "true"
            },
            "etag": "\"CPeI_MIGENC_p74B/cHJvamVjdHMvcGVyc29uYWxodWIxNC9sb2NhdGlvbnMvdXMtY2VudHJhbDEvc2VydmljZXMvZmFzdGFwaS1ydW4\"",
            "expire_time": "",
            "generation": "3",
            "id": "projects/personalhub14/locations/us-central1/services/fastapi-run",
            "ingress": "INGRESS_TRAFFIC_INTERNAL_ONLY",
            "invoker_iam_disabled": false,
            "labels": {},
            "last_modifier": "terraform-sa@personalhub14.iam.gserviceaccount.com",
            "latest_created_revision": "projects/personalhub14/locations/us-central1/services/fastapi-run/revisions/fastapi-run-00002-826",
            "latest_ready_revision": "projects/personalhub14/locations/us-central1/services/fastapi-run/revisions/fastapi-run-00002-826",
            "launch_stage": "GA",
            "location": "us-central1",
            "name": "fastapi-run",
            "observed_generation": "3",
            "project": "personalhub14",
            "reconciling": false,
            "scaling": [],
            "template": [
              {
                "annotations": {},
                "containers": [
                  {
                    "args": [],
                    "base_image_uri": "",
                    "build_info": [],
                    "command": [],
                    "depends_on": [],
                    "env": [],
                    "image": "us-central1-docker.pkg.dev/personalhub14/personalhub-artifact-repo/fastapi-api:latest",
                    "liveness_probe": [],
                    "name": "",
                    "ports": [
                      {
                        "container_port": 8080,
                        "name": "http1"
                      }
                    ],
                    "resources": [
                      {
                        "cpu_idle": false,
                        "limits": {
                          "cpu": "1",
                          "memory": "512Mi"
                        },
                        "startup_cpu_boost": false
                      }
                    ],
                    "startup_probe": [
                      {
                        "failure_threshold": 1,
                        "grpc": [],
                        "http_get": [],
                        "initial_delay_seconds": 0,
                        "period_seconds": 240,
                        "tcp_socket": [
                          {
                            "port": 8080
                          }
                        ],
                        "timeout_seconds": 240
                      }
                    ],
                    "volume_mounts": [],
                    "working_dir": ""
                  }
                ],
                "encryption_key": "",
                "execution_environment": "",
                "gpu_zonal_redundancy_disabled": false,
                "labels": {},
                "max_instance_request_concurrency": 80,
                "node_selector": [],
                "revision": "",
                "scaling": [
                  {
                    "max_instance_count": 1,
                    "min_instance_count": 0
                  }
                ],
                "service_account": "fastapi-sa@personalhub14.iam.gserviceaccount.com",
                "session_affinity": false,
                "timeout": "60s",
                "volumes": [],
                "vpc_access": [
                  {
                    "connector": "projects/personalhub14/locations/us-central1/connectors/cloudrun-connector",
                    "egress": "ALL_TRAFFIC",
                    "network_interfaces": []
                  }
                ]
              }
            ],
            "terminal_condition": [
              {
                "execution_reason": "",
                "last_transition_time": "2025-06-25T22:11:58.759585Z",
                "message": "",
                "reason": "",
                "revision_reason": "",
                "severity": "",
                "state": "CONDITION_SUCCEEDED",
                "type": "Ready"
              }
            ],
            "terraform_labels": {
              "goog-terraform-provisioned": "true"
            },
            "timeouts": null,
            "traffic": [
              {
                "percent": 100,
                "revision": "",
                "tag": "",
                "type": "TRAFFIC_TARGET_ALLOCATION_TYPE_LATEST"
              }
            ],
            "traffic_statuses": [
              {
                "percent": 100,
                "revision": "",
                "tag": "",
                "type": "TRAFFIC_TARGET_ALLOCATION_TYPE_LATEST",
                "uri": ""
              }
            ],
            "uid": "2914b3fa-f81a-41dc-a001-fd3d4ca81b5b",
            "update_time": "2025-06-27T20:52:07.399106Z",
            "uri": "https://fastapi-run-bdl3ib5eda-uc.a.run.app",
            "urls": [
              "https://fastapi-run-415088972722.us-central1.run.app",
              "https://fastapi-run-bdl3ib5eda-uc.a.run.app"
            ]
          },
          "sensitive_attributes": [],
          "identity_schema_version": 0,
          "private": "eyJlMmJmYjczMC1lY2FhLTExZTYtOGY4OC0zNDM2M2JjN2M0YzAiOnsiY3JlYXRlIjoxMjAwMDAwMDAwMDAwLCJkZWxldGUiOjEyMDAwMDAwMDAwMDAsInVwZGF0ZSI6MTIwMDAwMDAwMDAwMH19",
          "dependencies": [
            "module.iam.google_service_account.fastapi_run_sa",
            "module.network.google_compute_network.vpc_net",
            "module.network.google_vpc_access_connector.run_connector"
          ],
          "create_before_destroy": true
        }
      ]
    },
    {
      "module": "module.compute",
      "mode": "managed",
      "type": "google_cloud_run_v2_service",
      "name": "run_grafana",
      "provider": "provider[\"registry.terraform.io/hashicorp/google-beta\"]",
      "instances": [
        {
          "schema_version": 0,
          "attributes": {
            "annotations": {},
            "binary_authorization": [],
            "build_config": [],
            "client": "",
            "client_version": "",
            "conditions": [
              {
                "execution_reason": "",
                "last_transition_time": "2025-06-24T14:53:27.400451Z",
                "message": "",
                "reason": "",
                "revision_reason": "",
                "severity": "",
                "state": "CONDITION_SUCCEEDED",
                "type": "RoutesReady"
              },
              {
                "execution_reason": "",
                "last_transition_time": "2025-06-24T14:53:26.159870Z",
                "message": "",
                "reason": "",
                "revision_reason": "",
                "severity": "",
                "state": "CONDITION_SUCCEEDED",
                "type": "ConfigurationsReady"
              }
            ],
            "create_time": "2025-06-24T14:53:12.840532Z",
            "creator": "gui.viegas.dev@gmail.com",
            "custom_audiences": [],
            "default_uri_disabled": false,
            "delete_time": "",
            "deletion_protection": true,
            "description": "",
            "effective_annotations": {},
            "effective_labels": {
              "goog-terraform-provisioned": "true"
            },
            "etag": "\"CNj36sIGEKCA5pAD/cHJvamVjdHMvcGVyc29uYWxodWIxNC9sb2NhdGlvbnMvdXMtY2VudHJhbDEvc2VydmljZXMvZ3JhZmFuYS1ydW4\"",
            "expire_time": "",
            "generation": "1",
            "iap_enabled": false,
            "id": "projects/personalhub14/locations/us-central1/services/grafana-run",
            "ingress": "INGRESS_TRAFFIC_ALL",
            "invoker_iam_disabled": false,
            "labels": {},
            "last_modifier": "gui.viegas.dev@gmail.com",
            "latest_created_revision": "projects/personalhub14/locations/us-central1/services/grafana-run/revisions/grafana-run-00001-xwb",
            "latest_ready_revision": "projects/personalhub14/locations/us-central1/services/grafana-run/revisions/grafana-run-00001-xwb",
            "launch_stage": "GA",
            "location": "us-central1",
            "name": "grafana-run",
            "observed_generation": "1",
            "project": "personalhub14",
            "reconciling": false,
            "scaling": [],
            "template": [
              {
                "annotations": {},
                "containers": [
                  {
                    "args": [],
                    "base_image_uri": "",
                    "build_info": [],
                    "command": [],
                    "depends_on": [],
                    "env": [
                      {
                        "name": "GCS_BUCKET",
                        "value": "personalhub14-grafana-bucket",
                        "value_source": []
                      },
                      {
                        "name": "GF_INSTALL_PLUGINS",
                        "value": "grafana-stackdriver-datasource",
                        "value_source": []
                      },
                      {
                        "name": "GF_PATHS_CONFIG",
                        "value": "/etc/grafana/grafana.ini",
                        "value_source": []
                      },
                      {
                        "name": "GF_PATHS_DATA",
                        "value": "/var/lib/grafana",
                        "value_source": []
                      },
                      {
                        "name": "GF_PATHS_PROVISIONING",
                        "value": "/etc/grafana/provisioning",
                        "value_source": []
                      },
                      {
                        "name": "GF_SECURITY_ADMIN_PASSWORD",
                        "value": "admin",
                        "value_source": []
                      },
                      {
                        "name": "GF_SECURITY_ADMIN_USER",
                        "value": "admin",
                        "value_source": []
                      },
                      {
                        "name": "GF_SERVER_HTTP_ADDR",
                        "value": "0.0.0.0",
                        "value_source": []
                      },
                      {
                        "name": "GF_SERVER_ROOT_URL",
                        "value": "%(protocol)s://%(domain)s/",
                        "value_source": []
                      }
                    ],
                    "image": "grafana/grafana:latest",
                    "liveness_probe": [],
                    "name": "",
                    "ports": [
                      {
                        "container_port": 3000,
                        "name": "http1"
                      }
                    ],
                    "resources": [
                      {
                        "cpu_idle": false,
                        "limits": {
                          "cpu": "1",
                          "memory": "512Mi"
                        },
                        "startup_cpu_boost": false
                      }
                    ],
                    "startup_probe": [
                      {
                        "failure_threshold": 1,
                        "grpc": [],
                        "http_get": [],
                        "initial_delay_seconds": 0,
                        "period_seconds": 240,
                        "tcp_socket": [
                          {
                            "port": 3000
                          }
                        ],
                        "timeout_seconds": 240
                      }
                    ],
                    "volume_mounts": [
                      {
                        "mount_path": "/etc/grafana",
                        "name": "grafana-config"
                      }
                    ],
                    "working_dir": ""
                  }
                ],
                "encryption_key": "",
                "execution_environment": "EXECUTION_ENVIRONMENT_GEN2",
                "gpu_zonal_redundancy_disabled": false,
                "labels": {},
                "max_instance_request_concurrency": 80,
                "node_selector": [],
                "revision": "",
                "scaling": [
                  {
                    "max_instance_count": 3,
                    "min_instance_count": 0
                  }
                ],
                "service_account": "grafana-run-sa@personalhub14.iam.gserviceaccount.com",
                "service_mesh": [],
                "session_affinity": false,
                "timeout": "300s",
                "volumes": [
                  {
                    "cloud_sql_instance": [],
                    "empty_dir": [],
                    "gcs": [
                      {
                        "bucket": "personalhub14-grafana-bucket",
                        "mount_options": [],
                        "read_only": false
                      }
                    ],
                    "name": "grafana-config",
                    "nfs": [],
                    "secret": []
                  }
                ],
                "vpc_access": []
              }
            ],
            "terminal_condition": [
              {
                "execution_reason": "",
                "last_transition_time": "2025-06-24T14:53:27.440125Z",
                "message": "",
                "reason": "",
                "revision_reason": "",
                "severity": "",
                "state": "CONDITION_SUCCEEDED",
                "type": "Ready"
              }
            ],
            "terraform_labels": {
              "goog-terraform-provisioned": "true"
            },
            "timeouts": null,
            "traffic": [
              {
                "percent": 100,
                "revision": "",
                "tag": "",
                "type": "TRAFFIC_TARGET_ALLOCATION_TYPE_LATEST"
              }
            ],
            "traffic_statuses": [
              {
                "percent": 100,
                "revision": "",
                "tag": "",
                "type": "TRAFFIC_TARGET_ALLOCATION_TYPE_LATEST",
                "uri": ""
              }
            ],
            "uid": "f46e94ee-6f19-49b5-9dd2-a9afb8fdfb42",
            "update_time": "2025-06-24T14:53:12.840532Z",
            "uri": "https://grafana-run-bdl3ib5eda-uc.a.run.app",
            "urls": [
              "https://grafana-run-415088972722.us-central1.run.app",
              "https://grafana-run-bdl3ib5eda-uc.a.run.app"
            ]
          },
          "sensitive_attributes": [],
          "identity_schema_version": 0,
          "private": "eyJlMmJmYjczMC1lY2FhLTExZTYtOGY4OC0zNDM2M2JjN2M0YzAiOnsiY3JlYXRlIjoxMjAwMDAwMDAwMDAwLCJkZWxldGUiOjEyMDAwMDAwMDAwMDAsInVwZGF0ZSI6MTIwMDAwMDAwMDAwMH19",
          "dependencies": [
            "module.datalake.google_storage_bucket.grafana_bucket",
            "module.iam.google_service_account.grafana_run_sa"
          ],
          "create_before_destroy": true
        }
      ]
    },
    {
      "module": "module.compute",
      "mode": "managed",
      "type": "google_cloud_run_v2_service",
      "name": "run_portfolio",
      "provider": "provider[\"registry.terraform.io/hashicorp/google\"]",
      "instances": [
        {
          "schema_version": 0,
          "attributes": {
            "annotations": {},
            "binary_authorization": [],
            "build_config": [],
            "client": "",
            "client_version": "",
            "conditions": [
              {
                "execution_reason": "",
                "last_transition_time": "2025-06-28T01:01:27.325851Z",
                "message": "",
                "reason": "",
                "revision_reason": "",
                "severity": "",
                "state": "CONDITION_SUCCEEDED",
                "type": "RoutesReady"
              },
              {
                "execution_reason": "",
                "last_transition_time": "2025-06-28T01:01:26.102852Z",
                "message": "",
                "reason": "",
                "revision_reason": "",
                "severity": "",
                "state": "CONDITION_SUCCEEDED",
                "type": "ConfigurationsReady"
              }
            ],
            "create_time": "2025-06-23T17:17:11.856487Z",
            "creator": "gui.viegas.dev@gmail.com",
            "custom_audiences": [],
            "delete_time": "",
            "deletion_protection": true,
            "description": "",
            "effective_annotations": {},
            "effective_labels": {
              "goog-terraform-provisioned": "true"
            },
            "etag": "\"CN39_MIGENC5wN0C/cHJvamVjdHMvcGVyc29uYWxodWIxNC9sb2NhdGlvbnMvdXMtY2VudHJhbDEvc2VydmljZXMvcG9ydGZvbGlvLXJ1bg\"",
            "expire_time": "",
            "generation": "18",
            "id": "projects/personalhub14/locations/us-central1/services/portfolio-run",
            "ingress": "INGRESS_TRAFFIC_ALL",
            "invoker_iam_disabled": false,
            "labels": {},
            "last_modifier": "terraform-sa@personalhub14.iam.gserviceaccount.com",
            "latest_created_revision": "projects/personalhub14/locations/us-central1/services/portfolio-run/revisions/portfolio-run-00013-d5n",
            "latest_ready_revision": "projects/personalhub14/locations/us-central1/services/portfolio-run/revisions/portfolio-run-00013-d5n",
            "launch_stage": "GA",
            "location": "us-central1",
            "name": "portfolio-run",
            "observed_generation": "18",
            "project": "personalhub14",
            "reconciling": false,
            "scaling": [],
            "template": [
              {
                "annotations": {},
                "containers": [
                  {
                    "args": [],
                    "base_image_uri": "",
                    "build_info": [],
                    "command": [],
                    "depends_on": [],
                    "env": [],
                    "image": "us-central1-docker.pkg.dev/personalhub14/personalhub-artifact-repo/portfolio-app:latest",
                    "liveness_probe": [],
                    "name": "",
                    "ports": [
                      {
                        "container_port": 3000,
                        "name": "http1"
                      }
                    ],
                    "resources": [
                      {
                        "cpu_idle": false,
                        "limits": {
                          "cpu": "1",
                          "memory": "512Mi"
                        },
                        "startup_cpu_boost": false
                      }
                    ],
                    "startup_probe": [
                      {
                        "failure_threshold": 1,
                        "grpc": [],
                        "http_get": [],
                        "initial_delay_seconds": 0,
                        "period_seconds": 240,
                        "tcp_socket": [
                          {
                            "port": 3000
                          }
                        ],
                        "timeout_seconds": 240
                      }
                    ],
                    "volume_mounts": [],
                    "working_dir": ""
                  }
                ],
                "encryption_key": "",
                "execution_environment": "",
                "gpu_zonal_redundancy_disabled": false,
                "labels": {},
                "max_instance_request_concurrency": 160,
                "node_selector": [],
                "revision": "",
                "scaling": [
                  {
                    "max_instance_count": 1,
                    "min_instance_count": 0
                  }
                ],
                "service_account": "portfolio-sa@personalhub14.iam.gserviceaccount.com",
                "session_affinity": false,
                "timeout": "60s",
                "volumes": [],
                "vpc_access": [
                  {
                    "connector": "projects/personalhub14/locations/us-central1/connectors/cloudrun-connector",
                    "egress": "ALL_TRAFFIC",
                    "network_interfaces": []
                  }
                ]
              }
            ],
            "terminal_condition": [
              {
                "execution_reason": "",
                "last_transition_time": "2025-06-28T01:01:27.352459Z",
                "message": "",
                "reason": "",
                "revision_reason": "",
                "severity": "",
                "state": "CONDITION_SUCCEEDED",
                "type": "Ready"
              }
            ],
            "terraform_labels": {
              "goog-terraform-provisioned": "true"
            },
            "timeouts": null,
            "traffic": [
              {
                "percent": 100,
                "revision": "",
                "tag": "",
                "type": "TRAFFIC_TARGET_ALLOCATION_TYPE_LATEST"
              }
            ],
            "traffic_statuses": [
              {
                "percent": 100,
                "revision": "",
                "tag": "",
                "type": "TRAFFIC_TARGET_ALLOCATION_TYPE_LATEST",
                "uri": ""
              }
            ],
            "uid": "5e3064f8-fa00-4655-909f-b0ad6b62b848",
            "update_time": "2025-06-28T01:01:17.732962Z",
            "uri": "https://portfolio-run-bdl3ib5eda-uc.a.run.app",
            "urls": [
              "https://portfolio-run-415088972722.us-central1.run.app",
              "https://portfolio-run-bdl3ib5eda-uc.a.run.app"
            ]
          },
          "sensitive_attributes": [],
          "identity_schema_version": 0,
          "private": "eyJlMmJmYjczMC1lY2FhLTExZTYtOGY4OC0zNDM2M2JjN2M0YzAiOnsiY3JlYXRlIjoxMjAwMDAwMDAwMDAwLCJkZWxldGUiOjEyMDAwMDAwMDAwMDAsInVwZGF0ZSI6MTIwMDAwMDAwMDAwMH19",
          "dependencies": [
            "module.iam.google_service_account.portfolio_run_sa",
            "module.network.google_compute_network.vpc_net",
            "module.network.google_vpc_access_connector.run_connector"
          ],
          "create_before_destroy": true
        }
      ]
    },
    {
      "module": "module.compute",
      "mode": "managed",
      "type": "google_cloud_run_v2_service",
      "name": "run_rstudio",
      "provider": "provider[\"registry.terraform.io/hashicorp/google\"]",
      "instances": [
        {
          "schema_version": 0,
          "attributes": {
            "annotations": {},
            "binary_authorization": [],
            "build_config": [],
            "client": "",
            "client_version": "",
            "conditions": [
              {
                "execution_reason": "",
                "last_transition_time": "2025-06-23T18:43:29.011835Z",
                "message": "",
                "reason": "",
                "revision_reason": "",
                "severity": "",
                "state": "CONDITION_SUCCEEDED",
                "type": "RoutesReady"
              },
              {
                "execution_reason": "",
                "last_transition_time": "2025-06-23T18:43:27.795161Z",
                "message": "",
                "reason": "",
                "revision_reason": "",
                "severity": "",
                "state": "CONDITION_SUCCEEDED",
                "type": "ConfigurationsReady"
              }
            ],
            "create_time": "2025-06-23T18:07:14.278091Z",
            "creator": "gui.viegas.dev@gmail.com",
            "custom_audiences": [],
            "delete_time": "",
            "deletion_protection": true,
            "description": "",
            "effective_annotations": {},
            "effective_labels": {
              "goog-terraform-provisioned": "true"
            },
            "etag": "\"CMrA5sIGELDnlU0/cHJvamVjdHMvcGVyc29uYWxodWIxNC9sb2NhdGlvbnMvdXMtY2VudHJhbDEvc2VydmljZXMvcnN0dWRpby1ydW4\"",
            "expire_time": "",
            "generation": "2",
            "id": "projects/personalhub14/locations/us-central1/services/rstudio-run",
            "ingress": "INGRESS_TRAFFIC_ALL",
            "invoker_iam_disabled": false,
            "labels": {},
            "last_modifier": "gui.viegas.dev@gmail.com",
            "latest_created_revision": "projects/personalhub14/locations/us-central1/services/rstudio-run/revisions/rstudio-run-00002-fk7",
            "latest_ready_revision": "projects/personalhub14/locations/us-central1/services/rstudio-run/revisions/rstudio-run-00002-fk7",
            "launch_stage": "GA",
            "location": "us-central1",
            "name": "rstudio-run",
            "observed_generation": "2",
            "project": "personalhub14",
            "reconciling": false,
            "scaling": [],
            "template": [
              {
                "annotations": {},
                "containers": [
                  {
                    "args": [],
                    "base_image_uri": "",
                    "build_info": [],
                    "command": [],
                    "depends_on": [],
                    "env": [],
                    "image": "us-central1-docker.pkg.dev/personalhub14/personalhub-artifact-repo/rstudio-app:latest",
                    "liveness_probe": [],
                    "name": "",
                    "ports": [
                      {
                        "container_port": 8787,
                        "name": "http1"
                      }
                    ],
                    "resources": [
                      {
                        "cpu_idle": false,
                        "limits": {
                          "cpu": "1",
                          "memory": "512Mi"
                        },
                        "startup_cpu_boost": false
                      }
                    ],
                    "startup_probe": [
                      {
                        "failure_threshold": 1,
                        "grpc": [],
                        "http_get": [],
                        "initial_delay_seconds": 0,
                        "period_seconds": 240,
                        "tcp_socket": [
                          {
                            "port": 8787
                          }
                        ],
                        "timeout_seconds": 240
                      }
                    ],
                    "volume_mounts": [],
                    "working_dir": ""
                  }
                ],
                "encryption_key": "",
                "execution_environment": "",
                "gpu_zonal_redundancy_disabled": false,
                "labels": {},
                "max_instance_request_concurrency": 80,
                "node_selector": [],
                "revision": "",
                "scaling": [
                  {
                    "max_instance_count": 1,
                    "min_instance_count": 0
                  }
                ],
                "service_account": "415088972722-compute@developer.gserviceaccount.com",
                "session_affinity": false,
                "timeout": "60s",
                "volumes": [],
                "vpc_access": [
                  {
                    "connector": "projects/personalhub14/locations/us-central1/connectors/cloudrun-connector",
                    "egress": "ALL_TRAFFIC",
                    "network_interfaces": []
                  }
                ]
              }
            ],
            "terminal_condition": [
              {
                "execution_reason": "",
                "last_transition_time": "2025-06-23T18:43:29.043872Z",
                "message": "",
                "reason": "",
                "revision_reason": "",
                "severity": "",
                "state": "CONDITION_SUCCEEDED",
                "type": "Ready"
              }
            ],
            "terraform_labels": {
              "goog-terraform-provisioned": "true"
            },
            "timeouts": null,
            "traffic": [
              {
                "percent": 100,
                "revision": "",
                "tag": "",
                "type": "TRAFFIC_TARGET_ALLOCATION_TYPE_LATEST"
              }
            ],
            "traffic_statuses": [
              {
                "percent": 100,
                "revision": "",
                "tag": "",
                "type": "TRAFFIC_TARGET_ALLOCATION_TYPE_LATEST",
                "uri": ""
              }
            ],
            "uid": "37711ff1-7593-4a4f-9493-d50bf4417385",
            "update_time": "2025-06-23T18:43:22.161838Z",
            "uri": "https://rstudio-run-bdl3ib5eda-uc.a.run.app",
            "urls": [
              "https://rstudio-run-415088972722.us-central1.run.app",
              "https://rstudio-run-bdl3ib5eda-uc.a.run.app"
            ]
          },
          "sensitive_attributes": [],
          "identity_schema_version": 0,
          "private": "eyJlMmJmYjczMC1lY2FhLTExZTYtOGY4OC0zNDM2M2JjN2M0YzAiOnsiY3JlYXRlIjoxMjAwMDAwMDAwMDAwLCJkZWxldGUiOjEyMDAwMDAwMDAwMDAsInVwZGF0ZSI6MTIwMDAwMDAwMDAwMH19",
          "dependencies": [
            "module.network.google_compute_network.vpc_net",
            "module.network.google_vpc_access_connector.run_connector"
          ],
          "create_before_destroy": true
        }
      ]
    },
    {
      "module": "module.datalake",
      "mode": "managed",
      "type": "google_artifact_registry_repository",
      "name": "hub",
      "provider": "provider[\"registry.terraform.io/hashicorp/google\"]",
      "instances": [
        {
          "schema_version": 0,
          "attributes": {
            "cleanup_policies": [
              {
                "action": "KEEP",
                "condition": [],
                "id": "keep-recent-versions",
                "most_recent_versions": [
                  {
                    "keep_count": 3,
                    "package_name_prefixes": []
                  }
                ]
              }
            ],
            "cleanup_policy_dry_run": false,
            "create_time": "2025-06-23T16:04:56.859815Z",
            "description": "Docker repository for storing container images",
            "docker_config": [],
            "effective_labels": {
              "goog-terraform-provisioned": "true"
            },
            "format": "DOCKER",
            "id": "projects/personalhub14/locations/us-central1/repositories/personalhub-artifact-repo",
            "kms_key_name": "",
            "labels": {},
            "location": "us-central1",
            "maven_config": [],
            "mode": "STANDARD_REPOSITORY",
            "name": "personalhub-artifact-repo",
            "project": "personalhub14",
            "remote_repository_config": [],
            "repository_id": "personalhub-artifact-repo",
            "terraform_labels": {
              "goog-terraform-provisioned": "true"
            },
            "timeouts": null,
            "update_time": "2025-06-28T00:55:13.368772Z",
            "virtual_repository_config": [],
            "vulnerability_scanning_config": [
              {
                "enablement_config": "",
                "enablement_state": "SCANNING_DISABLED",
                "enablement_state_reason": "API containerscanning.googleapis.com is not enabled."
              }
            ]
          },
          "sensitive_attributes": [],
          "identity_schema_version": 0,
          "private": "eyJlMmJmYjczMC1lY2FhLTExZTYtOGY4OC0zNDM2M2JjN2M0YzAiOnsiY3JlYXRlIjoxMjAwMDAwMDAwMDAwLCJkZWxldGUiOjEyMDAwMDAwMDAwMDAsInVwZGF0ZSI6MTIwMDAwMDAwMDAwMH19"
        }
      ]
    },
    {
      "module": "module.datalake",
      "mode": "managed",
      "type": "google_bigquery_dataset",
      "name": "billing_dev_bq_dataset",
      "provider": "provider[\"registry.terraform.io/hashicorp/google\"]",
      "instances": [
        {
          "schema_version": 0,
          "attributes": {
            "access": [
              {
                "condition": [],
                "dataset": [],
                "domain": "",
                "group_by_email": "",
                "iam_member": "",
                "role": "OWNER",
                "routine": [],
                "special_group": "",
                "user_by_email": "gui.viegas.dev@gmail.com",
                "view": []
              },
              {
                "condition": [],
                "dataset": [],
                "domain": "",
                "group_by_email": "",
                "iam_member": "",
                "role": "OWNER",
                "routine": [],
                "special_group": "projectOwners",
                "user_by_email": "",
                "view": []
              },
              {
                "condition": [],
                "dataset": [],
                "domain": "",
                "group_by_email": "",
                "iam_member": "",
                "role": "READER",
                "routine": [],
                "special_group": "projectReaders",
                "user_by_email": "",
                "view": []
              },
              {
                "condition": [],
                "dataset": [],
                "domain": "",
                "group_by_email": "",
                "iam_member": "",
                "role": "WRITER",
                "routine": [],
                "special_group": "projectWriters",
                "user_by_email": "",
                "view": []
              }
            ],
            "creation_time": 1750694695469,
            "dataset_id": "billing_dev",
            "default_collation": "",
            "default_encryption_configuration": [],
            "default_partition_expiration_ms": 0,
            "default_table_expiration_ms": 0,
            "delete_contents_on_destroy": false,
            "description": "BigQuery dataset in development stage for Cloud Billing dumping",
            "effective_labels": {
              "goog-terraform-provisioned": "true"
            },
            "etag": "pvbRbTe8fVqIB1uDRw6Axw==",
            "external_catalog_dataset_options": [],
            "external_dataset_reference": [],
            "friendly_name": "",
            "id": "projects/personalhub14/datasets/billing_dev",
            "is_case_insensitive": false,
            "labels": {},
            "last_modified_time": 1750694695469,
            "location": "US",
            "max_time_travel_hours": "168",
            "project": "personalhub14",
            "resource_tags": {},
            "self_link": "https://bigquery.googleapis.com/bigquery/v2/projects/personalhub14/datasets/billing_dev",
            "storage_billing_model": "",
            "terraform_labels": {
              "goog-terraform-provisioned": "true"
            },
            "timeouts": null
          },
          "sensitive_attributes": [],
          "identity_schema_version": 0,
          "private": "eyJlMmJmYjczMC1lY2FhLTExZTYtOGY4OC0zNDM2M2JjN2M0YzAiOnsiY3JlYXRlIjoxMjAwMDAwMDAwMDAwLCJkZWxldGUiOjEyMDAwMDAwMDAwMDAsInVwZGF0ZSI6MTIwMDAwMDAwMDAwMH19"
        }
      ]
    },
    {
      "module": "module.datalake",
      "mode": "managed",
      "type": "google_bigquery_dataset",
      "name": "billing_prod_bq_dataset",
      "provider": "provider[\"registry.terraform.io/hashicorp/google\"]",
      "instances": [
        {
          "schema_version": 0,
          "attributes": {
            "access": [
              {
                "condition": [],
                "dataset": [],
                "domain": "",
                "group_by_email": "",
                "iam_member": "",
                "role": "OWNER",
                "routine": [],
                "special_group": "",
                "user_by_email": "gui.viegas.dev@gmail.com",
                "view": []
              },
              {
                "condition": [],
                "dataset": [],
                "domain": "",
                "group_by_email": "",
                "iam_member": "",
                "role": "OWNER",
                "routine": [],
                "special_group": "projectOwners",
                "user_by_email": "",
                "view": []
              },
              {
                "condition": [],
                "dataset": [],
                "domain": "",
                "group_by_email": "",
                "iam_member": "",
                "role": "READER",
                "routine": [],
                "special_group": "projectReaders",
                "user_by_email": "",
                "view": []
              },
              {
                "condition": [],
                "dataset": [],
                "domain": "",
                "group_by_email": "",
                "iam_member": "",
                "role": "WRITER",
                "routine": [],
                "special_group": "projectWriters",
                "user_by_email": "",
                "view": []
              }
            ],
            "creation_time": 1750694695574,
            "dataset_id": "billing_prod",
            "default_collation": "",
            "default_encryption_configuration": [],
            "default_partition_expiration_ms": 0,
            "default_table_expiration_ms": 0,
            "delete_contents_on_destroy": false,
            "description": "BigQuery dataset in production stage for Cloud Billing dumping",
            "effective_labels": {
              "goog-terraform-provisioned": "true"
            },
            "etag": "LT+bYsdKDO5byMQu3qqkzg==",
            "external_catalog_dataset_options": [],
            "external_dataset_reference": [],
            "friendly_name": "",
            "id": "projects/personalhub14/datasets/billing_prod",
            "is_case_insensitive": false,
            "labels": {},
            "last_modified_time": 1750694695574,
            "location": "US",
            "max_time_travel_hours": "168",
            "project": "personalhub14",
            "resource_tags": {},
            "self_link": "https://bigquery.googleapis.com/bigquery/v2/projects/personalhub14/datasets/billing_prod",
            "storage_billing_model": "",
            "terraform_labels": {
              "goog-terraform-provisioned": "true"
            },
            "timeouts": null
          },
          "sensitive_attributes": [],
          "identity_schema_version": 0,
          "private": "eyJlMmJmYjczMC1lY2FhLTExZTYtOGY4OC0zNDM2M2JjN2M0YzAiOnsiY3JlYXRlIjoxMjAwMDAwMDAwMDAwLCJkZWxldGUiOjEyMDAwMDAwMDAwMDAsInVwZGF0ZSI6MTIwMDAwMDAwMDAwMH19"
        }
      ]
    },
    {
      "module": "module.datalake",
      "mode": "managed",
      "type": "google_bigquery_dataset",
      "name": "brvectors_dev_bq_dataset",
      "provider": "provider[\"registry.terraform.io/hashicorp/google\"]",
      "instances": [
        {
          "schema_version": 0,
          "attributes": {
            "access": [
              {
                "condition": [],
                "dataset": [],
                "domain": "",
                "group_by_email": "",
                "iam_member": "",
                "role": "OWNER",
                "routine": [],
                "special_group": "",
                "user_by_email": "gui.viegas.dev@gmail.com",
                "view": []
              },
              {
                "condition": [],
                "dataset": [],
                "domain": "",
                "group_by_email": "",
                "iam_member": "",
                "role": "OWNER",
                "routine": [],
                "special_group": "projectOwners",
                "user_by_email": "",
                "view": []
              },
              {
                "condition": [],
                "dataset": [],
                "domain": "",
                "group_by_email": "",
                "iam_member": "",
                "role": "READER",
                "routine": [],
                "special_group": "projectReaders",
                "user_by_email": "",
                "view": []
              },
              {
                "condition": [],
                "dataset": [],
                "domain": "",
                "group_by_email": "",
                "iam_member": "",
                "role": "WRITER",
                "routine": [],
                "special_group": "projectWriters",
                "user_by_email": "",
                "view": []
              }
            ],
            "creation_time": 1750694695584,
            "dataset_id": "brvectors_dev",
            "default_collation": "",
            "default_encryption_configuration": [],
            "default_partition_expiration_ms": 0,
            "default_table_expiration_ms": 0,
            "delete_contents_on_destroy": false,
            "description": "BigQuery dataset in developement stage for BRvectors",
            "effective_labels": {
              "goog-terraform-provisioned": "true"
            },
            "etag": "e+F0WbVzW9thPd4mVR7xkQ==",
            "external_catalog_dataset_options": [],
            "external_dataset_reference": [],
            "friendly_name": "",
            "id": "projects/personalhub14/datasets/brvectors_dev",
            "is_case_insensitive": false,
            "labels": {},
            "last_modified_time": 1750694695584,
            "location": "US",
            "max_time_travel_hours": "168",
            "project": "personalhub14",
            "resource_tags": {},
            "self_link": "https://bigquery.googleapis.com/bigquery/v2/projects/personalhub14/datasets/brvectors_dev",
            "storage_billing_model": "",
            "terraform_labels": {
              "goog-terraform-provisioned": "true"
            },
            "timeouts": null
          },
          "sensitive_attributes": [],
          "identity_schema_version": 0,
          "private": "eyJlMmJmYjczMC1lY2FhLTExZTYtOGY4OC0zNDM2M2JjN2M0YzAiOnsiY3JlYXRlIjoxMjAwMDAwMDAwMDAwLCJkZWxldGUiOjEyMDAwMDAwMDAwMDAsInVwZGF0ZSI6MTIwMDAwMDAwMDAwMH19"
        }
      ]
    },
    {
      "module": "module.datalake",
      "mode": "managed",
      "type": "google_bigquery_dataset",
      "name": "brvectors_prod_bq_dataset",
      "provider": "provider[\"registry.terraform.io/hashicorp/google\"]",
      "instances": [
        {
          "schema_version": 0,
          "attributes": {
            "access": [
              {
                "condition": [],
                "dataset": [],
                "domain": "",
                "group_by_email": "",
                "iam_member": "",
                "role": "OWNER",
                "routine": [],
                "special_group": "",
                "user_by_email": "gui.viegas.dev@gmail.com",
                "view": []
              },
              {
                "condition": [],
                "dataset": [],
                "domain": "",
                "group_by_email": "",
                "iam_member": "",
                "role": "OWNER",
                "routine": [],
                "special_group": "projectOwners",
                "user_by_email": "",
                "view": []
              },
              {
                "condition": [],
                "dataset": [],
                "domain": "",
                "group_by_email": "",
                "iam_member": "",
                "role": "READER",
                "routine": [],
                "special_group": "projectReaders",
                "user_by_email": "",
                "view": []
              },
              {
                "condition": [],
                "dataset": [],
                "domain": "",
                "group_by_email": "",
                "iam_member": "",
                "role": "WRITER",
                "routine": [],
                "special_group": "projectWriters",
                "user_by_email": "",
                "view": []
              }
            ],
            "creation_time": 1750694695499,
            "dataset_id": "brvectors_prod",
            "default_collation": "",
            "default_encryption_configuration": [],
            "default_partition_expiration_ms": 0,
            "default_table_expiration_ms": 0,
            "delete_contents_on_destroy": false,
            "description": "BigQuery dataset in production stage for BRvectors",
            "effective_labels": {
              "goog-terraform-provisioned": "true"
            },
            "etag": "Tg5Hy+VpgOqYClLrmwatmg==",
            "external_catalog_dataset_options": [],
            "external_dataset_reference": [],
            "friendly_name": "",
            "id": "projects/personalhub14/datasets/brvectors_prod",
            "is_case_insensitive": false,
            "labels": {},
            "last_modified_time": 1750694695499,
            "location": "US",
            "max_time_travel_hours": "168",
            "project": "personalhub14",
            "resource_tags": {},
            "self_link": "https://bigquery.googleapis.com/bigquery/v2/projects/personalhub14/datasets/brvectors_prod",
            "storage_billing_model": "",
            "terraform_labels": {
              "goog-terraform-provisioned": "true"
            },
            "timeouts": null
          },
          "sensitive_attributes": [],
          "identity_schema_version": 0,
          "private": "eyJlMmJmYjczMC1lY2FhLTExZTYtOGY4OC0zNDM2M2JjN2M0YzAiOnsiY3JlYXRlIjoxMjAwMDAwMDAwMDAwLCJkZWxldGUiOjEyMDAwMDAwMDAwMDAsInVwZGF0ZSI6MTIwMDAwMDAwMDAwMH19"
        }
      ]
    },
    {
      "module": "module.datalake",
      "mode": "managed",
      "type": "google_bigquery_dataset",
      "name": "brvectors_source_bq_dataset",
      "provider": "provider[\"registry.terraform.io/hashicorp/google\"]",
      "instances": [
        {
          "schema_version": 0,
          "attributes": {
            "access": [
              {
                "condition": [],
                "dataset": [],
                "domain": "",
                "group_by_email": "",
                "iam_member": "",
                "role": "OWNER",
                "routine": [],
                "special_group": "",
                "user_by_email": "gui.viegas.dev@gmail.com",
                "view": []
              },
              {
                "condition": [],
                "dataset": [],
                "domain": "",
                "group_by_email": "",
                "iam_member": "",
                "role": "OWNER",
                "routine": [],
                "special_group": "projectOwners",
                "user_by_email": "",
                "view": []
              },
              {
                "condition": [],
                "dataset": [],
                "domain": "",
                "group_by_email": "",
                "iam_member": "",
                "role": "READER",
                "routine": [],
                "special_group": "projectReaders",
                "user_by_email": "",
                "view": []
              },
              {
                "condition": [],
                "dataset": [],
                "domain": "",
                "group_by_email": "",
                "iam_member": "",
                "role": "WRITER",
                "routine": [],
                "special_group": "projectWriters",
                "user_by_email": "",
                "view": []
              }
            ],
            "creation_time": 1750694695567,
            "dataset_id": "brvectors_source",
            "default_collation": "",
            "default_encryption_configuration": [],
            "default_partition_expiration_ms": 0,
            "default_table_expiration_ms": 0,
            "delete_contents_on_destroy": false,
            "description": "BigQuery dataset for BRvectors sources",
            "effective_labels": {
              "goog-terraform-provisioned": "true"
            },
            "etag": "uw0o/ST/JTtna4pdA7/5sw==",
            "external_catalog_dataset_options": [],
            "external_dataset_reference": [],
            "friendly_name": "",
            "id": "projects/personalhub14/datasets/brvectors_source",
            "is_case_insensitive": false,
            "labels": {},
            "last_modified_time": 1750694695567,
            "location": "US",
            "max_time_travel_hours": "168",
            "project": "personalhub14",
            "resource_tags": {},
            "self_link": "https://bigquery.googleapis.com/bigquery/v2/projects/personalhub14/datasets/brvectors_source",
            "storage_billing_model": "",
            "terraform_labels": {
              "goog-terraform-provisioned": "true"
            },
            "timeouts": null
          },
          "sensitive_attributes": [],
          "identity_schema_version": 0,
          "private": "eyJlMmJmYjczMC1lY2FhLTExZTYtOGY4OC0zNDM2M2JjN2M0YzAiOnsiY3JlYXRlIjoxMjAwMDAwMDAwMDAwLCJkZWxldGUiOjEyMDAwMDAwMDAwMDAsInVwZGF0ZSI6MTIwMDAwMDAwMDAwMH19"
        }
      ]
    },
    {
      "module": "module.datalake",
      "mode": "managed",
      "type": "google_bigquery_table",
      "name": "bq_table_locations",
      "provider": "provider[\"registry.terraform.io/hashicorp/google\"]",
      "instances": [
        {
          "schema_version": 0,
          "attributes": {
            "biglake_configuration": [],
            "clustering": null,
            "creation_time": 1750694707889,
            "dataset_id": "brvectors_source",
            "deletion_protection": false,
            "description": "",
            "effective_labels": {
              "goog-terraform-provisioned": "true"
            },
            "encryption_configuration": [],
            "etag": "Y5LQLtQ1hTnKCmWxRjRMLA==",
            "expiration_time": 0,
            "external_catalog_table_options": [],
            "external_data_configuration": [
              {
                "autodetect": true,
                "avro_options": [],
                "bigtable_options": [],
                "compression": "NONE",
                "connection_id": "",
                "csv_options": [],
                "file_set_spec_type": "",
                "google_sheets_options": [],
                "hive_partitioning_options": [],
                "ignore_unknown_values": false,
                "json_extension": "",
                "json_options": [],
                "max_bad_records": 0,
                "metadata_cache_mode": "",
                "object_metadata": "",
                "parquet_options": [],
                "reference_file_schema_uri": "",
                "schema": "",
                "source_format": "CSV",
                "source_uris": [
                  "gs://personalhub14-brvectors-bucket/locations.csv"
                ]
              }
            ],
            "friendly_name": "",
            "id": "projects/personalhub14/datasets/brvectors_source/tables/locations",
            "labels": {},
            "last_modified_time": 1750694708428,
            "location": "US",
            "materialized_view": [],
            "max_staleness": "",
            "num_bytes": 0,
            "num_long_term_bytes": 0,
            "num_rows": 0,
            "project": "personalhub14",
            "range_partitioning": [],
            "require_partition_filter": false,
            "resource_tags": {},
            "schema": "[{\"mode\":\"NULLABLE\",\"name\":\"cd_mun\",\"type\":\"INTEGER\"},{\"mode\":\"NULLABLE\",\"name\":\"nm_mun\",\"type\":\"STRING\"},{\"mode\":\"NULLABLE\",\"name\":\"cd_micro\",\"type\":\"INTEGER\"},{\"mode\":\"NULLABLE\",\"name\":\"nm_micro\",\"type\":\"STRING\"},{\"mode\":\"NULLABLE\",\"name\":\"cd_meso\",\"type\":\"INTEGER\"},{\"mode\":\"NULLABLE\",\"name\":\"nm_meso\",\"type\":\"STRING\"},{\"mode\":\"NULLABLE\",\"name\":\"cd_uf\",\"type\":\"INTEGER\"},{\"mode\":\"NULLABLE\",\"name\":\"sg_uf\",\"type\":\"STRING\"},{\"mode\":\"NULLABLE\",\"name\":\"nm_uf\",\"type\":\"STRING\"},{\"mode\":\"NULLABLE\",\"name\":\"cd_reg\",\"type\":\"INTEGER\"},{\"mode\":\"NULLABLE\",\"name\":\"sg_reg\",\"type\":\"STRING\"},{\"mode\":\"NULLABLE\",\"name\":\"nm_reg\",\"type\":\"STRING\"},{\"mode\":\"NULLABLE\",\"name\":\"cd_rgime\",\"type\":\"INTEGER\"},{\"mode\":\"NULLABLE\",\"name\":\"nm_rgime\",\"type\":\"STRING\"},{\"mode\":\"NULLABLE\",\"name\":\"cd_rgint\",\"type\":\"INTEGER\"},{\"mode\":\"NULLABLE\",\"name\":\"nm_rgint\",\"type\":\"STRING\"}]",
            "schema_foreign_type_info": [],
            "self_link": "https://bigquery.googleapis.com/bigquery/v2/projects/personalhub14/datasets/brvectors_source/tables/locations",
            "table_constraints": [],
            "table_id": "locations",
            "table_metadata_view": null,
            "table_replication_info": [],
            "terraform_labels": {
              "goog-terraform-provisioned": "true"
            },
            "time_partitioning": [],
            "type": "EXTERNAL",
            "view": []
          },
          "sensitive_attributes": [],
          "identity_schema_version": 0,
          "private": "bnVsbA==",
          "dependencies": [
            "module.datalake.google_bigquery_dataset.brvectors_source_bq_dataset",
            "module.datalake.google_storage_bucket.brvectors_bucket"
          ]
        }
      ]
    },
    {
      "module": "module.datalake",
      "mode": "managed",
      "type": "google_storage_bucket",
      "name": "bqml_import_bucket",
      "provider": "provider[\"registry.terraform.io/hashicorp/google\"]",
      "instances": [
        {
          "schema_version": 3,
          "attributes": {
            "autoclass": [],
            "cors": [],
            "custom_placement_config": [],
            "default_event_based_hold": false,
            "effective_labels": {
              "goog-terraform-provisioned": "true"
            },
            "enable_object_retention": false,
            "encryption": [],
            "force_destroy": false,
            "hierarchical_namespace": [
              {
                "enabled": false
              }
            ],
            "id": "personalhub14-bqmlimport-bucket",
            "ip_filter": [],
            "labels": {},
            "lifecycle_rule": [],
            "location": "US",
            "logging": [],
            "name": "personalhub14-bqmlimport-bucket",
            "project": "personalhub14",
            "project_number": 415088972722,
            "public_access_prevention": "inherited",
            "requester_pays": false,
            "retention_policy": [],
            "rpo": "DEFAULT",
            "self_link": "https://www.googleapis.com/storage/v1/b/personalhub14-bqmlimport-bucket",
            "soft_delete_policy": [
              {
                "effective_time": "2025-06-27T20:52:07.981Z",
                "retention_duration_seconds": 604800
              }
            ],
            "storage_class": "STANDARD",
            "terraform_labels": {
              "goog-terraform-provisioned": "true"
            },
            "time_created": "2025-06-27T20:52:07.981Z",
            "timeouts": null,
            "uniform_bucket_level_access": true,
            "updated": "2025-06-27T20:52:07.981Z",
            "url": "gs://personalhub14-bqmlimport-bucket",
            "versioning": [],
            "website": []
          },
          "sensitive_attributes": [],
          "identity_schema_version": 0,
          "private": "eyJlMmJmYjczMC1lY2FhLTExZTYtOGY4OC0zNDM2M2JjN2M0YzAiOnsiY3JlYXRlIjo2MDAwMDAwMDAwMDAsInJlYWQiOjI0MDAwMDAwMDAwMCwidXBkYXRlIjoyNDAwMDAwMDAwMDB9LCJzY2hlbWFfdmVyc2lvbiI6IjMifQ=="
        }
      ]
    },
    {
      "module": "module.datalake",
      "mode": "managed",
      "type": "google_storage_bucket",
      "name": "brvectors_bucket",
      "provider": "provider[\"registry.terraform.io/hashicorp/google\"]",
      "instances": [
        {
          "schema_version": 3,
          "attributes": {
            "autoclass": [],
            "cors": [],
            "custom_placement_config": [],
            "default_event_based_hold": false,
            "effective_labels": {
              "goog-terraform-provisioned": "true"
            },
            "enable_object_retention": false,
            "encryption": [],
            "force_destroy": false,
            "hierarchical_namespace": [
              {
                "enabled": false
              }
            ],
            "id": "personalhub14-brvectors-bucket",
            "ip_filter": [],
            "labels": {},
            "lifecycle_rule": [],
            "location": "US",
            "logging": [],
            "name": "personalhub14-brvectors-bucket",
            "project": "personalhub14",
            "project_number": 415088972722,
            "public_access_prevention": "inherited",
            "requester_pays": false,
            "retention_policy": [],
            "rpo": "DEFAULT",
            "self_link": "https://www.googleapis.com/storage/v1/b/personalhub14-brvectors-bucket",
            "soft_delete_policy": [
              {
                "effective_time": "2025-06-23T13:55:19.545Z",
                "retention_duration_seconds": 604800
              }
            ],
            "storage_class": "STANDARD",
            "terraform_labels": {
              "goog-terraform-provisioned": "true"
            },
            "time_created": "2025-06-23T13:55:19.545Z",
            "timeouts": null,
            "uniform_bucket_level_access": true,
            "updated": "2025-06-23T14:08:06.003Z",
            "url": "gs://personalhub14-brvectors-bucket",
            "versioning": [],
            "website": []
          },
          "sensitive_attributes": [],
          "identity_schema_version": 0,
          "private": "eyJlMmJmYjczMC1lY2FhLTExZTYtOGY4OC0zNDM2M2JjN2M0YzAiOnsiY3JlYXRlIjo2MDAwMDAwMDAwMDAsInJlYWQiOjI0MDAwMDAwMDAwMCwidXBkYXRlIjoyNDAwMDAwMDAwMDB9LCJzY2hlbWFfdmVyc2lvbiI6IjMifQ=="
        }
      ]
    },
    {
      "module": "module.datalake",
      "mode": "managed",
      "type": "google_storage_bucket",
      "name": "discovery_bucket",
      "provider": "provider[\"registry.terraform.io/hashicorp/google\"]",
      "instances": [
        {
          "schema_version": 3,
          "attributes": {
            "autoclass": [],
            "cors": [],
            "custom_placement_config": [],
            "default_event_based_hold": false,
            "effective_labels": {
              "goog-terraform-provisioned": "true"
            },
            "enable_object_retention": false,
            "encryption": [],
            "force_destroy": false,
            "hierarchical_namespace": [
              {
                "enabled": false
              }
            ],
            "id": "personalhub14-discovery-bucket",
            "ip_filter": [],
            "labels": {},
            "lifecycle_rule": [],
            "location": "US",
            "logging": [],
            "name": "personalhub14-discovery-bucket",
            "project": "personalhub14",
            "project_number": 415088972722,
            "public_access_prevention": "inherited",
            "requester_pays": false,
            "retention_policy": [],
            "rpo": "DEFAULT",
            "self_link": "https://www.googleapis.com/storage/v1/b/personalhub14-discovery-bucket",
            "soft_delete_policy": [
              {
                "effective_time": "2025-06-23T13:55:19.827Z",
                "retention_duration_seconds": 604800
              }
            ],
            "storage_class": "STANDARD",
            "terraform_labels": {
              "goog-terraform-provisioned": "true"
            },
            "time_created": "2025-06-23T13:55:19.827Z",
            "timeouts": null,
            "uniform_bucket_level_access": true,
            "updated": "2025-06-23T14:07:30.246Z",
            "url": "gs://personalhub14-discovery-bucket",
            "versioning": [],
            "website": []
          },
          "sensitive_attributes": [],
          "identity_schema_version": 0,
          "private": "eyJlMmJmYjczMC1lY2FhLTExZTYtOGY4OC0zNDM2M2JjN2M0YzAiOnsiY3JlYXRlIjo2MDAwMDAwMDAwMDAsInJlYWQiOjI0MDAwMDAwMDAwMCwidXBkYXRlIjoyNDAwMDAwMDAwMDB9LCJzY2hlbWFfdmVyc2lvbiI6IjMifQ=="
        }
      ]
    },
    {
      "module": "module.datalake",
      "mode": "managed",
      "type": "google_storage_bucket",
      "name": "grafana_bucket",
      "provider": "provider[\"registry.terraform.io/hashicorp/google\"]",
      "instances": [
        {
          "schema_version": 3,
          "attributes": {
            "autoclass": [],
            "cors": [],
            "custom_placement_config": [],
            "default_event_based_hold": false,
            "effective_labels": {
              "goog-terraform-provisioned": "true"
            },
            "enable_object_retention": false,
            "encryption": [],
            "force_destroy": false,
            "hierarchical_namespace": [
              {
                "enabled": false
              }
            ],
            "id": "personalhub14-grafana-bucket",
            "ip_filter": [],
            "labels": {},
            "lifecycle_rule": [],
            "location": "US",
            "logging": [],
            "name": "personalhub14-grafana-bucket",
            "project": "personalhub14",
            "project_number": 415088972722,
            "public_access_prevention": "inherited",
            "requester_pays": false,
            "retention_policy": [],
            "rpo": "DEFAULT",
            "self_link": "https://www.googleapis.com/storage/v1/b/personalhub14-grafana-bucket",
            "soft_delete_policy": [
              {
                "effective_time": "2025-06-23T18:30:44.650Z",
                "retention_duration_seconds": 604800
              }
            ],
            "storage_class": "STANDARD",
            "terraform_labels": {
              "goog-terraform-provisioned": "true"
            },
            "time_created": "2025-06-23T18:30:44.650Z",
            "timeouts": null,
            "uniform_bucket_level_access": true,
            "updated": "2025-06-24T00:10:49.760Z",
            "url": "gs://personalhub14-grafana-bucket",
            "versioning": [],
            "website": []
          },
          "sensitive_attributes": [],
          "identity_schema_version": 0,
          "private": "eyJlMmJmYjczMC1lY2FhLTExZTYtOGY4OC0zNDM2M2JjN2M0YzAiOnsiY3JlYXRlIjo2MDAwMDAwMDAwMDAsInJlYWQiOjI0MDAwMDAwMDAwMCwidXBkYXRlIjoyNDAwMDAwMDAwMDB9LCJzY2hlbWFfdmVyc2lvbiI6IjMifQ==",
          "create_before_destroy": true
        }
      ]
    },
    {
      "module": "module.datalake",
      "mode": "managed",
      "type": "google_storage_bucket_object",
      "name": "bqml_import_bucket_tffunction1",
      "provider": "provider[\"registry.terraform.io/hashicorp/google\"]",
      "instances": [
        {
          "schema_version": 0,
          "attributes": {
            "bucket": "personalhub14-bqmlimport-bucket",
            "cache_control": "",
            "content": "import tensorflow as tf\nimport numpy as np\n\n# Create a simple linear regression model\nmodel = tf.keras.Sequential([\n    tf.keras.layers.Dense(units=1, input_shape=[1])\n])\n\n# Compile the model\nmodel.compile(optimizer='sgd', loss='mean_squared_error')\n\n# Generate dummy data for training\nxs = np.array([-1.0, 0.0, 1.0, 2.0, 3.0, 4.0], dtype=float)\nys = np.array([-3.0, -1.0, 1.0, 3.0, 5.0, 7.0], dtype=float)\n\n# Train the model\nmodel.fit(xs, ys, epochs=500, verbose=0)\n\n# Save the model in SavedModel format\nmodel.save('simple_model.keras')\n\n\n# Test the model\ntest_input = np.array([[2.0]], dtype=float)\nprediction = model.predict(test_input)\nprint(f\"Prediction for input 2.0: {prediction[0][0]}\")",
            "content_disposition": "",
            "content_encoding": "",
            "content_language": "",
            "content_type": "text/plain; charset=utf-8",
            "crc32c": "UIVohQ==",
            "customer_encryption": [],
            "detect_md5hash": "gnYK1VCVxHS+qeCwkQcukg==",
            "event_based_hold": false,
            "generation": 1751106888853112,
            "id": "personalhub14-bqmlimport-bucket-tf_function1/create_model.py",
            "kms_key_name": "",
            "md5hash": "gnYK1VCVxHS+qeCwkQcukg==",
            "md5hexhash": "82760ad55095c474bea9e0b091072e92",
            "media_link": "https://storage.googleapis.com/download/storage/v1/b/personalhub14-bqmlimport-bucket/o/tf_function1%2Fcreate_model.py?generation=1751106888853112\u0026alt=media",
            "metadata": {},
            "name": "tf_function1/create_model.py",
            "output_name": "tf_function1/create_model.py",
            "retention": [],
            "self_link": "https://www.googleapis.com/storage/v1/b/personalhub14-bqmlimport-bucket/o/tf_function1%2Fcreate_model.py",
            "source": null,
            "storage_class": "STANDARD",
            "temporary_hold": false,
            "timeouts": null
          },
          "sensitive_attributes": [
            [
              {
                "type": "get_attr",
                "value": "content"
              }
            ]
          ],
          "identity_schema_version": 0,
          "private": "eyJlMmJmYjczMC1lY2FhLTExZTYtOGY4OC0zNDM2M2JjN2M0YzAiOnsiY3JlYXRlIjoyNDAwMDAwMDAwMDAsImRlbGV0ZSI6MjQwMDAwMDAwMDAwLCJ1cGRhdGUiOjI0MDAwMDAwMDAwMH19",
          "dependencies": [
            "module.datalake.google_storage_bucket.bqml_import_bucket"
          ]
        }
      ]
    },
    {
      "module": "module.datalake",
      "mode": "managed",
      "type": "google_storage_bucket_object",
      "name": "bqml_import_bucket_tffunction2",
      "provider": "provider[\"registry.terraform.io/hashicorp/google\"]",
      "instances": [
        {
          "schema_version": 0,
          "attributes": {
            "bucket": "personalhub14-bqmlimport-bucket",
            "cache_control": "",
            "content": "UEsDBBQAAAAAAAAAIQCtg7DAQAAAAEAAAAANAAAAbWV0YWRhdGEuanNvbnsia2VyYXNfdmVyc2lvbiI6ICIzLjEwLjAiLCAiZGF0ZV9zYXZlZCI6ICIyMDI1LTA2LTI4QDEyOjI5OjI0In1QSwMEFAAAAAAAAAAhANFS29BBBwAAQQcAAAsAAABjb25maWcuanNvbnsibW9kdWxlIjogImtlcmFzIiwgImNsYXNzX25hbWUiOiAiU2VxdWVudGlhbCIsICJjb25maWciOiB7Im5hbWUiOiAic2VxdWVudGlhbCIsICJ0cmFpbmFibGUiOiB0cnVlLCAiZHR5cGUiOiB7Im1vZHVsZSI6ICJrZXJhcyIsICJjbGFzc19uYW1lIjogIkRUeXBlUG9saWN5IiwgImNvbmZpZyI6IHsibmFtZSI6ICJmbG9hdDMyIn0sICJyZWdpc3RlcmVkX25hbWUiOiBudWxsLCAic2hhcmVkX29iamVjdF9pZCI6IDEyOTA3NjcxNjUxMjM4NH0sICJsYXllcnMiOiBbeyJtb2R1bGUiOiAia2VyYXMubGF5ZXJzIiwgImNsYXNzX25hbWUiOiAiSW5wdXRMYXllciIsICJjb25maWciOiB7ImJhdGNoX3NoYXBlIjogW251bGwsIDFdLCAiZHR5cGUiOiAiZmxvYXQzMiIsICJzcGFyc2UiOiBmYWxzZSwgInJhZ2dlZCI6IGZhbHNlLCAibmFtZSI6ICJpbnB1dF9sYXllciJ9LCAicmVnaXN0ZXJlZF9uYW1lIjogbnVsbH0sIHsibW9kdWxlIjogImtlcmFzLmxheWVycyIsICJjbGFzc19uYW1lIjogIkRlbnNlIiwgImNvbmZpZyI6IHsibmFtZSI6ICJkZW5zZSIsICJ0cmFpbmFibGUiOiB0cnVlLCAiZHR5cGUiOiB7Im1vZHVsZSI6ICJrZXJhcyIsICJjbGFzc19uYW1lIjogIkRUeXBlUG9saWN5IiwgImNvbmZpZyI6IHsibmFtZSI6ICJmbG9hdDMyIn0sICJyZWdpc3RlcmVkX25hbWUiOiBudWxsfSwgInVuaXRzIjogMSwgImFjdGl2YXRpb24iOiAibGluZWFyIiwgInVzZV9iaWFzIjogdHJ1ZSwgImtlcm5lbF9pbml0aWFsaXplciI6IHsibW9kdWxlIjogImtlcmFzLmluaXRpYWxpemVycyIsICJjbGFzc19uYW1lIjogIkdsb3JvdFVuaWZvcm0iLCAiY29uZmlnIjogeyJzZWVkIjogbnVsbH0sICJyZWdpc3RlcmVkX25hbWUiOiBudWxsfSwgImJpYXNfaW5pdGlhbGl6ZXIiOiB7Im1vZHVsZSI6ICJrZXJhcy5pbml0aWFsaXplcnMiLCAiY2xhc3NfbmFtZSI6ICJaZXJvcyIsICJjb25maWciOiB7fSwgInJlZ2lzdGVyZWRfbmFtZSI6IG51bGx9LCAia2VybmVsX3JlZ3VsYXJpemVyIjogbnVsbCwgImJpYXNfcmVndWxhcml6ZXIiOiBudWxsLCAia2VybmVsX2NvbnN0cmFpbnQiOiBudWxsLCAiYmlhc19jb25zdHJhaW50IjogbnVsbH0sICJyZWdpc3RlcmVkX25hbWUiOiBudWxsLCAiYnVpbGRfY29uZmlnIjogeyJpbnB1dF9zaGFwZSI6IFtudWxsLCAxXX19XSwgImJ1aWxkX2lucHV0X3NoYXBlIjogW251bGwsIDFdfSwgInJlZ2lzdGVyZWRfbmFtZSI6IG51bGwsICJidWlsZF9jb25maWciOiB7ImlucHV0X3NoYXBlIjogW251bGwsIDFdfSwgImNvbXBpbGVfY29uZmlnIjogeyJvcHRpbWl6ZXIiOiB7Im1vZHVsZSI6ICJrZXJhcy5vcHRpbWl6ZXJzIiwgImNsYXNzX25hbWUiOiAiU0dEIiwgImNvbmZpZyI6IHsibmFtZSI6ICJTR0QiLCAibGVhcm5pbmdfcmF0ZSI6IDAuMDA5OTk5OTk5Nzc2NDgyNTgyLCAid2VpZ2h0X2RlY2F5IjogbnVsbCwgImNsaXBub3JtIjogbnVsbCwgImdsb2JhbF9jbGlwbm9ybSI6IG51bGwsICJjbGlwdmFsdWUiOiBudWxsLCAidXNlX2VtYSI6IGZhbHNlLCAiZW1hX21vbWVudHVtIjogMC45OSwgImVtYV9vdmVyd3JpdGVfZnJlcXVlbmN5IjogbnVsbCwgImxvc3Nfc2NhbGVfZmFjdG9yIjogbnVsbCwgImdyYWRpZW50X2FjY3VtdWxhdGlvbl9zdGVwcyI6IG51bGwsICJtb21lbnR1bSI6IDAuMCwgIm5lc3Rlcm92IjogZmFsc2V9LCAicmVnaXN0ZXJlZF9uYW1lIjogbnVsbH0sICJsb3NzIjogIm1lYW5fc3F1YXJlZF9lcnJvciIsICJsb3NzX3dlaWdodHMiOiBudWxsLCAibWV0cmljcyI6IG51bGwsICJ3ZWlnaHRlZF9tZXRyaWNzIjogbnVsbCwgInJ1bl9lYWdlcmx5IjogZmFsc2UsICJzdGVwc19wZXJfZXhlY3V0aW9uIjogMSwgImppdF9jb21waWxlIjogZmFsc2V9fVBLAwQUAAAAAACsY9xaizvkp8QwAADEMAAAEAAAAG1vZGVsLndlaWdodHMuaDWJSERGDQoaCgAAAAAACAgABAAQAAAAAAAAAAAAAAAAAP//////////xDAAAAAAAAD//////////wAAAAAAAAAAYAAAAAAAAAABAAAAAAAAAIgAAAAAAAAAqAIAAAAAAAABAAEAAQAAABgAAAAAAAAAEQAQAAAAAACIAAAAAAAAAKgCAAAAAAAAVFJFRQAAAQD/////////////////////AAAAAAAAAADgBQAAAAAAAAgAAAAAAAAAAAAAAAAAAAAAAAAAAAAAAAAAAAAAAAAAAAAAAAAAAAAAAAAAAAAAAAAAAAAAAAAAAAAAAAAAAAAAAAAAAAAAAAAAAAAAAAAAAAAAAAAAAAAAAAAAAAAAAAAAAAAAAAAAAAAAAAAAAAAAAAAAAAAAAAAAAAAAAAAAAAAAAAAAAAAAAAAAAAAAAAAAAAAAAAAAAAAAAAAAAAAAAAAAAAAAAAAAAAAAAAAAAAAAAAAAAAAAAAAAAAAAAAAAAAAAAAAAAAAAAAAAAAAAAAAAAAAAAAAAAAAAAAAAAAAAAAAAAAAAAAAAAAAAAAAAAAAAAAAAAAAAAAAAAAAAAAAAAAAAAAAAAAAAAAAAAAAAAAAAAAAAAAAAAAAAAAAAAAAAAAAAAAAAAAAAAAAAAAAAAAAAAAAAAAAAAAAAAAAAAAAAAAAAAAAAAAAAAAAAAAAAAAAAAAAAAAAAAAAAAAAAAAAAAAAAAAAAAAAAAAAAAAAAAAAAAAAAAAAAAAAAAAAAAAAAAAAAAAAAAAAAAAAAAAAAAAAAAAAAAAAAAAAAAAAAAAAAAAAAAAAAAAAAAAAAAAAAAAAAAAAAAAAAAAAAAAAAAAAAAAAAAAAAAAAAAAAAAAAAAAAAAAAAAAAAAAAAAAAAAAAAAAAAAAAAAAAAAAAAAEhFQVAAAAAAWAAAAAAAAAAoAAAAAAAAAMgCAAAAAAAAAAAAAAAAAAB2YXJzAAAAAGxheWVycwAAb3B0aW1pemVyAAAAAAAAAAEAAAAAAAAAMAAAAAAAAAAAAAAAAAAAAAAAAAAAAAAAAAAAAAAAAAAAAAAAAAAAAAEAAwABAAAAGAAAAAAAAAAQABAAAAAAACgHAAAAAAAAYAAAAAAAAABUUkVFAAAAAP////////////////////8AAAAAAAAAAAAAAAAAAAAAAAAAAAAAAAAAAAAAAAAAAAAAAAAAAAAAAAAAAAAAAAAAAAAAAAAAAAAAAAAAAAAAAAAAAAAAAAAAAAAAAAAAAAAAAAAAAAAAAAAAAAAAAAAAAAAAAAAAAAAAAAAAAAAAAAAAAAAAAAAAAAAAAAAAAAAAAAAAAAAAAAAAAAAAAAAAAAAAAAAAAAAAAAAAAAAAAAAAAAAAAAAAAAAAAAAAAAAAAAAAAAAAAAAAAAAAAAAAAAAAAAAAAAAAAAAAAAAAAAAAAAAAAAAAAAAAAAAAAAAAAAAAAAAAAAAAAAAAAAAAAAAAAAAAAAAAAAAAAAAAAAAAAAAAAAAAAAAAAAAAAAAAAAAAAAAAAAAAAAAAAAAAAAAAAAAAAAAAAAAAAAAAAAAAAAAAAAAAAAAAAAAAAAAAAAAAAAAAAAAAAAAAAAAAAAAAAAAAAAAAAAAAAAAAAAAAAAAAAAAAAAAAAAAAAAAAAAAAAAAAAAAAAAAAAAAAAAAAAAAAAAAAAAAAAAAAAAAAAAAAAAAAAAAAAAAAAAAAAAAAAAAAAAAAAAAAAAAAAAAAAAAAAAAAAAAAAAAAAAAAAAAAAAAAAAAAAAAAAAAAAAAAAAAAAAAAAAAAAAAAAAAAAAAAAAAAAAAAAAAAAAAAAAAAAAAAAAAAAAAAAAAAAAAAAAAASEVBUAAAAABYAAAAAAAAAAgAAAAAAAAAiAUAAAAAAAAAAAAAAAAAAAEAAAAAAAAAUAAAAAAAAAAAAAAAAAAAAAAAAAAAAAAAAAAAAAAAAAAAAAAAAAAAAAAAAAAAAAAAAAAAAAAAAAAAAAAAAAAAAAAAAAAAAAAAU05PRAEAAwAQAAAAAAAAAIgXAAAAAAAAAQAAAAAAAACwFwAAAAAAANAZAAAAAAAAGAAAAAAAAAAoJgAAAAAAAAEAAAAAAAAAUCYAAAAAAABwKAAAAAAAAAgAAAAAAAAAIAMAAAAAAAABAAAAAAAAAEgDAAAAAAAAaAUAAAAAAAAAAAAAAAAAAAAAAAAAAAAAAAAAAAAAAAAAAAAAAAAAAAAAAAAAAAAAAAAAAAAAAAAAAAAAAAAAAAAAAAAAAAAAAAAAAAAAAAAAAAAAAAAAAAAAAAAAAAAAAAAAAAAAAAAAAAAAAAAAAAAAAAAAAAAAAAAAAAAAAAAAAAAAAAAAAAAAAAAAAAAAAAAAAAAAAAAAAAAAAAAAAAAAAAAAAAAAAAAAAAAAAAAAAAAAAAAAAAAAAAAAAAAAAAAAAAAAAAAAAAAAAAAAABEAEAAAAAAASAMAAAAAAABoBQAAAAAAAAwAQAAAAAAAAQAFABQACABuYW1lAAAAABkBAQAQAAAAEAAAAAEAAAAAAAgAAAAAAAEAAAAAAAAACgAAAIgHAAAAAAAAAQAAAEdDT0wBAAAAABAAAAAAAAABAAAAAAAAAAoAAAAAAAAAc2VxdWVudGlhbAAAAAAAAAIAAAAAAAAABQAAAAAAAABkZW5zZQAAAAMAAAAAAAAAAwAAAAAAAABTR0QAAAAAAAAAAAAAAAAAoA8AAAAAAAAAAAAAAAAAAAAAAAAAAAAAAAAAAAAAAAAAAAAAAAAAAAAAAAAAAAAAAAAAAAAAAAAAAAAAAAAAAAAAAAAAAAAAAAAAAAAAAAAAAAAAAAAAAAAAAAAAAAAAAAAAAAAAAAAAAAAAAAAAAAAAAAAAAAAAAAAAAAAAAAAAAAAAAAAAAAAAAAAAAAAAAAAAAAAAAAAAAAAAAAAAAAAAAAAAAAAAAAAAAAAAAAAAAAAAAAAAAAAAAAAAAAAAAAAAAAAAAAAAAAAAAAAAAAAAAAAAAAAAAAAAAAAAAAAAAAAAAAAAAAAAAAAAAAAAAAAAAAAAAAAAAAAAAAAAAAAAAAAAAAAAAAAAAAAAAAAAAAAAAAAAAAAAAAAAAAAAAAAAAAAAAAAAAAAAAAAAAAAAAAAAAAAAAAAAAAAAAAAAAAAAAAAAAAAAAAAAAAAAAAAAAAAAAAAAAAAAAAAAAAAAAAAAAAAAAAAAAAAAAAAAAAAAAAAAAAAAAAAAAAAAAAAAAAAAAAAAAAAAAAAAAAAAAAAAAAAAAAAAAAAAAAAAAAAAAAAAAAAAAAAAAAAAAAAAAAAAAAAAAAAAAAAAAAAAAAAAAAAAAAAAAAAAAAAAAAAAAAAAAAAAAAAAAAAAAAAAAAAAAAAAAAAAAAAAAAAAAAAAAAAAAAAAAAAAAAAAAAAAAAAAAAAAAAAAAAAAAAAAAAAAAAAAAAAAAAAAAAAAAAAAAAAAAAAAAAAAAAAAAAAAAAAAAAAAAAAAAAAAAAAAAAAAAAAAAAAAAAAAAAAAAAAAAAAAAAAAAAAAAAAAAAAAAAAAAAAAAAAAAAAAAAAAAAAAAAAAAAAAAAAAAAAAAAAAAAAAAAAAAAAAAAAAAAAAAAAAAAAAAAAAAAAAAAAAAAAAAAAAAAAAAAAAAAAAAAAAAAAAAAAAAAAAAAAAAAAAAAAAAAAAAAAAAAAAAAAAAAAAAAAAAAAAAAAAAAAAAAAAAAAAAAAAAAAAAAAAAAAAAAAAAAAAAAAAAAAAAAAAAAAAAAAAAAAAAAAAAAAAAAAAAAAAAAAAAAAAAAAAAAAAAAAAAAAAAAAAAAAAAAAAAAAAAAAAAAAAAAAAAAAAAAAAAAAAAAAAAAAAAAAAAAAAAAAAAAAAAAAAAAAAAAAAAAAAAAAAAAAAAAAAAAAAAAAAAAAAAAAAAAAAAAAAAAAAAAAAAAAAAAAAAAAAAAAAAAAAAAAAAAAAAAAAAAAAAAAAAAAAAAAAAAAAAAAAAAAAAAAAAAAAAAAAAAAAAAAAAAAAAAAAAAAAAAAAAAAAAAAAAAAAAAAAAAAAAAAAAAAAAAAAAAAAAAAAAAAAAAAAAAAAAAAAAAAAAAAAAAAAAAAAAAAAAAAAAAAAAAAAAAAAAAAAAAAAAAAAAAAAAAAAAAAAAAAAAAAAAAAAAAAAAAAAAAAAAAAAAAAAAAAAAAAAAAAAAAAAAAAAAAAAAAAAAAAAAAAAAAAAAAAAAAAAAAAAAAAAAAAAAAAAAAAAAAAAAAAAAAAAAAAAAAAAAAAAAAAAAAAAAAAAAAAAAAAAAAAAAAAAAAAAAAAAAAAAAAAAAAAAAAAAAAAAAAAAAAAAAAAAAAAAAAAAAAAAAAAAAAAAAAAAAAAAAAAAAAAAAAAAAAAAAAAAAAAAAAAAAAAAAAAAAAAAAAAAAAAAAAAAAAAAAAAAAAAAAAAAAAAAAAAAAAAAAAAAAAAAAAAAAAAAAAAAAAAAAAAAAAAAAAAAAAAAAAAAAAAAAAAAAAAAAAAAAAAAAAAAAAAAAAAAAAAAAAAAAAAAAAAAAAAAAAAAAAAAAAAAAAAAAAAAAAAAAAAAAAAAAAAAAAAAAAAAAAAAAAAAAAAAAAAAAAAAAAAAAAAAAAAAAAAAAAAAAAAAAAAAAAAAAAAAAAAAAAAAAAAAAAAAAAAAAAAAAAAAAAAAAAAAAAAAAAAAAAAAAAAAAAAAAAAAAAAAAAAAAAAAAAAAAAAAAAAAAAAAAAAAAAAAAAAAAAAAAAAAAAAAAAAAAAAAAAAAAAAAAAAAAAAAAAAAAAAAAAAAAAAAAAAAAAAAAAAAAAAAAAAAAAAAAAAAAAAAAAAAAAAAAAAAAAAAAAAAAAAAAAAAAAAAAAAAAAAAAAAAAAAAAAAAAAAAAAAAAAAAAAAAAAAAAAAAAAAAAAAAAAAAAAAAAAAAAAAAAAAAAAAAAAAAAAAAAAAAAAAAAAAAAAAAAAAAAAAAAAAAAAAAAAAAAAAAAAAAAAAAAAAAAAAAAAAAAAAAAAAAAAAAAAAAAAAAAAAAAAAAAAAAAAAAAAAAAAAAAAAAAAAAAAAAAAAAAAAAAAAAAAAAAAAAAAAAAAAAAAAAAAAAAAAAAAAAAAAAAAAAAAAAAAAAAAAAAAAAAAAAAAAAAAAAAAAAAAAAAAAAAAAAAAAAAAAAAAAAAAAAAAAAAAAAAAAAAAAAAAAAAAAAAAAAAAAAAAAAAAAAAAAAAAAAAAAAAAAAAAAAAAAAAAAAAAAAAAAAAAAAAAAAAAAAAAAAAAAAAAAAAAAAAAAAAAAAAAAAAAAAAAAAAAAAAAAAAAAAAAAAAAAAAAAAAAAAAAAAAAAAAAAAAAAAAAAAAAAAAAAAAAAAAAAAAAAAAAAAAAAAAAAAAAAAAAAAAAAAAAAAAAAAAAAAAAAAAAAAAAAAAAAAAAAAAAAAAAAAAAAAAAAAAAAAAAAAAAAAAAAAAAAAAAAAAAAAAAAAAAAAAAAAAAAAAAAAAAAAAAAAAAAAAAAAAAAAAAAAAAAAAAAAAAAAAAAAAAAAAAAAAAAAAAAAAAAAAAAAAAAAAAAAAAAAAAAAAAAAAAAAAAAAAAAAAAAAAAAAAAAAAAAAAAAAAAAAAAAAAAAAAAAAAAAAAAAAAAAAAAAAAAAAAAAAAAAAAAAAAAAAAAAAAAAAAAAAAAAAAAAAAAAAAAAAAAAAAAAAAAAAAAAAAAAAAAAAAAAAAAAAAAAAAAAAAAAAAAAAAAAAAAAAAAAAAAAAAAAAAAAAAAAAAAAAAAAAAAAAAAAAAAAAAAAAAAAAAAAAAAAAAAAAAAAAAAAAAAAAAAAAAAAAAAAAAAAAAAAAAAAAAAAAAAAAAAAAAAAAAAAAAAAAAAAAAAAAAAAAAAAAAAAAAAAAAAAAAAAAAAAAAAAAAAAAAAAAAAAAAAAAAAAAAAAAAAAAAAAAAAAAAAAAAAAAAAAAAAAAAAAAAAAAAAAAAAAAAAAAAAAAAAAAAAAAAAAAAAAAAAAAAAAAAAAAAAAAAAAAAAAAAAAAAAAAAAAAAAAAAAAAAAAAAAAAAAAAAAAAAAAAAAAAAAAAAAAAAAAAAAAAAAAAAAAAAAAAAAAAAAAAAAAAAAAAAAAAAAAAAAAAAAAAAAAAAAAAAAAAAAAAAAAAAAAAAAAAAAAAAAAAAAAAAAAAAAAAAAAAAAAAAAAAAAAAAAAAAAAAAAAAAAAAAAAAAAAAAAAAAAAAAAAAAAAAAAAAAAAAAAAAAAAAAAAAAAAAAAAAAAAAAAAAAAAAAAAAAAAAAAAAAAAAAAAAAAAAAAAAAAAAAAAAAAAAAAAAAAAAAAAAAAAAAAAAAAAAAAAAAAAAAAAAAAAAAAAAAAAAAAAAAAAAAAAAAAAAAAAAAAAAAAAAAAAAAAAAAAAAAAAAAAAAAAAAAAAAAAAAAAAAAAAAAAAAAAAAAAAAAAAAAAAAAAAAAAAAAAAAAAAAAAAAAAAAAAAAAAAAAAAAAAAAAAAAAAAAAAAAAAAAAAAAAAAAAAAAAAAAAAAAAAAAAAAAAAAAAAAAAAAAAAAAAAAAAAAAAAAAAAAAAAAAAAAAAAAAAAAAAAAAAAAAAAAAAAAAAAAAAAAAAAAAAAAAAAAAAAAAAAAAAAAAAAAAAAAAAAAAAAAAAAAAAAAAAAAAAAAAAAAAAAAAAAAAAAAAAAAAAAAAAAAAAAAAAAAAAAAAAAAAAAAAAAAAAAAAAAAAAAAAAAAAAAAAAAAAAAAAAAAAAAAAAAAAAAAAAAAAAAAAAAAAAAAAAAAAAAAAAAAAAAAAAAAAAAAAAAAAAAAAAAAAAAAAAAAAAAAAAAAAAAAAAAAAAAAAAAAAAAAAAAAAAAAAAAAAAAAAAAAAAAAAAAAAAAAAAAAAAAAAAAAAAAAAAAAAAAAAAAAAAAAAAAAAAAAAAAAAAAAAAAAAAAAAAAAAAAAAAAAAAAAAAAAAAAAAAAAAAAAAAAAAAAAAAAAAAAAAAAAAAAAAAAAAAAAAAAAAAAAAAAAAAAAAAAAAAAAAAAAAAAAAAAAAAAAAAAAAAAAAAAAAAAAAAAAAAAAAAAAAAAAAAAAAAAAAAAAAAAAAAAAAAAAAAAAAAAAAAAAAAAAAAAAAAAAAAAAAAAAAAAAAAAAAAAAAAAAAAAAAAAAAAAAAAAAAAAAAAAAAAAAAAAAAAAAAAAAAAAAAAAAAAAAAAAAAAAAAAAAAAAAAAAAAAAAAAAAAAAAAAAAAAAAAAAAAAAAAAAAAAAAAAAAAAAAAAAAAAAAAAAAAAAAAAAAAAAAAAAAAAAAAAAAAAAAAAAAAAAAAAAAAAAAAAAAAAAAAAAAAAAAAAAAAAAAAAAAAAAAAAAAAAAAAAAAAAAAAAAAAAAAAAAAAAAAAAAAAAAAAAAAAAAAAAAAAAAAAAAAAAAAAAAAAAAAAAAAAAAAAAAAAAAAAAAAAAAAAAAAAAAAAAAAAAAAAAAAAAAAAAAAAAAAAAAAAAAAAAAAAAAAAAAAAAAAAAAAAAAAAAAAAAAAAAAAAAAAAAAAAAAAAAAAAAAAAAAAAAAAAAAAAAAAAAAAAAAAAAAAAAAAAAAAAAAAAAAAAAAAAAAAAAAAAAAAAAAAAAAAAAAAAAAAAAAAAAAAAAAAAAAAAAAAAAAAAAAAAAAAAAAAAAAAAAAAAAAAAAAAAAAAAAAAAAAAAAAAAAAAAAAAAAAAAAAAAAAAAAAAAAAAAAAAAAAAAAAAAAAAAAAAAAAAAAAAAAAAAAAAAAAAAAAAAAAAAAAAAAAAAAAAAAAAAAAAAAAAAAAAAAAAAAAAAAAAAAAAAAAAAAAAAAAAAAAAAAAAAAAAAAAAAAAAAAAAAAAAAAAAAAAAAAAAAAAAAAAAAAAAAAAAAAAAAAAAAAAAAAAAAAAAAAAAAAAAAAAAAAAAAAAAAAAAAAAAAAAAAAAAAAAAAAAAAAAAAAAAAAAAAAAAAAAAAAAAAAAAAAAAAAAAAAAAAAAAAAAAAAAAAAAAAAAAAAAAAAAAAAAAAAAAAAAAAAAAAAAAAAAAAAAAAAAAAAAAAAAAAAAAAAAAAAAAAAAAAAAAAAAAAAAABAAEAAQAAABgAAAAAAAAAEQAQAAAAAACwFwAAAAAAANAZAAAAAAAAVFJFRQAAAQD/////////////////////AAAAAAAAAAAIHQAAAAAAAAgAAAAAAAAAAAAAAAAAAAAAAAAAAAAAAAAAAAAAAAAAAAAAAAAAAAAAAAAAAAAAAAAAAAAAAAAAAAAAAAAAAAAAAAAAAAAAAAAAAAAAAAAAAAAAAAAAAAAAAAAAAAAAAAAAAAAAAAAAAAAAAAAAAAAAAAAAAAAAAAAAAAAAAAAAAAAAAAAAAAAAAAAAAAAAAAAAAAAAAAAAAAAAAAAAAAAAAAAAAAAAAAAAAAAAAAAAAAAAAAAAAAAAAAAAAAAAAAAAAAAAAAAAAAAAAAAAAAAAAAAAAAAAAAAAAAAAAAAAAAAAAAAAAAAAAAAAAAAAAAAAAAAAAAAAAAAAAAAAAAAAAAAAAAAAAAAAAAAAAAAAAAAAAAAAAAAAAAAAAAAAAAAAAAAAAAAAAAAAAAAAAAAAAAAAAAAAAAAAAAAAAAAAAAAAAAAAAAAAAAAAAAAAAAAAAAAAAAAAAAAAAAAAAAAAAAAAAAAAAAAAAAAAAAAAAAAAAAAAAAAAAAAAAAAAAAAAAAAAAAAAAAAAAAAAAAAAAAAAAAAAAAAAAAAAAAAAAAAAAAAAAAAAAAAAAAAAAAAAAAAAAAAAAAAAAAAAAAAAAAAAAAAAAAAAAAAAAAAAAAAAAAAAAAAAAAAAAAAAAAAAAAAAAAAAAAAAAAAAAAAAAAAAAAAAAEhFQVAAAAAAWAAAAAAAAAAQAAAAAAAAAPAZAAAAAAAAAAAAAAAAAABkZW5zZQAAAAEAAAAAAAAASAAAAAAAAAAAAAAAAAAAAAAAAAAAAAAAAAAAAAAAAAAAAAAAAAAAAAAAAAAAAAAAAAAAAAAAAAAAAAAAAAAAAAEAAQABAAAAGAAAAAAAAAARABAAAAAAAHAaAAAAAAAAkBwAAAAAAABUUkVFAAABAP////////////////////8AAAAAAAAAABAhAAAAAAAACAAAAAAAAAAAAAAAAAAAAAAAAAAAAAAAAAAAAAAAAAAAAAAAAAAAAAAAAAAAAAAAAAAAAAAAAAAAAAAAAAAAAAAAAAAAAAAAAAAAAAAAAAAAAAAAAAAAAAAAAAAAAAAAAAAAAAAAAAAAAAAAAAAAAAAAAAAAAAAAAAAAAAAAAAAAAAAAAAAAAAAAAAAAAAAAAAAAAAAAAAAAAAAAAAAAAAAAAAAAAAAAAAAAAAAAAAAAAAAAAAAAAAAAAAAAAAAAAAAAAAAAAAAAAAAAAAAAAAAAAAAAAAAAAAAAAAAAAAAAAAAAAAAAAAAAAAAAAAAAAAAAAAAAAAAAAAAAAAAAAAAAAAAAAAAAAAAAAAAAAAAAAAAAAAAAAAAAAAAAAAAAAAAAAAAAAAAAAAAAAAAAAAAAAAAAAAAAAAAAAAAAAAAAAAAAAAAAAAAAAAAAAAAAAAAAAAAAAAAAAAAAAAAAAAAAAAAAAAAAAAAAAAAAAAAAAAAAAAAAAAAAAAAAAAAAAAAAAAAAAAAAAAAAAAAAAAAAAAAAAAAAAAAAAAAAAAAAAAAAAAAAAAAAAAAAAAAAAAAAAAAAAAAAAAAAAAAAAAAAAAAAAAAAAAAAAAAAAAAAAAAAAAAAAAAAAAAAAAAAAAAAAAAAAAAAAAAAAAAAAAAAAAAAAAAASEVBUAAAAABYAAAAAAAAABAAAAAAAAAAsBwAAAAAAAAAAAAAAAAAAHZhcnMAAAAAAQAAAAAAAABIAAAAAAAAAAAAAAAAAAAAAAAAAAAAAAAAAAAAAAAAAAAAAAAAAAAAAAAAAAAAAAAAAAAAAAAAAAAAAAAAAAAAU05PRAEAAQAIAAAAAAAAAEgaAAAAAAAAAQAAAAAAAABwGgAAAAAAAJAcAAAAAAAAAAAAAAAAAAAAAAAAAAAAAAAAAAAAAAAAAAAAAAAAAAAAAAAAAAAAAAAAAAAAAAAAAAAAAAAAAAAAAAAAAAAAAAAAAAAAAAAAAAAAAAAAAAAAAAAAAAAAAAAAAAAAAAAAAAAAAAAAAAAAAAAAAAAAAAAAAAAAAAAAAAAAAAAAAAAAAAAAAAAAAAAAAAAAAAAAAAAAAAAAAAAAAAAAAAAAAAAAAAAAAAAAAAAAAAAAAAAAAAAAAAAAAAAAAAAAAAAAAAAAAAAAAAAAAAAAAAAAAAAAAAAAAAAAAAAAAAAAAAAAAAAAAAAAAAAAAAAAAAAAAAAAAAAAAAAAAAAAAAAAAAAAAAAAAAAAAAAAAAAAAAAAAAAAAAAAAAEAAwABAAAAGAAAAAAAAAAQABAAAAAAAFgiAAAAAAAAYAAAAAAAAABUUkVFAAABAP////////////////////8AAAAAAAAAAMwjAAAAAAAAEAAAAAAAAAAAAAAAAAAAAAAAAAAAAAAAAAAAAAAAAAAAAAAAAAAAAAAAAAAAAAAAAAAAAAAAAAAAAAAAAAAAAAAAAAAAAAAAAAAAAAAAAAAAAAAAAAAAAAAAAAAAAAAAAAAAAAAAAAAAAAAAAAAAAAAAAAAAAAAAAAAAAAAAAAAAAAAAAAAAAAAAAAAAAAAAAAAAAAAAAAAAAAAAAAAAAAAAAAAAAAAAAAAAAAAAAAAAAAAAAAAAAAAAAAAAAAAAAAAAAAAAAAAAAAAAAAAAAAAAAAAAAAAAAAAAAAAAAAAAAAAAAAAAAAAAAAAAAAAAAAAAAAAAAAAAAAAAAAAAAAAAAAAAAAAAAAAAAAAAAAAAAAAAAAAAAAAAAAAAAAAAAAAAAAAAAAAAAAAAAAAAAAAAAAAAAAAAAAAAAAAAAAAAAAAAAAAAAAAAAAAAAAAAAAAAAAAAAAAAAAAAAAAAAAAAAAAAAAAAAAAAAAAAAAAAAAAAAAAAAAAAAAAAAAAAAAAAAAAAAAAAAAAAAAAAAAAAAAAAAAAAAAAAAAAAAAAAAAAAAAAAAAAAAAAAAAAAAAAAAAAAAAAAAAAAAAAAAAAAAAAAAAAAAAAAAAAAAAAAAAAAAAAAAAAAAAAAAAAAAAAAAAAAAAAAAAAAAAAAAAAAAAAAAAAASEVBUAAAAABYAAAAAAAAABgAAAAAAAAAuCAAAAAAAAAAAAAAAAAAADAAAAAAAAAAMQAAAAAAAAABAAAAAAAAAEAAAAAAAAAAAAAAAAAAAAAAAAAAAAAAAAAAAAAAAAAAAAAAAAAAAAAAAAAAAAAAAAAAAAAAAAAAU05PRAEAAQAIAAAAAAAAAFAeAAAAAAAAAQAAAAAAAAB4HgAAAAAAAJggAAAAAAAAAAAAAAAAAAAAAAAAAAAAAAAAAAAAAAAAAAAAAAAAAAAAAAAAAAAAAAAAAAAAAAAAAAAAAAAAAAAAAAAAAAAAAAAAAAAAAAAAAAAAAAAAAAAAAAAAAAAAAAAAAAAAAAAAAAAAAAAAAAAAAAAAAAAAAAAAAAAAAAAAAAAAAAAAAAAAAAAAAAAAAAAAAAAAAAAAAAAAAAAAAAAAAAAAAAAAAAAAAAAAAAAAAAAAAAAAAAAAAAAAAAAAAAAAAAAAAAAAAAAAAAAAAAAAAAAAAAAAAAAAAAAAAAAAAAAAAAAAAAAAAAAAAAAAAAAAAAAAAAAAAAAAAAAAAAAAAAAAAAAAAAAAAAAAAAAAAAAAAAAAAAAAAAAAAAAAABEAEAAAAAAAeB4AAAAAAACYIAAAAAAAAAwAQAAAAAAAAQAFABQACABuYW1lAAAAABkBAQAQAAAAEAAAAAEAAAAAAAgAAAAAAAEAAAAAAAAABQAAAIgHAAAAAAAAAgAAAAEABQABAAAAAAEAAAAAAAABACgAAAAAAAECAQAAAAAAAQAAAAAAAAABAAAAAAAAAAEAAAAAAAAAAQAAAAAAAAADABgAAQAAABEgHwAEAAAAAAAgABcIABd/AAAAAAAAAAUACAABAAAAAgICAQAAAAAIABgAAAAAAAMByCMAAAAAAAAEAAAAAAAAAAAAAAAAAAAAeAAAAAAAAAAAAAAAAAAAAAAAAAAAAAAAAAAAAAAAAAAAAAAAAAAAAAAAAAAAAAAAAAAAAAAAAAAAAAAAAAAAAAAAAAAAAAAAAAAAAAAAAAAAAAAAAAAAAAAAAAAAAAAAAAAAAAAAAAAAAAAAAAAAAAAAAAAAAAAAAAAAAAAAL6n/P1NOT0QBAAIACAAAAAAAAAC4IgAAAAAAAAAAAAAAAAAAAAAAAAAAAAAAAAAAAAAAABAAAAAAAAAAFCUAAAAAAAAAAAAAAAAAAAAAAAAAAAAAAAAAAAAAAAAAAAAAAAAAAAAAAAAAAAAAAAAAAAAAAAAAAAAAAAAAAAAAAAAAAAAAAAAAAAAAAAAAAAAAAAAAAAAAAAAAAAAAAAAAAAAAAAAAAAAAAAAAAAAAAAAAAAAAAAAAAAAAAAAAAAAAAAAAAAAAAAAAAAAAAAAAAAAAAAAAAAAAAAAAAAAAAAAAAAAAAAAAAAAAAAAAAAAAAAAAAAAAAAAAAAAAAAAAAAAAAAAAAAAAAAAAAAAAAAAAAAAAAAAAAAAAAAAAAAAAAAAAAAAAAAAAAAAAAAAAAAAAAAAAAAAAAAAAAAAAAAAAAAAAAAAAAAAAAAABAAUAAQAAAAABAAAAAAAAAQAYAAAAAAABAQEAAAAAAAEAAAAAAAAAAQAAAAAAAAADABgAAQAAABEgHwAEAAAAAAAgABcIABd/AAAAAAAAAAUACAABAAAAAgICAQAAAAAIABgAAAAAAAMBJCYAAAAAAAAEAAAAAAAAAAAAAAAAAAAAiAAAAAAAAAAAAAAAAAAAAAAAAAAAAAAAAAAAAAAAAAAAAAAAAAAAAAAAAAAAAAAAAAAAAAAAAAAAAAAAAAAAAAAAAAAAAAAAAAAAAAAAAAAAAAAAAAAAAAAAAAAAAAAAAAAAAAAAAAAAAAAAAAAAAAAAAAAAAAAAAAAAAAAAAAAAAAAAAAAAAAAAAAAAALDlfb8BAAEAAQAAABgAAAAAAAAAEQAQAAAAAABQJgAAAAAAAHAoAAAAAAAAVFJFRQAAAQD/////////////////////AAAAAAAAAACoKwAAAAAAAAgAAAAAAAAAAAAAAAAAAAAAAAAAAAAAAAAAAAAAAAAAAAAAAAAAAAAAAAAAAAAAAAAAAAAAAAAAAAAAAAAAAAAAAAAAAAAAAAAAAAAAAAAAAAAAAAAAAAAAAAAAAAAAAAAAAAAAAAAAAAAAAAAAAAAAAAAAAAAAAAAAAAAAAAAAAAAAAAAAAAAAAAAAAAAAAAAAAAAAAAAAAAAAAAAAAAAAAAAAAAAAAAAAAAAAAAAAAAAAAAAAAAAAAAAAAAAAAAAAAAAAAAAAAAAAAAAAAAAAAAAAAAAAAAAAAAAAAAAAAAAAAAAAAAAAAAAAAAAAAAAAAAAAAAAAAAAAAAAAAAAAAAAAAAAAAAAAAAAAAAAAAAAAAAAAAAAAAAAAAAAAAAAAAAAAAAAAAAAAAAAAAAAAAAAAAAAAAAAAAAAAAAAAAAAAAAAAAAAAAAAAAAAAAAAAAAAAAAAAAAAAAAAAAAAAAAAAAAAAAAAAAAAAAAAAAAAAAAAAAAAAAAAAAAAAAAAAAAAAAAAAAAAAAAAAAAAAAAAAAAAAAAAAAAAAAAAAAAAAAAAAAAAAAAAAAAAAAAAAAAAAAAAAAAAAAAAAAAAAAAAAAAAAAAAAAAAAAAAAAAAAAAAAAAAAAAAAAAAAAAAAAAAAAAAAAAAAAAAAAAAAAAAAAAAAAEhFQVAAAAAAWAAAAAAAAAAQAAAAAAAAAJAoAAAAAAAAAAAAAAAAAAB2YXJzAAAAAAEAAAAAAAAASAAAAAAAAAAAAAAAAAAAAAAAAAAAAAAAAAAAAAAAAAAAAAAAAAAAAAAAAAAAAAAAAAAAAAAAAAAAAAAAAAAAAAEAAwABAAAAGAAAAAAAAAAQABAAAAAAAPAsAAAAAAAAYAAAAAAAAABUUkVFAAABAP////////////////////8AAAAAAAAAAGguAAAAAAAAEAAAAAAAAAAAAAAAAAAAAAAAAAAAAAAAAAAAAAAAAAAAAAAAAAAAAAAAAAAAAAAAAAAAAAAAAAAAAAAAAAAAAAAAAAAAAAAAAAAAAAAAAAAAAAAAAAAAAAAAAAAAAAAAAAAAAAAAAAAAAAAAAAAAAAAAAAAAAAAAAAAAAAAAAAAAAAAAAAAAAAAAAAAAAAAAAAAAAAAAAAAAAAAAAAAAAAAAAAAAAAAAAAAAAAAAAAAAAAAAAAAAAAAAAAAAAAAAAAAAAAAAAAAAAAAAAAAAAAAAAAAAAAAAAAAAAAAAAAAAAAAAAAAAAAAAAAAAAAAAAAAAAAAAAAAAAAAAAAAAAAAAAAAAAAAAAAAAAAAAAAAAAAAAAAAAAAAAAAAAAAAAAAAAAAAAAAAAAAAAAAAAAAAAAAAAAAAAAAAAAAAAAAAAAAAAAAAAAAAAAAAAAAAAAAAAAAAAAAAAAAAAAAAAAAAAAAAAAAAAAAAAAAAAAAAAAAAAAAAAAAAAAAAAAAAAAAAAAAAAAAAAAAAAAAAAAAAAAAAAAAAAAAAAAAAAAAAAAAAAAAAAAAAAAAAAAAAAAAAAAAAAAAAAAAAAAAAAAAAAAAAAAAAAAAAAAAAAAAAAAAAAAAAAAAAAAAAAAAAAAAAAAAAAAAAAAAAAAAAAAAAAAAAAAAAASEVBUAAAAABYAAAAAAAAABgAAAAAAAAAUCsAAAAAAAAAAAAAAAAAADAAAAAAAAAAMQAAAAAAAAABAAAAAAAAAEAAAAAAAAAAAAAAAAAAAAAAAAAAAAAAAAAAAAAAAAAAAAAAAAAAAAAAAAAAAAAAAAAAAAAAAAAAU05PRAEAAQAIAAAAAAAAAOgoAAAAAAAAAQAAAAAAAAAQKQAAAAAAADArAAAAAAAAAAAAAAAAAAAAAAAAAAAAAAAAAAAAAAAAAAAAAAAAAAAAAAAAAAAAAAAAAAAAAAAAAAAAAAAAAAAAAAAAAAAAAAAAAAAAAAAAAAAAAAAAAAAAAAAAAAAAAAAAAAAAAAAAAAAAAAAAAAAAAAAAAAAAAAAAAAAAAAAAAAAAAAAAAAAAAAAAAAAAAAAAAAAAAAAAAAAAAAAAAAAAAAAAAAAAAAAAAAAAAAAAAAAAAAAAAAAAAAAAAAAAAAAAAAAAAAAAAAAAAAAAAAAAAAAAAAAAAAAAAAAAAAAAAAAAAAAAAAAAAAAAAAAAAAAAAAAAAAAAAAAAAAAAAAAAAAAAAAAAAAAAAAAAAAAAAAAAAAAAAAAAAAAAAAAAABEAEAAAAAAAECkAAAAAAAAwKwAAAAAAAAwAQAAAAAAAAQAFABQACABuYW1lAAAAABkBAQAQAAAAEAAAAAEAAAAAAAgAAAAAAAEAAAAAAAAAAwAAAIgHAAAAAAAAAwAAAAEABQABAAAAAAEAAAAAAAABAAgAAAAAAAEAAAAAAAAAAwAQAAEAAAAQCAAACAAAAAAAQAAAAAAABQAIAAEAAAACAgIBAAAAAAgAGAAAAAAAAwFgLgAAAAAAAAgAAAAAAAAAAAAAAAAAAACgAAAAAAAAAAAAAAAAAAAAAAAAAAAAAAAAAAAAAAAAAAAAAAAAAAAAAAAAAAAAAAAAAAAAAAAAAAAAAAAAAAAAAAAAAAAAAAAAAAAAAAAAAAAAAAAAAAAAAAAAAAAAAAAAAAAAAAAAAAAAAAAAAAAAAAAAAAAAAAAAAAAAAAAAAAAAAAAAAAAAAAAAAAAAAAAAAAAAAAAAAAAAAAAAAAAAAAAAAAAA9AEAAAAAAABTTk9EAQACAAgAAAAAAAAAUC0AAAAAAAAAAAAAAAAAAAAAAAAAAAAAAAAAAAAAAAAQAAAAAAAAALAvAAAAAAAAAAAAAAAAAAAAAAAAAAAAAAAAAAAAAAAAAAAAAAAAAAAAAAAAAAAAAAAAAAAAAAAAAAAAAAAAAAAAAAAAAAAAAAAAAAAAAAAAAAAAAAAAAAAAAAAAAAAAAAAAAAAAAAAAAAAAAAAAAAAAAAAAAAAAAAAAAAAAAAAAAAAAAAAAAAAAAAAAAAAAAAAAAAAAAAAAAAAAAAAAAAAAAAAAAAAAAAAAAAAAAAAAAAAAAAAAAAAAAAAAAAAAAAAAAAAAAAAAAAAAAAAAAAAAAAAAAAAAAAAAAAAAAAAAAAAAAAAAAAAAAAAAAAAAAAAAAAAAAAAAAAAAAAAAAAAAAAAAAAAAAAAAAAAAAAAAAQAFAAEAAAAAAQAAAAAAAAEACAAAAAAAAQAAAAAAAAADABgAAQAAABEgHwAEAAAAAAAgABcIABd/AAAAAAAAAAUACAABAAAAAgICAQAAAAAIABgAAAAAAAMBwDAAAAAAAAAEAAAAAAAAAAAAAAAAAAAAmAAAAAAAAAAAAAAAAAAAAAAAAAAAAAAAAAAAAAAAAAAAAAAAAAAAAAAAAAAAAAAAAAAAAAAAAAAAAAAAAAAAAAAAAAAAAAAAAAAAAAAAAAAAAAAAAAAAAAAAAAAAAAAAAAAAAAAAAAAAAAAAAAAAAAAAAAAAAAAAAAAAAAAAAAAAAAAAAAAAAAAAAAAAAAAAAAAAAAAAAAAAAAAAAAAK1yM8UEsBAhQDFAAAAAAAAAAhAK2DsMBAAAAAQAAAAA0AAAAAAAAAAAAAAIABAAAAAG1ldGFkYXRhLmpzb25QSwECFAMUAAAAAAAAACEA0VLb0EEHAABBBwAACwAAAAAAAAAAAAAAgAFrAAAAY29uZmlnLmpzb25QSwECFAMUAAAAAACsY9xaizvkp8QwAADEMAAAEAAAAAAAAAAAAAAAgAHVBwAAbW9kZWwud2VpZ2h0cy5oNVBLBQYAAAAAAwADALIAAADHOAAAAAA=",
            "content_disposition": "",
            "content_encoding": "",
            "content_language": "",
            "content_type": "text/plain; charset=utf-8",
            "crc32c": "vyiBdw==",
            "customer_encryption": [],
            "detect_md5hash": "k3nI0oa9udGjE4PHS5ZzwQ==",
            "event_based_hold": false,
            "generation": 1751107195389603,
            "id": "personalhub14-bqmlimport-bucket-tf_function1/simple_model.keras",
            "kms_key_name": "",
            "md5hash": "k3nI0oa9udGjE4PHS5ZzwQ==",
            "md5hexhash": "9379c8d286bdb9d1a31383c74b9673c1",
            "media_link": "https://storage.googleapis.com/download/storage/v1/b/personalhub14-bqmlimport-bucket/o/tf_function1%2Fsimple_model.keras?generation=1751107195389603\u0026alt=media",
            "metadata": null,
            "name": "tf_function1/simple_model.keras",
            "output_name": "tf_function1/simple_model.keras",
            "retention": [],
            "self_link": "https://www.googleapis.com/storage/v1/b/personalhub14-bqmlimport-bucket/o/tf_function1%2Fsimple_model.keras",
            "source": null,
            "storage_class": "STANDARD",
            "temporary_hold": false,
            "timeouts": null
          },
          "sensitive_attributes": [
            [
              {
                "type": "get_attr",
                "value": "content"
              }
            ]
          ],
          "identity_schema_version": 0,
          "private": "eyJlMmJmYjczMC1lY2FhLTExZTYtOGY4OC0zNDM2M2JjN2M0YzAiOnsiY3JlYXRlIjoyNDAwMDAwMDAwMDAsImRlbGV0ZSI6MjQwMDAwMDAwMDAwLCJ1cGRhdGUiOjI0MDAwMDAwMDAwMH19",
          "dependencies": [
            "module.datalake.google_storage_bucket.bqml_import_bucket"
          ]
        }
      ]
    },
    {
      "module": "module.datawarehouse",
      "mode": "managed",
      "type": "google_dataform_repository",
      "name": "billinganalytics_repo",
      "provider": "provider[\"registry.terraform.io/hashicorp/google-beta\"]",
      "instances": [
        {
          "schema_version": 0,
          "attributes": {
            "deletion_policy": "DELETE",
            "display_name": "Billing Analytics DataForm Repository",
            "effective_labels": {
              "goog-terraform-provisioned": "true"
            },
            "git_remote_settings": [
              {
                "authentication_token_secret_version": "projects/415088972722/secrets/gh-access-token-secret",
                "default_branch": "main",
                "ssh_authentication_config": [],
                "token_status": "",
                "url": "https://github.com/Gui-go/gcp_billing_analytics.git"
              }
            ],
            "id": "projects/personalhub14/locations/us-central1/repositories/billing-repo",
            "kms_key_name": "",
            "labels": {},
            "name": "billing-repo",
            "npmrc_environment_variables_secret_version": "",
            "project": "personalhub14",
            "region": "us-central1",
            "service_account": "dataform-sa@personalhub14.iam.gserviceaccount.com",
            "terraform_labels": {
              "goog-terraform-provisioned": "true"
            },
            "timeouts": null,
            "workspace_compilation_overrides": [
              {
                "default_database": "personalhub14",
                "schema_suffix": "",
                "table_prefix": ""
              }
            ]
          },
          "sensitive_attributes": [],
          "identity_schema_version": 0,
          "private": "eyJlMmJmYjczMC1lY2FhLTExZTYtOGY4OC0zNDM2M2JjN2M0YzAiOnsiY3JlYXRlIjoxMjAwMDAwMDAwMDAwLCJkZWxldGUiOjEyMDAwMDAwMDAwMDAsInVwZGF0ZSI6MTIwMDAwMDAwMDAwMH19",
          "dependencies": [
            "module.iam.google_service_account.customdataform_sa",
            "module.security.google_secret_manager_secret.gh_token_secret"
          ]
        }
      ]
    },
    {
      "module": "module.datawarehouse",
      "mode": "managed",
      "type": "google_dataform_repository",
      "name": "bqdataform_brvectos_repo",
      "provider": "provider[\"registry.terraform.io/hashicorp/google-beta\"]",
      "instances": [
        {
          "schema_version": 0,
          "attributes": {
            "deletion_policy": "DELETE",
            "display_name": "BR Vectors DataForm Repository",
            "effective_labels": {
              "goog-terraform-provisioned": "true"
            },
            "git_remote_settings": [
              {
                "authentication_token_secret_version": "projects/415088972722/secrets/gh-access-token-secret",
                "default_branch": "main",
                "ssh_authentication_config": [],
                "token_status": "",
                "url": "git@github.com:Gui-go/BRvectors.git"
              }
            ],
            "id": "projects/personalhub14/locations/us-central1/repositories/brvectors-repo",
            "kms_key_name": "",
            "labels": {},
            "name": "brvectors-repo",
            "npmrc_environment_variables_secret_version": "",
            "project": "personalhub14",
            "region": "us-central1",
            "service_account": "dataform-sa@personalhub14.iam.gserviceaccount.com",
            "terraform_labels": {
              "goog-terraform-provisioned": "true"
            },
            "timeouts": null,
            "workspace_compilation_overrides": [
              {
                "default_database": "personalhub14",
                "schema_suffix": "",
                "table_prefix": ""
              }
            ]
          },
          "sensitive_attributes": [],
          "identity_schema_version": 0,
          "private": "eyJlMmJmYjczMC1lY2FhLTExZTYtOGY4OC0zNDM2M2JjN2M0YzAiOnsiY3JlYXRlIjoxMjAwMDAwMDAwMDAwLCJkZWxldGUiOjEyMDAwMDAwMDAwMDAsInVwZGF0ZSI6MTIwMDAwMDAwMDAwMH19",
          "dependencies": [
            "module.iam.google_service_account.customdataform_sa",
            "module.security.google_secret_manager_secret.gh_token_secret"
          ]
        }
      ]
    },
    {
      "module": "module.datawarehouse",
      "mode": "managed",
      "type": "google_dataform_repository_release_config",
      "name": "main_release",
      "provider": "provider[\"registry.terraform.io/hashicorp/google-beta\"]",
      "instances": [
        {
          "schema_version": 0,
          "attributes": {
            "code_compilation_config": [
              {
                "assertion_schema": "",
                "database_suffix": "",
                "default_database": "",
                "default_location": "",
                "default_schema": "",
                "schema_suffix": "",
                "table_prefix": "",
                "vars": {
                  "BILLING_ACCOUNT": "01F474_510F73_35550F",
                  "DATASET_BILL_DUMP": "billing_dataset",
                  "ENV": "prod",
                  "GEMINI_CNX": "bq_gemini_connection",
                  "PROJ_BILL_DUMP": "dump-billing-export1"
                }
              }
            ],
            "cron_schedule": "45 5 * * *",
            "git_commitish": "main",
            "id": "projects/personalhub14/locations/us-central1/repositories/billing-repo/releaseConfigs/main_release",
            "name": "main_release",
            "project": "personalhub14",
            "recent_scheduled_release_records": [
              {
                "compilation_result": "",
                "error_status": [
                  {
                    "code": 9,
                    "message": "generic::failed_precondition: Unable to fetch Git token secret"
                  }
                ],
                "release_time": "2025-06-28T03:45:00.511164076Z"
              },
              {
                "compilation_result": "",
                "error_status": [
                  {
                    "code": 9,
                    "message": "generic::failed_precondition: Unable to fetch Git token secret"
                  }
                ],
                "release_time": "2025-06-27T03:45:00.478123279Z"
              },
              {
                "compilation_result": "",
                "error_status": [
                  {
                    "code": 9,
                    "message": "generic::failed_precondition: Unable to fetch Git token secret"
                  }
                ],
                "release_time": "2025-06-26T03:45:00.477177534Z"
              },
              {
                "compilation_result": "",
                "error_status": [
                  {
                    "code": 9,
                    "message": "generic::failed_precondition: Unable to fetch Git token secret"
                  }
                ],
                "release_time": "2025-06-25T03:45:00.446018435Z"
              }
            ],
            "region": "us-central1",
            "repository": "billing-repo",
            "time_zone": "Europe/Berlin",
            "timeouts": null
          },
          "sensitive_attributes": [],
          "identity_schema_version": 0,
          "private": "eyJlMmJmYjczMC1lY2FhLTExZTYtOGY4OC0zNDM2M2JjN2M0YzAiOnsiY3JlYXRlIjoxMjAwMDAwMDAwMDAwLCJkZWxldGUiOjEyMDAwMDAwMDAwMDAsInVwZGF0ZSI6MTIwMDAwMDAwMDAwMH19",
          "dependencies": [
            "module.datawarehouse.google_dataform_repository.billinganalytics_repo",
            "module.iam.google_service_account.customdataform_sa",
            "module.security.google_secret_manager_secret.gh_token_secret"
          ]
        }
      ]
    },
    {
      "module": "module.datawarehouse",
      "mode": "managed",
      "type": "google_dataform_repository_workflow_config",
      "name": "main_workflow",
      "provider": "provider[\"registry.terraform.io/hashicorp/google-beta\"]",
      "instances": [
        {
          "schema_version": 0,
          "attributes": {
            "cron_schedule": "0 6 * * *",
            "id": "projects/personalhub14/locations/us-central1/repositories/billing-repo/workflowConfigs/main_workflow",
            "invocation_config": [
              {
                "fully_refresh_incremental_tables_enabled": false,
                "included_tags": [],
                "included_targets": [],
                "service_account": "dataform-sa@personalhub14.iam.gserviceaccount.com",
                "transitive_dependencies_included": true,
                "transitive_dependents_included": true
              }
            ],
            "name": "main_workflow",
            "project": "personalhub14",
            "recent_scheduled_execution_records": [
              {
                "error_status": [],
                "execution_time": "2025-06-28T04:00:00.611867606Z",
                "workflow_invocation": "projects/personalhub14/locations/us-central1/repositories/billing-repo/workflowInvocations/1751083200-c4266070-d9e4-4d5a-8524-cd95aa000afa"
              },
              {
                "error_status": [],
                "execution_time": "2025-06-27T04:00:00.596994905Z",
                "workflow_invocation": "projects/personalhub14/locations/us-central1/repositories/billing-repo/workflowInvocations/1750996800-af68ab81-f0af-47dc-8ba2-fea6303e43dc"
              },
              {
                "error_status": [],
                "execution_time": "2025-06-26T04:00:00.985323440Z",
                "workflow_invocation": "projects/personalhub14/locations/us-central1/repositories/billing-repo/workflowInvocations/1750910400-12cc766a-ddfb-4e1a-b59d-2d2daef43ace"
              },
              {
                "error_status": [],
                "execution_time": "2025-06-25T04:00:00.667290299Z",
                "workflow_invocation": "projects/personalhub14/locations/us-central1/repositories/billing-repo/workflowInvocations/1750824000-5336290a-9664-425e-a0d7-c293c5f33dc5"
              }
            ],
            "region": "us-central1",
            "release_config": "projects/personalhub14/locations/us-central1/repositories/billing-repo/releaseConfigs/main_release",
            "repository": "billing-repo",
            "time_zone": "Europe/Berlin",
            "timeouts": null
          },
          "sensitive_attributes": [],
          "identity_schema_version": 0,
          "private": "eyJlMmJmYjczMC1lY2FhLTExZTYtOGY4OC0zNDM2M2JjN2M0YzAiOnsiY3JlYXRlIjoxMjAwMDAwMDAwMDAwLCJkZWxldGUiOjEyMDAwMDAwMDAwMDAsInVwZGF0ZSI6MTIwMDAwMDAwMDAwMH19",
          "dependencies": [
            "module.datawarehouse.google_dataform_repository.billinganalytics_repo",
            "module.datawarehouse.google_dataform_repository_release_config.main_release",
            "module.iam.google_service_account.customdataform_sa",
            "module.security.google_secret_manager_secret.gh_token_secret"
          ]
        }
      ]
    },
    {
      "module": "module.discovery",
      "mode": "managed",
      "type": "google_discovery_engine_data_store",
      "name": "gwr_ds",
      "provider": "provider[\"registry.terraform.io/hashicorp/google\"]",
      "instances": [
        {
          "schema_version": 0,
          "attributes": {
            "advanced_site_search_config": [],
            "content_config": "CONTENT_REQUIRED",
            "create_advanced_site_search": false,
            "create_time": "2025-06-24T11:27:49.299584Z",
            "data_store_id": "gwr-ds",
            "default_schema_id": "default_schema",
            "display_name": "GWR References Data Store",
            "document_processing_config": [
              {
                "chunking_config": [],
                "default_parsing_config": [
                  {
                    "digital_parsing_config": [
                      {}
                    ],
                    "layout_parsing_config": [],
                    "ocr_parsing_config": []
                  }
                ],
                "name": "projects/415088972722/locations/global/collections/default_collection/dataStores/gwr-ds/documentProcessingConfig",
                "parsing_config_overrides": []
              }
            ],
            "id": "projects/personalhub14/locations/global/collections/default_collection/dataStores/gwr-ds",
            "industry_vertical": "GENERIC",
            "location": "global",
            "name": "projects/415088972722/locations/global/collections/default_collection/dataStores/gwr-ds",
            "project": "personalhub14",
            "skip_default_schema_creation": false,
            "solution_types": [
              "SOLUTION_TYPE_SEARCH"
            ],
            "timeouts": null
          },
          "sensitive_attributes": [],
          "identity_schema_version": 0,
          "private": "eyJlMmJmYjczMC1lY2FhLTExZTYtOGY4OC0zNDM2M2JjN2M0YzAiOnsiY3JlYXRlIjoxMjAwMDAwMDAwMDAwLCJkZWxldGUiOjEyMDAwMDAwMDAwMDAsInVwZGF0ZSI6MTIwMDAwMDAwMDAwMH19"
        }
      ]
    },
    {
      "module": "module.discovery",
      "mode": "managed",
      "type": "google_discovery_engine_data_store",
      "name": "migrationdynamics_ds",
      "provider": "provider[\"registry.terraform.io/hashicorp/google\"]",
      "instances": [
        {
          "schema_version": 0,
          "attributes": {
            "advanced_site_search_config": [],
            "content_config": "CONTENT_REQUIRED",
            "create_advanced_site_search": false,
            "create_time": "2025-06-24T11:27:49.634506Z",
            "data_store_id": "migrationdynamics-ds",
            "default_schema_id": "default_schema",
            "display_name": "Migration Dynamics Data Store",
            "document_processing_config": [
              {
                "chunking_config": [],
                "default_parsing_config": [
                  {
                    "digital_parsing_config": [
                      {}
                    ],
                    "layout_parsing_config": [],
                    "ocr_parsing_config": []
                  }
                ],
                "name": "projects/415088972722/locations/global/collections/default_collection/dataStores/migrationdynamics-ds/documentProcessingConfig",
                "parsing_config_overrides": []
              }
            ],
            "id": "projects/personalhub14/locations/global/collections/default_collection/dataStores/migrationdynamics-ds",
            "industry_vertical": "GENERIC",
            "location": "global",
            "name": "projects/415088972722/locations/global/collections/default_collection/dataStores/migrationdynamics-ds",
            "project": "personalhub14",
            "skip_default_schema_creation": false,
            "solution_types": [
              "SOLUTION_TYPE_SEARCH"
            ],
            "timeouts": null
          },
          "sensitive_attributes": [],
          "identity_schema_version": 0,
          "private": "eyJlMmJmYjczMC1lY2FhLTExZTYtOGY4OC0zNDM2M2JjN2M0YzAiOnsiY3JlYXRlIjoxMjAwMDAwMDAwMDAwLCJkZWxldGUiOjEyMDAwMDAwMDAwMDAsInVwZGF0ZSI6MTIwMDAwMDAwMDAwMH19"
        }
      ]
    },
    {
      "module": "module.discovery",
      "mode": "managed",
      "type": "google_discovery_engine_data_store",
      "name": "virtualguigo_ds",
      "provider": "provider[\"registry.terraform.io/hashicorp/google\"]",
      "instances": [
        {
          "schema_version": 0,
          "attributes": {
            "advanced_site_search_config": [],
            "content_config": "CONTENT_REQUIRED",
            "create_advanced_site_search": false,
            "create_time": "2025-06-24T11:27:49.119902Z",
            "data_store_id": "virtualguigo-ds",
            "default_schema_id": "default_schema",
            "display_name": "Virtual Guigo Data Store",
            "document_processing_config": [
              {
                "chunking_config": [],
                "default_parsing_config": [
                  {
                    "digital_parsing_config": [
                      {}
                    ],
                    "layout_parsing_config": [],
                    "ocr_parsing_config": []
                  }
                ],
                "name": "projects/415088972722/locations/global/collections/default_collection/dataStores/virtualguigo-ds/documentProcessingConfig",
                "parsing_config_overrides": []
              }
            ],
            "id": "projects/personalhub14/locations/global/collections/default_collection/dataStores/virtualguigo-ds",
            "industry_vertical": "GENERIC",
            "location": "global",
            "name": "projects/415088972722/locations/global/collections/default_collection/dataStores/virtualguigo-ds",
            "project": "personalhub14",
            "skip_default_schema_creation": false,
            "solution_types": [
              "SOLUTION_TYPE_SEARCH"
            ],
            "timeouts": null
          },
          "sensitive_attributes": [],
          "identity_schema_version": 0,
          "private": "eyJlMmJmYjczMC1lY2FhLTExZTYtOGY4OC0zNDM2M2JjN2M0YzAiOnsiY3JlYXRlIjoxMjAwMDAwMDAwMDAwLCJkZWxldGUiOjEyMDAwMDAwMDAwMDAsInVwZGF0ZSI6MTIwMDAwMDAwMDAwMH19"
        }
      ]
    },
    {
      "module": "module.discovery",
      "mode": "managed",
      "type": "google_discovery_engine_search_engine",
      "name": "gwr_searchengine",
      "provider": "provider[\"registry.terraform.io/hashicorp/google\"]",
      "instances": [
        {
          "schema_version": 0,
          "attributes": {
            "collection_id": "default_collection",
            "common_config": [
              {
                "company_name": "Guigo"
              }
            ],
            "create_time": "",
            "data_store_ids": [
              "gwr-ds"
            ],
            "display_name": "GWR Search Engine",
            "engine_id": "gwr-se",
            "id": "projects/personalhub14/locations/global/collections/default_collection/engines/gwr-se",
            "industry_vertical": "GENERIC",
            "location": "global",
            "name": "projects/415088972722/locations/global/collections/default_collection/engines/gwr-se",
            "project": "personalhub14",
            "search_engine_config": [
              {
                "search_add_ons": [
                  "SEARCH_ADD_ON_LLM"
                ],
                "search_tier": "SEARCH_TIER_STANDARD"
              }
            ],
            "timeouts": null,
            "update_time": ""
          },
          "sensitive_attributes": [],
          "identity_schema_version": 0,
          "private": "eyJlMmJmYjczMC1lY2FhLTExZTYtOGY4OC0zNDM2M2JjN2M0YzAiOnsiY3JlYXRlIjoxMjAwMDAwMDAwMDAwLCJkZWxldGUiOjEyMDAwMDAwMDAwMDAsInVwZGF0ZSI6MTIwMDAwMDAwMDAwMH19",
          "dependencies": [
            "module.discovery.google_discovery_engine_data_store.gwr_ds"
          ]
        }
      ]
    },
    {
      "module": "module.discovery",
      "mode": "managed",
      "type": "google_discovery_engine_search_engine",
      "name": "migrationdynamics_searchengine",
      "provider": "provider[\"registry.terraform.io/hashicorp/google\"]",
      "instances": [
        {
          "schema_version": 0,
          "attributes": {
            "collection_id": "default_collection",
            "common_config": [
              {
                "company_name": "Guigo"
              }
            ],
            "create_time": "",
            "data_store_ids": [
              "migrationdynamics-ds"
            ],
            "display_name": "Migration Dynamics Search Engine",
            "engine_id": "migrationdynamics-se",
            "id": "projects/personalhub14/locations/global/collections/default_collection/engines/migrationdynamics-se",
            "industry_vertical": "GENERIC",
            "location": "global",
            "name": "projects/415088972722/locations/global/collections/default_collection/engines/migrationdynamics-se",
            "project": "personalhub14",
            "search_engine_config": [
              {
                "search_add_ons": [
                  "SEARCH_ADD_ON_LLM"
                ],
                "search_tier": "SEARCH_TIER_STANDARD"
              }
            ],
            "timeouts": null,
            "update_time": ""
          },
          "sensitive_attributes": [],
          "identity_schema_version": 0,
          "private": "eyJlMmJmYjczMC1lY2FhLTExZTYtOGY4OC0zNDM2M2JjN2M0YzAiOnsiY3JlYXRlIjoxMjAwMDAwMDAwMDAwLCJkZWxldGUiOjEyMDAwMDAwMDAwMDAsInVwZGF0ZSI6MTIwMDAwMDAwMDAwMH19",
          "dependencies": [
            "module.discovery.google_discovery_engine_data_store.migrationdynamics_ds"
          ]
        }
      ]
    },
    {
      "module": "module.discovery",
      "mode": "managed",
      "type": "google_discovery_engine_search_engine",
      "name": "virtualguigo_searchengine",
      "provider": "provider[\"registry.terraform.io/hashicorp/google\"]",
      "instances": [
        {
          "schema_version": 0,
          "attributes": {
            "collection_id": "default_collection",
            "common_config": [
              {
                "company_name": "Guigo"
              }
            ],
            "create_time": "",
            "data_store_ids": [
              "virtualguigo-ds"
            ],
            "display_name": "Virtual Guigo Search Engine",
            "engine_id": "virtualguigo-se",
            "id": "projects/personalhub14/locations/global/collections/default_collection/engines/virtualguigo-se",
            "industry_vertical": "GENERIC",
            "location": "global",
            "name": "projects/415088972722/locations/global/collections/default_collection/engines/virtualguigo-se",
            "project": "personalhub14",
            "search_engine_config": [
              {
                "search_add_ons": [
                  "SEARCH_ADD_ON_LLM"
                ],
                "search_tier": "SEARCH_TIER_STANDARD"
              }
            ],
            "timeouts": null,
            "update_time": ""
          },
          "sensitive_attributes": [],
          "identity_schema_version": 0,
          "private": "eyJlMmJmYjczMC1lY2FhLTExZTYtOGY4OC0zNDM2M2JjN2M0YzAiOnsiY3JlYXRlIjoxMjAwMDAwMDAwMDAwLCJkZWxldGUiOjEyMDAwMDAwMDAwMDAsInVwZGF0ZSI6MTIwMDAwMDAwMDAwMH19",
          "dependencies": [
            "module.discovery.google_discovery_engine_data_store.virtualguigo_ds"
          ]
        }
      ]
    },
    {
      "module": "module.iam",
      "mode": "managed",
      "type": "google_bigquery_connection",
      "name": "bq_gemini_connection",
      "provider": "provider[\"registry.terraform.io/hashicorp/google\"]",
      "instances": [
        {
          "schema_version": 0,
          "attributes": {
            "aws": [],
            "azure": [],
            "cloud_resource": [
              {
                "service_account_id": "bqcx-415088972722-stmw@gcp-sa-bigquery-condel.iam.gserviceaccount.com"
              }
            ],
            "cloud_spanner": [],
            "cloud_sql": [],
            "connection_id": "bq_gemini_connection",
            "description": "",
            "friendly_name": "",
            "has_credential": false,
            "id": "projects/personalhub14/locations/US/connections/bq_gemini_connection",
            "kms_key_name": "",
            "location": "US",
            "name": "projects/415088972722/locations/us/connections/bq_gemini_connection",
            "project": "personalhub14",
            "spark": [],
            "timeouts": null
          },
          "sensitive_attributes": [],
          "identity_schema_version": 0,
          "private": "eyJlMmJmYjczMC1lY2FhLTExZTYtOGY4OC0zNDM2M2JjN2M0YzAiOnsiY3JlYXRlIjoxMjAwMDAwMDAwMDAwLCJkZWxldGUiOjEyMDAwMDAwMDAwMDAsInVwZGF0ZSI6MTIwMDAwMDAwMDAwMH19"
        }
      ]
    },
    {
      "module": "module.iam",
      "mode": "managed",
      "type": "google_bigquery_connection",
      "name": "bq_remote_functions_connection",
      "provider": "provider[\"registry.terraform.io/hashicorp/google\"]",
      "instances": [
        {
          "schema_version": 0,
          "attributes": {
            "aws": [],
            "azure": [],
            "cloud_resource": [
              {
                "service_account_id": "bqcx-415088972722-41q6@gcp-sa-bigquery-condel.iam.gserviceaccount.com"
              }
            ],
            "cloud_spanner": [],
            "cloud_sql": [],
            "connection_id": "bq_remote_functions_connection",
            "description": "",
            "friendly_name": "",
            "has_credential": false,
            "id": "projects/personalhub14/locations/US/connections/bq_remote_functions_connection",
            "kms_key_name": "",
            "location": "US",
            "name": "projects/415088972722/locations/us/connections/bq_remote_functions_connection",
            "project": "personalhub14",
            "spark": [],
            "timeouts": null
          },
          "sensitive_attributes": [],
          "identity_schema_version": 0,
          "private": "eyJlMmJmYjczMC1lY2FhLTExZTYtOGY4OC0zNDM2M2JjN2M0YzAiOnsiY3JlYXRlIjoxMjAwMDAwMDAwMDAwLCJkZWxldGUiOjEyMDAwMDAwMDAwMDAsInVwZGF0ZSI6MTIwMDAwMDAwMDAwMH19"
        }
      ]
    },
    {
      "module": "module.iam",
      "mode": "managed",
      "type": "google_bigquery_connection_iam_member",
      "name": "dataform_can_use_connection",
      "provider": "provider[\"registry.terraform.io/hashicorp/google\"]",
      "instances": [
        {
          "schema_version": 0,
          "attributes": {
            "condition": [],
            "connection_id": "projects/personalhub14/locations/US/connections/bq_gemini_connection",
            "etag": "BwY4RuzZm8Y=",
            "id": "projects/personalhub14/locations/US/connections/bq_gemini_connection/roles/bigquery.connectionUser/serviceAccount:dataform-sa@personalhub14.iam.gserviceaccount.com",
            "location": "US",
            "member": "serviceAccount:dataform-sa@personalhub14.iam.gserviceaccount.com",
            "project": "personalhub14",
            "role": "roles/bigquery.connectionUser"
          },
          "sensitive_attributes": [],
          "identity_schema_version": 0,
          "private": "bnVsbA==",
          "dependencies": [
            "module.iam.google_bigquery_connection.bq_gemini_connection",
            "module.iam.google_service_account.customdataform_sa"
          ]
        }
      ]
    },
    {
      "module": "module.iam",
      "mode": "managed",
      "type": "google_cloud_run_service_iam_member",
      "name": "portfolio_invoker_iam_member",
      "provider": "provider[\"registry.terraform.io/hashicorp/google\"]",
      "instances": [
        {
          "schema_version": 0,
          "attributes": {
            "condition": [],
            "etag": "BwY4jkOy150=",
            "id": "v1/projects/personalhub14/locations/us-central1/services/portfolio-run/roles/run.invoker/allUsers",
            "location": "us-central1",
            "member": "allUsers",
            "project": "personalhub14",
            "role": "roles/run.invoker",
            "service": "v1/projects/personalhub14/locations/us-central1/services/portfolio-run"
          },
          "sensitive_attributes": [],
          "identity_schema_version": 0,
          "private": "bnVsbA==",
          "dependencies": [
            "module.compute.google_cloud_run_v2_service.run_portfolio",
            "module.iam.google_service_account.portfolio_run_sa",
            "module.network.google_compute_network.vpc_net",
            "module.network.google_vpc_access_connector.run_connector"
          ]
        }
      ]
    },
    {
      "module": "module.iam",
      "mode": "managed",
      "type": "google_project_iam_member",
      "name": "customdataform_sa_roles",
      "provider": "provider[\"registry.terraform.io/hashicorp/google\"]",
      "instances": [
        {
          "index_key": "roles/bigquery.admin",
          "schema_version": 0,
          "attributes": {
            "condition": [],
            "etag": "BwY4UBqWEDs=",
            "id": "personalhub14/roles/bigquery.admin/serviceAccount:dataform-sa@personalhub14.iam.gserviceaccount.com",
            "member": "serviceAccount:dataform-sa@personalhub14.iam.gserviceaccount.com",
            "project": "personalhub14",
            "role": "roles/bigquery.admin"
          },
          "sensitive_attributes": [],
          "identity_schema_version": 0,
          "private": "bnVsbA==",
          "dependencies": [
            "module.iam.google_service_account.customdataform_sa"
          ]
        },
        {
          "index_key": "roles/bigquery.dataEditor",
          "schema_version": 0,
          "attributes": {
            "condition": [],
            "etag": "BwY4UBqWEDs=",
            "id": "personalhub14/roles/bigquery.dataEditor/serviceAccount:dataform-sa@personalhub14.iam.gserviceaccount.com",
            "member": "serviceAccount:dataform-sa@personalhub14.iam.gserviceaccount.com",
            "project": "personalhub14",
            "role": "roles/bigquery.dataEditor"
          },
          "sensitive_attributes": [],
          "identity_schema_version": 0,
          "private": "bnVsbA==",
          "dependencies": [
            "module.iam.google_service_account.customdataform_sa"
          ]
        },
        {
          "index_key": "roles/bigquery.dataViewer",
          "schema_version": 0,
          "attributes": {
            "condition": [],
            "etag": "BwY4UBqWEDs=",
            "id": "personalhub14/roles/bigquery.dataViewer/serviceAccount:dataform-sa@personalhub14.iam.gserviceaccount.com",
            "member": "serviceAccount:dataform-sa@personalhub14.iam.gserviceaccount.com",
            "project": "personalhub14",
            "role": "roles/bigquery.dataViewer"
          },
          "sensitive_attributes": [],
          "identity_schema_version": 0,
          "private": "bnVsbA==",
          "dependencies": [
            "module.iam.google_service_account.customdataform_sa"
          ]
        },
        {
          "index_key": "roles/bigquery.jobUser",
          "schema_version": 0,
          "attributes": {
            "condition": [],
            "etag": "BwY4UBqWEDs=",
            "id": "personalhub14/roles/bigquery.jobUser/serviceAccount:dataform-sa@personalhub14.iam.gserviceaccount.com",
            "member": "serviceAccount:dataform-sa@personalhub14.iam.gserviceaccount.com",
            "project": "personalhub14",
            "role": "roles/bigquery.jobUser"
          },
          "sensitive_attributes": [],
          "identity_schema_version": 0,
          "private": "bnVsbA==",
          "dependencies": [
            "module.iam.google_service_account.customdataform_sa"
          ]
        },
        {
          "index_key": "roles/iam.serviceAccountTokenCreator",
          "schema_version": 0,
          "attributes": {
            "condition": [],
            "etag": "BwY4UBqWEDs=",
            "id": "personalhub14/roles/iam.serviceAccountTokenCreator/serviceAccount:dataform-sa@personalhub14.iam.gserviceaccount.com",
            "member": "serviceAccount:dataform-sa@personalhub14.iam.gserviceaccount.com",
            "project": "personalhub14",
            "role": "roles/iam.serviceAccountTokenCreator"
          },
          "sensitive_attributes": [],
          "identity_schema_version": 0,
          "private": "bnVsbA==",
          "dependencies": [
            "module.iam.google_service_account.customdataform_sa"
          ]
        },
        {
          "index_key": "roles/storage.objectViewer",
          "schema_version": 0,
          "attributes": {
            "condition": [],
            "etag": "BwY4UBqWEDs=",
            "id": "personalhub14/roles/storage.objectViewer/serviceAccount:dataform-sa@personalhub14.iam.gserviceaccount.com",
            "member": "serviceAccount:dataform-sa@personalhub14.iam.gserviceaccount.com",
            "project": "personalhub14",
            "role": "roles/storage.objectViewer"
          },
          "sensitive_attributes": [],
          "identity_schema_version": 0,
          "private": "bnVsbA==",
          "dependencies": [
            "module.iam.google_service_account.customdataform_sa"
          ]
        }
      ]
    },
    {
      "module": "module.iam",
      "mode": "managed",
      "type": "google_project_iam_member",
      "name": "fastapi_run_sa_roles",
      "provider": "provider[\"registry.terraform.io/hashicorp/google\"]",
      "instances": [
        {
          "index_key": "roles/bigquery.admin",
          "schema_version": 0,
          "attributes": {
            "condition": [],
            "etag": "BwY4UBqWEDs=",
            "id": "personalhub14/roles/bigquery.admin/serviceAccount:fastapi-sa@personalhub14.iam.gserviceaccount.com",
            "member": "serviceAccount:fastapi-sa@personalhub14.iam.gserviceaccount.com",
            "project": "personalhub14",
            "role": "roles/bigquery.admin"
          },
          "sensitive_attributes": [],
          "identity_schema_version": 0,
          "private": "bnVsbA==",
          "dependencies": [
            "module.iam.google_service_account.fastapi_run_sa"
          ]
        },
        {
          "index_key": "roles/bigquery.dataViewer",
          "schema_version": 0,
          "attributes": {
            "condition": [],
            "etag": "BwY4UBqWEDs=",
            "id": "personalhub14/roles/bigquery.dataViewer/serviceAccount:fastapi-sa@personalhub14.iam.gserviceaccount.com",
            "member": "serviceAccount:fastapi-sa@personalhub14.iam.gserviceaccount.com",
            "project": "personalhub14",
            "role": "roles/bigquery.dataViewer"
          },
          "sensitive_attributes": [],
          "identity_schema_version": 0,
          "private": "bnVsbA==",
          "dependencies": [
            "module.iam.google_service_account.fastapi_run_sa"
          ]
        },
        {
          "index_key": "roles/bigquery.jobUser",
          "schema_version": 0,
          "attributes": {
            "condition": [],
            "etag": "BwY4UBqWEDs=",
            "id": "personalhub14/roles/bigquery.jobUser/serviceAccount:fastapi-sa@personalhub14.iam.gserviceaccount.com",
            "member": "serviceAccount:fastapi-sa@personalhub14.iam.gserviceaccount.com",
            "project": "personalhub14",
            "role": "roles/bigquery.jobUser"
          },
          "sensitive_attributes": [],
          "identity_schema_version": 0,
          "private": "bnVsbA==",
          "dependencies": [
            "module.iam.google_service_account.fastapi_run_sa"
          ]
        },
        {
          "index_key": "roles/storage.objectViewer",
          "schema_version": 0,
          "attributes": {
            "condition": [],
            "etag": "BwY4UBqWEDs=",
            "id": "personalhub14/roles/storage.objectViewer/serviceAccount:fastapi-sa@personalhub14.iam.gserviceaccount.com",
            "member": "serviceAccount:fastapi-sa@personalhub14.iam.gserviceaccount.com",
            "project": "personalhub14",
            "role": "roles/storage.objectViewer"
          },
          "sensitive_attributes": [],
          "identity_schema_version": 0,
          "private": "bnVsbA==",
          "dependencies": [
            "module.iam.google_service_account.fastapi_run_sa"
          ]
        }
      ]
    },
    {
      "module": "module.iam",
      "mode": "managed",
      "type": "google_project_iam_member",
      "name": "githubactions_sa_roles",
      "provider": "provider[\"registry.terraform.io/hashicorp/google\"]",
      "instances": [
        {
          "index_key": "roles/artifactregistry.writer",
          "schema_version": 0,
          "attributes": {
            "condition": [],
            "etag": "BwY4UBqWEDs=",
            "id": "personalhub14/roles/artifactregistry.writer/serviceAccount:github-actions-sa@personalhub14.iam.gserviceaccount.com",
            "member": "serviceAccount:github-actions-sa@personalhub14.iam.gserviceaccount.com",
            "project": "personalhub14",
            "role": "roles/artifactregistry.writer"
          },
          "sensitive_attributes": [],
          "identity_schema_version": 0,
          "private": "bnVsbA==",
          "dependencies": [
            "module.iam.google_service_account.githubactions_sa"
          ]
        },
        {
          "index_key": "roles/iam.securityAdmin",
          "schema_version": 0,
          "attributes": {
            "condition": [],
            "etag": "BwY4UBqWEDs=",
            "id": "personalhub14/roles/iam.securityAdmin/serviceAccount:github-actions-sa@personalhub14.iam.gserviceaccount.com",
            "member": "serviceAccount:github-actions-sa@personalhub14.iam.gserviceaccount.com",
            "project": "personalhub14",
            "role": "roles/iam.securityAdmin"
          },
          "sensitive_attributes": [],
          "identity_schema_version": 0,
          "private": "bnVsbA==",
          "dependencies": [
            "module.iam.google_service_account.githubactions_sa"
          ]
        },
        {
          "index_key": "roles/iam.serviceAccountUser",
          "schema_version": 0,
          "attributes": {
            "condition": [],
            "etag": "BwY4UBqWEDs=",
            "id": "personalhub14/roles/iam.serviceAccountUser/serviceAccount:github-actions-sa@personalhub14.iam.gserviceaccount.com",
            "member": "serviceAccount:github-actions-sa@personalhub14.iam.gserviceaccount.com",
            "project": "personalhub14",
            "role": "roles/iam.serviceAccountUser"
          },
          "sensitive_attributes": [],
          "identity_schema_version": 0,
          "private": "bnVsbA==",
          "dependencies": [
            "module.iam.google_service_account.githubactions_sa"
          ]
        },
        {
          "index_key": "roles/run.admin",
          "schema_version": 0,
          "attributes": {
            "condition": [],
            "etag": "BwY4UBqWEDs=",
            "id": "personalhub14/roles/run.admin/serviceAccount:github-actions-sa@personalhub14.iam.gserviceaccount.com",
            "member": "serviceAccount:github-actions-sa@personalhub14.iam.gserviceaccount.com",
            "project": "personalhub14",
            "role": "roles/run.admin"
          },
          "sensitive_attributes": [],
          "identity_schema_version": 0,
          "private": "bnVsbA==",
          "dependencies": [
            "module.iam.google_service_account.githubactions_sa"
          ]
        },
        {
          "index_key": "roles/storage.admin",
          "schema_version": 0,
          "attributes": {
            "condition": [],
            "etag": "BwY4UBqWEDs=",
            "id": "personalhub14/roles/storage.admin/serviceAccount:github-actions-sa@personalhub14.iam.gserviceaccount.com",
            "member": "serviceAccount:github-actions-sa@personalhub14.iam.gserviceaccount.com",
            "project": "personalhub14",
            "role": "roles/storage.admin"
          },
          "sensitive_attributes": [],
          "identity_schema_version": 0,
          "private": "bnVsbA==",
          "dependencies": [
            "module.iam.google_service_account.githubactions_sa"
          ]
        }
      ]
    },
    {
      "module": "module.iam",
      "mode": "managed",
      "type": "google_project_iam_member",
      "name": "grafana_sa_roles",
      "provider": "provider[\"registry.terraform.io/hashicorp/google\"]",
      "instances": [
        {
          "index_key": "roles/logging.viewer",
          "schema_version": 0,
          "attributes": {
            "condition": [],
            "etag": "BwY4UBqWEDs=",
            "id": "personalhub14/roles/logging.viewer/serviceAccount:grafana-run-sa@personalhub14.iam.gserviceaccount.com",
            "member": "serviceAccount:grafana-run-sa@personalhub14.iam.gserviceaccount.com",
            "project": "personalhub14",
            "role": "roles/logging.viewer"
          },
          "sensitive_attributes": [],
          "identity_schema_version": 0,
          "private": "bnVsbA==",
          "dependencies": [
            "module.iam.google_service_account.grafana_run_sa"
          ]
        },
        {
          "index_key": "roles/monitoring.viewer",
          "schema_version": 0,
          "attributes": {
            "condition": [],
            "etag": "BwY4UBqWEDs=",
            "id": "personalhub14/roles/monitoring.viewer/serviceAccount:grafana-run-sa@personalhub14.iam.gserviceaccount.com",
            "member": "serviceAccount:grafana-run-sa@personalhub14.iam.gserviceaccount.com",
            "project": "personalhub14",
            "role": "roles/monitoring.viewer"
          },
          "sensitive_attributes": [],
          "identity_schema_version": 0,
          "private": "bnVsbA==",
          "dependencies": [
            "module.iam.google_service_account.grafana_run_sa"
          ]
        },
        {
          "index_key": "roles/storage.admin",
          "schema_version": 0,
          "attributes": {
            "condition": [],
            "etag": "BwY4UBqWEDs=",
            "id": "personalhub14/roles/storage.admin/serviceAccount:grafana-run-sa@personalhub14.iam.gserviceaccount.com",
            "member": "serviceAccount:grafana-run-sa@personalhub14.iam.gserviceaccount.com",
            "project": "personalhub14",
            "role": "roles/storage.admin"
          },
          "sensitive_attributes": [],
          "identity_schema_version": 0,
          "private": "bnVsbA==",
          "dependencies": [
            "module.iam.google_service_account.grafana_run_sa"
          ]
        }
      ]
    },
    {
      "module": "module.iam",
      "mode": "managed",
      "type": "google_project_iam_member",
      "name": "manageddataform_sa_roles",
      "provider": "provider[\"registry.terraform.io/hashicorp/google\"]",
      "instances": [
        {
          "index_key": "roles/bigquery.dataEditor",
          "schema_version": 0,
          "attributes": {
            "condition": [],
            "etag": "BwY4UBqWEDs=",
            "id": "personalhub14/roles/bigquery.dataEditor/serviceAccount:service-415088972722@gcp-sa-dataform.iam.gserviceaccount.com",
            "member": "serviceAccount:service-415088972722@gcp-sa-dataform.iam.gserviceaccount.com",
            "project": "personalhub14",
            "role": "roles/bigquery.dataEditor"
          },
          "sensitive_attributes": [],
          "identity_schema_version": 0,
          "private": "bnVsbA=="
        },
        {
          "index_key": "roles/bigquery.dataViewer",
          "schema_version": 0,
          "attributes": {
            "condition": [],
            "etag": "BwY4UBqWEDs=",
            "id": "personalhub14/roles/bigquery.dataViewer/serviceAccount:service-415088972722@gcp-sa-dataform.iam.gserviceaccount.com",
            "member": "serviceAccount:service-415088972722@gcp-sa-dataform.iam.gserviceaccount.com",
            "project": "personalhub14",
            "role": "roles/bigquery.dataViewer"
          },
          "sensitive_attributes": [],
          "identity_schema_version": 0,
          "private": "bnVsbA=="
        },
        {
          "index_key": "roles/bigquery.jobUser",
          "schema_version": 0,
          "attributes": {
            "condition": [],
            "etag": "BwY4UBqWEDs=",
            "id": "personalhub14/roles/bigquery.jobUser/serviceAccount:service-415088972722@gcp-sa-dataform.iam.gserviceaccount.com",
            "member": "serviceAccount:service-415088972722@gcp-sa-dataform.iam.gserviceaccount.com",
            "project": "personalhub14",
            "role": "roles/bigquery.jobUser"
          },
          "sensitive_attributes": [],
          "identity_schema_version": 0,
          "private": "bnVsbA=="
        },
        {
          "index_key": "roles/iam.serviceAccountTokenCreator",
          "schema_version": 0,
          "attributes": {
            "condition": [],
            "etag": "BwY4UBqWEDs=",
            "id": "personalhub14/roles/iam.serviceAccountTokenCreator/serviceAccount:service-415088972722@gcp-sa-dataform.iam.gserviceaccount.com",
            "member": "serviceAccount:service-415088972722@gcp-sa-dataform.iam.gserviceaccount.com",
            "project": "personalhub14",
            "role": "roles/iam.serviceAccountTokenCreator"
          },
          "sensitive_attributes": [],
          "identity_schema_version": 0,
          "private": "bnVsbA=="
        },
        {
          "index_key": "roles/secretmanager.secretAccessor",
          "schema_version": 0,
          "attributes": {
            "condition": [],
            "etag": "BwY4UBqWEDs=",
            "id": "personalhub14/roles/secretmanager.secretAccessor/serviceAccount:service-415088972722@gcp-sa-dataform.iam.gserviceaccount.com",
            "member": "serviceAccount:service-415088972722@gcp-sa-dataform.iam.gserviceaccount.com",
            "project": "personalhub14",
            "role": "roles/secretmanager.secretAccessor"
          },
          "sensitive_attributes": [],
          "identity_schema_version": 0,
          "private": "bnVsbA=="
        }
      ]
    },
    {
      "module": "module.iam",
      "mode": "managed",
      "type": "google_project_iam_member",
      "name": "terraform_sa_role",
      "provider": "provider[\"registry.terraform.io/hashicorp/google\"]",
      "instances": [
        {
          "schema_version": 0,
          "attributes": {
            "condition": [],
            "etag": "BwY4UBqWEDs=",
            "id": "personalhub14/roles/owner/serviceAccount:terraform-sa@personalhub14.iam.gserviceaccount.com",
            "member": "serviceAccount:terraform-sa@personalhub14.iam.gserviceaccount.com",
            "project": "personalhub14",
            "role": "roles/owner"
          },
          "sensitive_attributes": [],
          "identity_schema_version": 0,
          "private": "bnVsbA==",
          "dependencies": [
            "module.iam.google_service_account.terraform_sa"
          ]
        }
      ]
    },
    {
      "module": "module.iam",
      "mode": "managed",
      "type": "google_project_iam_member",
      "name": "vertex_ai_user",
      "provider": "provider[\"registry.terraform.io/hashicorp/google\"]",
      "instances": [
        {
          "schema_version": 0,
          "attributes": {
            "condition": [],
            "etag": "BwY4UBqWEDs=",
            "id": "personalhub14/roles/aiplatform.user/serviceAccount:bqcx-415088972722-stmw@gcp-sa-bigquery-condel.iam.gserviceaccount.com",
            "member": "serviceAccount:bqcx-415088972722-stmw@gcp-sa-bigquery-condel.iam.gserviceaccount.com",
            "project": "personalhub14",
            "role": "roles/aiplatform.user"
          },
          "sensitive_attributes": [],
          "identity_schema_version": 0,
          "private": "bnVsbA==",
          "dependencies": [
            "module.iam.google_bigquery_connection.bq_gemini_connection"
          ]
        }
      ]
    },
    {
      "module": "module.iam",
      "mode": "managed",
      "type": "google_service_account",
      "name": "customdataform_sa",
      "provider": "provider[\"registry.terraform.io/hashicorp/google\"]",
      "instances": [
        {
          "schema_version": 0,
          "attributes": {
            "account_id": "dataform-sa",
            "create_ignore_already_exists": null,
            "description": "",
            "disabled": false,
            "display_name": "Dataform SA",
            "email": "dataform-sa@personalhub14.iam.gserviceaccount.com",
            "id": "projects/personalhub14/serviceAccounts/dataform-sa@personalhub14.iam.gserviceaccount.com",
            "member": "serviceAccount:dataform-sa@personalhub14.iam.gserviceaccount.com",
            "name": "projects/personalhub14/serviceAccounts/dataform-sa@personalhub14.iam.gserviceaccount.com",
            "project": "personalhub14",
            "timeouts": null,
            "unique_id": "106905069042358890837"
          },
          "sensitive_attributes": [],
          "identity_schema_version": 0,
          "private": "eyJlMmJmYjczMC1lY2FhLTExZTYtOGY4OC0zNDM2M2JjN2M0YzAiOnsiY3JlYXRlIjozMDAwMDAwMDAwMDB9fQ=="
        }
      ]
    },
    {
      "module": "module.iam",
      "mode": "managed",
      "type": "google_service_account",
      "name": "fastapi_run_sa",
      "provider": "provider[\"registry.terraform.io/hashicorp/google\"]",
      "instances": [
        {
          "schema_version": 0,
          "attributes": {
            "account_id": "fastapi-sa",
            "create_ignore_already_exists": null,
            "description": "Service Account for FastAPI Cloud Run Service",
            "disabled": false,
            "display_name": "FastAPI Service Account",
            "email": "fastapi-sa@personalhub14.iam.gserviceaccount.com",
            "id": "projects/personalhub14/serviceAccounts/fastapi-sa@personalhub14.iam.gserviceaccount.com",
            "member": "serviceAccount:fastapi-sa@personalhub14.iam.gserviceaccount.com",
            "name": "projects/personalhub14/serviceAccounts/fastapi-sa@personalhub14.iam.gserviceaccount.com",
            "project": "personalhub14",
            "timeouts": null,
            "unique_id": "112743295267757805964"
          },
          "sensitive_attributes": [],
          "identity_schema_version": 0,
          "private": "eyJlMmJmYjczMC1lY2FhLTExZTYtOGY4OC0zNDM2M2JjN2M0YzAiOnsiY3JlYXRlIjozMDAwMDAwMDAwMDB9fQ==",
          "create_before_destroy": true
        }
      ]
    },
    {
      "module": "module.iam",
      "mode": "managed",
      "type": "google_service_account",
      "name": "githubactions_sa",
      "provider": "provider[\"registry.terraform.io/hashicorp/google\"]",
      "instances": [
        {
          "schema_version": 0,
          "attributes": {
            "account_id": "github-actions-sa",
            "create_ignore_already_exists": null,
            "description": "Service Account for Deployment via GitHub Actions",
            "disabled": false,
            "display_name": "GitHub Actions Service Account",
            "email": "github-actions-sa@personalhub14.iam.gserviceaccount.com",
            "id": "projects/personalhub14/serviceAccounts/github-actions-sa@personalhub14.iam.gserviceaccount.com",
            "member": "serviceAccount:github-actions-sa@personalhub14.iam.gserviceaccount.com",
            "name": "projects/personalhub14/serviceAccounts/github-actions-sa@personalhub14.iam.gserviceaccount.com",
            "project": "personalhub14",
            "timeouts": null,
            "unique_id": "104290940480918630519"
          },
          "sensitive_attributes": [],
          "identity_schema_version": 0,
          "private": "eyJlMmJmYjczMC1lY2FhLTExZTYtOGY4OC0zNDM2M2JjN2M0YzAiOnsiY3JlYXRlIjozMDAwMDAwMDAwMDB9fQ=="
        }
      ]
    },
    {
      "module": "module.iam",
      "mode": "managed",
      "type": "google_service_account",
      "name": "grafana_run_sa",
      "provider": "provider[\"registry.terraform.io/hashicorp/google\"]",
      "instances": [
        {
          "schema_version": 0,
          "attributes": {
            "account_id": "grafana-run-sa",
            "create_ignore_already_exists": null,
            "description": "",
            "disabled": false,
            "display_name": "Grafana Cloud Run Service Account",
            "email": "grafana-run-sa@personalhub14.iam.gserviceaccount.com",
            "id": "projects/personalhub14/serviceAccounts/grafana-run-sa@personalhub14.iam.gserviceaccount.com",
            "member": "serviceAccount:grafana-run-sa@personalhub14.iam.gserviceaccount.com",
            "name": "projects/personalhub14/serviceAccounts/grafana-run-sa@personalhub14.iam.gserviceaccount.com",
            "project": "personalhub14",
            "timeouts": null,
            "unique_id": "107107604673143350578"
          },
          "sensitive_attributes": [],
          "identity_schema_version": 0,
          "private": "eyJlMmJmYjczMC1lY2FhLTExZTYtOGY4OC0zNDM2M2JjN2M0YzAiOnsiY3JlYXRlIjozMDAwMDAwMDAwMDB9fQ==",
          "create_before_destroy": true
        }
      ]
    },
    {
      "module": "module.iam",
      "mode": "managed",
      "type": "google_service_account",
      "name": "portfolio_run_sa",
      "provider": "provider[\"registry.terraform.io/hashicorp/google\"]",
      "instances": [
        {
          "schema_version": 0,
          "attributes": {
            "account_id": "portfolio-sa",
            "create_ignore_already_exists": null,
            "description": "Service Account for Portfolio Cloud Run Service",
            "disabled": false,
            "display_name": "Portfolio Service Account",
            "email": "portfolio-sa@personalhub14.iam.gserviceaccount.com",
            "id": "projects/personalhub14/serviceAccounts/portfolio-sa@personalhub14.iam.gserviceaccount.com",
            "member": "serviceAccount:portfolio-sa@personalhub14.iam.gserviceaccount.com",
            "name": "projects/personalhub14/serviceAccounts/portfolio-sa@personalhub14.iam.gserviceaccount.com",
            "project": "personalhub14",
            "timeouts": null,
            "unique_id": "101445306783307025485"
          },
          "sensitive_attributes": [],
          "identity_schema_version": 0,
          "private": "eyJlMmJmYjczMC1lY2FhLTExZTYtOGY4OC0zNDM2M2JjN2M0YzAiOnsiY3JlYXRlIjozMDAwMDAwMDAwMDB9fQ==",
          "create_before_destroy": true
        }
      ]
    },
    {
      "module": "module.iam",
      "mode": "managed",
      "type": "google_service_account",
      "name": "terraform_sa",
      "provider": "provider[\"registry.terraform.io/hashicorp/google\"]",
      "instances": [
        {
          "schema_version": 0,
          "attributes": {
            "account_id": "terraform-sa",
            "create_ignore_already_exists": null,
            "description": "Service Account for Deployment via Terraform",
            "disabled": false,
            "display_name": "Terraform Service Account",
            "email": "terraform-sa@personalhub14.iam.gserviceaccount.com",
            "id": "projects/personalhub14/serviceAccounts/terraform-sa@personalhub14.iam.gserviceaccount.com",
            "member": "serviceAccount:terraform-sa@personalhub14.iam.gserviceaccount.com",
            "name": "projects/personalhub14/serviceAccounts/terraform-sa@personalhub14.iam.gserviceaccount.com",
            "project": "personalhub14",
            "timeouts": null,
            "unique_id": "117356379024875086478"
          },
          "sensitive_attributes": [],
          "identity_schema_version": 0,
          "private": "eyJlMmJmYjczMC1lY2FhLTExZTYtOGY4OC0zNDM2M2JjN2M0YzAiOnsiY3JlYXRlIjozMDAwMDAwMDAwMDB9fQ=="
        }
      ]
    },
    {
      "module": "module.network",
      "mode": "managed",
      "type": "google_compute_backend_service",
      "name": "backend",
      "provider": "provider[\"registry.terraform.io/hashicorp/google\"]",
      "instances": [
        {
          "index_key": "api",
          "schema_version": 1,
          "attributes": {
            "affinity_cookie_ttl_sec": 0,
            "backend": [
              {
                "balancing_mode": "UTILIZATION",
                "capacity_scaler": 1,
                "custom_metrics": [],
                "description": "",
                "group": "https://www.googleapis.com/compute/v1/projects/personalhub14/regions/us-central1/networkEndpointGroups/api-neg",
                "max_connections": 0,
                "max_connections_per_endpoint": 0,
                "max_connections_per_instance": 0,
                "max_rate": 0,
                "max_rate_per_endpoint": 0,
                "max_rate_per_instance": 0,
                "max_utilization": 0,
                "preference": ""
              }
            ],
            "cdn_policy": [
              {
                "bypass_cache_on_request_headers": [],
                "cache_key_policy": [],
                "cache_mode": "CACHE_ALL_STATIC",
                "client_ttl": 3600,
                "default_ttl": 3600,
                "max_ttl": 86400,
                "negative_caching": true,
                "negative_caching_policy": [],
                "request_coalescing": true,
                "serve_while_stale": 86400,
                "signed_url_cache_max_age_sec": 0
              }
            ],
            "circuit_breakers": [],
            "compression_mode": "",
            "connection_draining_timeout_sec": 300,
            "consistent_hash": [],
            "creation_timestamp": "2025-06-23T12:46:15.350-07:00",
            "custom_metrics": [],
            "custom_request_headers": [],
            "custom_response_headers": [],
            "description": "",
            "edge_security_policy": "",
            "enable_cdn": true,
            "external_managed_migration_state": "",
            "external_managed_migration_testing_percentage": 0,
            "fingerprint": "2E6j1USucUA=",
            "generated_id": 3562045664176378344,
            "health_checks": [],
            "iap": [],
            "id": "projects/personalhub14/global/backendServices/api-backend",
            "ip_address_selection_policy": "",
            "load_balancing_scheme": "EXTERNAL",
            "locality_lb_policies": [],
            "locality_lb_policy": "",
            "log_config": [
              {
                "enable": true,
                "optional_fields": [],
                "optional_mode": "EXCLUDE_ALL_OPTIONAL",
                "sample_rate": 1
              }
            ],
            "max_stream_duration": [],
            "name": "api-backend",
            "outlier_detection": [],
            "port_name": "http",
            "project": "personalhub14",
            "protocol": "HTTPS",
            "security_policy": "",
            "security_settings": [],
            "self_link": "https://www.googleapis.com/compute/v1/projects/personalhub14/global/backendServices/api-backend",
            "service_lb_policy": "",
            "session_affinity": "NONE",
            "strong_session_affinity_cookie": [],
            "timeout_sec": 30,
            "timeouts": null
          },
          "sensitive_attributes": [],
          "identity_schema_version": 0,
          "private": "eyJlMmJmYjczMC1lY2FhLTExZTYtOGY4OC0zNDM2M2JjN2M0YzAiOnsiY3JlYXRlIjoxMjAwMDAwMDAwMDAwLCJkZWxldGUiOjEyMDAwMDAwMDAwMDAsInVwZGF0ZSI6MTIwMDAwMDAwMDAwMH0sInNjaGVtYV92ZXJzaW9uIjoiMSJ9",
          "dependencies": [
            "module.compute.google_cloud_run_v2_service.run_fastapi",
            "module.compute.google_cloud_run_v2_service.run_grafana",
            "module.compute.google_cloud_run_v2_service.run_portfolio",
            "module.compute.google_cloud_run_v2_service.run_rstudio",
            "module.datalake.google_storage_bucket.grafana_bucket",
            "module.iam.google_service_account.fastapi_run_sa",
            "module.iam.google_service_account.grafana_run_sa",
            "module.iam.google_service_account.portfolio_run_sa",
            "module.network.google_compute_network.vpc_net",
            "module.network.google_compute_region_network_endpoint_group.neg_region",
            "module.network.google_vpc_access_connector.run_connector"
          ],
          "create_before_destroy": true
        },
        {
          "index_key": "grafana",
          "schema_version": 1,
          "attributes": {
            "affinity_cookie_ttl_sec": 0,
            "backend": [
              {
                "balancing_mode": "UTILIZATION",
                "capacity_scaler": 1,
                "custom_metrics": [],
                "description": "",
                "group": "https://www.googleapis.com/compute/v1/projects/personalhub14/regions/us-central1/networkEndpointGroups/grafana-neg",
                "max_connections": 0,
                "max_connections_per_endpoint": 0,
                "max_connections_per_instance": 0,
                "max_rate": 0,
                "max_rate_per_endpoint": 0,
                "max_rate_per_instance": 0,
                "max_utilization": 0,
                "preference": ""
              }
            ],
            "cdn_policy": [
              {
                "bypass_cache_on_request_headers": [],
                "cache_key_policy": [],
                "cache_mode": "CACHE_ALL_STATIC",
                "client_ttl": 3600,
                "default_ttl": 3600,
                "max_ttl": 86400,
                "negative_caching": true,
                "negative_caching_policy": [],
                "request_coalescing": true,
                "serve_while_stale": 86400,
                "signed_url_cache_max_age_sec": 0
              }
            ],
            "circuit_breakers": [],
            "compression_mode": "",
            "connection_draining_timeout_sec": 300,
            "consistent_hash": [],
            "creation_timestamp": "2025-06-23T15:56:52.768-07:00",
            "custom_metrics": [],
            "custom_request_headers": [],
            "custom_response_headers": [],
            "description": "",
            "edge_security_policy": "",
            "enable_cdn": true,
            "external_managed_migration_state": "",
            "external_managed_migration_testing_percentage": 0,
            "fingerprint": "Tht0rTGu_WI=",
            "generated_id": 3130886421455594843,
            "health_checks": [],
            "iap": [],
            "id": "projects/personalhub14/global/backendServices/grafana-backend",
            "ip_address_selection_policy": "",
            "load_balancing_scheme": "EXTERNAL",
            "locality_lb_policies": [],
            "locality_lb_policy": "",
            "log_config": [
              {
                "enable": true,
                "optional_fields": [],
                "optional_mode": "EXCLUDE_ALL_OPTIONAL",
                "sample_rate": 1
              }
            ],
            "max_stream_duration": [],
            "name": "grafana-backend",
            "outlier_detection": [],
            "port_name": "http",
            "project": "personalhub14",
            "protocol": "HTTPS",
            "security_policy": "",
            "security_settings": [],
            "self_link": "https://www.googleapis.com/compute/v1/projects/personalhub14/global/backendServices/grafana-backend",
            "service_lb_policy": "",
            "session_affinity": "NONE",
            "strong_session_affinity_cookie": [],
            "timeout_sec": 30,
            "timeouts": null
          },
          "sensitive_attributes": [],
          "identity_schema_version": 0,
          "private": "eyJlMmJmYjczMC1lY2FhLTExZTYtOGY4OC0zNDM2M2JjN2M0YzAiOnsiY3JlYXRlIjoxMjAwMDAwMDAwMDAwLCJkZWxldGUiOjEyMDAwMDAwMDAwMDAsInVwZGF0ZSI6MTIwMDAwMDAwMDAwMH0sInNjaGVtYV92ZXJzaW9uIjoiMSJ9",
          "dependencies": [
            "module.compute.google_cloud_run_v2_service.run_fastapi",
            "module.compute.google_cloud_run_v2_service.run_grafana",
            "module.compute.google_cloud_run_v2_service.run_portfolio",
            "module.compute.google_cloud_run_v2_service.run_rstudio",
            "module.datalake.google_storage_bucket.grafana_bucket",
            "module.iam.google_service_account.fastapi_run_sa",
            "module.iam.google_service_account.grafana_run_sa",
            "module.iam.google_service_account.portfolio_run_sa",
            "module.network.google_compute_network.vpc_net",
            "module.network.google_compute_region_network_endpoint_group.neg_region",
            "module.network.google_vpc_access_connector.run_connector"
          ],
          "create_before_destroy": true
        },
        {
          "index_key": "rstudio",
          "schema_version": 1,
          "attributes": {
            "affinity_cookie_ttl_sec": 0,
            "backend": [
              {
                "balancing_mode": "UTILIZATION",
                "capacity_scaler": 1,
                "custom_metrics": [],
                "description": "",
                "group": "https://www.googleapis.com/compute/v1/projects/personalhub14/regions/us-central1/networkEndpointGroups/rstudio-neg",
                "max_connections": 0,
                "max_connections_per_endpoint": 0,
                "max_connections_per_instance": 0,
                "max_rate": 0,
                "max_rate_per_endpoint": 0,
                "max_rate_per_instance": 0,
                "max_utilization": 0,
                "preference": ""
              }
            ],
            "cdn_policy": [
              {
                "bypass_cache_on_request_headers": [],
                "cache_key_policy": [],
                "cache_mode": "CACHE_ALL_STATIC",
                "client_ttl": 3600,
                "default_ttl": 3600,
                "max_ttl": 86400,
                "negative_caching": true,
                "negative_caching_policy": [],
                "request_coalescing": true,
                "serve_while_stale": 86400,
                "signed_url_cache_max_age_sec": 0
              }
            ],
            "circuit_breakers": [],
            "compression_mode": "",
            "connection_draining_timeout_sec": 300,
            "consistent_hash": [],
            "creation_timestamp": "2025-06-23T12:46:14.779-07:00",
            "custom_metrics": [],
            "custom_request_headers": [],
            "custom_response_headers": [],
            "description": "",
            "edge_security_policy": "",
            "enable_cdn": true,
            "external_managed_migration_state": "",
            "external_managed_migration_testing_percentage": 0,
            "fingerprint": "DpBfXQQ9UaU=",
            "generated_id": 769937908092375529,
            "health_checks": [],
            "iap": [],
            "id": "projects/personalhub14/global/backendServices/rstudio-backend",
            "ip_address_selection_policy": "",
            "load_balancing_scheme": "EXTERNAL",
            "locality_lb_policies": [],
            "locality_lb_policy": "",
            "log_config": [
              {
                "enable": true,
                "optional_fields": [],
                "optional_mode": "EXCLUDE_ALL_OPTIONAL",
                "sample_rate": 1
              }
            ],
            "max_stream_duration": [],
            "name": "rstudio-backend",
            "outlier_detection": [],
            "port_name": "http",
            "project": "personalhub14",
            "protocol": "HTTPS",
            "security_policy": "",
            "security_settings": [],
            "self_link": "https://www.googleapis.com/compute/v1/projects/personalhub14/global/backendServices/rstudio-backend",
            "service_lb_policy": "",
            "session_affinity": "NONE",
            "strong_session_affinity_cookie": [],
            "timeout_sec": 30,
            "timeouts": null
          },
          "sensitive_attributes": [],
          "identity_schema_version": 0,
          "private": "eyJlMmJmYjczMC1lY2FhLTExZTYtOGY4OC0zNDM2M2JjN2M0YzAiOnsiY3JlYXRlIjoxMjAwMDAwMDAwMDAwLCJkZWxldGUiOjEyMDAwMDAwMDAwMDAsInVwZGF0ZSI6MTIwMDAwMDAwMDAwMH0sInNjaGVtYV92ZXJzaW9uIjoiMSJ9",
          "dependencies": [
            "module.compute.google_cloud_run_v2_service.run_fastapi",
            "module.compute.google_cloud_run_v2_service.run_grafana",
            "module.compute.google_cloud_run_v2_service.run_portfolio",
            "module.compute.google_cloud_run_v2_service.run_rstudio",
            "module.datalake.google_storage_bucket.grafana_bucket",
            "module.iam.google_service_account.fastapi_run_sa",
            "module.iam.google_service_account.grafana_run_sa",
            "module.iam.google_service_account.portfolio_run_sa",
            "module.network.google_compute_network.vpc_net",
            "module.network.google_compute_region_network_endpoint_group.neg_region",
            "module.network.google_vpc_access_connector.run_connector"
          ],
          "create_before_destroy": true
        },
        {
          "index_key": "www",
          "schema_version": 1,
          "attributes": {
            "affinity_cookie_ttl_sec": 0,
            "backend": [
              {
                "balancing_mode": "UTILIZATION",
                "capacity_scaler": 1,
                "custom_metrics": [],
                "description": "",
                "group": "https://www.googleapis.com/compute/v1/projects/personalhub14/regions/us-central1/networkEndpointGroups/www-neg",
                "max_connections": 0,
                "max_connections_per_endpoint": 0,
                "max_connections_per_instance": 0,
                "max_rate": 0,
                "max_rate_per_endpoint": 0,
                "max_rate_per_instance": 0,
                "max_utilization": 0,
                "preference": ""
              }
            ],
            "cdn_policy": [
              {
                "bypass_cache_on_request_headers": [],
                "cache_key_policy": [],
                "cache_mode": "CACHE_ALL_STATIC",
                "client_ttl": 3600,
                "default_ttl": 3600,
                "max_ttl": 86400,
                "negative_caching": true,
                "negative_caching_policy": [],
                "request_coalescing": true,
                "serve_while_stale": 86400,
                "signed_url_cache_max_age_sec": 0
              }
            ],
            "circuit_breakers": [],
            "compression_mode": "",
            "connection_draining_timeout_sec": 300,
            "consistent_hash": [],
            "creation_timestamp": "2025-06-23T11:38:17.731-07:00",
            "custom_metrics": [],
            "custom_request_headers": [],
            "custom_response_headers": [],
            "description": "",
            "edge_security_policy": "",
            "enable_cdn": true,
            "external_managed_migration_state": "",
            "external_managed_migration_testing_percentage": 0,
            "fingerprint": "U9NRZaP7TlI=",
            "generated_id": 3823040969804358134,
            "health_checks": [],
            "iap": [],
            "id": "projects/personalhub14/global/backendServices/www-backend",
            "ip_address_selection_policy": "",
            "load_balancing_scheme": "EXTERNAL",
            "locality_lb_policies": [],
            "locality_lb_policy": "",
            "log_config": [
              {
                "enable": true,
                "optional_fields": [],
                "optional_mode": "EXCLUDE_ALL_OPTIONAL",
                "sample_rate": 1
              }
            ],
            "max_stream_duration": [],
            "name": "www-backend",
            "outlier_detection": [],
            "port_name": "http",
            "project": "personalhub14",
            "protocol": "HTTPS",
            "security_policy": "",
            "security_settings": [],
            "self_link": "https://www.googleapis.com/compute/v1/projects/personalhub14/global/backendServices/www-backend",
            "service_lb_policy": "",
            "session_affinity": "NONE",
            "strong_session_affinity_cookie": [],
            "timeout_sec": 30,
            "timeouts": null
          },
          "sensitive_attributes": [],
          "identity_schema_version": 0,
          "private": "eyJlMmJmYjczMC1lY2FhLTExZTYtOGY4OC0zNDM2M2JjN2M0YzAiOnsiY3JlYXRlIjoxMjAwMDAwMDAwMDAwLCJkZWxldGUiOjEyMDAwMDAwMDAwMDAsInVwZGF0ZSI6MTIwMDAwMDAwMDAwMH0sInNjaGVtYV92ZXJzaW9uIjoiMSJ9",
          "dependencies": [
            "module.compute.google_cloud_run_v2_service.run_fastapi",
            "module.compute.google_cloud_run_v2_service.run_grafana",
            "module.compute.google_cloud_run_v2_service.run_portfolio",
            "module.compute.google_cloud_run_v2_service.run_rstudio",
            "module.datalake.google_storage_bucket.grafana_bucket",
            "module.iam.google_service_account.fastapi_run_sa",
            "module.iam.google_service_account.grafana_run_sa",
            "module.iam.google_service_account.portfolio_run_sa",
            "module.network.google_compute_network.vpc_net",
            "module.network.google_compute_region_network_endpoint_group.neg_region",
            "module.network.google_vpc_access_connector.run_connector"
          ],
          "create_before_destroy": true
        }
      ]
    },
    {
      "module": "module.network",
      "mode": "managed",
      "type": "google_compute_global_address",
      "name": "cloudsql_peering_range",
      "provider": "provider[\"registry.terraform.io/hashicorp/google\"]",
      "instances": [
        {
          "schema_version": 0,
          "attributes": {
            "address": "10.86.0.0",
            "address_type": "INTERNAL",
            "creation_timestamp": "2025-06-23T11:38:58.955-07:00",
            "description": "",
            "effective_labels": {
              "goog-terraform-provisioned": "true"
            },
            "id": "projects/personalhub14/global/addresses/cloudsql-peering-range",
            "ip_version": "",
            "label_fingerprint": "vezUS-42LLM=",
            "labels": {},
            "name": "cloudsql-peering-range",
            "network": "https://www.googleapis.com/compute/v1/projects/personalhub14/global/networks/vpc-net",
            "prefix_length": 16,
            "project": "personalhub14",
            "purpose": "VPC_PEERING",
            "self_link": "https://www.googleapis.com/compute/v1/projects/personalhub14/global/addresses/cloudsql-peering-range",
            "terraform_labels": {
              "goog-terraform-provisioned": "true"
            },
            "timeouts": null
          },
          "sensitive_attributes": [],
          "identity_schema_version": 0,
          "private": "eyJlMmJmYjczMC1lY2FhLTExZTYtOGY4OC0zNDM2M2JjN2M0YzAiOnsiY3JlYXRlIjoxMjAwMDAwMDAwMDAwLCJkZWxldGUiOjEyMDAwMDAwMDAwMDAsInVwZGF0ZSI6MTIwMDAwMDAwMDAwMH19",
          "dependencies": [
            "module.network.google_compute_network.vpc_net"
          ]
        }
      ]
    },
    {
      "module": "module.network",
      "mode": "managed",
      "type": "google_compute_global_address",
      "name": "lb_ip",
      "provider": "provider[\"registry.terraform.io/hashicorp/google\"]",
      "instances": [
        {
          "schema_version": 0,
          "attributes": {
            "address": "34.95.96.202",
            "address_type": "EXTERNAL",
            "creation_timestamp": "2025-06-23T11:38:15.116-07:00",
            "description": "",
            "effective_labels": {
              "goog-terraform-provisioned": "true"
            },
            "id": "projects/personalhub14/global/addresses/lb-ip",
            "ip_version": "",
            "label_fingerprint": "vezUS-42LLM=",
            "labels": {},
            "name": "lb-ip",
            "network": "",
            "prefix_length": 0,
            "project": "personalhub14",
            "purpose": "",
            "self_link": "https://www.googleapis.com/compute/v1/projects/personalhub14/global/addresses/lb-ip",
            "terraform_labels": {
              "goog-terraform-provisioned": "true"
            },
            "timeouts": null
          },
          "sensitive_attributes": [],
          "identity_schema_version": 0,
          "private": "eyJlMmJmYjczMC1lY2FhLTExZTYtOGY4OC0zNDM2M2JjN2M0YzAiOnsiY3JlYXRlIjoxMjAwMDAwMDAwMDAwLCJkZWxldGUiOjEyMDAwMDAwMDAwMDAsInVwZGF0ZSI6MTIwMDAwMDAwMDAwMH19"
        }
      ]
    },
    {
      "module": "module.network",
      "mode": "managed",
      "type": "google_compute_global_forwarding_rule",
      "name": "http_forwarding_rule",
      "provider": "provider[\"registry.terraform.io/hashicorp/google\"]",
      "instances": [
        {
          "schema_version": 0,
          "attributes": {
            "base_forwarding_rule": "",
            "description": "",
            "effective_labels": {},
            "external_managed_backend_bucket_migration_state": "",
            "external_managed_backend_bucket_migration_testing_percentage": 0,
            "forwarding_rule_id": 1611564048555712961,
            "id": "projects/personalhub14/global/forwardingRules/http-forwarding-rule",
            "ip_address": "34.95.96.202",
            "ip_protocol": "TCP",
            "ip_version": "",
            "label_fingerprint": "42WmSpB8rSM=",
            "labels": {},
            "load_balancing_scheme": "EXTERNAL",
            "metadata_filters": [],
            "name": "http-forwarding-rule",
            "network": "",
            "network_tier": "PREMIUM",
            "no_automate_dns_zone": null,
            "port_range": "80-80",
            "project": "personalhub14",
            "psc_connection_id": "",
            "psc_connection_status": "",
            "self_link": "https://www.googleapis.com/compute/v1/projects/personalhub14/global/forwardingRules/http-forwarding-rule",
            "service_directory_registrations": [],
            "source_ip_ranges": [],
            "subnetwork": "",
            "target": "https://www.googleapis.com/compute/v1/projects/personalhub14/global/targetHttpProxies/http-proxy",
            "terraform_labels": {},
            "timeouts": null
          },
          "sensitive_attributes": [],
          "identity_schema_version": 0,
          "private": "eyJlMmJmYjczMC1lY2FhLTExZTYtOGY4OC0zNDM2M2JjN2M0YzAiOnsiY3JlYXRlIjoxMjAwMDAwMDAwMDAwLCJkZWxldGUiOjEyMDAwMDAwMDAwMDAsInVwZGF0ZSI6MTIwMDAwMDAwMDAwMH19",
          "dependencies": [
            "module.network.google_compute_global_address.lb_ip",
            "module.network.google_compute_target_http_proxy.http_proxy",
            "module.network.google_compute_url_map.http_redirect"
          ]
        }
      ]
    },
    {
      "module": "module.network",
      "mode": "managed",
      "type": "google_compute_global_forwarding_rule",
      "name": "https_forwarding_rule",
      "provider": "provider[\"registry.terraform.io/hashicorp/google\"]",
      "instances": [
        {
          "schema_version": 0,
          "attributes": {
            "base_forwarding_rule": "",
            "description": "",
            "effective_labels": {},
            "external_managed_backend_bucket_migration_state": "",
            "external_managed_backend_bucket_migration_testing_percentage": 0,
            "forwarding_rule_id": 1017535458377474471,
            "id": "projects/personalhub14/global/forwardingRules/https-forwarding-rule",
            "ip_address": "34.95.96.202",
            "ip_protocol": "TCP",
            "ip_version": "",
            "label_fingerprint": "42WmSpB8rSM=",
            "labels": {},
            "load_balancing_scheme": "EXTERNAL",
            "metadata_filters": [],
            "name": "https-forwarding-rule",
            "network": "",
            "network_tier": "PREMIUM",
            "no_automate_dns_zone": null,
            "port_range": "443-443",
            "project": "personalhub14",
            "psc_connection_id": "",
            "psc_connection_status": "",
            "self_link": "https://www.googleapis.com/compute/v1/projects/personalhub14/global/forwardingRules/https-forwarding-rule",
            "service_directory_registrations": [],
            "source_ip_ranges": [],
            "subnetwork": "",
            "target": "https://www.googleapis.com/compute/v1/projects/personalhub14/global/targetHttpsProxies/https-proxy",
            "terraform_labels": {},
            "timeouts": null
          },
          "sensitive_attributes": [],
          "identity_schema_version": 0,
          "private": "eyJlMmJmYjczMC1lY2FhLTExZTYtOGY4OC0zNDM2M2JjN2M0YzAiOnsiY3JlYXRlIjoxMjAwMDAwMDAwMDAwLCJkZWxldGUiOjEyMDAwMDAwMDAwMDAsInVwZGF0ZSI6MTIwMDAwMDAwMDAwMH19",
          "dependencies": [
            "module.compute.google_cloud_run_v2_service.run_fastapi",
            "module.compute.google_cloud_run_v2_service.run_grafana",
            "module.compute.google_cloud_run_v2_service.run_portfolio",
            "module.compute.google_cloud_run_v2_service.run_rstudio",
            "module.datalake.google_storage_bucket.grafana_bucket",
            "module.iam.google_service_account.fastapi_run_sa",
            "module.iam.google_service_account.grafana_run_sa",
            "module.iam.google_service_account.portfolio_run_sa",
            "module.network.google_compute_backend_service.backend",
            "module.network.google_compute_global_address.lb_ip",
            "module.network.google_compute_managed_ssl_certificate.ssl_certs",
            "module.network.google_compute_network.vpc_net",
            "module.network.google_compute_region_network_endpoint_group.neg_region",
            "module.network.google_compute_target_https_proxy.https_proxy",
            "module.network.google_compute_url_map.url_map",
            "module.network.google_vpc_access_connector.run_connector"
          ]
        }
      ]
    },
    {
      "module": "module.network",
      "mode": "managed",
      "type": "google_compute_managed_ssl_certificate",
      "name": "ssl_certs",
      "provider": "provider[\"registry.terraform.io/hashicorp/google\"]",
      "instances": [
        {
          "schema_version": 0,
          "attributes": {
            "certificate_id": 519458408981881505,
            "creation_timestamp": "2025-06-23T15:59:27.095-07:00",
            "description": "",
            "expire_time": "2025-09-21T16:05:53.000-07:00",
            "id": "projects/personalhub14/global/sslCertificates/ssl-certs",
            "managed": [
              {
                "domains": [
                  "www.guigo.dev.br",
                  "api.guigo.dev.br",
                  "rstudio.guigo.dev.br",
                  "grafana.guigo.dev.br"
                ]
              }
            ],
            "name": "ssl-certs",
            "project": "personalhub14",
            "self_link": "https://www.googleapis.com/compute/v1/projects/personalhub14/global/sslCertificates/ssl-certs",
            "subject_alternative_names": [
              "www.guigo.dev.br",
              "api.guigo.dev.br",
              "rstudio.guigo.dev.br",
              "grafana.guigo.dev.br"
            ],
            "timeouts": null,
            "type": "MANAGED"
          },
          "sensitive_attributes": [],
          "identity_schema_version": 0,
          "private": "eyJlMmJmYjczMC1lY2FhLTExZTYtOGY4OC0zNDM2M2JjN2M0YzAiOnsiY3JlYXRlIjoxODAwMDAwMDAwMDAwLCJkZWxldGUiOjE4MDAwMDAwMDAwMDB9fQ==",
          "create_before_destroy": true
        }
      ]
    },
    {
      "module": "module.network",
      "mode": "managed",
      "type": "google_compute_network",
      "name": "vpc_net",
      "provider": "provider[\"registry.terraform.io/hashicorp/google\"]",
      "instances": [
        {
          "schema_version": 0,
          "attributes": {
            "auto_create_subnetworks": true,
            "bgp_always_compare_med": false,
            "bgp_best_path_selection_mode": "LEGACY",
            "bgp_inter_region_cost": "",
            "delete_default_routes_on_create": false,
            "description": "",
            "enable_ula_internal_ipv6": false,
            "gateway_ipv4": "",
            "id": "projects/personalhub14/global/networks/vpc-net",
            "internal_ipv6_range": "",
            "mtu": 0,
            "name": "vpc-net",
            "network_firewall_policy_enforcement_order": "AFTER_CLASSIC_FIREWALL",
            "network_id": "3348074112931340792",
            "network_profile": "",
            "numeric_id": "3348074112931340792",
            "project": "personalhub14",
            "routing_mode": "REGIONAL",
            "self_link": "https://www.googleapis.com/compute/v1/projects/personalhub14/global/networks/vpc-net",
            "timeouts": null
          },
          "sensitive_attributes": [],
          "identity_schema_version": 0,
          "private": "eyJlMmJmYjczMC1lY2FhLTExZTYtOGY4OC0zNDM2M2JjN2M0YzAiOnsiY3JlYXRlIjoxMjAwMDAwMDAwMDAwLCJkZWxldGUiOjEyMDAwMDAwMDAwMDAsInVwZGF0ZSI6MTIwMDAwMDAwMDAwMH19",
          "create_before_destroy": true
        }
      ]
    },
    {
      "module": "module.network",
      "mode": "managed",
      "type": "google_compute_region_network_endpoint_group",
      "name": "neg_region",
      "provider": "provider[\"registry.terraform.io/hashicorp/google\"]",
      "instances": [
        {
          "index_key": "api",
          "schema_version": 0,
          "attributes": {
            "app_engine": [],
            "cloud_function": [],
            "cloud_run": [
              {
                "service": "fastapi-run",
                "tag": "",
                "url_mask": ""
              }
            ],
            "description": "",
            "id": "projects/personalhub14/regions/us-central1/networkEndpointGroups/api-neg",
            "name": "api-neg",
            "network": "",
            "network_endpoint_type": "SERVERLESS",
            "project": "personalhub14",
            "psc_data": [],
            "psc_target_service": "",
            "region": "https://www.googleapis.com/compute/v1/projects/personalhub14/regions/us-central1",
            "self_link": "https://www.googleapis.com/compute/v1/projects/personalhub14/regions/us-central1/networkEndpointGroups/api-neg",
            "subnetwork": "",
            "timeouts": null
          },
          "sensitive_attributes": [],
          "identity_schema_version": 0,
          "private": "eyJlMmJmYjczMC1lY2FhLTExZTYtOGY4OC0zNDM2M2JjN2M0YzAiOnsiY3JlYXRlIjoxMjAwMDAwMDAwMDAwLCJkZWxldGUiOjEyMDAwMDAwMDAwMDB9fQ==",
          "dependencies": [
            "module.compute.google_cloud_run_v2_service.run_fastapi",
            "module.compute.google_cloud_run_v2_service.run_grafana",
            "module.compute.google_cloud_run_v2_service.run_portfolio",
            "module.compute.google_cloud_run_v2_service.run_rstudio",
            "module.datalake.google_storage_bucket.grafana_bucket",
            "module.iam.google_service_account.fastapi_run_sa",
            "module.iam.google_service_account.grafana_run_sa",
            "module.iam.google_service_account.portfolio_run_sa",
            "module.network.google_compute_network.vpc_net",
            "module.network.google_vpc_access_connector.run_connector"
          ],
          "create_before_destroy": true
        },
        {
          "index_key": "grafana",
          "schema_version": 0,
          "attributes": {
            "app_engine": [],
            "cloud_function": [],
            "cloud_run": [
              {
                "service": "grafana-run",
                "tag": "",
                "url_mask": ""
              }
            ],
            "description": "",
            "id": "projects/personalhub14/regions/us-central1/networkEndpointGroups/grafana-neg",
            "name": "grafana-neg",
            "network": "",
            "network_endpoint_type": "SERVERLESS",
            "project": "personalhub14",
            "psc_data": [],
            "psc_target_service": "",
            "region": "https://www.googleapis.com/compute/v1/projects/personalhub14/regions/us-central1",
            "self_link": "https://www.googleapis.com/compute/v1/projects/personalhub14/regions/us-central1/networkEndpointGroups/grafana-neg",
            "subnetwork": "",
            "timeouts": null
          },
          "sensitive_attributes": [],
          "identity_schema_version": 0,
          "private": "eyJlMmJmYjczMC1lY2FhLTExZTYtOGY4OC0zNDM2M2JjN2M0YzAiOnsiY3JlYXRlIjoxMjAwMDAwMDAwMDAwLCJkZWxldGUiOjEyMDAwMDAwMDAwMDB9fQ==",
          "dependencies": [
            "module.compute.google_cloud_run_v2_service.run_fastapi",
            "module.compute.google_cloud_run_v2_service.run_grafana",
            "module.compute.google_cloud_run_v2_service.run_portfolio",
            "module.compute.google_cloud_run_v2_service.run_rstudio",
            "module.datalake.google_storage_bucket.grafana_bucket",
            "module.iam.google_service_account.fastapi_run_sa",
            "module.iam.google_service_account.grafana_run_sa",
            "module.iam.google_service_account.portfolio_run_sa",
            "module.network.google_compute_network.vpc_net",
            "module.network.google_vpc_access_connector.run_connector"
          ],
          "create_before_destroy": true
        },
        {
          "index_key": "rstudio",
          "schema_version": 0,
          "attributes": {
            "app_engine": [],
            "cloud_function": [],
            "cloud_run": [
              {
                "service": "rstudio-run",
                "tag": "",
                "url_mask": ""
              }
            ],
            "description": "",
            "id": "projects/personalhub14/regions/us-central1/networkEndpointGroups/rstudio-neg",
            "name": "rstudio-neg",
            "network": "",
            "network_endpoint_type": "SERVERLESS",
            "project": "personalhub14",
            "psc_data": [],
            "psc_target_service": "",
            "region": "https://www.googleapis.com/compute/v1/projects/personalhub14/regions/us-central1",
            "self_link": "https://www.googleapis.com/compute/v1/projects/personalhub14/regions/us-central1/networkEndpointGroups/rstudio-neg",
            "subnetwork": "",
            "timeouts": null
          },
          "sensitive_attributes": [],
          "identity_schema_version": 0,
          "private": "eyJlMmJmYjczMC1lY2FhLTExZTYtOGY4OC0zNDM2M2JjN2M0YzAiOnsiY3JlYXRlIjoxMjAwMDAwMDAwMDAwLCJkZWxldGUiOjEyMDAwMDAwMDAwMDB9fQ==",
          "dependencies": [
            "module.compute.google_cloud_run_v2_service.run_fastapi",
            "module.compute.google_cloud_run_v2_service.run_grafana",
            "module.compute.google_cloud_run_v2_service.run_portfolio",
            "module.compute.google_cloud_run_v2_service.run_rstudio",
            "module.datalake.google_storage_bucket.grafana_bucket",
            "module.iam.google_service_account.fastapi_run_sa",
            "module.iam.google_service_account.grafana_run_sa",
            "module.iam.google_service_account.portfolio_run_sa",
            "module.network.google_compute_network.vpc_net",
            "module.network.google_vpc_access_connector.run_connector"
          ],
          "create_before_destroy": true
        },
        {
          "index_key": "www",
          "schema_version": 0,
          "attributes": {
            "app_engine": [],
            "cloud_function": [],
            "cloud_run": [
              {
                "service": "portfolio-run",
                "tag": "",
                "url_mask": ""
              }
            ],
            "description": "",
            "id": "projects/personalhub14/regions/us-central1/networkEndpointGroups/www-neg",
            "name": "www-neg",
            "network": "",
            "network_endpoint_type": "SERVERLESS",
            "project": "personalhub14",
            "psc_data": [],
            "psc_target_service": "",
            "region": "https://www.googleapis.com/compute/v1/projects/personalhub14/regions/us-central1",
            "self_link": "https://www.googleapis.com/compute/v1/projects/personalhub14/regions/us-central1/networkEndpointGroups/www-neg",
            "subnetwork": "",
            "timeouts": null
          },
          "sensitive_attributes": [],
          "identity_schema_version": 0,
          "private": "eyJlMmJmYjczMC1lY2FhLTExZTYtOGY4OC0zNDM2M2JjN2M0YzAiOnsiY3JlYXRlIjoxMjAwMDAwMDAwMDAwLCJkZWxldGUiOjEyMDAwMDAwMDAwMDB9fQ==",
          "dependencies": [
            "module.compute.google_cloud_run_v2_service.run_fastapi",
            "module.compute.google_cloud_run_v2_service.run_grafana",
            "module.compute.google_cloud_run_v2_service.run_portfolio",
            "module.compute.google_cloud_run_v2_service.run_rstudio",
            "module.datalake.google_storage_bucket.grafana_bucket",
            "module.iam.google_service_account.fastapi_run_sa",
            "module.iam.google_service_account.grafana_run_sa",
            "module.iam.google_service_account.portfolio_run_sa",
            "module.network.google_compute_network.vpc_net",
            "module.network.google_vpc_access_connector.run_connector"
          ],
          "create_before_destroy": true
        }
      ]
    },
    {
      "module": "module.network",
      "mode": "managed",
      "type": "google_compute_subnetwork",
      "name": "vpc_subnet",
      "provider": "provider[\"registry.terraform.io/hashicorp/google\"]",
      "instances": [
        {
          "schema_version": 0,
          "attributes": {
            "creation_timestamp": "2025-06-23T11:38:59.092-07:00",
            "description": "",
            "enable_flow_logs": false,
            "external_ipv6_prefix": "",
            "fingerprint": null,
            "gateway_address": "10.8.0.1",
            "id": "projects/personalhub14/regions/us-central1/subnetworks/vpc-subnet",
            "internal_ipv6_prefix": "",
            "ip_cidr_range": "10.8.0.0/28",
            "ip_collection": null,
            "ipv6_access_type": "",
            "ipv6_cidr_range": "",
            "ipv6_gce_endpoint": "",
            "log_config": [],
            "name": "vpc-subnet",
            "network": "https://www.googleapis.com/compute/v1/projects/personalhub14/global/networks/vpc-net",
            "private_ip_google_access": true,
            "private_ipv6_google_access": "DISABLE_GOOGLE_ACCESS",
            "project": "personalhub14",
            "purpose": "PRIVATE",
            "region": "us-central1",
            "reserved_internal_range": "",
            "role": "",
            "secondary_ip_range": [],
            "self_link": "https://www.googleapis.com/compute/v1/projects/personalhub14/regions/us-central1/subnetworks/vpc-subnet",
            "send_secondary_ip_range_if_empty": null,
            "stack_type": "IPV4_ONLY",
            "state": "",
            "subnetwork_id": 2450442556705874348,
            "timeouts": null
          },
          "sensitive_attributes": [],
          "identity_schema_version": 0,
          "private": "eyJlMmJmYjczMC1lY2FhLTExZTYtOGY4OC0zNDM2M2JjN2M0YzAiOnsiY3JlYXRlIjoxMjAwMDAwMDAwMDAwLCJkZWxldGUiOjEyMDAwMDAwMDAwMDAsInVwZGF0ZSI6MTIwMDAwMDAwMDAwMH19",
          "dependencies": [
            "module.network.google_compute_network.vpc_net"
          ]
        }
      ]
    },
    {
      "module": "module.network",
      "mode": "managed",
      "type": "google_compute_target_http_proxy",
      "name": "http_proxy",
      "provider": "provider[\"registry.terraform.io/hashicorp/google\"]",
      "instances": [
        {
          "schema_version": 0,
          "attributes": {
            "creation_timestamp": "2025-06-23T11:38:26.937-07:00",
            "description": "",
            "fingerprint": "Tt9naW5aV58=",
            "http_keep_alive_timeout_sec": 0,
            "id": "projects/personalhub14/global/targetHttpProxies/http-proxy",
            "name": "http-proxy",
            "project": "personalhub14",
            "proxy_bind": false,
            "proxy_id": 8816543675266113997,
            "self_link": "https://www.googleapis.com/compute/v1/projects/personalhub14/global/targetHttpProxies/http-proxy",
            "timeouts": null,
            "url_map": "https://www.googleapis.com/compute/v1/projects/personalhub14/global/urlMaps/http-redirect"
          },
          "sensitive_attributes": [],
          "identity_schema_version": 0,
          "private": "eyJlMmJmYjczMC1lY2FhLTExZTYtOGY4OC0zNDM2M2JjN2M0YzAiOnsiY3JlYXRlIjoxMjAwMDAwMDAwMDAwLCJkZWxldGUiOjEyMDAwMDAwMDAwMDAsInVwZGF0ZSI6MTIwMDAwMDAwMDAwMH19",
          "dependencies": [
            "module.network.google_compute_url_map.http_redirect"
          ]
        }
      ]
    },
    {
      "module": "module.network",
      "mode": "managed",
      "type": "google_compute_target_https_proxy",
      "name": "https_proxy",
      "provider": "provider[\"registry.terraform.io/hashicorp/google\"]",
      "instances": [
        {
          "schema_version": 0,
          "attributes": {
            "certificate_manager_certificates": [],
            "certificate_map": "",
            "creation_timestamp": "2025-06-23T11:38:52.082-07:00",
            "description": "",
            "fingerprint": "Y1j0CnQDtrk=",
            "http_keep_alive_timeout_sec": 0,
            "id": "projects/personalhub14/global/targetHttpsProxies/https-proxy",
            "name": "https-proxy",
            "project": "personalhub14",
            "proxy_bind": false,
            "proxy_id": 6097786414340252115,
            "quic_override": "NONE",
            "self_link": "https://www.googleapis.com/compute/v1/projects/personalhub14/global/targetHttpsProxies/https-proxy",
            "server_tls_policy": "",
            "ssl_certificates": [
              "https://www.googleapis.com/compute/v1/projects/personalhub14/global/sslCertificates/ssl-certs"
            ],
            "ssl_policy": "",
            "timeouts": null,
            "tls_early_data": "DISABLED",
            "url_map": "https://www.googleapis.com/compute/v1/projects/personalhub14/global/urlMaps/url-map"
          },
          "sensitive_attributes": [],
          "identity_schema_version": 0,
          "private": "eyJlMmJmYjczMC1lY2FhLTExZTYtOGY4OC0zNDM2M2JjN2M0YzAiOnsiY3JlYXRlIjoxMjAwMDAwMDAwMDAwLCJkZWxldGUiOjEyMDAwMDAwMDAwMDAsInVwZGF0ZSI6MTIwMDAwMDAwMDAwMH19",
          "dependencies": [
            "module.compute.google_cloud_run_v2_service.run_fastapi",
            "module.compute.google_cloud_run_v2_service.run_grafana",
            "module.compute.google_cloud_run_v2_service.run_portfolio",
            "module.compute.google_cloud_run_v2_service.run_rstudio",
            "module.datalake.google_storage_bucket.grafana_bucket",
            "module.iam.google_service_account.fastapi_run_sa",
            "module.iam.google_service_account.grafana_run_sa",
            "module.iam.google_service_account.portfolio_run_sa",
            "module.network.google_compute_backend_service.backend",
            "module.network.google_compute_managed_ssl_certificate.ssl_certs",
            "module.network.google_compute_network.vpc_net",
            "module.network.google_compute_region_network_endpoint_group.neg_region",
            "module.network.google_compute_url_map.url_map",
            "module.network.google_vpc_access_connector.run_connector"
          ],
          "create_before_destroy": true
        }
      ]
    },
    {
      "module": "module.network",
      "mode": "managed",
      "type": "google_compute_url_map",
      "name": "http_redirect",
      "provider": "provider[\"registry.terraform.io/hashicorp/google\"]",
      "instances": [
        {
          "schema_version": 0,
          "attributes": {
            "creation_timestamp": "2025-06-23T11:38:15.151-07:00",
            "default_route_action": [],
            "default_service": "",
            "default_url_redirect": [
              {
                "host_redirect": "",
                "https_redirect": true,
                "path_redirect": "",
                "prefix_redirect": "",
                "redirect_response_code": "",
                "strip_query": false
              }
            ],
            "description": "",
            "fingerprint": "KVV1y6BTz48=",
            "header_action": [],
            "host_rule": [],
            "id": "projects/personalhub14/global/urlMaps/http-redirect",
            "map_id": 471375013152563704,
            "name": "http-redirect",
            "path_matcher": [],
            "project": "personalhub14",
            "self_link": "https://www.googleapis.com/compute/v1/projects/personalhub14/global/urlMaps/http-redirect",
            "test": [],
            "timeouts": null
          },
          "sensitive_attributes": [],
          "identity_schema_version": 0,
          "private": "eyJlMmJmYjczMC1lY2FhLTExZTYtOGY4OC0zNDM2M2JjN2M0YzAiOnsiY3JlYXRlIjoxMjAwMDAwMDAwMDAwLCJkZWxldGUiOjEyMDAwMDAwMDAwMDAsInVwZGF0ZSI6MTIwMDAwMDAwMDAwMH19"
        }
      ]
    },
    {
      "module": "module.network",
      "mode": "managed",
      "type": "google_compute_url_map",
      "name": "url_map",
      "provider": "provider[\"registry.terraform.io/hashicorp/google\"]",
      "instances": [
        {
          "schema_version": 0,
          "attributes": {
            "creation_timestamp": "2025-06-23T11:38:40.176-07:00",
            "default_route_action": [],
            "default_service": "https://www.googleapis.com/compute/v1/projects/personalhub14/global/backendServices/www-backend",
            "default_url_redirect": [],
            "description": "",
            "fingerprint": "iekPa-zIIO8=",
            "header_action": [],
            "host_rule": [
              {
                "description": "",
                "hosts": [
                  "api.guigo.dev.br"
                ],
                "path_matcher": "api-matcher"
              },
              {
                "description": "",
                "hosts": [
                  "grafana.guigo.dev.br"
                ],
                "path_matcher": "grafana-matcher"
              },
              {
                "description": "",
                "hosts": [
                  "rstudio.guigo.dev.br"
                ],
                "path_matcher": "rstudio-matcher"
              },
              {
                "description": "",
                "hosts": [
                  "www.guigo.dev.br"
                ],
                "path_matcher": "www-matcher"
              }
            ],
            "id": "projects/personalhub14/global/urlMaps/url-map",
            "map_id": 6062200269535715807,
            "name": "url-map",
            "path_matcher": [
              {
                "default_route_action": [],
                "default_service": "https://www.googleapis.com/compute/v1/projects/personalhub14/global/backendServices/www-backend",
                "default_url_redirect": [],
                "description": "",
                "header_action": [],
                "name": "www-matcher",
                "path_rule": [
                  {
                    "paths": [
                      "/*"
                    ],
                    "route_action": [],
                    "service": "https://www.googleapis.com/compute/v1/projects/personalhub14/global/backendServices/www-backend",
                    "url_redirect": []
                  }
                ],
                "route_rules": []
              },
              {
                "default_route_action": [],
                "default_service": "https://www.googleapis.com/compute/v1/projects/personalhub14/global/backendServices/api-backend",
                "default_url_redirect": [],
                "description": "",
                "header_action": [],
                "name": "api-matcher",
                "path_rule": [
                  {
                    "paths": [
                      "/*"
                    ],
                    "route_action": [],
                    "service": "https://www.googleapis.com/compute/v1/projects/personalhub14/global/backendServices/api-backend",
                    "url_redirect": []
                  }
                ],
                "route_rules": []
              },
              {
                "default_route_action": [],
                "default_service": "https://www.googleapis.com/compute/v1/projects/personalhub14/global/backendServices/rstudio-backend",
                "default_url_redirect": [],
                "description": "",
                "header_action": [],
                "name": "rstudio-matcher",
                "path_rule": [
                  {
                    "paths": [
                      "/*"
                    ],
                    "route_action": [],
                    "service": "https://www.googleapis.com/compute/v1/projects/personalhub14/global/backendServices/rstudio-backend",
                    "url_redirect": []
                  }
                ],
                "route_rules": []
              },
              {
                "default_route_action": [],
                "default_service": "https://www.googleapis.com/compute/v1/projects/personalhub14/global/backendServices/grafana-backend",
                "default_url_redirect": [],
                "description": "",
                "header_action": [],
                "name": "grafana-matcher",
                "path_rule": [
                  {
                    "paths": [
                      "/*"
                    ],
                    "route_action": [],
                    "service": "https://www.googleapis.com/compute/v1/projects/personalhub14/global/backendServices/grafana-backend",
                    "url_redirect": []
                  }
                ],
                "route_rules": []
              }
            ],
            "project": "personalhub14",
            "self_link": "https://www.googleapis.com/compute/v1/projects/personalhub14/global/urlMaps/url-map",
            "test": [],
            "timeouts": null
          },
          "sensitive_attributes": [],
          "identity_schema_version": 0,
          "private": "eyJlMmJmYjczMC1lY2FhLTExZTYtOGY4OC0zNDM2M2JjN2M0YzAiOnsiY3JlYXRlIjoxMjAwMDAwMDAwMDAwLCJkZWxldGUiOjEyMDAwMDAwMDAwMDAsInVwZGF0ZSI6MTIwMDAwMDAwMDAwMH19",
          "dependencies": [
            "module.compute.google_cloud_run_v2_service.run_fastapi",
            "module.compute.google_cloud_run_v2_service.run_grafana",
            "module.compute.google_cloud_run_v2_service.run_portfolio",
            "module.compute.google_cloud_run_v2_service.run_rstudio",
            "module.datalake.google_storage_bucket.grafana_bucket",
            "module.iam.google_service_account.fastapi_run_sa",
            "module.iam.google_service_account.grafana_run_sa",
            "module.iam.google_service_account.portfolio_run_sa",
            "module.network.google_compute_backend_service.backend",
            "module.network.google_compute_network.vpc_net",
            "module.network.google_compute_region_network_endpoint_group.neg_region",
            "module.network.google_vpc_access_connector.run_connector"
          ],
          "create_before_destroy": true
        }
      ]
    },
    {
      "module": "module.network",
      "mode": "managed",
      "type": "google_dns_managed_zone",
      "name": "dns_zone",
      "provider": "provider[\"registry.terraform.io/hashicorp/google\"]",
      "instances": [
        {
          "schema_version": 0,
          "attributes": {
            "cloud_logging_config": [
              {
                "enable_logging": false
              }
            ],
            "creation_time": "2025-06-23T18:38:14.843Z",
            "description": "DNS zone for the domain",
            "dns_name": "guigo.dev.br.",
            "dnssec_config": [],
            "effective_labels": {
              "goog-terraform-provisioned": "true"
            },
            "force_destroy": false,
            "forwarding_config": [],
            "id": "projects/personalhub14/managedZones/dns-zone",
            "labels": {},
            "managed_zone_id": 5247233729336131486,
            "name": "dns-zone",
            "name_servers": [
              "ns-cloud-a1.googledomains.com.",
              "ns-cloud-a2.googledomains.com.",
              "ns-cloud-a3.googledomains.com.",
              "ns-cloud-a4.googledomains.com."
            ],
            "peering_config": [],
            "private_visibility_config": [],
            "project": "personalhub14",
            "terraform_labels": {
              "goog-terraform-provisioned": "true"
            },
            "timeouts": null,
            "visibility": "public"
          },
          "sensitive_attributes": [],
          "identity_schema_version": 0,
          "private": "eyJlMmJmYjczMC1lY2FhLTExZTYtOGY4OC0zNDM2M2JjN2M0YzAiOnsiY3JlYXRlIjoxMjAwMDAwMDAwMDAwLCJkZWxldGUiOjEyMDAwMDAwMDAwMDAsInVwZGF0ZSI6MTIwMDAwMDAwMDAwMH19"
        }
      ]
    },
    {
      "module": "module.network",
      "mode": "managed",
      "type": "google_dns_record_set",
      "name": "subdomain_records",
      "provider": "provider[\"registry.terraform.io/hashicorp/google\"]",
      "instances": [
        {
          "index_key": "api",
          "schema_version": 0,
          "attributes": {
            "id": "projects/personalhub14/managedZones/dns-zone/rrsets/api.guigo.dev.br./A",
            "managed_zone": "dns-zone",
            "name": "api.guigo.dev.br.",
            "project": "personalhub14",
            "routing_policy": [],
            "rrdatas": [
              "34.95.96.202"
            ],
            "ttl": 300,
            "type": "A"
          },
          "sensitive_attributes": [],
          "identity_schema_version": 0,
          "private": "bnVsbA==",
          "dependencies": [
            "module.network.google_compute_global_address.lb_ip",
            "module.network.google_dns_managed_zone.dns_zone"
          ]
        },
        {
          "index_key": "grafana",
          "schema_version": 0,
          "attributes": {
            "id": "projects/personalhub14/managedZones/dns-zone/rrsets/grafana.guigo.dev.br./A",
            "managed_zone": "dns-zone",
            "name": "grafana.guigo.dev.br.",
            "project": "personalhub14",
            "routing_policy": [],
            "rrdatas": [
              "34.95.96.202"
            ],
            "ttl": 300,
            "type": "A"
          },
          "sensitive_attributes": [],
          "identity_schema_version": 0,
          "private": "bnVsbA==",
          "dependencies": [
            "module.network.google_compute_global_address.lb_ip",
            "module.network.google_dns_managed_zone.dns_zone"
          ]
        },
        {
          "index_key": "rstudio",
          "schema_version": 0,
          "attributes": {
            "id": "projects/personalhub14/managedZones/dns-zone/rrsets/rstudio.guigo.dev.br./A",
            "managed_zone": "dns-zone",
            "name": "rstudio.guigo.dev.br.",
            "project": "personalhub14",
            "routing_policy": [],
            "rrdatas": [
              "34.95.96.202"
            ],
            "ttl": 300,
            "type": "A"
          },
          "sensitive_attributes": [],
          "identity_schema_version": 0,
          "private": "bnVsbA==",
          "dependencies": [
            "module.network.google_compute_global_address.lb_ip",
            "module.network.google_dns_managed_zone.dns_zone"
          ]
        },
        {
          "index_key": "www",
          "schema_version": 0,
          "attributes": {
            "id": "projects/personalhub14/managedZones/dns-zone/rrsets/www.guigo.dev.br./A",
            "managed_zone": "dns-zone",
            "name": "www.guigo.dev.br.",
            "project": "personalhub14",
            "routing_policy": [],
            "rrdatas": [
              "34.95.96.202"
            ],
            "ttl": 300,
            "type": "A"
          },
          "sensitive_attributes": [],
          "identity_schema_version": 0,
          "private": "bnVsbA==",
          "dependencies": [
            "module.network.google_compute_global_address.lb_ip",
            "module.network.google_dns_managed_zone.dns_zone"
          ]
        }
      ]
    },
    {
      "module": "module.network",
      "mode": "managed",
      "type": "google_service_networking_connection",
      "name": "vpc_connection",
      "provider": "provider[\"registry.terraform.io/hashicorp/google\"]",
      "instances": [
        {
          "schema_version": 0,
          "attributes": {
            "deletion_policy": null,
            "id": "projects%2Fpersonalhub14%2Fglobal%2Fnetworks%2Fvpc-net:servicenetworking.googleapis.com",
            "network": "projects/personalhub14/global/networks/vpc-net",
            "peering": "servicenetworking-googleapis-com",
            "reserved_peering_ranges": [
              "cloudsql-peering-range"
            ],
            "service": "servicenetworking.googleapis.com",
            "timeouts": null,
            "update_on_creation_fail": null
          },
          "sensitive_attributes": [],
          "identity_schema_version": 0,
          "private": "eyJlMmJmYjczMC1lY2FhLTExZTYtOGY4OC0zNDM2M2JjN2M0YzAiOnsiY3JlYXRlIjo2MDAwMDAwMDAwMDAsImRlbGV0ZSI6NjAwMDAwMDAwMDAwLCJ1cGRhdGUiOjYwMDAwMDAwMDAwMH19",
          "dependencies": [
            "module.network.google_compute_global_address.cloudsql_peering_range",
            "module.network.google_compute_network.vpc_net"
          ]
        }
      ]
    },
    {
      "module": "module.network",
      "mode": "managed",
      "type": "google_vpc_access_connector",
      "name": "run_connector",
      "provider": "provider[\"registry.terraform.io/hashicorp/google\"]",
      "instances": [
        {
          "schema_version": 0,
          "attributes": {
            "connected_projects": [
              "personalhub14"
            ],
            "id": "projects/personalhub14/locations/us-central1/connectors/cloudrun-connector",
            "ip_cidr_range": "192.168.16.0/28",
            "machine_type": "e2-micro",
            "max_instances": 3,
            "max_throughput": 300,
            "min_instances": 2,
            "min_throughput": 200,
            "name": "cloudrun-connector",
            "network": "vpc-net",
            "project": "personalhub14",
            "region": "us-central1",
            "self_link": "projects/personalhub14/locations/us-central1/connectors/cloudrun-connector",
            "state": "READY",
            "subnet": [],
            "timeouts": null
          },
          "sensitive_attributes": [],
          "identity_schema_version": 0,
          "private": "eyJlMmJmYjczMC1lY2FhLTExZTYtOGY4OC0zNDM2M2JjN2M0YzAiOnsiY3JlYXRlIjoxMjAwMDAwMDAwMDAwLCJkZWxldGUiOjEyMDAwMDAwMDAwMDAsInVwZGF0ZSI6MTIwMDAwMDAwMDAwMH19",
          "dependencies": [
            "module.network.google_compute_network.vpc_net"
          ],
          "create_before_destroy": true
        }
      ]
    },
    {
      "module": "module.security",
      "mode": "managed",
      "type": "google_secret_manager_secret",
      "name": "gh_token_secret",
      "provider": "provider[\"registry.terraform.io/hashicorp/google\"]",
      "instances": [
        {
          "schema_version": 0,
          "attributes": {
            "annotations": {},
            "create_time": "2025-06-24T10:39:29.268870Z",
            "effective_annotations": {},
            "effective_labels": {
              "env": "prod",
              "goog-terraform-provisioned": "true",
              "label": "gh-token123",
              "owner": "guilhermeviegas"
            },
            "expire_time": "",
            "id": "projects/personalhub14/secrets/gh-access-token-secret",
            "labels": {
              "env": "prod",
              "label": "gh-token123",
              "owner": "guilhermeviegas"
            },
            "name": "projects/415088972722/secrets/gh-access-token-secret",
            "project": "personalhub14",
            "replication": [
              {
                "auto": [],
                "user_managed": [
                  {
                    "replicas": [
                      {
                        "customer_managed_encryption": [],
                        "location": "us-central1"
                      }
                    ]
                  }
                ]
              }
            ],
            "rotation": [],
            "secret_id": "gh-access-token-secret",
            "terraform_labels": {
              "env": "prod",
              "goog-terraform-provisioned": "true",
              "label": "gh-token123",
              "owner": "guilhermeviegas"
            },
            "timeouts": null,
            "topics": [],
            "ttl": null,
            "version_aliases": {},
            "version_destroy_ttl": ""
          },
          "sensitive_attributes": [],
          "identity_schema_version": 0,
          "private": "eyJlMmJmYjczMC1lY2FhLTExZTYtOGY4OC0zNDM2M2JjN2M0YzAiOnsiY3JlYXRlIjoxMjAwMDAwMDAwMDAwLCJkZWxldGUiOjEyMDAwMDAwMDAwMDAsInVwZGF0ZSI6MTIwMDAwMDAwMDAwMH19"
        }
      ]
    },
    {
      "module": "module.security",
      "mode": "managed",
      "type": "google_secret_manager_secret",
      "name": "main_secret",
      "provider": "provider[\"registry.terraform.io/hashicorp/google\"]",
      "instances": [
        {
          "schema_version": 0,
          "attributes": {
            "annotations": {},
            "create_time": "2025-06-24T10:39:29.269694Z",
            "effective_annotations": {},
            "effective_labels": {
              "env": "prod",
              "goog-terraform-provisioned": "true",
              "owner": "guilhermeviegas"
            },
            "expire_time": "",
            "id": "projects/personalhub14/secrets/main-secret",
            "labels": {
              "env": "prod",
              "owner": "guilhermeviegas"
            },
            "name": "projects/415088972722/secrets/main-secret",
            "project": "personalhub14",
            "replication": [
              {
                "auto": [],
                "user_managed": [
                  {
                    "replicas": [
                      {
                        "customer_managed_encryption": [],
                        "location": "us-central1"
                      }
                    ]
                  }
                ]
              }
            ],
            "rotation": [],
            "secret_id": "main-secret",
            "terraform_labels": {
              "env": "prod",
              "goog-terraform-provisioned": "true",
              "owner": "guilhermeviegas"
            },
            "timeouts": null,
            "topics": [],
            "ttl": null,
            "version_aliases": {},
            "version_destroy_ttl": ""
          },
          "sensitive_attributes": [],
          "identity_schema_version": 0,
          "private": "eyJlMmJmYjczMC1lY2FhLTExZTYtOGY4OC0zNDM2M2JjN2M0YzAiOnsiY3JlYXRlIjoxMjAwMDAwMDAwMDAwLCJkZWxldGUiOjEyMDAwMDAwMDAwMDAsInVwZGF0ZSI6MTIwMDAwMDAwMDAwMH19"
        }
      ]
    }
  ],
  "check_results": null
}
