{
  "version": 4,
  "terraform_version": "1.12.1",
  "serial": 253,
  "lineage": "6d98eb4f-f510-f3b1-9cc0-4bf88365a965",
  "outputs": {},
  "resources": [
    {
      "mode": "managed",
      "type": "google_project_service",
      "name": "apis",
      "provider": "provider[\"registry.terraform.io/hashicorp/google\"]",
      "instances": [
        {
          "index_key": "artifactregistry.googleapis.com",
          "schema_version": 0,
          "attributes": {
            "disable_dependent_services": null,
            "disable_on_destroy": false,
            "id": "personalhub14/artifactregistry.googleapis.com",
            "project": "personalhub14",
            "service": "artifactregistry.googleapis.com",
            "timeouts": null
          },
          "sensitive_attributes": [],
          "identity_schema_version": 0,
          "private": "eyJlMmJmYjczMC1lY2FhLTExZTYtOGY4OC0zNDM2M2JjN2M0YzAiOnsiY3JlYXRlIjoxMjAwMDAwMDAwMDAwLCJkZWxldGUiOjEyMDAwMDAwMDAwMDAsInJlYWQiOjYwMDAwMDAwMDAwMCwidXBkYXRlIjoxMjAwMDAwMDAwMDAwfX0="
        },
        {
          "index_key": "bigquery.googleapis.com",
          "schema_version": 0,
          "attributes": {
            "disable_dependent_services": null,
            "disable_on_destroy": false,
            "id": "personalhub14/bigquery.googleapis.com",
            "project": "personalhub14",
            "service": "bigquery.googleapis.com",
            "timeouts": null
          },
          "sensitive_attributes": [],
          "identity_schema_version": 0,
          "private": "eyJlMmJmYjczMC1lY2FhLTExZTYtOGY4OC0zNDM2M2JjN2M0YzAiOnsiY3JlYXRlIjoxMjAwMDAwMDAwMDAwLCJkZWxldGUiOjEyMDAwMDAwMDAwMDAsInJlYWQiOjYwMDAwMDAwMDAwMCwidXBkYXRlIjoxMjAwMDAwMDAwMDAwfX0="
        },
        {
          "index_key": "cloudbuild.googleapis.com",
          "schema_version": 0,
          "attributes": {
            "disable_dependent_services": null,
            "disable_on_destroy": false,
            "id": "personalhub14/cloudbuild.googleapis.com",
            "project": "personalhub14",
            "service": "cloudbuild.googleapis.com",
            "timeouts": null
          },
          "sensitive_attributes": [],
          "identity_schema_version": 0,
          "private": "eyJlMmJmYjczMC1lY2FhLTExZTYtOGY4OC0zNDM2M2JjN2M0YzAiOnsiY3JlYXRlIjoxMjAwMDAwMDAwMDAwLCJkZWxldGUiOjEyMDAwMDAwMDAwMDAsInJlYWQiOjYwMDAwMDAwMDAwMCwidXBkYXRlIjoxMjAwMDAwMDAwMDAwfX0="
        },
        {
          "index_key": "cloudfunctions.googleapis.com",
          "schema_version": 0,
          "attributes": {
            "disable_dependent_services": null,
            "disable_on_destroy": false,
            "id": "personalhub14/cloudfunctions.googleapis.com",
            "project": "personalhub14",
            "service": "cloudfunctions.googleapis.com",
            "timeouts": null
          },
          "sensitive_attributes": [],
          "identity_schema_version": 0,
          "private": "eyJlMmJmYjczMC1lY2FhLTExZTYtOGY4OC0zNDM2M2JjN2M0YzAiOnsiY3JlYXRlIjoxMjAwMDAwMDAwMDAwLCJkZWxldGUiOjEyMDAwMDAwMDAwMDAsInJlYWQiOjYwMDAwMDAwMDAwMCwidXBkYXRlIjoxMjAwMDAwMDAwMDAwfX0="
        },
        {
          "index_key": "cloudscheduler.googleapis.com",
          "schema_version": 0,
          "attributes": {
            "disable_dependent_services": null,
            "disable_on_destroy": false,
            "id": "personalhub14/cloudscheduler.googleapis.com",
            "project": "personalhub14",
            "service": "cloudscheduler.googleapis.com",
            "timeouts": null
          },
          "sensitive_attributes": [],
          "identity_schema_version": 0,
          "private": "eyJlMmJmYjczMC1lY2FhLTExZTYtOGY4OC0zNDM2M2JjN2M0YzAiOnsiY3JlYXRlIjoxMjAwMDAwMDAwMDAwLCJkZWxldGUiOjEyMDAwMDAwMDAwMDAsInJlYWQiOjYwMDAwMDAwMDAwMCwidXBkYXRlIjoxMjAwMDAwMDAwMDAwfX0="
        },
        {
          "index_key": "discoveryengine.googleapis.com",
          "schema_version": 0,
          "attributes": {
            "disable_dependent_services": null,
            "disable_on_destroy": false,
            "id": "personalhub14/discoveryengine.googleapis.com",
            "project": "personalhub14",
            "service": "discoveryengine.googleapis.com",
            "timeouts": null
          },
          "sensitive_attributes": [],
          "identity_schema_version": 0,
          "private": "eyJlMmJmYjczMC1lY2FhLTExZTYtOGY4OC0zNDM2M2JjN2M0YzAiOnsiY3JlYXRlIjoxMjAwMDAwMDAwMDAwLCJkZWxldGUiOjEyMDAwMDAwMDAwMDAsInJlYWQiOjYwMDAwMDAwMDAwMCwidXBkYXRlIjoxMjAwMDAwMDAwMDAwfX0="
        },
        {
          "index_key": "dns.googleapis.com",
          "schema_version": 0,
          "attributes": {
            "disable_dependent_services": null,
            "disable_on_destroy": false,
            "id": "personalhub14/dns.googleapis.com",
            "project": "personalhub14",
            "service": "dns.googleapis.com",
            "timeouts": null
          },
          "sensitive_attributes": [],
          "identity_schema_version": 0,
          "private": "eyJlMmJmYjczMC1lY2FhLTExZTYtOGY4OC0zNDM2M2JjN2M0YzAiOnsiY3JlYXRlIjoxMjAwMDAwMDAwMDAwLCJkZWxldGUiOjEyMDAwMDAwMDAwMDAsInJlYWQiOjYwMDAwMDAwMDAwMCwidXBkYXRlIjoxMjAwMDAwMDAwMDAwfX0="
        },
        {
          "index_key": "eventarc.googleapis.com",
          "schema_version": 0,
          "attributes": {
            "disable_dependent_services": null,
            "disable_on_destroy": false,
            "id": "personalhub14/eventarc.googleapis.com",
            "project": "personalhub14",
            "service": "eventarc.googleapis.com",
            "timeouts": null
          },
          "sensitive_attributes": [],
          "identity_schema_version": 0,
          "private": "eyJlMmJmYjczMC1lY2FhLTExZTYtOGY4OC0zNDM2M2JjN2M0YzAiOnsiY3JlYXRlIjoxMjAwMDAwMDAwMDAwLCJkZWxldGUiOjEyMDAwMDAwMDAwMDAsInJlYWQiOjYwMDAwMDAwMDAwMCwidXBkYXRlIjoxMjAwMDAwMDAwMDAwfX0="
        },
        {
          "index_key": "iam.googleapis.com",
          "schema_version": 0,
          "attributes": {
            "disable_dependent_services": null,
            "disable_on_destroy": false,
            "id": "personalhub14/iam.googleapis.com",
            "project": "personalhub14",
            "service": "iam.googleapis.com",
            "timeouts": null
          },
          "sensitive_attributes": [],
          "identity_schema_version": 0,
          "private": "eyJlMmJmYjczMC1lY2FhLTExZTYtOGY4OC0zNDM2M2JjN2M0YzAiOnsiY3JlYXRlIjoxMjAwMDAwMDAwMDAwLCJkZWxldGUiOjEyMDAwMDAwMDAwMDAsInJlYWQiOjYwMDAwMDAwMDAwMCwidXBkYXRlIjoxMjAwMDAwMDAwMDAwfX0="
        },
        {
          "index_key": "pubsub.googleapis.com",
          "schema_version": 0,
          "attributes": {
            "disable_dependent_services": null,
            "disable_on_destroy": false,
            "id": "personalhub14/pubsub.googleapis.com",
            "project": "personalhub14",
            "service": "pubsub.googleapis.com",
            "timeouts": null
          },
          "sensitive_attributes": [],
          "identity_schema_version": 0,
          "private": "eyJlMmJmYjczMC1lY2FhLTExZTYtOGY4OC0zNDM2M2JjN2M0YzAiOnsiY3JlYXRlIjoxMjAwMDAwMDAwMDAwLCJkZWxldGUiOjEyMDAwMDAwMDAwMDAsInJlYWQiOjYwMDAwMDAwMDAwMCwidXBkYXRlIjoxMjAwMDAwMDAwMDAwfX0="
        },
        {
          "index_key": "run.googleapis.com",
          "schema_version": 0,
          "attributes": {
            "disable_dependent_services": null,
            "disable_on_destroy": false,
            "id": "personalhub14/run.googleapis.com",
            "project": "personalhub14",
            "service": "run.googleapis.com",
            "timeouts": null
          },
          "sensitive_attributes": [],
          "identity_schema_version": 0,
          "private": "eyJlMmJmYjczMC1lY2FhLTExZTYtOGY4OC0zNDM2M2JjN2M0YzAiOnsiY3JlYXRlIjoxMjAwMDAwMDAwMDAwLCJkZWxldGUiOjEyMDAwMDAwMDAwMDAsInJlYWQiOjYwMDAwMDAwMDAwMCwidXBkYXRlIjoxMjAwMDAwMDAwMDAwfX0="
        },
        {
          "index_key": "secretmanager.googleapis.com",
          "schema_version": 0,
          "attributes": {
            "disable_dependent_services": null,
            "disable_on_destroy": false,
            "id": "personalhub14/secretmanager.googleapis.com",
            "project": "personalhub14",
            "service": "secretmanager.googleapis.com",
            "timeouts": null
          },
          "sensitive_attributes": [],
          "identity_schema_version": 0,
          "private": "eyJlMmJmYjczMC1lY2FhLTExZTYtOGY4OC0zNDM2M2JjN2M0YzAiOnsiY3JlYXRlIjoxMjAwMDAwMDAwMDAwLCJkZWxldGUiOjEyMDAwMDAwMDAwMDAsInJlYWQiOjYwMDAwMDAwMDAwMCwidXBkYXRlIjoxMjAwMDAwMDAwMDAwfX0="
        },
        {
          "index_key": "servicenetworking.googleapis.com",
          "schema_version": 0,
          "attributes": {
            "disable_dependent_services": null,
            "disable_on_destroy": false,
            "id": "personalhub14/servicenetworking.googleapis.com",
            "project": "personalhub14",
            "service": "servicenetworking.googleapis.com",
            "timeouts": null
          },
          "sensitive_attributes": [],
          "identity_schema_version": 0,
          "private": "eyJlMmJmYjczMC1lY2FhLTExZTYtOGY4OC0zNDM2M2JjN2M0YzAiOnsiY3JlYXRlIjoxMjAwMDAwMDAwMDAwLCJkZWxldGUiOjEyMDAwMDAwMDAwMDAsInJlYWQiOjYwMDAwMDAwMDAwMCwidXBkYXRlIjoxMjAwMDAwMDAwMDAwfX0="
        },
        {
          "index_key": "storage.googleapis.com",
          "schema_version": 0,
          "attributes": {
            "disable_dependent_services": null,
            "disable_on_destroy": false,
            "id": "personalhub14/storage.googleapis.com",
            "project": "personalhub14",
            "service": "storage.googleapis.com",
            "timeouts": null
          },
          "sensitive_attributes": [],
          "identity_schema_version": 0,
          "private": "eyJlMmJmYjczMC1lY2FhLTExZTYtOGY4OC0zNDM2M2JjN2M0YzAiOnsiY3JlYXRlIjoxMjAwMDAwMDAwMDAwLCJkZWxldGUiOjEyMDAwMDAwMDAwMDAsInJlYWQiOjYwMDAwMDAwMDAwMCwidXBkYXRlIjoxMjAwMDAwMDAwMDAwfX0="
        },
        {
          "index_key": "vpcaccess.googleapis.com",
          "schema_version": 0,
          "attributes": {
            "disable_dependent_services": null,
            "disable_on_destroy": false,
            "id": "personalhub14/vpcaccess.googleapis.com",
            "project": "personalhub14",
            "service": "vpcaccess.googleapis.com",
            "timeouts": null
          },
          "sensitive_attributes": [],
          "identity_schema_version": 0,
          "private": "eyJlMmJmYjczMC1lY2FhLTExZTYtOGY4OC0zNDM2M2JjN2M0YzAiOnsiY3JlYXRlIjoxMjAwMDAwMDAwMDAwLCJkZWxldGUiOjEyMDAwMDAwMDAwMDAsInJlYWQiOjYwMDAwMDAwMDAwMCwidXBkYXRlIjoxMjAwMDAwMDAwMDAwfX0="
        }
      ]
    },
    {
      "module": "module.compute",
      "mode": "managed",
      "type": "google_cloud_run_service_iam_member",
      "name": "grafana_public_access",
      "provider": "provider[\"registry.terraform.io/hashicorp/google\"]",
      "instances": [
        {
          "schema_version": 0,
          "attributes": {
            "condition": [],
            "etag": "BwY4QHok674=",
            "id": "v1/projects/personalhub14/locations/us-central1/services/grafana-run/roles/run.invoker/allUsers",
            "location": "us-central1",
            "member": "allUsers",
            "project": "personalhub14",
            "role": "roles/run.invoker",
            "service": "v1/projects/personalhub14/locations/us-central1/services/grafana-run"
          },
          "sensitive_attributes": [],
          "identity_schema_version": 0,
          "private": "bnVsbA==",
          "dependencies": [
            "module.compute.google_cloud_run_v2_service.run_grafana",
            "module.datalake.google_storage_bucket.grafana_bucket",
            "module.network.google_compute_network.vpc_net",
            "module.network.google_vpc_access_connector.run_connector"
          ]
        }
      ]
    },
    {
      "module": "module.compute",
      "mode": "managed",
      "type": "google_cloud_run_service_iam_member",
      "name": "rstudio_public_access",
      "provider": "provider[\"registry.terraform.io/hashicorp/google\"]",
      "instances": [
        {
          "schema_version": 0,
          "attributes": {
            "condition": [],
            "etag": "BwY4QRiy1W4=",
            "id": "v1/projects/personalhub14/locations/us-central1/services/rstudio-run/roles/run.invoker/allUsers",
            "location": "us-central1",
            "member": "allUsers",
            "project": "personalhub14",
            "role": "roles/run.invoker",
            "service": "v1/projects/personalhub14/locations/us-central1/services/rstudio-run"
          },
          "sensitive_attributes": [],
          "identity_schema_version": 0,
          "private": "bnVsbA==",
          "dependencies": [
            "module.compute.google_cloud_run_v2_service.run_rstudio",
            "module.network.google_compute_network.vpc_net",
            "module.network.google_vpc_access_connector.run_connector"
          ]
        }
      ]
    },
    {
      "module": "module.compute",
      "mode": "managed",
      "type": "google_cloud_run_v2_service",
      "name": "run_fastapi",
      "provider": "provider[\"registry.terraform.io/hashicorp/google\"]",
      "instances": [
        {
          "schema_version": 0,
          "attributes": {
            "annotations": {},
            "binary_authorization": [],
            "build_config": [],
            "client": "",
            "client_version": "",
            "conditions": [
              {
                "execution_reason": "",
                "last_transition_time": "2025-06-23T18:43:32.927936Z",
                "message": "",
                "reason": "",
                "revision_reason": "",
                "severity": "",
                "state": "CONDITION_SUCCEEDED",
                "type": "RoutesReady"
              },
              {
                "execution_reason": "",
                "last_transition_time": "2025-06-23T18:43:31.719417Z",
                "message": "",
                "reason": "",
                "revision_reason": "",
                "severity": "",
                "state": "CONDITION_SUCCEEDED",
                "type": "ConfigurationsReady"
              }
            ],
            "create_time": "2025-06-23T17:37:19.819236Z",
            "creator": "gui.viegas.dev@gmail.com",
            "custom_audiences": [],
            "delete_time": "",
            "deletion_protection": true,
            "description": "",
            "effective_annotations": {},
            "effective_labels": {
              "goog-terraform-provisioned": "true"
            },
            "etag": "\"CMrA5sIGEKienVw/cHJvamVjdHMvcGVyc29uYWxodWIxNC9sb2NhdGlvbnMvdXMtY2VudHJhbDEvc2VydmljZXMvZmFzdGFwaS1ydW4\"",
            "expire_time": "",
            "generation": "2",
            "id": "projects/personalhub14/locations/us-central1/services/fastapi-run",
            "ingress": "INGRESS_TRAFFIC_INTERNAL_ONLY",
            "invoker_iam_disabled": false,
            "labels": {},
            "last_modifier": "gui.viegas.dev@gmail.com",
            "latest_created_revision": "projects/personalhub14/locations/us-central1/services/fastapi-run/revisions/fastapi-run-00002-fk5",
            "latest_ready_revision": "projects/personalhub14/locations/us-central1/services/fastapi-run/revisions/fastapi-run-00002-fk5",
            "launch_stage": "GA",
            "location": "us-central1",
            "name": "fastapi-run",
            "observed_generation": "2",
            "project": "personalhub14",
            "reconciling": false,
            "scaling": [],
            "template": [
              {
                "annotations": {},
                "containers": [
                  {
                    "args": [],
                    "base_image_uri": "",
                    "build_info": [],
                    "command": [],
                    "depends_on": [],
                    "env": [],
                    "image": "us-central1-docker.pkg.dev/personalhub14/personalhub-artifact-repo/fastapi-api:latest",
                    "liveness_probe": [],
                    "name": "",
                    "ports": [
                      {
                        "container_port": 8080,
                        "name": "http1"
                      }
                    ],
                    "resources": [
                      {
                        "cpu_idle": false,
                        "limits": {
                          "cpu": "1",
                          "memory": "512Mi"
                        },
                        "startup_cpu_boost": false
                      }
                    ],
                    "startup_probe": [
                      {
                        "failure_threshold": 1,
                        "grpc": [],
                        "http_get": [],
                        "initial_delay_seconds": 0,
                        "period_seconds": 240,
                        "tcp_socket": [
                          {
                            "port": 8080
                          }
                        ],
                        "timeout_seconds": 240
                      }
                    ],
                    "volume_mounts": [],
                    "working_dir": ""
                  }
                ],
                "encryption_key": "",
                "execution_environment": "",
                "gpu_zonal_redundancy_disabled": false,
                "labels": {},
                "max_instance_request_concurrency": 80,
                "node_selector": [],
                "revision": "",
                "scaling": [
                  {
                    "max_instance_count": 1,
                    "min_instance_count": 0
                  }
                ],
                "service_account": "fastapi-sa@personalhub14.iam.gserviceaccount.com",
                "session_affinity": false,
                "timeout": "60s",
                "volumes": [],
                "vpc_access": [
                  {
                    "connector": "projects/personalhub14/locations/us-central1/connectors/cloudrun-connector",
                    "egress": "ALL_TRAFFIC",
                    "network_interfaces": []
                  }
                ]
              }
            ],
            "terminal_condition": [
              {
                "execution_reason": "",
                "last_transition_time": "2025-06-23T18:43:32.958950Z",
                "message": "",
                "reason": "",
                "revision_reason": "",
                "severity": "",
                "state": "CONDITION_SUCCEEDED",
                "type": "Ready"
              }
            ],
            "terraform_labels": {
              "goog-terraform-provisioned": "true"
            },
            "timeouts": null,
            "traffic": [
              {
                "percent": 100,
                "revision": "",
                "tag": "",
                "type": "TRAFFIC_TARGET_ALLOCATION_TYPE_LATEST"
              }
            ],
            "traffic_statuses": [
              {
                "percent": 100,
                "revision": "",
                "tag": "",
                "type": "TRAFFIC_TARGET_ALLOCATION_TYPE_LATEST",
                "uri": ""
              }
            ],
            "uid": "c303cd66-ca88-4f48-9806-7fe2c0906ebd",
            "update_time": "2025-06-23T18:43:22.193417Z",
            "uri": "https://fastapi-run-bdl3ib5eda-uc.a.run.app",
            "urls": [
              "https://fastapi-run-415088972722.us-central1.run.app",
              "https://fastapi-run-bdl3ib5eda-uc.a.run.app"
            ]
          },
          "sensitive_attributes": [],
          "identity_schema_version": 0,
          "private": "eyJlMmJmYjczMC1lY2FhLTExZTYtOGY4OC0zNDM2M2JjN2M0YzAiOnsiY3JlYXRlIjoxMjAwMDAwMDAwMDAwLCJkZWxldGUiOjEyMDAwMDAwMDAwMDAsInVwZGF0ZSI6MTIwMDAwMDAwMDAwMH19",
          "dependencies": [
            "module.iam.google_service_account.fastapi_run_sa",
            "module.network.google_compute_network.vpc_net",
            "module.network.google_vpc_access_connector.run_connector"
          ]
        }
      ]
    },
    {
      "module": "module.compute",
      "mode": "managed",
      "type": "google_cloud_run_v2_service",
      "name": "run_grafana",
      "provider": "provider[\"registry.terraform.io/hashicorp/google\"]",
      "instances": [
        {
          "schema_version": 0,
          "attributes": {
            "annotations": {},
            "binary_authorization": [],
            "build_config": [],
            "client": "",
            "client_version": "",
            "conditions": [
              {
                "execution_reason": "",
                "last_transition_time": "2025-06-23T18:43:34.138195Z",
                "message": "",
                "reason": "",
                "revision_reason": "",
                "severity": "",
                "state": "CONDITION_SUCCEEDED",
                "type": "RoutesReady"
              },
              {
                "execution_reason": "",
                "last_transition_time": "2025-06-23T18:43:32.913698Z",
                "message": "",
                "reason": "",
                "revision_reason": "",
                "severity": "",
                "state": "CONDITION_SUCCEEDED",
                "type": "ConfigurationsReady"
              }
            ],
            "create_time": "2025-06-23T17:23:35.273269Z",
            "creator": "gui.viegas.dev@gmail.com",
            "custom_audiences": [],
            "delete_time": "",
            "deletion_protection": true,
            "description": "",
            "effective_annotations": {},
            "effective_labels": {
              "goog-terraform-provisioned": "true"
            },
            "etag": "\"CMrA5sIGELiY6Uw/cHJvamVjdHMvcGVyc29uYWxodWIxNC9sb2NhdGlvbnMvdXMtY2VudHJhbDEvc2VydmljZXMvZ3JhZmFuYS1ydW4\"",
            "expire_time": "",
            "generation": "3",
            "id": "projects/personalhub14/locations/us-central1/services/grafana-run",
            "ingress": "INGRESS_TRAFFIC_ALL",
            "invoker_iam_disabled": false,
            "labels": {},
            "last_modifier": "gui.viegas.dev@gmail.com",
            "latest_created_revision": "projects/personalhub14/locations/us-central1/services/grafana-run/revisions/grafana-run-00003-9mj",
            "latest_ready_revision": "projects/personalhub14/locations/us-central1/services/grafana-run/revisions/grafana-run-00003-9mj",
            "launch_stage": "GA",
            "location": "us-central1",
            "name": "grafana-run",
            "observed_generation": "3",
            "project": "personalhub14",
            "reconciling": false,
            "scaling": [],
            "template": [
              {
                "annotations": {},
                "containers": [
                  {
                    "args": [],
                    "base_image_uri": "",
                    "build_info": [],
                    "command": [],
                    "depends_on": [],
                    "env": [
                      {
                        "name": "GCS_BUCKET",
                        "value": "personalhub14-grafana-bucket",
                        "value_source": []
                      },
                      {
                        "name": "GF_SECURITY_ADMIN_PASSWORD",
                        "value": "admin",
                        "value_source": []
                      },
                      {
                        "name": "GF_SECURITY_ADMIN_USER",
                        "value": "admin",
                        "value_source": []
                      }
                    ],
                    "image": "us-central1-docker.pkg.dev/personalhub14/personalhub-artifact-repo/grafana-app:latest",
                    "liveness_probe": [],
                    "name": "",
                    "ports": [
                      {
                        "container_port": 3000,
                        "name": "http1"
                      }
                    ],
                    "resources": [
                      {
                        "cpu_idle": false,
                        "limits": {
                          "cpu": "1",
                          "memory": "512Mi"
                        },
                        "startup_cpu_boost": false
                      }
                    ],
                    "startup_probe": [
                      {
                        "failure_threshold": 1,
                        "grpc": [],
                        "http_get": [],
                        "initial_delay_seconds": 0,
                        "period_seconds": 240,
                        "tcp_socket": [
                          {
                            "port": 3000
                          }
                        ],
                        "timeout_seconds": 240
                      }
                    ],
                    "volume_mounts": [],
                    "working_dir": ""
                  }
                ],
                "encryption_key": "",
                "execution_environment": "",
                "gpu_zonal_redundancy_disabled": false,
                "labels": {},
                "max_instance_request_concurrency": 80,
                "node_selector": [],
                "revision": "",
                "scaling": [
                  {
                    "max_instance_count": 1,
                    "min_instance_count": 0
                  }
                ],
                "service_account": "415088972722-compute@developer.gserviceaccount.com",
                "session_affinity": false,
                "timeout": "60s",
                "volumes": [],
                "vpc_access": [
                  {
                    "connector": "projects/personalhub14/locations/us-central1/connectors/cloudrun-connector",
                    "egress": "ALL_TRAFFIC",
                    "network_interfaces": []
                  }
                ]
              }
            ],
            "terminal_condition": [
              {
                "execution_reason": "",
                "last_transition_time": "2025-06-23T18:43:34.175802Z",
                "message": "",
                "reason": "",
                "revision_reason": "",
                "severity": "",
                "state": "CONDITION_SUCCEEDED",
                "type": "Ready"
              }
            ],
            "terraform_labels": {
              "goog-terraform-provisioned": "true"
            },
            "timeouts": null,
            "traffic": [
              {
                "percent": 100,
                "revision": "",
                "tag": "",
                "type": "TRAFFIC_TARGET_ALLOCATION_TYPE_LATEST"
              }
            ],
            "traffic_statuses": [
              {
                "percent": 100,
                "revision": "",
                "tag": "",
                "type": "TRAFFIC_TARGET_ALLOCATION_TYPE_LATEST",
                "uri": ""
              }
            ],
            "uid": "73adf2d2-28ab-472c-a20f-9ead294c25a3",
            "update_time": "2025-06-23T18:43:22.161107Z",
            "uri": "https://grafana-run-bdl3ib5eda-uc.a.run.app",
            "urls": [
              "https://grafana-run-415088972722.us-central1.run.app",
              "https://grafana-run-bdl3ib5eda-uc.a.run.app"
            ]
          },
          "sensitive_attributes": [],
          "identity_schema_version": 0,
          "private": "eyJlMmJmYjczMC1lY2FhLTExZTYtOGY4OC0zNDM2M2JjN2M0YzAiOnsiY3JlYXRlIjoxMjAwMDAwMDAwMDAwLCJkZWxldGUiOjEyMDAwMDAwMDAwMDAsInVwZGF0ZSI6MTIwMDAwMDAwMDAwMH19",
          "dependencies": [
            "module.datalake.google_storage_bucket.grafana_bucket",
            "module.network.google_compute_network.vpc_net",
            "module.network.google_vpc_access_connector.run_connector"
          ]
        }
      ]
    },
    {
      "module": "module.compute",
      "mode": "managed",
      "type": "google_cloud_run_v2_service",
      "name": "run_portfolio",
      "provider": "provider[\"registry.terraform.io/hashicorp/google\"]",
      "instances": [
        {
          "schema_version": 0,
          "attributes": {
            "annotations": {},
            "binary_authorization": [],
            "build_config": [],
            "client": "",
            "client_version": "",
            "conditions": [
              {
                "execution_reason": "",
                "last_transition_time": "2025-06-23T18:43:30.402631Z",
                "message": "",
                "reason": "",
                "revision_reason": "",
                "severity": "",
                "state": "CONDITION_SUCCEEDED",
                "type": "RoutesReady"
              },
              {
                "execution_reason": "",
                "last_transition_time": "2025-06-23T18:43:29.189809Z",
                "message": "",
                "reason": "",
                "revision_reason": "",
                "severity": "",
                "state": "CONDITION_SUCCEEDED",
                "type": "ConfigurationsReady"
              }
            ],
            "create_time": "2025-06-23T17:17:11.856487Z",
            "creator": "gui.viegas.dev@gmail.com",
            "custom_audiences": [],
            "delete_time": "",
            "deletion_protection": true,
            "description": "",
            "effective_annotations": {},
            "effective_labels": {
              "goog-terraform-provisioned": "true"
            },
            "etag": "\"CMrA5sIGENCSg1I/cHJvamVjdHMvcGVyc29uYWxodWIxNC9sb2NhdGlvbnMvdXMtY2VudHJhbDEvc2VydmljZXMvcG9ydGZvbGlvLXJ1bg\"",
            "expire_time": "",
            "generation": "3",
            "id": "projects/personalhub14/locations/us-central1/services/portfolio-run",
            "ingress": "INGRESS_TRAFFIC_ALL",
            "invoker_iam_disabled": false,
            "labels": {},
            "last_modifier": "gui.viegas.dev@gmail.com",
            "latest_created_revision": "projects/personalhub14/locations/us-central1/services/portfolio-run/revisions/portfolio-run-00003-pc6",
            "latest_ready_revision": "projects/personalhub14/locations/us-central1/services/portfolio-run/revisions/portfolio-run-00003-pc6",
            "launch_stage": "GA",
            "location": "us-central1",
            "name": "portfolio-run",
            "observed_generation": "3",
            "project": "personalhub14",
            "reconciling": false,
            "scaling": [],
            "template": [
              {
                "annotations": {},
                "containers": [
                  {
                    "args": [],
                    "base_image_uri": "",
                    "build_info": [],
                    "command": [],
                    "depends_on": [],
                    "env": [],
                    "image": "us-central1-docker.pkg.dev/personalhub14/personalhub-artifact-repo/portfolio-app:latest",
                    "liveness_probe": [],
                    "name": "",
                    "ports": [
                      {
                        "container_port": 3000,
                        "name": "http1"
                      }
                    ],
                    "resources": [
                      {
                        "cpu_idle": false,
                        "limits": {
                          "cpu": "1",
                          "memory": "1024Mi"
                        },
                        "startup_cpu_boost": false
                      }
                    ],
                    "startup_probe": [
                      {
                        "failure_threshold": 1,
                        "grpc": [],
                        "http_get": [],
                        "initial_delay_seconds": 0,
                        "period_seconds": 240,
                        "tcp_socket": [
                          {
                            "port": 3000
                          }
                        ],
                        "timeout_seconds": 240
                      }
                    ],
                    "volume_mounts": [],
                    "working_dir": ""
                  }
                ],
                "encryption_key": "",
                "execution_environment": "",
                "gpu_zonal_redundancy_disabled": false,
                "labels": {},
                "max_instance_request_concurrency": 160,
                "node_selector": [],
                "revision": "",
                "scaling": [
                  {
                    "max_instance_count": 1,
                    "min_instance_count": 0
                  }
                ],
                "service_account": "portfolio-sa@personalhub14.iam.gserviceaccount.com",
                "session_affinity": false,
                "timeout": "60s",
                "volumes": [],
                "vpc_access": [
                  {
                    "connector": "projects/personalhub14/locations/us-central1/connectors/cloudrun-connector",
                    "egress": "ALL_TRAFFIC",
                    "network_interfaces": []
                  }
                ]
              }
            ],
            "terminal_condition": [
              {
                "execution_reason": "",
                "last_transition_time": "2025-06-23T18:43:30.434882Z",
                "message": "",
                "reason": "",
                "revision_reason": "",
                "severity": "",
                "state": "CONDITION_SUCCEEDED",
                "type": "Ready"
              }
            ],
            "terraform_labels": {
              "goog-terraform-provisioned": "true"
            },
            "timeouts": null,
            "traffic": [
              {
                "percent": 100,
                "revision": "",
                "tag": "",
                "type": "TRAFFIC_TARGET_ALLOCATION_TYPE_LATEST"
              }
            ],
            "traffic_statuses": [
              {
                "percent": 100,
                "revision": "",
                "tag": "",
                "type": "TRAFFIC_TARGET_ALLOCATION_TYPE_LATEST",
                "uri": ""
              }
            ],
            "uid": "5e3064f8-fa00-4655-909f-b0ad6b62b848",
            "update_time": "2025-06-23T18:43:22.172018Z",
            "uri": "https://portfolio-run-bdl3ib5eda-uc.a.run.app",
            "urls": [
              "https://portfolio-run-415088972722.us-central1.run.app",
              "https://portfolio-run-bdl3ib5eda-uc.a.run.app"
            ]
          },
          "sensitive_attributes": [],
          "identity_schema_version": 0,
          "private": "eyJlMmJmYjczMC1lY2FhLTExZTYtOGY4OC0zNDM2M2JjN2M0YzAiOnsiY3JlYXRlIjoxMjAwMDAwMDAwMDAwLCJkZWxldGUiOjEyMDAwMDAwMDAwMDAsInVwZGF0ZSI6MTIwMDAwMDAwMDAwMH19",
          "dependencies": [
            "module.iam.google_service_account.portfolio_run_sa",
            "module.network.google_compute_network.vpc_net",
            "module.network.google_vpc_access_connector.run_connector"
          ],
          "create_before_destroy": true
        }
      ]
    },
    {
      "module": "module.compute",
      "mode": "managed",
      "type": "google_cloud_run_v2_service",
      "name": "run_rstudio",
      "provider": "provider[\"registry.terraform.io/hashicorp/google\"]",
      "instances": [
        {
          "schema_version": 0,
          "attributes": {
            "annotations": {},
            "binary_authorization": [],
            "build_config": [],
            "client": "",
            "client_version": "",
            "conditions": [
              {
                "execution_reason": "",
                "last_transition_time": "2025-06-23T18:43:29.011835Z",
                "message": "",
                "reason": "",
                "revision_reason": "",
                "severity": "",
                "state": "CONDITION_SUCCEEDED",
                "type": "RoutesReady"
              },
              {
                "execution_reason": "",
                "last_transition_time": "2025-06-23T18:43:27.795161Z",
                "message": "",
                "reason": "",
                "revision_reason": "",
                "severity": "",
                "state": "CONDITION_SUCCEEDED",
                "type": "ConfigurationsReady"
              }
            ],
            "create_time": "2025-06-23T18:07:14.278091Z",
            "creator": "gui.viegas.dev@gmail.com",
            "custom_audiences": [],
            "delete_time": "",
            "deletion_protection": true,
            "description": "",
            "effective_annotations": {},
            "effective_labels": {
              "goog-terraform-provisioned": "true"
            },
            "etag": "\"CMrA5sIGELDnlU0/cHJvamVjdHMvcGVyc29uYWxodWIxNC9sb2NhdGlvbnMvdXMtY2VudHJhbDEvc2VydmljZXMvcnN0dWRpby1ydW4\"",
            "expire_time": "",
            "generation": "2",
            "id": "projects/personalhub14/locations/us-central1/services/rstudio-run",
            "ingress": "INGRESS_TRAFFIC_ALL",
            "invoker_iam_disabled": false,
            "labels": {},
            "last_modifier": "gui.viegas.dev@gmail.com",
            "latest_created_revision": "projects/personalhub14/locations/us-central1/services/rstudio-run/revisions/rstudio-run-00002-fk7",
            "latest_ready_revision": "projects/personalhub14/locations/us-central1/services/rstudio-run/revisions/rstudio-run-00002-fk7",
            "launch_stage": "GA",
            "location": "us-central1",
            "name": "rstudio-run",
            "observed_generation": "2",
            "project": "personalhub14",
            "reconciling": false,
            "scaling": [],
            "template": [
              {
                "annotations": {},
                "containers": [
                  {
                    "args": [],
                    "base_image_uri": "",
                    "build_info": [],
                    "command": [],
                    "depends_on": [],
                    "env": [],
                    "image": "us-central1-docker.pkg.dev/personalhub14/personalhub-artifact-repo/rstudio-app:latest",
                    "liveness_probe": [],
                    "name": "",
                    "ports": [
                      {
                        "container_port": 8787,
                        "name": "http1"
                      }
                    ],
                    "resources": [
                      {
                        "cpu_idle": false,
                        "limits": {
                          "cpu": "1",
                          "memory": "512Mi"
                        },
                        "startup_cpu_boost": false
                      }
                    ],
                    "startup_probe": [
                      {
                        "failure_threshold": 1,
                        "grpc": [],
                        "http_get": [],
                        "initial_delay_seconds": 0,
                        "period_seconds": 240,
                        "tcp_socket": [
                          {
                            "port": 8787
                          }
                        ],
                        "timeout_seconds": 240
                      }
                    ],
                    "volume_mounts": [],
                    "working_dir": ""
                  }
                ],
                "encryption_key": "",
                "execution_environment": "",
                "gpu_zonal_redundancy_disabled": false,
                "labels": {},
                "max_instance_request_concurrency": 80,
                "node_selector": [],
                "revision": "",
                "scaling": [
                  {
                    "max_instance_count": 1,
                    "min_instance_count": 0
                  }
                ],
                "service_account": "415088972722-compute@developer.gserviceaccount.com",
                "session_affinity": false,
                "timeout": "60s",
                "volumes": [],
                "vpc_access": [
                  {
                    "connector": "projects/personalhub14/locations/us-central1/connectors/cloudrun-connector",
                    "egress": "ALL_TRAFFIC",
                    "network_interfaces": []
                  }
                ]
              }
            ],
            "terminal_condition": [
              {
                "execution_reason": "",
                "last_transition_time": "2025-06-23T18:43:29.043872Z",
                "message": "",
                "reason": "",
                "revision_reason": "",
                "severity": "",
                "state": "CONDITION_SUCCEEDED",
                "type": "Ready"
              }
            ],
            "terraform_labels": {
              "goog-terraform-provisioned": "true"
            },
            "timeouts": null,
            "traffic": [
              {
                "percent": 100,
                "revision": "",
                "tag": "",
                "type": "TRAFFIC_TARGET_ALLOCATION_TYPE_LATEST"
              }
            ],
            "traffic_statuses": [
              {
                "percent": 100,
                "revision": "",
                "tag": "",
                "type": "TRAFFIC_TARGET_ALLOCATION_TYPE_LATEST",
                "uri": ""
              }
            ],
            "uid": "37711ff1-7593-4a4f-9493-d50bf4417385",
            "update_time": "2025-06-23T18:43:22.161838Z",
            "uri": "https://rstudio-run-bdl3ib5eda-uc.a.run.app",
            "urls": [
              "https://rstudio-run-415088972722.us-central1.run.app",
              "https://rstudio-run-bdl3ib5eda-uc.a.run.app"
            ]
          },
          "sensitive_attributes": [],
          "identity_schema_version": 0,
          "private": "eyJlMmJmYjczMC1lY2FhLTExZTYtOGY4OC0zNDM2M2JjN2M0YzAiOnsiY3JlYXRlIjoxMjAwMDAwMDAwMDAwLCJkZWxldGUiOjEyMDAwMDAwMDAwMDAsInVwZGF0ZSI6MTIwMDAwMDAwMDAwMH19",
          "dependencies": [
            "module.network.google_compute_network.vpc_net",
            "module.network.google_vpc_access_connector.run_connector"
          ]
        }
      ]
    },
    {
      "module": "module.datalake",
      "mode": "managed",
      "type": "google_artifact_registry_repository",
      "name": "hub",
      "provider": "provider[\"registry.terraform.io/hashicorp/google\"]",
      "instances": [
        {
          "schema_version": 0,
          "attributes": {
            "cleanup_policies": [
              {
                "action": "KEEP",
                "condition": [],
                "id": "keep-recent-versions",
                "most_recent_versions": [
                  {
                    "keep_count": 3,
                    "package_name_prefixes": []
                  }
                ]
              }
            ],
            "cleanup_policy_dry_run": false,
            "create_time": "2025-06-23T16:04:56.859815Z",
            "description": "Docker repository for storing container images",
            "docker_config": [],
            "effective_labels": {
              "goog-terraform-provisioned": "true"
            },
            "format": "DOCKER",
            "id": "projects/personalhub14/locations/us-central1/repositories/personalhub-artifact-repo",
            "kms_key_name": "",
            "labels": {},
            "location": "us-central1",
            "maven_config": [],
            "mode": "STANDARD_REPOSITORY",
            "name": "personalhub-artifact-repo",
            "project": "personalhub14",
            "remote_repository_config": [],
            "repository_id": "personalhub-artifact-repo",
            "terraform_labels": {
              "goog-terraform-provisioned": "true"
            },
            "timeouts": null,
            "update_time": "2025-06-23T18:06:15.129142Z",
            "virtual_repository_config": [],
            "vulnerability_scanning_config": [
              {
                "enablement_config": "",
                "enablement_state": "SCANNING_DISABLED",
                "enablement_state_reason": "API containerscanning.googleapis.com is not enabled."
              }
            ]
          },
          "sensitive_attributes": [],
          "identity_schema_version": 0,
          "private": "eyJlMmJmYjczMC1lY2FhLTExZTYtOGY4OC0zNDM2M2JjN2M0YzAiOnsiY3JlYXRlIjoxMjAwMDAwMDAwMDAwLCJkZWxldGUiOjEyMDAwMDAwMDAwMDAsInVwZGF0ZSI6MTIwMDAwMDAwMDAwMH19"
        }
      ]
    },
    {
      "module": "module.datalake",
      "mode": "managed",
      "type": "google_bigquery_dataset",
      "name": "billing_dev_bq_dataset",
      "provider": "provider[\"registry.terraform.io/hashicorp/google\"]",
      "instances": [
        {
          "schema_version": 0,
          "attributes": {
            "access": [
              {
                "condition": [],
                "dataset": [],
                "domain": "",
                "group_by_email": "",
                "iam_member": "",
                "role": "OWNER",
                "routine": [],
                "special_group": "",
                "user_by_email": "gui.viegas.dev@gmail.com",
                "view": []
              },
              {
                "condition": [],
                "dataset": [],
                "domain": "",
                "group_by_email": "",
                "iam_member": "",
                "role": "OWNER",
                "routine": [],
                "special_group": "projectOwners",
                "user_by_email": "",
                "view": []
              },
              {
                "condition": [],
                "dataset": [],
                "domain": "",
                "group_by_email": "",
                "iam_member": "",
                "role": "READER",
                "routine": [],
                "special_group": "projectReaders",
                "user_by_email": "",
                "view": []
              },
              {
                "condition": [],
                "dataset": [],
                "domain": "",
                "group_by_email": "",
                "iam_member": "",
                "role": "WRITER",
                "routine": [],
                "special_group": "projectWriters",
                "user_by_email": "",
                "view": []
              }
            ],
            "creation_time": 1750694695469,
            "dataset_id": "billing_dev",
            "default_collation": "",
            "default_encryption_configuration": [],
            "default_partition_expiration_ms": 0,
            "default_table_expiration_ms": 0,
            "delete_contents_on_destroy": false,
            "description": "BigQuery dataset in development stage for Cloud Billing dumping",
            "effective_labels": {
              "goog-terraform-provisioned": "true"
            },
            "etag": "pvbRbTe8fVqIB1uDRw6Axw==",
            "external_catalog_dataset_options": [],
            "external_dataset_reference": [],
            "friendly_name": "",
            "id": "projects/personalhub14/datasets/billing_dev",
            "is_case_insensitive": false,
            "labels": {},
            "last_modified_time": 1750694695469,
            "location": "US",
            "max_time_travel_hours": "168",
            "project": "personalhub14",
            "resource_tags": {},
            "self_link": "https://bigquery.googleapis.com/bigquery/v2/projects/personalhub14/datasets/billing_dev",
            "storage_billing_model": "",
            "terraform_labels": {
              "goog-terraform-provisioned": "true"
            },
            "timeouts": null
          },
          "sensitive_attributes": [],
          "identity_schema_version": 0,
          "private": "eyJlMmJmYjczMC1lY2FhLTExZTYtOGY4OC0zNDM2M2JjN2M0YzAiOnsiY3JlYXRlIjoxMjAwMDAwMDAwMDAwLCJkZWxldGUiOjEyMDAwMDAwMDAwMDAsInVwZGF0ZSI6MTIwMDAwMDAwMDAwMH19"
        }
      ]
    },
    {
      "module": "module.datalake",
      "mode": "managed",
      "type": "google_bigquery_dataset",
      "name": "billing_prod_bq_dataset",
      "provider": "provider[\"registry.terraform.io/hashicorp/google\"]",
      "instances": [
        {
          "schema_version": 0,
          "attributes": {
            "access": [
              {
                "condition": [],
                "dataset": [],
                "domain": "",
                "group_by_email": "",
                "iam_member": "",
                "role": "OWNER",
                "routine": [],
                "special_group": "",
                "user_by_email": "gui.viegas.dev@gmail.com",
                "view": []
              },
              {
                "condition": [],
                "dataset": [],
                "domain": "",
                "group_by_email": "",
                "iam_member": "",
                "role": "OWNER",
                "routine": [],
                "special_group": "projectOwners",
                "user_by_email": "",
                "view": []
              },
              {
                "condition": [],
                "dataset": [],
                "domain": "",
                "group_by_email": "",
                "iam_member": "",
                "role": "READER",
                "routine": [],
                "special_group": "projectReaders",
                "user_by_email": "",
                "view": []
              },
              {
                "condition": [],
                "dataset": [],
                "domain": "",
                "group_by_email": "",
                "iam_member": "",
                "role": "WRITER",
                "routine": [],
                "special_group": "projectWriters",
                "user_by_email": "",
                "view": []
              }
            ],
            "creation_time": 1750694695574,
            "dataset_id": "billing_prod",
            "default_collation": "",
            "default_encryption_configuration": [],
            "default_partition_expiration_ms": 0,
            "default_table_expiration_ms": 0,
            "delete_contents_on_destroy": false,
            "description": "BigQuery dataset in production stage for Cloud Billing dumping",
            "effective_labels": {
              "goog-terraform-provisioned": "true"
            },
            "etag": "LT+bYsdKDO5byMQu3qqkzg==",
            "external_catalog_dataset_options": [],
            "external_dataset_reference": [],
            "friendly_name": "",
            "id": "projects/personalhub14/datasets/billing_prod",
            "is_case_insensitive": false,
            "labels": {},
            "last_modified_time": 1750694695574,
            "location": "US",
            "max_time_travel_hours": "168",
            "project": "personalhub14",
            "resource_tags": {},
            "self_link": "https://bigquery.googleapis.com/bigquery/v2/projects/personalhub14/datasets/billing_prod",
            "storage_billing_model": "",
            "terraform_labels": {
              "goog-terraform-provisioned": "true"
            },
            "timeouts": null
          },
          "sensitive_attributes": [],
          "identity_schema_version": 0,
          "private": "eyJlMmJmYjczMC1lY2FhLTExZTYtOGY4OC0zNDM2M2JjN2M0YzAiOnsiY3JlYXRlIjoxMjAwMDAwMDAwMDAwLCJkZWxldGUiOjEyMDAwMDAwMDAwMDAsInVwZGF0ZSI6MTIwMDAwMDAwMDAwMH19"
        }
      ]
    },
    {
      "module": "module.datalake",
      "mode": "managed",
      "type": "google_bigquery_dataset",
      "name": "brvectors_dev_bq_dataset",
      "provider": "provider[\"registry.terraform.io/hashicorp/google\"]",
      "instances": [
        {
          "schema_version": 0,
          "attributes": {
            "access": [
              {
                "condition": [],
                "dataset": [],
                "domain": "",
                "group_by_email": "",
                "iam_member": "",
                "role": "OWNER",
                "routine": [],
                "special_group": "",
                "user_by_email": "gui.viegas.dev@gmail.com",
                "view": []
              },
              {
                "condition": [],
                "dataset": [],
                "domain": "",
                "group_by_email": "",
                "iam_member": "",
                "role": "OWNER",
                "routine": [],
                "special_group": "projectOwners",
                "user_by_email": "",
                "view": []
              },
              {
                "condition": [],
                "dataset": [],
                "domain": "",
                "group_by_email": "",
                "iam_member": "",
                "role": "READER",
                "routine": [],
                "special_group": "projectReaders",
                "user_by_email": "",
                "view": []
              },
              {
                "condition": [],
                "dataset": [],
                "domain": "",
                "group_by_email": "",
                "iam_member": "",
                "role": "WRITER",
                "routine": [],
                "special_group": "projectWriters",
                "user_by_email": "",
                "view": []
              }
            ],
            "creation_time": 1750694695584,
            "dataset_id": "brvectors_dev",
            "default_collation": "",
            "default_encryption_configuration": [],
            "default_partition_expiration_ms": 0,
            "default_table_expiration_ms": 0,
            "delete_contents_on_destroy": false,
            "description": "BigQuery dataset in developement stage for BRvectors",
            "effective_labels": {
              "goog-terraform-provisioned": "true"
            },
            "etag": "e+F0WbVzW9thPd4mVR7xkQ==",
            "external_catalog_dataset_options": [],
            "external_dataset_reference": [],
            "friendly_name": "",
            "id": "projects/personalhub14/datasets/brvectors_dev",
            "is_case_insensitive": false,
            "labels": {},
            "last_modified_time": 1750694695584,
            "location": "US",
            "max_time_travel_hours": "168",
            "project": "personalhub14",
            "resource_tags": {},
            "self_link": "https://bigquery.googleapis.com/bigquery/v2/projects/personalhub14/datasets/brvectors_dev",
            "storage_billing_model": "",
            "terraform_labels": {
              "goog-terraform-provisioned": "true"
            },
            "timeouts": null
          },
          "sensitive_attributes": [],
          "identity_schema_version": 0,
          "private": "eyJlMmJmYjczMC1lY2FhLTExZTYtOGY4OC0zNDM2M2JjN2M0YzAiOnsiY3JlYXRlIjoxMjAwMDAwMDAwMDAwLCJkZWxldGUiOjEyMDAwMDAwMDAwMDAsInVwZGF0ZSI6MTIwMDAwMDAwMDAwMH19"
        }
      ]
    },
    {
      "module": "module.datalake",
      "mode": "managed",
      "type": "google_bigquery_dataset",
      "name": "brvectors_prod_bq_dataset",
      "provider": "provider[\"registry.terraform.io/hashicorp/google\"]",
      "instances": [
        {
          "schema_version": 0,
          "attributes": {
            "access": [
              {
                "condition": [],
                "dataset": [],
                "domain": "",
                "group_by_email": "",
                "iam_member": "",
                "role": "OWNER",
                "routine": [],
                "special_group": "",
                "user_by_email": "gui.viegas.dev@gmail.com",
                "view": []
              },
              {
                "condition": [],
                "dataset": [],
                "domain": "",
                "group_by_email": "",
                "iam_member": "",
                "role": "OWNER",
                "routine": [],
                "special_group": "projectOwners",
                "user_by_email": "",
                "view": []
              },
              {
                "condition": [],
                "dataset": [],
                "domain": "",
                "group_by_email": "",
                "iam_member": "",
                "role": "READER",
                "routine": [],
                "special_group": "projectReaders",
                "user_by_email": "",
                "view": []
              },
              {
                "condition": [],
                "dataset": [],
                "domain": "",
                "group_by_email": "",
                "iam_member": "",
                "role": "WRITER",
                "routine": [],
                "special_group": "projectWriters",
                "user_by_email": "",
                "view": []
              }
            ],
            "creation_time": 1750694695499,
            "dataset_id": "brvectors_prod",
            "default_collation": "",
            "default_encryption_configuration": [],
            "default_partition_expiration_ms": 0,
            "default_table_expiration_ms": 0,
            "delete_contents_on_destroy": false,
            "description": "BigQuery dataset in production stage for BRvectors",
            "effective_labels": {
              "goog-terraform-provisioned": "true"
            },
            "etag": "Tg5Hy+VpgOqYClLrmwatmg==",
            "external_catalog_dataset_options": [],
            "external_dataset_reference": [],
            "friendly_name": "",
            "id": "projects/personalhub14/datasets/brvectors_prod",
            "is_case_insensitive": false,
            "labels": {},
            "last_modified_time": 1750694695499,
            "location": "US",
            "max_time_travel_hours": "168",
            "project": "personalhub14",
            "resource_tags": {},
            "self_link": "https://bigquery.googleapis.com/bigquery/v2/projects/personalhub14/datasets/brvectors_prod",
            "storage_billing_model": "",
            "terraform_labels": {
              "goog-terraform-provisioned": "true"
            },
            "timeouts": null
          },
          "sensitive_attributes": [],
          "identity_schema_version": 0,
          "private": "eyJlMmJmYjczMC1lY2FhLTExZTYtOGY4OC0zNDM2M2JjN2M0YzAiOnsiY3JlYXRlIjoxMjAwMDAwMDAwMDAwLCJkZWxldGUiOjEyMDAwMDAwMDAwMDAsInVwZGF0ZSI6MTIwMDAwMDAwMDAwMH19"
        }
      ]
    },
    {
      "module": "module.datalake",
      "mode": "managed",
      "type": "google_bigquery_dataset",
      "name": "brvectors_source_bq_dataset",
      "provider": "provider[\"registry.terraform.io/hashicorp/google\"]",
      "instances": [
        {
          "schema_version": 0,
          "attributes": {
            "access": [
              {
                "condition": [],
                "dataset": [],
                "domain": "",
                "group_by_email": "",
                "iam_member": "",
                "role": "OWNER",
                "routine": [],
                "special_group": "",
                "user_by_email": "gui.viegas.dev@gmail.com",
                "view": []
              },
              {
                "condition": [],
                "dataset": [],
                "domain": "",
                "group_by_email": "",
                "iam_member": "",
                "role": "OWNER",
                "routine": [],
                "special_group": "projectOwners",
                "user_by_email": "",
                "view": []
              },
              {
                "condition": [],
                "dataset": [],
                "domain": "",
                "group_by_email": "",
                "iam_member": "",
                "role": "READER",
                "routine": [],
                "special_group": "projectReaders",
                "user_by_email": "",
                "view": []
              },
              {
                "condition": [],
                "dataset": [],
                "domain": "",
                "group_by_email": "",
                "iam_member": "",
                "role": "WRITER",
                "routine": [],
                "special_group": "projectWriters",
                "user_by_email": "",
                "view": []
              }
            ],
            "creation_time": 1750694695567,
            "dataset_id": "brvectors_source",
            "default_collation": "",
            "default_encryption_configuration": [],
            "default_partition_expiration_ms": 0,
            "default_table_expiration_ms": 0,
            "delete_contents_on_destroy": false,
            "description": "BigQuery dataset for BRvectors sources",
            "effective_labels": {
              "goog-terraform-provisioned": "true"
            },
            "etag": "uw0o/ST/JTtna4pdA7/5sw==",
            "external_catalog_dataset_options": [],
            "external_dataset_reference": [],
            "friendly_name": "",
            "id": "projects/personalhub14/datasets/brvectors_source",
            "is_case_insensitive": false,
            "labels": {},
            "last_modified_time": 1750694695567,
            "location": "US",
            "max_time_travel_hours": "168",
            "project": "personalhub14",
            "resource_tags": {},
            "self_link": "https://bigquery.googleapis.com/bigquery/v2/projects/personalhub14/datasets/brvectors_source",
            "storage_billing_model": "",
            "terraform_labels": {
              "goog-terraform-provisioned": "true"
            },
            "timeouts": null
          },
          "sensitive_attributes": [],
          "identity_schema_version": 0,
          "private": "eyJlMmJmYjczMC1lY2FhLTExZTYtOGY4OC0zNDM2M2JjN2M0YzAiOnsiY3JlYXRlIjoxMjAwMDAwMDAwMDAwLCJkZWxldGUiOjEyMDAwMDAwMDAwMDAsInVwZGF0ZSI6MTIwMDAwMDAwMDAwMH19"
        }
      ]
    },
    {
      "module": "module.datalake",
      "mode": "managed",
      "type": "google_bigquery_table",
      "name": "bq_table_locations",
      "provider": "provider[\"registry.terraform.io/hashicorp/google\"]",
      "instances": [
        {
          "schema_version": 0,
          "attributes": {
            "biglake_configuration": [],
            "clustering": null,
            "creation_time": 1750694707889,
            "dataset_id": "brvectors_source",
            "deletion_protection": false,
            "description": "",
            "effective_labels": {
              "goog-terraform-provisioned": "true"
            },
            "encryption_configuration": [],
            "etag": "Y5LQLtQ1hTnKCmWxRjRMLA==",
            "expiration_time": 0,
            "external_catalog_table_options": [],
            "external_data_configuration": [
              {
                "autodetect": true,
                "avro_options": [],
                "bigtable_options": [],
                "compression": "NONE",
                "connection_id": "",
                "csv_options": [],
                "file_set_spec_type": "",
                "google_sheets_options": [],
                "hive_partitioning_options": [],
                "ignore_unknown_values": false,
                "json_extension": "",
                "json_options": [],
                "max_bad_records": 0,
                "metadata_cache_mode": "",
                "object_metadata": "",
                "parquet_options": [],
                "reference_file_schema_uri": "",
                "schema": "",
                "source_format": "CSV",
                "source_uris": [
                  "gs://personalhub14-brvectors-bucket/locations.csv"
                ]
              }
            ],
            "friendly_name": "",
            "id": "projects/personalhub14/datasets/brvectors_source/tables/locations",
            "labels": {},
            "last_modified_time": 1750694708428,
            "location": "US",
            "materialized_view": [],
            "max_staleness": "",
            "num_bytes": 0,
            "num_long_term_bytes": 0,
            "num_rows": 0,
            "project": "personalhub14",
            "range_partitioning": [],
            "require_partition_filter": false,
            "resource_tags": {},
            "schema": "[{\"mode\":\"NULLABLE\",\"name\":\"cd_mun\",\"type\":\"INTEGER\"},{\"mode\":\"NULLABLE\",\"name\":\"nm_mun\",\"type\":\"STRING\"},{\"mode\":\"NULLABLE\",\"name\":\"cd_micro\",\"type\":\"INTEGER\"},{\"mode\":\"NULLABLE\",\"name\":\"nm_micro\",\"type\":\"STRING\"},{\"mode\":\"NULLABLE\",\"name\":\"cd_meso\",\"type\":\"INTEGER\"},{\"mode\":\"NULLABLE\",\"name\":\"nm_meso\",\"type\":\"STRING\"},{\"mode\":\"NULLABLE\",\"name\":\"cd_uf\",\"type\":\"INTEGER\"},{\"mode\":\"NULLABLE\",\"name\":\"sg_uf\",\"type\":\"STRING\"},{\"mode\":\"NULLABLE\",\"name\":\"nm_uf\",\"type\":\"STRING\"},{\"mode\":\"NULLABLE\",\"name\":\"cd_reg\",\"type\":\"INTEGER\"},{\"mode\":\"NULLABLE\",\"name\":\"sg_reg\",\"type\":\"STRING\"},{\"mode\":\"NULLABLE\",\"name\":\"nm_reg\",\"type\":\"STRING\"},{\"mode\":\"NULLABLE\",\"name\":\"cd_rgime\",\"type\":\"INTEGER\"},{\"mode\":\"NULLABLE\",\"name\":\"nm_rgime\",\"type\":\"STRING\"},{\"mode\":\"NULLABLE\",\"name\":\"cd_rgint\",\"type\":\"INTEGER\"},{\"mode\":\"NULLABLE\",\"name\":\"nm_rgint\",\"type\":\"STRING\"}]",
            "schema_foreign_type_info": [],
            "self_link": "https://bigquery.googleapis.com/bigquery/v2/projects/personalhub14/datasets/brvectors_source/tables/locations",
            "table_constraints": [],
            "table_id": "locations",
            "table_metadata_view": null,
            "table_replication_info": [],
            "terraform_labels": {
              "goog-terraform-provisioned": "true"
            },
            "time_partitioning": [],
            "type": "EXTERNAL",
            "view": []
          },
          "sensitive_attributes": [],
          "identity_schema_version": 0,
          "private": "bnVsbA==",
          "dependencies": [
            "module.datalake.google_bigquery_dataset.brvectors_source_bq_dataset",
            "module.datalake.google_storage_bucket.brvectors_bucket"
          ]
        }
      ]
    },
    {
      "module": "module.datalake",
      "mode": "managed",
      "type": "google_storage_bucket",
      "name": "brvectors_bucket",
      "provider": "provider[\"registry.terraform.io/hashicorp/google\"]",
      "instances": [
        {
          "schema_version": 3,
          "attributes": {
            "autoclass": [],
            "cors": [],
            "custom_placement_config": [],
            "default_event_based_hold": false,
            "effective_labels": {
              "goog-terraform-provisioned": "true"
            },
            "enable_object_retention": false,
            "encryption": [],
            "force_destroy": false,
            "hierarchical_namespace": [
              {
                "enabled": false
              }
            ],
            "id": "personalhub14-brvectors-bucket",
            "ip_filter": [],
            "labels": {},
            "lifecycle_rule": [],
            "location": "US",
            "logging": [],
            "name": "personalhub14-brvectors-bucket",
            "project": "personalhub14",
            "project_number": 415088972722,
            "public_access_prevention": "inherited",
            "requester_pays": false,
            "retention_policy": [],
            "rpo": "DEFAULT",
            "self_link": "https://www.googleapis.com/storage/v1/b/personalhub14-brvectors-bucket",
            "soft_delete_policy": [
              {
                "effective_time": "2025-06-23T13:55:19.545Z",
                "retention_duration_seconds": 604800
              }
            ],
            "storage_class": "STANDARD",
            "terraform_labels": {
              "goog-terraform-provisioned": "true"
            },
            "time_created": "2025-06-23T13:55:19.545Z",
            "timeouts": null,
            "uniform_bucket_level_access": true,
            "updated": "2025-06-23T14:08:06.003Z",
            "url": "gs://personalhub14-brvectors-bucket",
            "versioning": [],
            "website": []
          },
          "sensitive_attributes": [],
          "identity_schema_version": 0,
          "private": "eyJlMmJmYjczMC1lY2FhLTExZTYtOGY4OC0zNDM2M2JjN2M0YzAiOnsiY3JlYXRlIjo2MDAwMDAwMDAwMDAsInJlYWQiOjI0MDAwMDAwMDAwMCwidXBkYXRlIjoyNDAwMDAwMDAwMDB9LCJzY2hlbWFfdmVyc2lvbiI6IjMifQ=="
        }
      ]
    },
    {
      "module": "module.datalake",
      "mode": "managed",
      "type": "google_storage_bucket",
      "name": "discovery_bucket",
      "provider": "provider[\"registry.terraform.io/hashicorp/google\"]",
      "instances": [
        {
          "schema_version": 3,
          "attributes": {
            "autoclass": [],
            "cors": [],
            "custom_placement_config": [],
            "default_event_based_hold": false,
            "effective_labels": {
              "goog-terraform-provisioned": "true"
            },
            "enable_object_retention": false,
            "encryption": [],
            "force_destroy": false,
            "hierarchical_namespace": [
              {
                "enabled": false
              }
            ],
            "id": "personalhub14-discovery-bucket",
            "ip_filter": [],
            "labels": {},
            "lifecycle_rule": [],
            "location": "US",
            "logging": [],
            "name": "personalhub14-discovery-bucket",
            "project": "personalhub14",
            "project_number": 415088972722,
            "public_access_prevention": "inherited",
            "requester_pays": false,
            "retention_policy": [],
            "rpo": "DEFAULT",
            "self_link": "https://www.googleapis.com/storage/v1/b/personalhub14-discovery-bucket",
            "soft_delete_policy": [
              {
                "effective_time": "2025-06-23T13:55:19.827Z",
                "retention_duration_seconds": 604800
              }
            ],
            "storage_class": "STANDARD",
            "terraform_labels": {
              "goog-terraform-provisioned": "true"
            },
            "time_created": "2025-06-23T13:55:19.827Z",
            "timeouts": null,
            "uniform_bucket_level_access": true,
            "updated": "2025-06-23T14:07:30.246Z",
            "url": "gs://personalhub14-discovery-bucket",
            "versioning": [],
            "website": []
          },
          "sensitive_attributes": [],
          "identity_schema_version": 0,
          "private": "eyJlMmJmYjczMC1lY2FhLTExZTYtOGY4OC0zNDM2M2JjN2M0YzAiOnsiY3JlYXRlIjo2MDAwMDAwMDAwMDAsInJlYWQiOjI0MDAwMDAwMDAwMCwidXBkYXRlIjoyNDAwMDAwMDAwMDB9LCJzY2hlbWFfdmVyc2lvbiI6IjMifQ=="
        }
      ]
    },
    {
      "module": "module.datalake",
      "mode": "managed",
      "type": "google_storage_bucket",
      "name": "grafana_bucket",
      "provider": "provider[\"registry.terraform.io/hashicorp/google\"]",
      "instances": [
        {
          "schema_version": 3,
          "attributes": {
            "autoclass": [],
            "cors": [],
            "custom_placement_config": [],
            "default_event_based_hold": false,
            "effective_labels": {
              "goog-terraform-provisioned": "true"
            },
            "enable_object_retention": false,
            "encryption": [],
            "force_destroy": false,
            "hierarchical_namespace": [
              {
                "enabled": false
              }
            ],
            "id": "personalhub14-grafana-bucket",
            "ip_filter": [],
            "labels": {},
            "lifecycle_rule": [],
            "location": "US",
            "logging": [],
            "name": "personalhub14-grafana-bucket",
            "project": "personalhub14",
            "project_number": 415088972722,
            "public_access_prevention": "inherited",
            "requester_pays": false,
            "retention_policy": [],
            "rpo": "DEFAULT",
            "self_link": "https://www.googleapis.com/storage/v1/b/personalhub14-grafana-bucket",
            "soft_delete_policy": [
              {
                "effective_time": "2025-06-23T18:30:44.650Z",
                "retention_duration_seconds": 604800
              }
            ],
            "storage_class": "STANDARD",
            "terraform_labels": {
              "goog-terraform-provisioned": "true"
            },
            "time_created": "2025-06-23T18:30:44.650Z",
            "timeouts": null,
            "uniform_bucket_level_access": true,
            "updated": "2025-06-23T18:30:44.650Z",
            "url": "gs://personalhub14-grafana-bucket",
            "versioning": [],
            "website": []
          },
          "sensitive_attributes": [],
          "identity_schema_version": 0,
          "private": "eyJlMmJmYjczMC1lY2FhLTExZTYtOGY4OC0zNDM2M2JjN2M0YzAiOnsiY3JlYXRlIjo2MDAwMDAwMDAwMDAsInJlYWQiOjI0MDAwMDAwMDAwMCwidXBkYXRlIjoyNDAwMDAwMDAwMDB9LCJzY2hlbWFfdmVyc2lvbiI6IjMifQ=="
        }
      ]
    },
    {
      "module": "module.iam",
      "mode": "managed",
      "type": "google_project_iam_member",
      "name": "githubactions_sa_roles",
      "provider": "provider[\"registry.terraform.io/hashicorp/google\"]",
      "instances": [
        {
          "index_key": "roles/artifactregistry.writer",
          "schema_version": 0,
          "attributes": {
            "condition": [],
            "etag": "BwY4Qec9ua4=",
            "id": "personalhub14/roles/artifactregistry.writer/serviceAccount:github-actions-sa@personalhub14.iam.gserviceaccount.com",
            "member": "serviceAccount:github-actions-sa@personalhub14.iam.gserviceaccount.com",
            "project": "personalhub14",
            "role": "roles/artifactregistry.writer"
          },
          "sensitive_attributes": [],
          "identity_schema_version": 0,
          "private": "bnVsbA==",
          "dependencies": [
            "module.iam.google_service_account.githubactions_sa"
          ]
        },
        {
          "index_key": "roles/iam.securityAdmin",
          "schema_version": 0,
          "attributes": {
            "condition": [],
            "etag": "BwY4Qec9ua4=",
            "id": "personalhub14/roles/iam.securityAdmin/serviceAccount:github-actions-sa@personalhub14.iam.gserviceaccount.com",
            "member": "serviceAccount:github-actions-sa@personalhub14.iam.gserviceaccount.com",
            "project": "personalhub14",
            "role": "roles/iam.securityAdmin"
          },
          "sensitive_attributes": [],
          "identity_schema_version": 0,
          "private": "bnVsbA==",
          "dependencies": [
            "module.iam.google_service_account.githubactions_sa"
          ]
        },
        {
          "index_key": "roles/iam.serviceAccountUser",
          "schema_version": 0,
          "attributes": {
            "condition": [],
            "etag": "BwY4Qec9ua4=",
            "id": "personalhub14/roles/iam.serviceAccountUser/serviceAccount:github-actions-sa@personalhub14.iam.gserviceaccount.com",
            "member": "serviceAccount:github-actions-sa@personalhub14.iam.gserviceaccount.com",
            "project": "personalhub14",
            "role": "roles/iam.serviceAccountUser"
          },
          "sensitive_attributes": [],
          "identity_schema_version": 0,
          "private": "bnVsbA==",
          "dependencies": [
            "module.iam.google_service_account.githubactions_sa"
          ]
        },
        {
          "index_key": "roles/run.admin",
          "schema_version": 0,
          "attributes": {
            "condition": [],
            "etag": "BwY4Qec9ua4=",
            "id": "personalhub14/roles/run.admin/serviceAccount:github-actions-sa@personalhub14.iam.gserviceaccount.com",
            "member": "serviceAccount:github-actions-sa@personalhub14.iam.gserviceaccount.com",
            "project": "personalhub14",
            "role": "roles/run.admin"
          },
          "sensitive_attributes": [],
          "identity_schema_version": 0,
          "private": "bnVsbA==",
          "dependencies": [
            "module.iam.google_service_account.githubactions_sa"
          ]
        },
        {
          "index_key": "roles/storage.admin",
          "schema_version": 0,
          "attributes": {
            "condition": [],
            "etag": "BwY4Qec9ua4=",
            "id": "personalhub14/roles/storage.admin/serviceAccount:github-actions-sa@personalhub14.iam.gserviceaccount.com",
            "member": "serviceAccount:github-actions-sa@personalhub14.iam.gserviceaccount.com",
            "project": "personalhub14",
            "role": "roles/storage.admin"
          },
          "sensitive_attributes": [],
          "identity_schema_version": 0,
          "private": "bnVsbA==",
          "dependencies": [
            "module.iam.google_service_account.githubactions_sa"
          ]
        }
      ]
    },
    {
      "module": "module.iam",
      "mode": "managed",
      "type": "google_project_iam_member",
      "name": "terraform_sa_role",
      "provider": "provider[\"registry.terraform.io/hashicorp/google\"]",
      "instances": [
        {
          "schema_version": 0,
          "attributes": {
            "condition": [],
            "etag": "BwY4P2B3Jw4=",
            "id": "personalhub14/roles/owner/serviceAccount:terraform-sa@personalhub14.iam.gserviceaccount.com",
            "member": "serviceAccount:terraform-sa@personalhub14.iam.gserviceaccount.com",
            "project": "personalhub14",
            "role": "roles/owner"
          },
          "sensitive_attributes": [],
          "identity_schema_version": 0,
          "private": "bnVsbA==",
          "dependencies": [
            "module.iam.google_service_account.terraform_sa"
          ]
        }
      ]
    },
    {
      "module": "module.iam",
      "mode": "managed",
      "type": "google_service_account",
      "name": "fastapi_run_sa",
      "provider": "provider[\"registry.terraform.io/hashicorp/google\"]",
      "instances": [
        {
          "schema_version": 0,
          "attributes": {
            "account_id": "fastapi-sa",
            "create_ignore_already_exists": null,
            "description": "Service Account for FastAPI Cloud Run Service",
            "disabled": false,
            "display_name": "FastAPI Service Account",
            "email": "fastapi-sa@personalhub14.iam.gserviceaccount.com",
            "id": "projects/personalhub14/serviceAccounts/fastapi-sa@personalhub14.iam.gserviceaccount.com",
            "member": "serviceAccount:fastapi-sa@personalhub14.iam.gserviceaccount.com",
            "name": "projects/personalhub14/serviceAccounts/fastapi-sa@personalhub14.iam.gserviceaccount.com",
            "project": "personalhub14",
            "timeouts": null,
            "unique_id": "112743295267757805964"
          },
          "sensitive_attributes": [],
          "identity_schema_version": 0,
          "private": "eyJlMmJmYjczMC1lY2FhLTExZTYtOGY4OC0zNDM2M2JjN2M0YzAiOnsiY3JlYXRlIjozMDAwMDAwMDAwMDB9fQ=="
        }
      ]
    },
    {
      "module": "module.iam",
      "mode": "managed",
      "type": "google_service_account",
      "name": "githubactions_sa",
      "provider": "provider[\"registry.terraform.io/hashicorp/google\"]",
      "instances": [
        {
          "schema_version": 0,
          "attributes": {
            "account_id": "github-actions-sa",
            "create_ignore_already_exists": null,
            "description": "Service Account for Deployment via GitHub Actions",
            "disabled": false,
            "display_name": "GitHub Actions Service Account",
            "email": "github-actions-sa@personalhub14.iam.gserviceaccount.com",
            "id": "projects/personalhub14/serviceAccounts/github-actions-sa@personalhub14.iam.gserviceaccount.com",
            "member": "serviceAccount:github-actions-sa@personalhub14.iam.gserviceaccount.com",
            "name": "projects/personalhub14/serviceAccounts/github-actions-sa@personalhub14.iam.gserviceaccount.com",
            "project": "personalhub14",
            "timeouts": null,
            "unique_id": "104290940480918630519"
          },
          "sensitive_attributes": [],
          "identity_schema_version": 0,
          "private": "eyJlMmJmYjczMC1lY2FhLTExZTYtOGY4OC0zNDM2M2JjN2M0YzAiOnsiY3JlYXRlIjozMDAwMDAwMDAwMDB9fQ=="
        }
      ]
    },
    {
      "module": "module.iam",
      "mode": "managed",
      "type": "google_service_account",
      "name": "portfolio_run_sa",
      "provider": "provider[\"registry.terraform.io/hashicorp/google\"]",
      "instances": [
        {
          "schema_version": 0,
          "attributes": {
            "account_id": "portfolio-sa",
            "create_ignore_already_exists": null,
            "description": "Service Account for Portfolio Cloud Run Service",
            "disabled": false,
            "display_name": "Portfolio Service Account",
            "email": "portfolio-sa@personalhub14.iam.gserviceaccount.com",
            "id": "projects/personalhub14/serviceAccounts/portfolio-sa@personalhub14.iam.gserviceaccount.com",
            "member": "serviceAccount:portfolio-sa@personalhub14.iam.gserviceaccount.com",
            "name": "projects/personalhub14/serviceAccounts/portfolio-sa@personalhub14.iam.gserviceaccount.com",
            "project": "personalhub14",
            "timeouts": null,
            "unique_id": "101445306783307025485"
          },
          "sensitive_attributes": [],
          "identity_schema_version": 0,
          "private": "eyJlMmJmYjczMC1lY2FhLTExZTYtOGY4OC0zNDM2M2JjN2M0YzAiOnsiY3JlYXRlIjozMDAwMDAwMDAwMDB9fQ==",
          "create_before_destroy": true
        }
      ]
    },
    {
      "module": "module.iam",
      "mode": "managed",
      "type": "google_service_account",
      "name": "terraform_sa",
      "provider": "provider[\"registry.terraform.io/hashicorp/google\"]",
      "instances": [
        {
          "schema_version": 0,
          "attributes": {
            "account_id": "terraform-sa",
            "create_ignore_already_exists": null,
            "description": "Service Account for Deployment via Terraform",
            "disabled": false,
            "display_name": "Terraform Service Account",
            "email": "terraform-sa@personalhub14.iam.gserviceaccount.com",
            "id": "projects/personalhub14/serviceAccounts/terraform-sa@personalhub14.iam.gserviceaccount.com",
            "member": "serviceAccount:terraform-sa@personalhub14.iam.gserviceaccount.com",
            "name": "projects/personalhub14/serviceAccounts/terraform-sa@personalhub14.iam.gserviceaccount.com",
            "project": "personalhub14",
            "timeouts": null,
            "unique_id": "117356379024875086478"
          },
          "sensitive_attributes": [],
          "identity_schema_version": 0,
          "private": "eyJlMmJmYjczMC1lY2FhLTExZTYtOGY4OC0zNDM2M2JjN2M0YzAiOnsiY3JlYXRlIjozMDAwMDAwMDAwMDB9fQ=="
        }
      ]
    },
    {
      "module": "module.network",
      "mode": "managed",
      "type": "google_compute_backend_service",
      "name": "backend",
      "provider": "provider[\"registry.terraform.io/hashicorp/google\"]",
      "instances": [
        {
          "index_key": "www",
          "schema_version": 1,
          "attributes": {
            "affinity_cookie_ttl_sec": 0,
            "backend": [
              {
                "balancing_mode": "UTILIZATION",
                "capacity_scaler": 1,
                "custom_metrics": [],
                "description": "",
                "group": "https://www.googleapis.com/compute/v1/projects/personalhub14/regions/us-central1/networkEndpointGroups/www-neg",
                "max_connections": 0,
                "max_connections_per_endpoint": 0,
                "max_connections_per_instance": 0,
                "max_rate": 0,
                "max_rate_per_endpoint": 0,
                "max_rate_per_instance": 0,
                "max_utilization": 0,
                "preference": ""
              }
            ],
            "cdn_policy": [
              {
                "bypass_cache_on_request_headers": [],
                "cache_key_policy": [],
                "cache_mode": "CACHE_ALL_STATIC",
                "client_ttl": 3600,
                "default_ttl": 3600,
                "max_ttl": 86400,
                "negative_caching": true,
                "negative_caching_policy": [],
                "request_coalescing": true,
                "serve_while_stale": 86400,
                "signed_url_cache_max_age_sec": 0
              }
            ],
            "circuit_breakers": [],
            "compression_mode": "",
            "connection_draining_timeout_sec": 300,
            "consistent_hash": [],
            "creation_timestamp": "2025-06-23T11:38:17.731-07:00",
            "custom_metrics": [],
            "custom_request_headers": [],
            "custom_response_headers": [],
            "description": "",
            "edge_security_policy": "",
            "enable_cdn": true,
            "external_managed_migration_state": "",
            "external_managed_migration_testing_percentage": 0,
            "fingerprint": "U9NRZaP7TlI=",
            "generated_id": 3823040969804358134,
            "health_checks": [],
            "iap": [],
            "id": "projects/personalhub14/global/backendServices/www-backend",
            "ip_address_selection_policy": "",
            "load_balancing_scheme": "EXTERNAL",
            "locality_lb_policies": [],
            "locality_lb_policy": "",
            "log_config": [
              {
                "enable": true,
                "optional_fields": [],
                "optional_mode": "EXCLUDE_ALL_OPTIONAL",
                "sample_rate": 1
              }
            ],
            "max_stream_duration": [],
            "name": "www-backend",
            "outlier_detection": [],
            "port_name": "http",
            "project": "personalhub14",
            "protocol": "HTTPS",
            "security_policy": "",
            "security_settings": [],
            "self_link": "https://www.googleapis.com/compute/v1/projects/personalhub14/global/backendServices/www-backend",
            "service_lb_policy": "",
            "session_affinity": "NONE",
            "strong_session_affinity_cookie": [],
            "timeout_sec": 30,
            "timeouts": null
          },
          "sensitive_attributes": [],
          "identity_schema_version": 0,
          "private": "eyJlMmJmYjczMC1lY2FhLTExZTYtOGY4OC0zNDM2M2JjN2M0YzAiOnsiY3JlYXRlIjoxMjAwMDAwMDAwMDAwLCJkZWxldGUiOjEyMDAwMDAwMDAwMDAsInVwZGF0ZSI6MTIwMDAwMDAwMDAwMH0sInNjaGVtYV92ZXJzaW9uIjoiMSJ9",
          "dependencies": [
            "module.compute.google_cloud_run_v2_service.run_portfolio",
            "module.iam.google_service_account.portfolio_run_sa",
            "module.network.google_compute_network.vpc_net",
            "module.network.google_compute_region_network_endpoint_group.neg_region",
            "module.network.google_vpc_access_connector.run_connector"
          ],
          "create_before_destroy": true
        }
      ]
    },
    {
      "module": "module.network",
      "mode": "managed",
      "type": "google_compute_global_address",
      "name": "cloudsql_peering_range",
      "provider": "provider[\"registry.terraform.io/hashicorp/google\"]",
      "instances": [
        {
          "schema_version": 0,
          "attributes": {
            "address": "10.86.0.0",
            "address_type": "INTERNAL",
            "creation_timestamp": "2025-06-23T11:38:58.955-07:00",
            "description": "",
            "effective_labels": {
              "goog-terraform-provisioned": "true"
            },
            "id": "projects/personalhub14/global/addresses/cloudsql-peering-range",
            "ip_version": "",
            "label_fingerprint": "vezUS-42LLM=",
            "labels": {},
            "name": "cloudsql-peering-range",
            "network": "https://www.googleapis.com/compute/v1/projects/personalhub14/global/networks/vpc-net",
            "prefix_length": 16,
            "project": "personalhub14",
            "purpose": "VPC_PEERING",
            "self_link": "https://www.googleapis.com/compute/v1/projects/personalhub14/global/addresses/cloudsql-peering-range",
            "terraform_labels": {
              "goog-terraform-provisioned": "true"
            },
            "timeouts": null
          },
          "sensitive_attributes": [],
          "identity_schema_version": 0,
          "private": "eyJlMmJmYjczMC1lY2FhLTExZTYtOGY4OC0zNDM2M2JjN2M0YzAiOnsiY3JlYXRlIjoxMjAwMDAwMDAwMDAwLCJkZWxldGUiOjEyMDAwMDAwMDAwMDAsInVwZGF0ZSI6MTIwMDAwMDAwMDAwMH19",
          "dependencies": [
            "module.network.google_compute_network.vpc_net"
          ]
        }
      ]
    },
    {
      "module": "module.network",
      "mode": "managed",
      "type": "google_compute_global_address",
      "name": "lb_ip",
      "provider": "provider[\"registry.terraform.io/hashicorp/google\"]",
      "instances": [
        {
          "schema_version": 0,
          "attributes": {
            "address": "34.95.96.202",
            "address_type": "EXTERNAL",
            "creation_timestamp": "2025-06-23T11:38:15.116-07:00",
            "description": "",
            "effective_labels": {
              "goog-terraform-provisioned": "true"
            },
            "id": "projects/personalhub14/global/addresses/lb-ip",
            "ip_version": "",
            "label_fingerprint": "vezUS-42LLM=",
            "labels": {},
            "name": "lb-ip",
            "network": "",
            "prefix_length": 0,
            "project": "personalhub14",
            "purpose": "",
            "self_link": "https://www.googleapis.com/compute/v1/projects/personalhub14/global/addresses/lb-ip",
            "terraform_labels": {
              "goog-terraform-provisioned": "true"
            },
            "timeouts": null
          },
          "sensitive_attributes": [],
          "identity_schema_version": 0,
          "private": "eyJlMmJmYjczMC1lY2FhLTExZTYtOGY4OC0zNDM2M2JjN2M0YzAiOnsiY3JlYXRlIjoxMjAwMDAwMDAwMDAwLCJkZWxldGUiOjEyMDAwMDAwMDAwMDAsInVwZGF0ZSI6MTIwMDAwMDAwMDAwMH19"
        }
      ]
    },
    {
      "module": "module.network",
      "mode": "managed",
      "type": "google_compute_global_forwarding_rule",
      "name": "http_forwarding_rule",
      "provider": "provider[\"registry.terraform.io/hashicorp/google\"]",
      "instances": [
        {
          "schema_version": 0,
          "attributes": {
            "base_forwarding_rule": "",
            "description": "",
            "effective_labels": {},
            "external_managed_backend_bucket_migration_state": "",
            "external_managed_backend_bucket_migration_testing_percentage": 0,
            "forwarding_rule_id": 1611564048555712961,
            "id": "projects/personalhub14/global/forwardingRules/http-forwarding-rule",
            "ip_address": "34.95.96.202",
            "ip_protocol": "TCP",
            "ip_version": "",
            "label_fingerprint": "42WmSpB8rSM=",
            "labels": {},
            "load_balancing_scheme": "EXTERNAL",
            "metadata_filters": [],
            "name": "http-forwarding-rule",
            "network": "",
            "network_tier": "PREMIUM",
            "no_automate_dns_zone": null,
            "port_range": "80-80",
            "project": "personalhub14",
            "psc_connection_id": "",
            "psc_connection_status": "",
            "self_link": "https://www.googleapis.com/compute/v1/projects/personalhub14/global/forwardingRules/http-forwarding-rule",
            "service_directory_registrations": [],
            "source_ip_ranges": [],
            "subnetwork": "",
            "target": "https://www.googleapis.com/compute/v1/projects/personalhub14/global/targetHttpProxies/http-proxy",
            "terraform_labels": {},
            "timeouts": null
          },
          "sensitive_attributes": [],
          "identity_schema_version": 0,
          "private": "eyJlMmJmYjczMC1lY2FhLTExZTYtOGY4OC0zNDM2M2JjN2M0YzAiOnsiY3JlYXRlIjoxMjAwMDAwMDAwMDAwLCJkZWxldGUiOjEyMDAwMDAwMDAwMDAsInVwZGF0ZSI6MTIwMDAwMDAwMDAwMH19",
          "dependencies": [
            "module.network.google_compute_global_address.lb_ip",
            "module.network.google_compute_target_http_proxy.http_proxy",
            "module.network.google_compute_url_map.http_redirect"
          ]
        }
      ]
    },
    {
      "module": "module.network",
      "mode": "managed",
      "type": "google_compute_global_forwarding_rule",
      "name": "https_forwarding_rule",
      "provider": "provider[\"registry.terraform.io/hashicorp/google\"]",
      "instances": [
        {
          "schema_version": 0,
          "attributes": {
            "base_forwarding_rule": "",
            "description": "",
            "effective_labels": {},
            "external_managed_backend_bucket_migration_state": "",
            "external_managed_backend_bucket_migration_testing_percentage": 0,
            "forwarding_rule_id": 1017535458377474471,
            "id": "projects/personalhub14/global/forwardingRules/https-forwarding-rule",
            "ip_address": "34.95.96.202",
            "ip_protocol": "TCP",
            "ip_version": "",
            "label_fingerprint": "42WmSpB8rSM=",
            "labels": {},
            "load_balancing_scheme": "EXTERNAL",
            "metadata_filters": [],
            "name": "https-forwarding-rule",
            "network": "",
            "network_tier": "PREMIUM",
            "no_automate_dns_zone": null,
            "port_range": "443-443",
            "project": "personalhub14",
            "psc_connection_id": "",
            "psc_connection_status": "",
            "self_link": "https://www.googleapis.com/compute/v1/projects/personalhub14/global/forwardingRules/https-forwarding-rule",
            "service_directory_registrations": [],
            "source_ip_ranges": [],
            "subnetwork": "",
            "target": "https://www.googleapis.com/compute/v1/projects/personalhub14/global/targetHttpsProxies/https-proxy",
            "terraform_labels": {},
            "timeouts": null
          },
          "sensitive_attributes": [],
          "identity_schema_version": 0,
          "private": "eyJlMmJmYjczMC1lY2FhLTExZTYtOGY4OC0zNDM2M2JjN2M0YzAiOnsiY3JlYXRlIjoxMjAwMDAwMDAwMDAwLCJkZWxldGUiOjEyMDAwMDAwMDAwMDAsInVwZGF0ZSI6MTIwMDAwMDAwMDAwMH19",
          "dependencies": [
            "module.compute.google_cloud_run_v2_service.run_portfolio",
            "module.iam.google_service_account.portfolio_run_sa",
            "module.network.google_compute_backend_service.backend",
            "module.network.google_compute_global_address.lb_ip",
            "module.network.google_compute_managed_ssl_certificate.ssl_certs",
            "module.network.google_compute_network.vpc_net",
            "module.network.google_compute_region_network_endpoint_group.neg_region",
            "module.network.google_compute_target_https_proxy.https_proxy",
            "module.network.google_compute_url_map.url_map",
            "module.network.google_vpc_access_connector.run_connector"
          ]
        }
      ]
    },
    {
      "module": "module.network",
      "mode": "managed",
      "type": "google_compute_managed_ssl_certificate",
      "name": "ssl_certs",
      "provider": "provider[\"registry.terraform.io/hashicorp/google\"]",
      "instances": [
        {
          "schema_version": 0,
          "attributes": {
            "certificate_id": 768593750832456185,
            "creation_timestamp": "2025-06-23T11:38:15.012-07:00",
            "description": "",
            "expire_time": "",
            "id": "projects/personalhub14/global/sslCertificates/ssl-certs",
            "managed": [
              {
                "domains": [
                  "www.guigo.dev.br"
                ]
              }
            ],
            "name": "ssl-certs",
            "project": "personalhub14",
            "self_link": "https://www.googleapis.com/compute/v1/projects/personalhub14/global/sslCertificates/ssl-certs",
            "subject_alternative_names": [],
            "timeouts": null,
            "type": "MANAGED"
          },
          "sensitive_attributes": [],
          "identity_schema_version": 0,
          "private": "eyJlMmJmYjczMC1lY2FhLTExZTYtOGY4OC0zNDM2M2JjN2M0YzAiOnsiY3JlYXRlIjoxODAwMDAwMDAwMDAwLCJkZWxldGUiOjE4MDAwMDAwMDAwMDB9fQ==",
          "create_before_destroy": true
        }
      ]
    },
    {
      "module": "module.network",
      "mode": "managed",
      "type": "google_compute_network",
      "name": "vpc_net",
      "provider": "provider[\"registry.terraform.io/hashicorp/google\"]",
      "instances": [
        {
          "schema_version": 0,
          "attributes": {
            "auto_create_subnetworks": true,
            "bgp_always_compare_med": false,
            "bgp_best_path_selection_mode": "LEGACY",
            "bgp_inter_region_cost": "",
            "delete_default_routes_on_create": false,
            "description": "",
            "enable_ula_internal_ipv6": false,
            "gateway_ipv4": "",
            "id": "projects/personalhub14/global/networks/vpc-net",
            "internal_ipv6_range": "",
            "mtu": 0,
            "name": "vpc-net",
            "network_firewall_policy_enforcement_order": "AFTER_CLASSIC_FIREWALL",
            "network_id": "3348074112931340792",
            "network_profile": "",
            "numeric_id": "3348074112931340792",
            "project": "personalhub14",
            "routing_mode": "REGIONAL",
            "self_link": "https://www.googleapis.com/compute/v1/projects/personalhub14/global/networks/vpc-net",
            "timeouts": null
          },
          "sensitive_attributes": [],
          "identity_schema_version": 0,
          "private": "eyJlMmJmYjczMC1lY2FhLTExZTYtOGY4OC0zNDM2M2JjN2M0YzAiOnsiY3JlYXRlIjoxMjAwMDAwMDAwMDAwLCJkZWxldGUiOjEyMDAwMDAwMDAwMDAsInVwZGF0ZSI6MTIwMDAwMDAwMDAwMH19",
          "create_before_destroy": true
        }
      ]
    },
    {
      "module": "module.network",
      "mode": "managed",
      "type": "google_compute_region_network_endpoint_group",
      "name": "neg_region",
      "provider": "provider[\"registry.terraform.io/hashicorp/google\"]",
      "instances": [
        {
          "index_key": "www",
          "schema_version": 0,
          "attributes": {
            "app_engine": [],
            "cloud_function": [],
            "cloud_run": [
              {
                "service": "portfolio-run",
                "tag": "",
                "url_mask": ""
              }
            ],
            "description": "",
            "id": "projects/personalhub14/regions/us-central1/networkEndpointGroups/www-neg",
            "name": "www-neg",
            "network": "",
            "network_endpoint_type": "SERVERLESS",
            "project": "personalhub14",
            "psc_data": [],
            "psc_target_service": "",
            "region": "https://www.googleapis.com/compute/v1/projects/personalhub14/regions/us-central1",
            "self_link": "https://www.googleapis.com/compute/v1/projects/personalhub14/regions/us-central1/networkEndpointGroups/www-neg",
            "subnetwork": "",
            "timeouts": null
          },
          "sensitive_attributes": [],
          "identity_schema_version": 0,
          "private": "eyJlMmJmYjczMC1lY2FhLTExZTYtOGY4OC0zNDM2M2JjN2M0YzAiOnsiY3JlYXRlIjoxMjAwMDAwMDAwMDAwLCJkZWxldGUiOjEyMDAwMDAwMDAwMDB9fQ==",
          "dependencies": [
            "module.compute.google_cloud_run_v2_service.run_portfolio",
            "module.iam.google_service_account.portfolio_run_sa",
            "module.network.google_compute_network.vpc_net",
            "module.network.google_vpc_access_connector.run_connector"
          ],
          "create_before_destroy": true
        }
      ]
    },
    {
      "module": "module.network",
      "mode": "managed",
      "type": "google_compute_subnetwork",
      "name": "vpc_subnet",
      "provider": "provider[\"registry.terraform.io/hashicorp/google\"]",
      "instances": [
        {
          "schema_version": 0,
          "attributes": {
            "creation_timestamp": "2025-06-23T11:38:59.092-07:00",
            "description": "",
            "enable_flow_logs": false,
            "external_ipv6_prefix": "",
            "fingerprint": null,
            "gateway_address": "10.8.0.1",
            "id": "projects/personalhub14/regions/us-central1/subnetworks/vpc-subnet",
            "internal_ipv6_prefix": "",
            "ip_cidr_range": "10.8.0.0/28",
            "ip_collection": null,
            "ipv6_access_type": "",
            "ipv6_cidr_range": "",
            "ipv6_gce_endpoint": "",
            "log_config": [],
            "name": "vpc-subnet",
            "network": "https://www.googleapis.com/compute/v1/projects/personalhub14/global/networks/vpc-net",
            "private_ip_google_access": true,
            "private_ipv6_google_access": "DISABLE_GOOGLE_ACCESS",
            "project": "personalhub14",
            "purpose": "PRIVATE",
            "region": "us-central1",
            "reserved_internal_range": "",
            "role": "",
            "secondary_ip_range": [],
            "self_link": "https://www.googleapis.com/compute/v1/projects/personalhub14/regions/us-central1/subnetworks/vpc-subnet",
            "send_secondary_ip_range_if_empty": null,
            "stack_type": "IPV4_ONLY",
            "state": "",
            "subnetwork_id": 2450442556705874348,
            "timeouts": null
          },
          "sensitive_attributes": [],
          "identity_schema_version": 0,
          "private": "eyJlMmJmYjczMC1lY2FhLTExZTYtOGY4OC0zNDM2M2JjN2M0YzAiOnsiY3JlYXRlIjoxMjAwMDAwMDAwMDAwLCJkZWxldGUiOjEyMDAwMDAwMDAwMDAsInVwZGF0ZSI6MTIwMDAwMDAwMDAwMH19",
          "dependencies": [
            "module.network.google_compute_network.vpc_net"
          ]
        }
      ]
    },
    {
      "module": "module.network",
      "mode": "managed",
      "type": "google_compute_target_http_proxy",
      "name": "http_proxy",
      "provider": "provider[\"registry.terraform.io/hashicorp/google\"]",
      "instances": [
        {
          "schema_version": 0,
          "attributes": {
            "creation_timestamp": "2025-06-23T11:38:26.937-07:00",
            "description": "",
            "fingerprint": "Tt9naW5aV58=",
            "http_keep_alive_timeout_sec": 0,
            "id": "projects/personalhub14/global/targetHttpProxies/http-proxy",
            "name": "http-proxy",
            "project": "personalhub14",
            "proxy_bind": false,
            "proxy_id": 8816543675266113997,
            "self_link": "https://www.googleapis.com/compute/v1/projects/personalhub14/global/targetHttpProxies/http-proxy",
            "timeouts": null,
            "url_map": "https://www.googleapis.com/compute/v1/projects/personalhub14/global/urlMaps/http-redirect"
          },
          "sensitive_attributes": [],
          "identity_schema_version": 0,
          "private": "eyJlMmJmYjczMC1lY2FhLTExZTYtOGY4OC0zNDM2M2JjN2M0YzAiOnsiY3JlYXRlIjoxMjAwMDAwMDAwMDAwLCJkZWxldGUiOjEyMDAwMDAwMDAwMDAsInVwZGF0ZSI6MTIwMDAwMDAwMDAwMH19",
          "dependencies": [
            "module.network.google_compute_url_map.http_redirect"
          ]
        }
      ]
    },
    {
      "module": "module.network",
      "mode": "managed",
      "type": "google_compute_target_https_proxy",
      "name": "https_proxy",
      "provider": "provider[\"registry.terraform.io/hashicorp/google\"]",
      "instances": [
        {
          "schema_version": 0,
          "attributes": {
            "certificate_manager_certificates": [],
            "certificate_map": "",
            "creation_timestamp": "2025-06-23T11:38:52.082-07:00",
            "description": "",
            "fingerprint": "Y1j0CnQDtrk=",
            "http_keep_alive_timeout_sec": 0,
            "id": "projects/personalhub14/global/targetHttpsProxies/https-proxy",
            "name": "https-proxy",
            "project": "personalhub14",
            "proxy_bind": false,
            "proxy_id": 6097786414340252115,
            "quic_override": "NONE",
            "self_link": "https://www.googleapis.com/compute/v1/projects/personalhub14/global/targetHttpsProxies/https-proxy",
            "server_tls_policy": "",
            "ssl_certificates": [
              "https://www.googleapis.com/compute/v1/projects/personalhub14/global/sslCertificates/ssl-certs"
            ],
            "ssl_policy": "",
            "timeouts": null,
            "tls_early_data": "DISABLED",
            "url_map": "https://www.googleapis.com/compute/v1/projects/personalhub14/global/urlMaps/url-map"
          },
          "sensitive_attributes": [],
          "identity_schema_version": 0,
          "private": "eyJlMmJmYjczMC1lY2FhLTExZTYtOGY4OC0zNDM2M2JjN2M0YzAiOnsiY3JlYXRlIjoxMjAwMDAwMDAwMDAwLCJkZWxldGUiOjEyMDAwMDAwMDAwMDAsInVwZGF0ZSI6MTIwMDAwMDAwMDAwMH19",
          "dependencies": [
            "module.compute.google_cloud_run_v2_service.run_portfolio",
            "module.iam.google_service_account.portfolio_run_sa",
            "module.network.google_compute_backend_service.backend",
            "module.network.google_compute_managed_ssl_certificate.ssl_certs",
            "module.network.google_compute_network.vpc_net",
            "module.network.google_compute_region_network_endpoint_group.neg_region",
            "module.network.google_compute_url_map.url_map",
            "module.network.google_vpc_access_connector.run_connector"
          ],
          "create_before_destroy": true
        }
      ]
    },
    {
      "module": "module.network",
      "mode": "managed",
      "type": "google_compute_url_map",
      "name": "http_redirect",
      "provider": "provider[\"registry.terraform.io/hashicorp/google\"]",
      "instances": [
        {
          "schema_version": 0,
          "attributes": {
            "creation_timestamp": "2025-06-23T11:38:15.151-07:00",
            "default_route_action": [],
            "default_service": "",
            "default_url_redirect": [
              {
                "host_redirect": "",
                "https_redirect": true,
                "path_redirect": "",
                "prefix_redirect": "",
                "redirect_response_code": "",
                "strip_query": false
              }
            ],
            "description": "",
            "fingerprint": "KVV1y6BTz48=",
            "header_action": [],
            "host_rule": [],
            "id": "projects/personalhub14/global/urlMaps/http-redirect",
            "map_id": 471375013152563704,
            "name": "http-redirect",
            "path_matcher": [],
            "project": "personalhub14",
            "self_link": "https://www.googleapis.com/compute/v1/projects/personalhub14/global/urlMaps/http-redirect",
            "test": [],
            "timeouts": null
          },
          "sensitive_attributes": [],
          "identity_schema_version": 0,
          "private": "eyJlMmJmYjczMC1lY2FhLTExZTYtOGY4OC0zNDM2M2JjN2M0YzAiOnsiY3JlYXRlIjoxMjAwMDAwMDAwMDAwLCJkZWxldGUiOjEyMDAwMDAwMDAwMDAsInVwZGF0ZSI6MTIwMDAwMDAwMDAwMH19"
        }
      ]
    },
    {
      "module": "module.network",
      "mode": "managed",
      "type": "google_compute_url_map",
      "name": "url_map",
      "provider": "provider[\"registry.terraform.io/hashicorp/google\"]",
      "instances": [
        {
          "schema_version": 0,
          "attributes": {
            "creation_timestamp": "2025-06-23T11:38:40.176-07:00",
            "default_route_action": [],
            "default_service": "https://www.googleapis.com/compute/v1/projects/personalhub14/global/backendServices/www-backend",
            "default_url_redirect": [],
            "description": "",
            "fingerprint": "n6nfUE-TYD0=",
            "header_action": [],
            "host_rule": [
              {
                "description": "",
                "hosts": [
                  "www.guigo.dev.br"
                ],
                "path_matcher": "www-matcher"
              }
            ],
            "id": "projects/personalhub14/global/urlMaps/url-map",
            "map_id": 6062200269535715807,
            "name": "url-map",
            "path_matcher": [
              {
                "default_route_action": [],
                "default_service": "https://www.googleapis.com/compute/v1/projects/personalhub14/global/backendServices/www-backend",
                "default_url_redirect": [],
                "description": "",
                "header_action": [],
                "name": "www-matcher",
                "path_rule": [
                  {
                    "paths": [
                      "/*"
                    ],
                    "route_action": [],
                    "service": "https://www.googleapis.com/compute/v1/projects/personalhub14/global/backendServices/www-backend",
                    "url_redirect": []
                  }
                ],
                "route_rules": []
              }
            ],
            "project": "personalhub14",
            "self_link": "https://www.googleapis.com/compute/v1/projects/personalhub14/global/urlMaps/url-map",
            "test": [],
            "timeouts": null
          },
          "sensitive_attributes": [],
          "identity_schema_version": 0,
          "private": "eyJlMmJmYjczMC1lY2FhLTExZTYtOGY4OC0zNDM2M2JjN2M0YzAiOnsiY3JlYXRlIjoxMjAwMDAwMDAwMDAwLCJkZWxldGUiOjEyMDAwMDAwMDAwMDAsInVwZGF0ZSI6MTIwMDAwMDAwMDAwMH19",
          "dependencies": [
            "module.compute.google_cloud_run_v2_service.run_portfolio",
            "module.iam.google_service_account.portfolio_run_sa",
            "module.network.google_compute_backend_service.backend",
            "module.network.google_compute_network.vpc_net",
            "module.network.google_compute_region_network_endpoint_group.neg_region",
            "module.network.google_vpc_access_connector.run_connector"
          ],
          "create_before_destroy": true
        }
      ]
    },
    {
      "module": "module.network",
      "mode": "managed",
      "type": "google_dns_managed_zone",
      "name": "dns_zone",
      "provider": "provider[\"registry.terraform.io/hashicorp/google\"]",
      "instances": [
        {
          "schema_version": 0,
          "attributes": {
            "cloud_logging_config": [
              {
                "enable_logging": false
              }
            ],
            "creation_time": "2025-06-23T18:38:14.843Z",
            "description": "DNS zone for the domain",
            "dns_name": "guigo.dev.br.",
            "dnssec_config": [],
            "effective_labels": {
              "goog-terraform-provisioned": "true"
            },
            "force_destroy": false,
            "forwarding_config": [],
            "id": "projects/personalhub14/managedZones/dns-zone",
            "labels": {},
            "managed_zone_id": 5247233729336131486,
            "name": "dns-zone",
            "name_servers": [
              "ns-cloud-a1.googledomains.com.",
              "ns-cloud-a2.googledomains.com.",
              "ns-cloud-a3.googledomains.com.",
              "ns-cloud-a4.googledomains.com."
            ],
            "peering_config": [],
            "private_visibility_config": [],
            "project": "personalhub14",
            "terraform_labels": {
              "goog-terraform-provisioned": "true"
            },
            "timeouts": null,
            "visibility": "public"
          },
          "sensitive_attributes": [],
          "identity_schema_version": 0,
          "private": "eyJlMmJmYjczMC1lY2FhLTExZTYtOGY4OC0zNDM2M2JjN2M0YzAiOnsiY3JlYXRlIjoxMjAwMDAwMDAwMDAwLCJkZWxldGUiOjEyMDAwMDAwMDAwMDAsInVwZGF0ZSI6MTIwMDAwMDAwMDAwMH19"
        }
      ]
    },
    {
      "module": "module.network",
      "mode": "managed",
      "type": "google_dns_record_set",
      "name": "subdomain_records",
      "provider": "provider[\"registry.terraform.io/hashicorp/google\"]",
      "instances": [
        {
          "index_key": "www",
          "schema_version": 0,
          "attributes": {
            "id": "projects/personalhub14/managedZones/dns-zone/rrsets/www.guigo.dev.br./A",
            "managed_zone": "dns-zone",
            "name": "www.guigo.dev.br.",
            "project": "personalhub14",
            "routing_policy": [],
            "rrdatas": [
              "34.95.96.202"
            ],
            "ttl": 300,
            "type": "A"
          },
          "sensitive_attributes": [],
          "identity_schema_version": 0,
          "private": "bnVsbA==",
          "dependencies": [
            "module.network.google_compute_global_address.lb_ip",
            "module.network.google_dns_managed_zone.dns_zone"
          ]
        }
      ]
    },
    {
      "module": "module.network",
      "mode": "managed",
      "type": "google_service_networking_connection",
      "name": "vpc_connection",
      "provider": "provider[\"registry.terraform.io/hashicorp/google\"]",
      "instances": [
        {
          "schema_version": 0,
          "attributes": {
            "deletion_policy": null,
            "id": "projects%2Fpersonalhub14%2Fglobal%2Fnetworks%2Fvpc-net:servicenetworking.googleapis.com",
            "network": "projects/personalhub14/global/networks/vpc-net",
            "peering": "servicenetworking-googleapis-com",
            "reserved_peering_ranges": [
              "cloudsql-peering-range"
            ],
            "service": "servicenetworking.googleapis.com",
            "timeouts": null,
            "update_on_creation_fail": null
          },
          "sensitive_attributes": [],
          "identity_schema_version": 0,
          "private": "eyJlMmJmYjczMC1lY2FhLTExZTYtOGY4OC0zNDM2M2JjN2M0YzAiOnsiY3JlYXRlIjo2MDAwMDAwMDAwMDAsImRlbGV0ZSI6NjAwMDAwMDAwMDAwLCJ1cGRhdGUiOjYwMDAwMDAwMDAwMH19",
          "dependencies": [
            "module.network.google_compute_global_address.cloudsql_peering_range",
            "module.network.google_compute_network.vpc_net"
          ]
        }
      ]
    },
    {
      "module": "module.network",
      "mode": "managed",
      "type": "google_vpc_access_connector",
      "name": "run_connector",
      "provider": "provider[\"registry.terraform.io/hashicorp/google\"]",
      "instances": [
        {
          "schema_version": 0,
          "attributes": {
            "connected_projects": [
              "personalhub14"
            ],
            "id": "projects/personalhub14/locations/us-central1/connectors/cloudrun-connector",
            "ip_cidr_range": "192.168.16.0/28",
            "machine_type": "e2-micro",
            "max_instances": 3,
            "max_throughput": 300,
            "min_instances": 2,
            "min_throughput": 200,
            "name": "cloudrun-connector",
            "network": "vpc-net",
            "project": "personalhub14",
            "region": "us-central1",
            "self_link": "projects/personalhub14/locations/us-central1/connectors/cloudrun-connector",
            "state": "READY",
            "subnet": [],
            "timeouts": null
          },
          "sensitive_attributes": [],
          "identity_schema_version": 0,
          "private": "eyJlMmJmYjczMC1lY2FhLTExZTYtOGY4OC0zNDM2M2JjN2M0YzAiOnsiY3JlYXRlIjoxMjAwMDAwMDAwMDAwLCJkZWxldGUiOjEyMDAwMDAwMDAwMDAsInVwZGF0ZSI6MTIwMDAwMDAwMDAwMH19",
          "dependencies": [
            "module.network.google_compute_network.vpc_net"
          ],
          "create_before_destroy": true
        }
      ]
    }
  ],
  "check_results": null
}
